{
  "version": 4,
  "terraform_version": "1.10.5",
  "serial": 1229,
  "lineage": "2d56c8b1-2238-478d-dbac-f01c32d16fc9",
  "outputs": {
    "aws_caller_info": {
      "value": {
        "caller_arn": "arn:aws:iam::550017254839:user/admin-user"
      },
      "type": [
        "object",
        {
          "caller_arn": "string"
        }
      ]
    },
    "confluent_details": {
      "value": {
        "environment_name": "frauddetectiondemo-environment-ea6f6950",
        "flink_pool_name": "default",
        "kafka_cluster_name": "frauddetectiondemo-cluster-ea6f6950"
      },
      "type": [
        "object",
        {
          "environment_name": "string",
          "flink_pool_name": "string",
          "kafka_cluster_name": "string"
        }
      ]
    },
    "load_balancer_hostname": {
      "value": "k8s-default-ingressf-804e774bab-330775037.us-west-2.elb.amazonaws.com",
      "type": "string"
    },
    "load_balancer_ip": {
      "value": "",
      "type": "string"
    },
    "oracle_connector_table_inclusion_regex": {
      "value": "DEMODB[.]THEBESTUSERNAME[.](USER_TRANSACTION|AUTH_USER)",
      "type": "string"
    },
    "oracle_db_details": {
      "value": {
        "connection_string": "terraform-2025022201131894450000000a.cy56rbcnrbof.us-west-2.rds.amazonaws.com:1521/DEMODB",
        "dbname": "DEMODB",
        "hostname": "terraform-2025022201131894450000000a.cy56rbcnrbof.us-west-2.rds.amazonaws.com",
        "password": "thebestpasswordever!",
        "port": 1521,
        "username": "thebestusername"
      },
      "type": [
        "object",
        {
          "connection_string": "string",
          "dbname": "string",
          "hostname": "string",
          "password": "string",
          "port": "number",
          "username": "string"
        }
      ]
    },
    "windows_jump_server_details": {
      "value": {
        "ip": "54.244.56.160",
        "password": "80ptK*?WlsWh9M\u0026GDIwgL7=!8UG.q.y-",
        "username": "Administrator"
      },
      "type": [
        "object",
        {
          "ip": "string",
          "password": "string",
          "username": "string"
        }
      ]
    }
  },
  "resources": [
    {
      "mode": "data",
      "type": "aws_ami",
      "name": "windows",
      "provider": "provider[\"registry.terraform.io/hashicorp/aws\"]",
      "instances": [
        {
          "schema_version": 0,
          "attributes": {
            "architecture": "x86_64",
            "arn": "arn:aws:ec2:us-west-2::image/ami-0d31ac04c1d894d66",
            "block_device_mappings": [
              {
                "device_name": "/dev/sda1",
                "ebs": {
                  "delete_on_termination": "true",
                  "encrypted": "false",
                  "iops": "3000",
                  "snapshot_id": "snap-02587c27f46a8e430",
                  "throughput": "125",
                  "volume_size": "30",
                  "volume_type": "gp3"
                },
                "no_device": "",
                "virtual_name": ""
              },
              {
                "device_name": "xvdca",
                "ebs": {},
                "no_device": "",
                "virtual_name": "ephemeral0"
              },
              {
                "device_name": "xvdcb",
                "ebs": {},
                "no_device": "",
                "virtual_name": "ephemeral1"
              },
              {
                "device_name": "xvdcc",
                "ebs": {},
                "no_device": "",
                "virtual_name": "ephemeral2"
              },
              {
                "device_name": "xvdcd",
                "ebs": {},
                "no_device": "",
                "virtual_name": "ephemeral3"
              },
              {
                "device_name": "xvdce",
                "ebs": {},
                "no_device": "",
                "virtual_name": "ephemeral4"
              },
              {
                "device_name": "xvdcf",
                "ebs": {},
                "no_device": "",
                "virtual_name": "ephemeral5"
              },
              {
                "device_name": "xvdcg",
                "ebs": {},
                "no_device": "",
                "virtual_name": "ephemeral6"
              },
              {
                "device_name": "xvdch",
                "ebs": {},
                "no_device": "",
                "virtual_name": "ephemeral7"
              },
              {
                "device_name": "xvdci",
                "ebs": {},
                "no_device": "",
                "virtual_name": "ephemeral8"
              },
              {
                "device_name": "xvdcj",
                "ebs": {},
                "no_device": "",
                "virtual_name": "ephemeral9"
              },
              {
                "device_name": "xvdck",
                "ebs": {},
                "no_device": "",
                "virtual_name": "ephemeral10"
              },
              {
                "device_name": "xvdcl",
                "ebs": {},
                "no_device": "",
                "virtual_name": "ephemeral11"
              },
              {
                "device_name": "xvdcm",
                "ebs": {},
                "no_device": "",
                "virtual_name": "ephemeral12"
              },
              {
                "device_name": "xvdcn",
                "ebs": {},
                "no_device": "",
                "virtual_name": "ephemeral13"
              },
              {
                "device_name": "xvdco",
                "ebs": {},
                "no_device": "",
                "virtual_name": "ephemeral14"
              },
              {
                "device_name": "xvdcp",
                "ebs": {},
                "no_device": "",
                "virtual_name": "ephemeral15"
              },
              {
                "device_name": "xvdcq",
                "ebs": {},
                "no_device": "",
                "virtual_name": "ephemeral16"
              },
              {
                "device_name": "xvdcr",
                "ebs": {},
                "no_device": "",
                "virtual_name": "ephemeral17"
              },
              {
                "device_name": "xvdcs",
                "ebs": {},
                "no_device": "",
                "virtual_name": "ephemeral18"
              },
              {
                "device_name": "xvdct",
                "ebs": {},
                "no_device": "",
                "virtual_name": "ephemeral19"
              },
              {
                "device_name": "xvdcu",
                "ebs": {},
                "no_device": "",
                "virtual_name": "ephemeral20"
              },
              {
                "device_name": "xvdcv",
                "ebs": {},
                "no_device": "",
                "virtual_name": "ephemeral21"
              },
              {
                "device_name": "xvdcw",
                "ebs": {},
                "no_device": "",
                "virtual_name": "ephemeral22"
              },
              {
                "device_name": "xvdcx",
                "ebs": {},
                "no_device": "",
                "virtual_name": "ephemeral23"
              },
              {
                "device_name": "xvdcy",
                "ebs": {},
                "no_device": "",
                "virtual_name": "ephemeral24"
              },
              {
                "device_name": "xvdcz",
                "ebs": {},
                "no_device": "",
                "virtual_name": "ephemeral25"
              }
            ],
            "boot_mode": "uefi",
            "creation_date": "2025-02-13T06:14:11.000Z",
            "deprecation_time": "2027-02-13T06:14:11.000Z",
            "description": "Microsoft Windows Server 2025 Full Locale English AMI provided by Amazon",
            "ena_support": true,
            "executable_users": null,
            "filter": [
              {
                "name": "name",
                "values": [
                  "Windows_Server-2025-English-Full-Base-*"
                ]
              }
            ],
            "hypervisor": "xen",
            "id": "ami-0d31ac04c1d894d66",
            "image_id": "ami-0d31ac04c1d894d66",
            "image_location": "amazon/Windows_Server-2025-English-Full-Base-2025.02.13",
            "image_owner_alias": "amazon",
            "image_type": "machine",
            "imds_support": "v2.0",
            "include_deprecated": false,
            "kernel_id": "",
            "most_recent": true,
            "name": "Windows_Server-2025-English-Full-Base-2025.02.13",
            "name_regex": null,
            "owner_id": "801119661308",
            "owners": [
              "amazon"
            ],
            "platform": "windows",
            "platform_details": "Windows",
            "product_codes": [],
            "public": true,
            "ramdisk_id": "",
            "root_device_name": "/dev/sda1",
            "root_device_type": "ebs",
            "root_snapshot_id": "snap-02587c27f46a8e430",
            "sriov_net_support": "",
            "state": "available",
            "state_reason": {
              "code": "UNSET",
              "message": "UNSET"
            },
            "tags": {},
            "timeouts": null,
            "tpm_support": "",
            "uefi_data": null,
            "usage_operation": "RunInstances:0002",
            "virtualization_type": "hvm"
          },
          "sensitive_attributes": []
        }
      ]
    },
    {
      "mode": "data",
      "type": "aws_caller_identity",
      "name": "current",
      "provider": "provider[\"registry.terraform.io/hashicorp/aws\"]",
      "instances": [
        {
          "schema_version": 0,
          "attributes": {
            "account_id": "550017254839",
            "arn": "arn:aws:iam::550017254839:user/admin-user",
            "id": "550017254839",
            "user_id": "AIDAYAD4VIW3URWLJQQHC"
          },
          "sensitive_attributes": []
        }
      ]
    },
    {
      "mode": "data",
      "type": "aws_region",
      "name": "current",
      "provider": "provider[\"registry.terraform.io/hashicorp/aws\"]",
      "instances": [
        {
          "schema_version": 0,
          "attributes": {
            "description": "US West (Oregon)",
            "endpoint": "ec2.us-west-2.amazonaws.com",
            "id": "us-west-2",
            "name": "us-west-2"
          },
          "sensitive_attributes": []
        }
      ]
    },
    {
      "mode": "data",
      "type": "confluent_flink_region",
      "name": "flink_region",
      "provider": "provider[\"registry.terraform.io/confluentinc/confluent\"]",
      "instances": [
        {
          "schema_version": 0,
          "attributes": {
            "api_version": "fcpm/v2",
            "cloud": "AWS",
            "id": "aws.us-west-2",
            "kind": "Region",
            "private_rest_endpoint": "https://flink.us-west-2.aws.private.confluent.cloud",
            "region": "us-west-2",
            "rest_endpoint": "https://flink.us-west-2.aws.confluent.cloud"
          },
          "sensitive_attributes": []
        }
      ]
    },
    {
      "mode": "data",
      "type": "confluent_schema_registry_cluster",
      "name": "sr",
      "provider": "provider[\"registry.terraform.io/confluentinc/confluent\"]",
      "instances": [
        {
          "schema_version": 0,
          "attributes": {
            "api_version": "srcm/v3",
            "catalog_endpoint": "https://psrc-zw3e6jo.us-west-2.aws.confluent.cloud",
            "cloud": "AWS",
            "display_name": "Always On Stream Governance Package",
            "environment": [
              {
                "id": "env-jz5vww"
              }
            ],
            "id": "lsrc-9qdd57",
            "kind": "Cluster",
            "package": "ADVANCED",
            "private_rest_endpoint": "",
            "region": "us-west-2",
            "resource_name": "crn://confluent.cloud/organization=1c2774ee-94b9-406c-ac22-36adca160c3b/environment=env-jz5vww/schema-registry=lsrc-9qdd57",
            "rest_endpoint": "https://psrc-zw3e6jo.us-west-2.aws.confluent.cloud"
          },
          "sensitive_attributes": []
        }
      ]
    },
    {
      "mode": "data",
      "type": "dns_a_record_set",
      "name": "rds_dynamic_ip",
      "provider": "provider[\"registry.terraform.io/hashicorp/dns\"]",
      "instances": [
        {
          "schema_version": 0,
          "attributes": {
            "addrs": [
              "10.0.10.226"
            ],
            "host": "terraform-2025022201131894450000000a.cy56rbcnrbof.us-west-2.rds.amazonaws.com",
            "id": "terraform-2025022201131894450000000a.cy56rbcnrbof.us-west-2.rds.amazonaws.com"
          },
          "sensitive_attributes": []
        }
      ]
    },
    {
      "mode": "managed",
      "type": "aws_db_instance",
      "name": "oracle_db",
      "provider": "provider[\"registry.terraform.io/hashicorp/aws\"]",
      "instances": [
        {
          "schema_version": 2,
          "attributes": {
            "address": "terraform-2025022201131894450000000a.cy56rbcnrbof.us-west-2.rds.amazonaws.com",
            "allocated_storage": 20,
            "allow_major_version_upgrade": false,
            "apply_immediately": true,
            "arn": "arn:aws:rds:us-west-2:550017254839:db:terraform-2025022201131894450000000a",
            "auto_minor_version_upgrade": false,
            "availability_zone": "us-west-2a",
            "backup_retention_period": 7,
            "backup_target": "region",
            "backup_window": "00:00-02:00",
            "blue_green_update": [],
            "ca_cert_identifier": "rds-ca-rsa2048-g1",
            "character_set_name": "AL32UTF8",
            "copy_tags_to_snapshot": false,
            "custom_iam_instance_profile": "",
            "customer_owned_ip_enabled": false,
            "db_name": "DEMODB",
            "db_subnet_group_name": "frauddetectiondemo-oracle-db-subnet-group-ea6f6950",
            "dedicated_log_volume": false,
            "delete_automated_backups": true,
            "deletion_protection": false,
            "domain": "",
            "domain_auth_secret_arn": "",
            "domain_dns_ips": [],
            "domain_fqdn": "",
            "domain_iam_role_name": "",
            "domain_ou": "",
            "enabled_cloudwatch_logs_exports": [],
            "endpoint": "terraform-2025022201131894450000000a.cy56rbcnrbof.us-west-2.rds.amazonaws.com:1521",
            "engine": "oracle-ee",
            "engine_lifecycle_support": "",
            "engine_version": "19.0.0.0.ru-2024-10.rur-2024-10.r1",
            "engine_version_actual": "19.0.0.0.ru-2024-10.rur-2024-10.r1",
            "final_snapshot_identifier": null,
            "hosted_zone_id": "Z1PVIF0B656C1W",
            "iam_database_authentication_enabled": false,
            "id": "db-Q6R3TQKGWSB7HMR7CKWYAEP62M",
            "identifier": "terraform-2025022201131894450000000a",
            "identifier_prefix": "terraform-",
            "instance_class": "db.m5.large",
            "iops": 0,
            "kms_key_id": "",
            "latest_restorable_time": "2025-02-22T03:40:39Z",
            "license_model": "bring-your-own-license",
            "listener_endpoint": [],
            "maintenance_window": "wed:09:32-wed:10:02",
            "manage_master_user_password": null,
            "master_user_secret": [],
            "master_user_secret_kms_key_id": null,
            "max_allocated_storage": 100,
            "monitoring_interval": 0,
            "monitoring_role_arn": "",
            "multi_az": false,
            "nchar_character_set_name": "AL16UTF16",
            "network_type": "IPV4",
            "option_group_name": "default:oracle-ee-19",
            "parameter_group_name": "default.oracle-ee-19",
            "password": "thebestpasswordever!",
            "performance_insights_enabled": false,
            "performance_insights_kms_key_id": "",
            "performance_insights_retention_period": 0,
            "port": 1521,
            "publicly_accessible": false,
            "replica_mode": "",
            "replicas": [],
            "replicate_source_db": "",
            "resource_id": "db-Q6R3TQKGWSB7HMR7CKWYAEP62M",
            "restore_to_point_in_time": [],
            "s3_import": [],
            "skip_final_snapshot": true,
            "snapshot_identifier": null,
            "status": "available",
            "storage_encrypted": false,
            "storage_throughput": 0,
            "storage_type": "gp2",
            "tags": {
              "Environment": "dev",
              "Name": "DEMODB"
            },
            "tags_all": {
              "Environment": "dev",
              "Name": "DEMODB"
            },
            "timeouts": null,
            "timezone": "",
            "upgrade_storage_config": null,
            "username": "thebestusername",
            "vpc_security_group_ids": [
              "sg-054529baf2044d2c2"
            ]
          },
          "sensitive_attributes": [
            [
              {
                "type": "get_attr",
                "value": "password"
              }
            ]
          ],
          "private": "eyJlMmJmYjczMC1lY2FhLTExZTYtOGY4OC0zNDM2M2JjN2M0YzAiOnsiY3JlYXRlIjozMDAwMDAwMDAwMDAwLCJkZWxldGUiOjM2MDAwMDAwMDAwMDAsInVwZGF0ZSI6NDgwMDAwMDAwMDAwMH0sInNjaGVtYV92ZXJzaW9uIjoiMiJ9",
          "dependencies": [
            "aws_db_subnet_group.db_subnet_group",
            "aws_security_group.db_sg",
            "aws_subnet.private_subnets",
            "aws_vpc.main",
            "random_id.env_display_id"
          ]
        }
      ]
    },
    {
      "mode": "managed",
      "type": "aws_db_subnet_group",
      "name": "db_subnet_group",
      "provider": "provider[\"registry.terraform.io/hashicorp/aws\"]",
      "instances": [
        {
          "schema_version": 0,
          "attributes": {
            "arn": "arn:aws:rds:us-west-2:550017254839:subgrp:frauddetectiondemo-oracle-db-subnet-group-ea6f6950",
            "description": "Subnet group for the Oracle DB instance",
            "id": "frauddetectiondemo-oracle-db-subnet-group-ea6f6950",
            "name": "frauddetectiondemo-oracle-db-subnet-group-ea6f6950",
            "name_prefix": "",
            "subnet_ids": [
              "subnet-0146ffbba07c28c18",
              "subnet-0e4ecfa3e9aa53e76",
              "subnet-0f11fdde952eb7573"
            ],
            "supported_network_types": [
              "IPV4"
            ],
            "tags": {
              "Name": "frauddetectiondemo-oracle-db-subnet-group"
            },
            "tags_all": {
              "Name": "frauddetectiondemo-oracle-db-subnet-group"
            },
            "vpc_id": "vpc-05a33a009ab02d8cd"
          },
          "sensitive_attributes": [],
          "private": "bnVsbA==",
          "dependencies": [
            "aws_subnet.private_subnets",
            "aws_vpc.main",
            "random_id.env_display_id"
          ]
        }
      ]
    },
    {
      "mode": "managed",
      "type": "aws_ec2_tag",
      "name": "public_subnet_eks_tag",
      "provider": "provider[\"registry.terraform.io/hashicorp/aws\"]",
      "instances": [
        {
          "index_key": "subnet-00e988049427ff38e",
          "schema_version": 0,
          "attributes": {
            "id": "subnet-00e988049427ff38e,kubernetes.io/cluster/frauddetectiondemo-eks-cluster-ea6f6950",
            "key": "kubernetes.io/cluster/frauddetectiondemo-eks-cluster-ea6f6950",
            "resource_id": "subnet-00e988049427ff38e",
            "value": "shared"
          },
          "sensitive_attributes": [],
          "private": "bnVsbA==",
          "dependencies": [
            "aws_eks_cluster.eks_cluster",
            "aws_iam_role.cluster",
            "aws_iam_role.node",
            "aws_iam_role_policy_attachment.cluster_AmazonEKSBlockStoragePolicy",
            "aws_iam_role_policy_attachment.cluster_AmazonEKSClusterPolicy",
            "aws_iam_role_policy_attachment.cluster_AmazonEKSComputePolicy",
            "aws_iam_role_policy_attachment.cluster_AmazonEKSLoadBalancingPolicy",
            "aws_iam_role_policy_attachment.cluster_AmazonEKSNetworkingPolicy",
            "aws_subnet.public_subnets",
            "aws_vpc.main",
            "random_id.env_display_id"
          ]
        },
        {
          "index_key": "subnet-01e42117005a5d7bf",
          "schema_version": 0,
          "attributes": {
            "id": "subnet-01e42117005a5d7bf,kubernetes.io/cluster/frauddetectiondemo-eks-cluster-ea6f6950",
            "key": "kubernetes.io/cluster/frauddetectiondemo-eks-cluster-ea6f6950",
            "resource_id": "subnet-01e42117005a5d7bf",
            "value": "shared"
          },
          "sensitive_attributes": [],
          "private": "bnVsbA==",
          "dependencies": [
            "aws_eks_cluster.eks_cluster",
            "aws_iam_role.cluster",
            "aws_iam_role.node",
            "aws_iam_role_policy_attachment.cluster_AmazonEKSBlockStoragePolicy",
            "aws_iam_role_policy_attachment.cluster_AmazonEKSClusterPolicy",
            "aws_iam_role_policy_attachment.cluster_AmazonEKSComputePolicy",
            "aws_iam_role_policy_attachment.cluster_AmazonEKSLoadBalancingPolicy",
            "aws_iam_role_policy_attachment.cluster_AmazonEKSNetworkingPolicy",
            "aws_subnet.public_subnets",
            "aws_vpc.main",
            "random_id.env_display_id"
          ]
        },
        {
          "index_key": "subnet-078ec29ea7569b066",
          "schema_version": 0,
          "attributes": {
            "id": "subnet-078ec29ea7569b066,kubernetes.io/cluster/frauddetectiondemo-eks-cluster-ea6f6950",
            "key": "kubernetes.io/cluster/frauddetectiondemo-eks-cluster-ea6f6950",
            "resource_id": "subnet-078ec29ea7569b066",
            "value": "shared"
          },
          "sensitive_attributes": [],
          "private": "bnVsbA==",
          "dependencies": [
            "aws_eks_cluster.eks_cluster",
            "aws_iam_role.cluster",
            "aws_iam_role.node",
            "aws_iam_role_policy_attachment.cluster_AmazonEKSBlockStoragePolicy",
            "aws_iam_role_policy_attachment.cluster_AmazonEKSClusterPolicy",
            "aws_iam_role_policy_attachment.cluster_AmazonEKSComputePolicy",
            "aws_iam_role_policy_attachment.cluster_AmazonEKSLoadBalancingPolicy",
            "aws_iam_role_policy_attachment.cluster_AmazonEKSNetworkingPolicy",
            "aws_subnet.public_subnets",
            "aws_vpc.main",
            "random_id.env_display_id"
          ]
        }
      ]
    },
    {
      "mode": "managed",
      "type": "aws_eip",
      "name": "eip",
      "provider": "provider[\"registry.terraform.io/hashicorp/aws\"]",
      "instances": [
        {
          "schema_version": 0,
          "attributes": {
            "address": null,
            "allocation_id": "eipalloc-0abd4237b8ae502b1",
            "arn": "arn:aws:ec2:us-west-2:550017254839:elastic-ip/eipalloc-0abd4237b8ae502b1",
            "associate_with_private_ip": null,
            "association_id": "eipassoc-0b32c06cff45fd5bd",
            "carrier_ip": "",
            "customer_owned_ip": "",
            "customer_owned_ipv4_pool": "",
            "domain": "vpc",
            "id": "eipalloc-0abd4237b8ae502b1",
            "instance": "",
            "ipam_pool_id": null,
            "network_border_group": "us-west-2",
            "network_interface": "eni-0cf3b08461968e93b",
            "private_dns": "ip-10-0-2-8.us-west-2.compute.internal",
            "private_ip": "10.0.2.8",
            "ptr_record": "",
            "public_dns": "ec2-35-155-131-94.us-west-2.compute.amazonaws.com",
            "public_ip": "35.155.131.94",
            "public_ipv4_pool": "amazon",
            "tags": {},
            "tags_all": {},
            "timeouts": null,
            "vpc": true
          },
          "sensitive_attributes": [],
          "private": "eyJlMmJmYjczMC1lY2FhLTExZTYtOGY4OC0zNDM2M2JjN2M0YzAiOnsiZGVsZXRlIjoxODAwMDAwMDAwMDAsInJlYWQiOjkwMDAwMDAwMDAwMCwidXBkYXRlIjozMDAwMDAwMDAwMDB9fQ=="
        }
      ]
    },
    {
      "mode": "managed",
      "type": "aws_eks_access_entry",
      "name": "non_prod_user_entry",
      "provider": "provider[\"registry.terraform.io/hashicorp/aws\"]",
      "instances": [
        {
          "schema_version": 0,
          "attributes": {
            "access_entry_arn": "arn:aws:eks:us-west-2:550017254839:access-entry/frauddetectiondemo-eks-cluster-ea6f6950/role/550017254839/AWSReservedSSO_nonprod-administrator_4097a148d8b5d061/6cca95a0-6b48-9b6e-19a8-c99abfb10283",
            "cluster_name": "frauddetectiondemo-eks-cluster-ea6f6950",
            "created_at": "2025-02-22T01:23:44Z",
            "id": "frauddetectiondemo-eks-cluster-ea6f6950:arn:aws:iam::550017254839:role/aws-reserved/sso.amazonaws.com/us-west-2/AWSReservedSSO_nonprod-administrator_4097a148d8b5d061",
            "kubernetes_groups": [],
            "modified_at": "2025-02-22T01:23:44Z",
            "principal_arn": "arn:aws:iam::550017254839:role/aws-reserved/sso.amazonaws.com/us-west-2/AWSReservedSSO_nonprod-administrator_4097a148d8b5d061",
            "tags": {},
            "tags_all": {},
            "timeouts": null,
            "type": "STANDARD",
            "user_name": "arn:aws:sts::550017254839:assumed-role/AWSReservedSSO_nonprod-administrator_4097a148d8b5d061/{{SessionName}}"
          },
          "sensitive_attributes": [],
          "private": "eyJlMmJmYjczMC1lY2FhLTExZTYtOGY4OC0zNDM2M2JjN2M0YzAiOnsiY3JlYXRlIjo2MDAwMDAwMDAwMDAsImRlbGV0ZSI6NjAwMDAwMDAwMDAwfX0=",
          "dependencies": [
            "aws_eks_cluster.eks_cluster",
            "aws_iam_role.cluster",
            "aws_iam_role.node",
            "aws_iam_role_policy_attachment.cluster_AmazonEKSBlockStoragePolicy",
            "aws_iam_role_policy_attachment.cluster_AmazonEKSClusterPolicy",
            "aws_iam_role_policy_attachment.cluster_AmazonEKSComputePolicy",
            "aws_iam_role_policy_attachment.cluster_AmazonEKSLoadBalancingPolicy",
            "aws_iam_role_policy_attachment.cluster_AmazonEKSNetworkingPolicy",
            "aws_subnet.public_subnets",
            "aws_vpc.main",
            "random_id.env_display_id"
          ]
        }
      ]
    },
    {
      "mode": "managed",
      "type": "aws_eks_access_policy_association",
      "name": "caller_admin_policy",
      "provider": "provider[\"registry.terraform.io/hashicorp/aws\"]",
      "instances": [
        {
          "schema_version": 0,
          "attributes": {
            "access_scope": [
              {
                "namespaces": [],
                "type": "cluster"
              }
            ],
            "associated_at": "2025-02-22 01:23:44.861 +0000 UTC",
            "cluster_name": "frauddetectiondemo-eks-cluster-ea6f6950",
            "id": "frauddetectiondemo-eks-cluster-ea6f6950#arn:aws:iam::550017254839:user/admin-user#arn:aws:eks::aws:cluster-access-policy/AmazonEKSAdminPolicy",
            "modified_at": "2025-02-22 01:23:44.861 +0000 UTC",
            "policy_arn": "arn:aws:eks::aws:cluster-access-policy/AmazonEKSAdminPolicy",
            "principal_arn": "arn:aws:iam::550017254839:user/admin-user",
            "timeouts": null
          },
          "sensitive_attributes": [],
          "private": "eyJlMmJmYjczMC1lY2FhLTExZTYtOGY4OC0zNDM2M2JjN2M0YzAiOnsiY3JlYXRlIjo2MDAwMDAwMDAwMDAsImRlbGV0ZSI6NjAwMDAwMDAwMDAwfX0=",
          "dependencies": [
            "aws_eks_cluster.eks_cluster",
            "aws_iam_role.cluster",
            "aws_iam_role.node",
            "aws_iam_role_policy_attachment.cluster_AmazonEKSBlockStoragePolicy",
            "aws_iam_role_policy_attachment.cluster_AmazonEKSClusterPolicy",
            "aws_iam_role_policy_attachment.cluster_AmazonEKSComputePolicy",
            "aws_iam_role_policy_attachment.cluster_AmazonEKSLoadBalancingPolicy",
            "aws_iam_role_policy_attachment.cluster_AmazonEKSNetworkingPolicy",
            "aws_subnet.public_subnets",
            "aws_vpc.main",
            "data.aws_caller_identity.current",
            "random_id.env_display_id"
          ]
        }
      ]
    },
    {
      "mode": "managed",
      "type": "aws_eks_access_policy_association",
      "name": "caller_cluster_admin_policy",
      "provider": "provider[\"registry.terraform.io/hashicorp/aws\"]",
      "instances": [
        {
          "schema_version": 0,
          "attributes": {
            "access_scope": [
              {
                "namespaces": [],
                "type": "cluster"
              }
            ],
            "associated_at": "2025-02-22 01:13:28.896 +0000 UTC",
            "cluster_name": "frauddetectiondemo-eks-cluster-ea6f6950",
            "id": "frauddetectiondemo-eks-cluster-ea6f6950#arn:aws:iam::550017254839:user/admin-user#arn:aws:eks::aws:cluster-access-policy/AmazonEKSClusterAdminPolicy",
            "modified_at": "2025-02-22 01:23:44.538 +0000 UTC",
            "policy_arn": "arn:aws:eks::aws:cluster-access-policy/AmazonEKSClusterAdminPolicy",
            "principal_arn": "arn:aws:iam::550017254839:user/admin-user",
            "timeouts": null
          },
          "sensitive_attributes": [],
          "private": "eyJlMmJmYjczMC1lY2FhLTExZTYtOGY4OC0zNDM2M2JjN2M0YzAiOnsiY3JlYXRlIjo2MDAwMDAwMDAwMDAsImRlbGV0ZSI6NjAwMDAwMDAwMDAwfX0=",
          "dependencies": [
            "aws_eks_cluster.eks_cluster",
            "aws_iam_role.cluster",
            "aws_iam_role.node",
            "aws_iam_role_policy_attachment.cluster_AmazonEKSBlockStoragePolicy",
            "aws_iam_role_policy_attachment.cluster_AmazonEKSClusterPolicy",
            "aws_iam_role_policy_attachment.cluster_AmazonEKSComputePolicy",
            "aws_iam_role_policy_attachment.cluster_AmazonEKSLoadBalancingPolicy",
            "aws_iam_role_policy_attachment.cluster_AmazonEKSNetworkingPolicy",
            "aws_subnet.public_subnets",
            "aws_vpc.main",
            "data.aws_caller_identity.current",
            "random_id.env_display_id"
          ]
        }
      ]
    },
    {
      "mode": "managed",
      "type": "aws_eks_access_policy_association",
      "name": "non_prod_cluster_admin_policy",
      "provider": "provider[\"registry.terraform.io/hashicorp/aws\"]",
      "instances": [
        {
          "schema_version": 0,
          "attributes": {
            "access_scope": [
              {
                "namespaces": [],
                "type": "cluster"
              }
            ],
            "associated_at": "2025-02-22 01:23:44.564 +0000 UTC",
            "cluster_name": "frauddetectiondemo-eks-cluster-ea6f6950",
            "id": "frauddetectiondemo-eks-cluster-ea6f6950#arn:aws:iam::550017254839:role/aws-reserved/sso.amazonaws.com/us-west-2/AWSReservedSSO_nonprod-administrator_4097a148d8b5d061#arn:aws:eks::aws:cluster-access-policy/AmazonEKSClusterAdminPolicy",
            "modified_at": "2025-02-22 01:23:44.564 +0000 UTC",
            "policy_arn": "arn:aws:eks::aws:cluster-access-policy/AmazonEKSClusterAdminPolicy",
            "principal_arn": "arn:aws:iam::550017254839:role/aws-reserved/sso.amazonaws.com/us-west-2/AWSReservedSSO_nonprod-administrator_4097a148d8b5d061",
            "timeouts": null
          },
          "sensitive_attributes": [],
          "private": "eyJlMmJmYjczMC1lY2FhLTExZTYtOGY4OC0zNDM2M2JjN2M0YzAiOnsiY3JlYXRlIjo2MDAwMDAwMDAwMDAsImRlbGV0ZSI6NjAwMDAwMDAwMDAwfX0=",
          "dependencies": [
            "aws_eks_cluster.eks_cluster",
            "aws_iam_role.cluster",
            "aws_iam_role.node",
            "aws_iam_role_policy_attachment.cluster_AmazonEKSBlockStoragePolicy",
            "aws_iam_role_policy_attachment.cluster_AmazonEKSClusterPolicy",
            "aws_iam_role_policy_attachment.cluster_AmazonEKSComputePolicy",
            "aws_iam_role_policy_attachment.cluster_AmazonEKSLoadBalancingPolicy",
            "aws_iam_role_policy_attachment.cluster_AmazonEKSNetworkingPolicy",
            "aws_subnet.public_subnets",
            "aws_vpc.main",
            "random_id.env_display_id"
          ]
        }
      ]
    },
    {
      "mode": "managed",
      "type": "aws_eks_cluster",
      "name": "eks_cluster",
      "provider": "provider[\"registry.terraform.io/hashicorp/aws\"]",
      "instances": [
        {
          "schema_version": 1,
          "attributes": {
            "access_config": [
              {
                "authentication_mode": "API_AND_CONFIG_MAP",
                "bootstrap_cluster_creator_admin_permissions": true
              }
            ],
            "arn": "arn:aws:eks:us-west-2:550017254839:cluster/frauddetectiondemo-eks-cluster-ea6f6950",
            "bootstrap_self_managed_addons": false,
            "certificate_authority": [
              {
                "data": "LS0tLS1CRUdJTiBDRVJUSUZJQ0FURS0tLS0tCk1JSURCVENDQWUyZ0F3SUJBZ0lJTXE0SmVORkRyNFF3RFFZSktvWklodmNOQVFFTEJRQXdGVEVUTUJFR0ExVUUKQXhNS2EzVmlaWEp1WlhSbGN6QWVGdzB5TlRBeU1qSXdNVEV6TWpCYUZ3MHpOVEF5TWpBd01URTRNakJhTUJVeApFekFSQmdOVkJBTVRDbXQxWW1WeWJtVjBaWE13Z2dFaU1BMEdDU3FHU0liM0RRRUJBUVVBQTRJQkR3QXdnZ0VLCkFvSUJBUUN5a0xRRFBQUzF0cWxpM0RQTitoT05QZFZudDlORzlvQjFmVmtMUjFGMU9MaSs3eE1zTXI4UUpFWjIKQUMyMDI4NTF0QmxUN0dqNkhydlhaTVRWUTBMbEJTWFdnN2Z0Zjd6Y2ViTmlJZjZzeDVCcXlzdVdHUVFWQzR6YwpEOVVjTUtJSmxKMVJteTFBNUtCbmJEdVE0b3lobCtMU3cwUFNWWnpobjNrQkd0N1E5bm9ockRzbmlMcFJ3YTZiCnpvSnk2VmpsQ1BGaHovTkpXQVlvUjdvRTIvSWRmUExvMFlNVTFLamtpRGhjRE9JYlVNK1hYOXJKZ0xhR245TmQKOHVCRlVRMnROVENhU1I3WTBqUS8vRVVhendYN0JMS3ErZmphM2kybFJnOFA3NUFUNDdOcnN2UmEybyt3SENtUQpZVjQ4alJnSlBaOW1sRFlrNkZXb3duU1ZmN0M3QWdNQkFBR2pXVEJYTUE0R0ExVWREd0VCL3dRRUF3SUNwREFQCkJnTlZIUk1CQWY4RUJUQURBUUgvTUIwR0ExVWREZ1FXQkJUY1JvTi8rSG1leU5pM1Z6NE81SlNVeHd1QU1qQVYKQmdOVkhSRUVEakFNZ2dwcmRXSmxjbTVsZEdWek1BMEdDU3FHU0liM0RRRUJDd1VBQTRJQkFRQmlURDl0emZSNApDUkV5eUJFZ0tQM0YxVko5c1FkQndISUFROU1xalI5bjRXZmJXNGlYTjlGY2tZcW9mclhLbzIrT2Z5ZnBQSDNxCnJIcndBbWVSS0U5eHAyK1M1NmJBMXNycklDaGYxL3B1MkJuRHFDVXV5S09PT1RSRFRCVGdwZUUxaDZ5M3lOYncKTm13cFV2RFJPNUF2Z3gySUJ5QXBNNlh2cmYybGJrVklWTFBxUHJNbWZMcWt2SVFjUG1sU0RYSmNWRm9iMFFXVQp0NjhsS0FVbnQ2ZVlnSzJ4blQvSXZMK1lqM2xxZXRkakxKUG03eXRaZWFMWFpHVnpuR3kxT1BpSTVlcDYwUUN5CklxblBTRXdSc3lxNEJtdWk1VE9vWE5VSk1NdGQveVRmLzk4VFlIazFRN0VEUXNZd3IxeVh5RldpVjQxWXd3ekYKdTVBSGhuT2tTbk9MCi0tLS0tRU5EIENFUlRJRklDQVRFLS0tLS0K"
              }
            ],
            "cluster_id": null,
            "compute_config": [
              {
                "enabled": true,
                "node_pools": [
                  "general-purpose"
                ],
                "node_role_arn": "arn:aws:iam::550017254839:role/eks-auto-node-example"
              }
            ],
            "created_at": "2025-02-22T01:13:29Z",
            "enabled_cluster_log_types": [],
            "encryption_config": [],
            "endpoint": "https://D244E3307AC047AB2D689C7B54A1D032.gr7.us-west-2.eks.amazonaws.com",
            "id": "frauddetectiondemo-eks-cluster-ea6f6950",
            "identity": [
              {
                "oidc": [
                  {
                    "issuer": "https://oidc.eks.us-west-2.amazonaws.com/id/D244E3307AC047AB2D689C7B54A1D032"
                  }
                ]
              }
            ],
            "kubernetes_network_config": [
              {
                "elastic_load_balancing": [
                  {
                    "enabled": true
                  }
                ],
                "ip_family": "ipv4",
                "service_ipv4_cidr": "172.20.0.0/16",
                "service_ipv6_cidr": ""
              }
            ],
            "name": "frauddetectiondemo-eks-cluster-ea6f6950",
            "outpost_config": [],
            "platform_version": "eks.19",
            "remote_network_config": [],
            "role_arn": "arn:aws:iam::550017254839:role/eks-cluster-example",
            "status": "ACTIVE",
            "storage_config": [
              {
                "block_storage": [
                  {
                    "enabled": true
                  }
                ]
              }
            ],
            "tags": {
              "Name": "frauddetectiondemo-eks-cluster"
            },
            "tags_all": {
              "Name": "frauddetectiondemo-eks-cluster"
            },
            "timeouts": null,
            "upgrade_policy": [
              {
                "support_type": "EXTENDED"
              }
            ],
            "version": "1.31",
            "vpc_config": [
              {
                "cluster_security_group_id": "sg-08df71eaa53b0c60e",
                "endpoint_private_access": true,
                "endpoint_public_access": true,
                "public_access_cidrs": [
                  "0.0.0.0/0"
                ],
                "security_group_ids": [],
                "subnet_ids": [
                  "subnet-00e988049427ff38e",
                  "subnet-01e42117005a5d7bf",
                  "subnet-078ec29ea7569b066"
                ],
                "vpc_id": "vpc-05a33a009ab02d8cd"
              }
            ],
            "zonal_shift_config": []
          },
          "sensitive_attributes": [],
          "private": "eyJlMmJmYjczMC1lY2FhLTExZTYtOGY4OC0zNDM2M2JjN2M0YzAiOnsiY3JlYXRlIjoxODAwMDAwMDAwMDAwLCJkZWxldGUiOjkwMDAwMDAwMDAwMCwidXBkYXRlIjozNjAwMDAwMDAwMDAwfSwic2NoZW1hX3ZlcnNpb24iOiIxIn0=",
          "dependencies": [
            "aws_iam_role.cluster",
            "aws_iam_role.node",
            "aws_iam_role_policy_attachment.cluster_AmazonEKSBlockStoragePolicy",
            "aws_iam_role_policy_attachment.cluster_AmazonEKSClusterPolicy",
            "aws_iam_role_policy_attachment.cluster_AmazonEKSComputePolicy",
            "aws_iam_role_policy_attachment.cluster_AmazonEKSLoadBalancingPolicy",
            "aws_iam_role_policy_attachment.cluster_AmazonEKSNetworkingPolicy",
            "aws_subnet.public_subnets",
            "aws_vpc.main",
            "random_id.env_display_id"
          ]
        }
      ]
    },
    {
      "mode": "managed",
      "type": "aws_iam_role",
      "name": "cluster",
      "provider": "provider[\"registry.terraform.io/hashicorp/aws\"]",
      "instances": [
        {
          "schema_version": 0,
          "attributes": {
            "arn": "arn:aws:iam::550017254839:role/eks-cluster-example",
            "assume_role_policy": "{\"Statement\":[{\"Action\":[\"sts:AssumeRole\",\"sts:TagSession\"],\"Effect\":\"Allow\",\"Principal\":{\"Service\":\"eks.amazonaws.com\"}}],\"Version\":\"2012-10-17\"}",
            "create_date": "2025-02-22T01:13:02Z",
            "description": "",
            "force_detach_policies": false,
            "id": "eks-cluster-example",
            "inline_policy": [],
            "managed_policy_arns": [
              "arn:aws:iam::aws:policy/AmazonEKSBlockStoragePolicy",
              "arn:aws:iam::aws:policy/AmazonEKSClusterPolicy",
              "arn:aws:iam::aws:policy/AmazonEKSComputePolicy",
              "arn:aws:iam::aws:policy/AmazonEKSLoadBalancingPolicy",
              "arn:aws:iam::aws:policy/AmazonEKSNetworkingPolicy"
            ],
            "max_session_duration": 3600,
            "name": "eks-cluster-example",
            "name_prefix": "",
            "path": "/",
            "permissions_boundary": "",
            "tags": {},
            "tags_all": {},
            "unique_id": "AROAYAD4VIW3QG6WNZBVH"
          },
          "sensitive_attributes": [],
          "private": "bnVsbA=="
        }
      ]
    },
    {
      "mode": "managed",
      "type": "aws_iam_role",
      "name": "node",
      "provider": "provider[\"registry.terraform.io/hashicorp/aws\"]",
      "instances": [
        {
          "schema_version": 0,
          "attributes": {
            "arn": "arn:aws:iam::550017254839:role/eks-auto-node-example",
            "assume_role_policy": "{\"Statement\":[{\"Action\":[\"sts:AssumeRole\"],\"Effect\":\"Allow\",\"Principal\":{\"Service\":\"ec2.amazonaws.com\"}}],\"Version\":\"2012-10-17\"}",
            "create_date": "2025-02-22T01:13:02Z",
            "description": "",
            "force_detach_policies": false,
            "id": "eks-auto-node-example",
            "inline_policy": [],
            "managed_policy_arns": [
              "arn:aws:iam::aws:policy/AmazonEC2ContainerRegistryPullOnly",
              "arn:aws:iam::aws:policy/AmazonEKSWorkerNodeMinimalPolicy"
            ],
            "max_session_duration": 3600,
            "name": "eks-auto-node-example",
            "name_prefix": "",
            "path": "/",
            "permissions_boundary": "",
            "tags": {},
            "tags_all": {},
            "unique_id": "AROAYAD4VIW375ZKXFRCC"
          },
          "sensitive_attributes": [],
          "private": "bnVsbA=="
        }
      ]
    },
    {
      "mode": "managed",
      "type": "aws_iam_role_policy_attachment",
      "name": "cluster_AmazonEKSBlockStoragePolicy",
      "provider": "provider[\"registry.terraform.io/hashicorp/aws\"]",
      "instances": [
        {
          "schema_version": 0,
          "attributes": {
            "id": "eks-cluster-example-20250222011303701000000003",
            "policy_arn": "arn:aws:iam::aws:policy/AmazonEKSBlockStoragePolicy",
            "role": "eks-cluster-example"
          },
          "sensitive_attributes": [],
          "private": "bnVsbA==",
          "dependencies": [
            "aws_iam_role.cluster"
          ]
        }
      ]
    },
    {
      "mode": "managed",
      "type": "aws_iam_role_policy_attachment",
      "name": "cluster_AmazonEKSClusterPolicy",
      "provider": "provider[\"registry.terraform.io/hashicorp/aws\"]",
      "instances": [
        {
          "schema_version": 0,
          "attributes": {
            "id": "eks-cluster-example-20250222011303806900000004",
            "policy_arn": "arn:aws:iam::aws:policy/AmazonEKSClusterPolicy",
            "role": "eks-cluster-example"
          },
          "sensitive_attributes": [],
          "private": "bnVsbA==",
          "dependencies": [
            "aws_iam_role.cluster"
          ]
        }
      ]
    },
    {
      "mode": "managed",
      "type": "aws_iam_role_policy_attachment",
      "name": "cluster_AmazonEKSComputePolicy",
      "provider": "provider[\"registry.terraform.io/hashicorp/aws\"]",
      "instances": [
        {
          "schema_version": 0,
          "attributes": {
            "id": "eks-cluster-example-20250222011303941200000005",
            "policy_arn": "arn:aws:iam::aws:policy/AmazonEKSComputePolicy",
            "role": "eks-cluster-example"
          },
          "sensitive_attributes": [],
          "private": "bnVsbA==",
          "dependencies": [
            "aws_iam_role.cluster"
          ]
        }
      ]
    },
    {
      "mode": "managed",
      "type": "aws_iam_role_policy_attachment",
      "name": "cluster_AmazonEKSLoadBalancingPolicy",
      "provider": "provider[\"registry.terraform.io/hashicorp/aws\"]",
      "instances": [
        {
          "schema_version": 0,
          "attributes": {
            "id": "eks-cluster-example-20250222011304077400000006",
            "policy_arn": "arn:aws:iam::aws:policy/AmazonEKSLoadBalancingPolicy",
            "role": "eks-cluster-example"
          },
          "sensitive_attributes": [],
          "private": "bnVsbA==",
          "dependencies": [
            "aws_iam_role.cluster"
          ]
        }
      ]
    },
    {
      "mode": "managed",
      "type": "aws_iam_role_policy_attachment",
      "name": "cluster_AmazonEKSNetworkingPolicy",
      "provider": "provider[\"registry.terraform.io/hashicorp/aws\"]",
      "instances": [
        {
          "schema_version": 0,
          "attributes": {
            "id": "eks-cluster-example-20250222011304100000000007",
            "policy_arn": "arn:aws:iam::aws:policy/AmazonEKSNetworkingPolicy",
            "role": "eks-cluster-example"
          },
          "sensitive_attributes": [],
          "private": "bnVsbA==",
          "dependencies": [
            "aws_iam_role.cluster"
          ]
        }
      ]
    },
    {
      "mode": "managed",
      "type": "aws_iam_role_policy_attachment",
      "name": "node_AmazonEC2ContainerRegistryPullOnly",
      "provider": "provider[\"registry.terraform.io/hashicorp/aws\"]",
      "instances": [
        {
          "schema_version": 0,
          "attributes": {
            "id": "eks-auto-node-example-20250222011303508400000002",
            "policy_arn": "arn:aws:iam::aws:policy/AmazonEC2ContainerRegistryPullOnly",
            "role": "eks-auto-node-example"
          },
          "sensitive_attributes": [],
          "private": "bnVsbA==",
          "dependencies": [
            "aws_iam_role.node"
          ]
        }
      ]
    },
    {
      "mode": "managed",
      "type": "aws_iam_role_policy_attachment",
      "name": "node_AmazonEKSWorkerNodeMinimalPolicy",
      "provider": "provider[\"registry.terraform.io/hashicorp/aws\"]",
      "instances": [
        {
          "schema_version": 0,
          "attributes": {
            "id": "eks-auto-node-example-20250222011303444600000001",
            "policy_arn": "arn:aws:iam::aws:policy/AmazonEKSWorkerNodeMinimalPolicy",
            "role": "eks-auto-node-example"
          },
          "sensitive_attributes": [],
          "private": "bnVsbA==",
          "dependencies": [
            "aws_iam_role.node"
          ]
        }
      ]
    },
    {
      "mode": "managed",
      "type": "aws_instance",
      "name": "windows_instance",
      "provider": "provider[\"registry.terraform.io/hashicorp/aws\"]",
      "instances": [
        {
          "schema_version": 1,
          "attributes": {
            "ami": "ami-0d31ac04c1d894d66",
            "arn": "arn:aws:ec2:us-west-2:550017254839:instance/i-0dbcd8e845a54a5ab",
            "associate_public_ip_address": true,
            "availability_zone": "us-west-2b",
            "capacity_reservation_specification": [
              {
                "capacity_reservation_preference": "open",
                "capacity_reservation_target": []
              }
            ],
            "cpu_core_count": 2,
            "cpu_options": [
              {
                "amd_sev_snp": "",
                "core_count": 2,
                "threads_per_core": 2
              }
            ],
            "cpu_threads_per_core": 2,
            "credit_specification": [
              {
                "cpu_credits": "unlimited"
              }
            ],
            "disable_api_stop": false,
            "disable_api_termination": false,
            "ebs_block_device": [],
            "ebs_optimized": false,
            "enable_primary_ipv6": null,
            "enclave_options": [
              {
                "enabled": false
              }
            ],
            "ephemeral_block_device": [],
            "get_password_data": true,
            "hibernation": false,
            "host_id": "",
            "host_resource_group_arn": null,
            "iam_instance_profile": "",
            "id": "i-0dbcd8e845a54a5ab",
            "instance_initiated_shutdown_behavior": "stop",
            "instance_lifecycle": "",
            "instance_market_options": [],
            "instance_state": "running",
            "instance_type": "t3.xlarge",
            "ipv6_address_count": 0,
            "ipv6_addresses": [],
            "key_name": "MyKeyPair",
            "launch_template": [],
            "maintenance_options": [
              {
                "auto_recovery": "default"
              }
            ],
            "metadata_options": [
              {
                "http_endpoint": "enabled",
                "http_protocol_ipv6": "disabled",
                "http_put_response_hop_limit": 2,
                "http_tokens": "required",
                "instance_metadata_tags": "disabled"
              }
            ],
            "monitoring": false,
            "network_interface": [],
            "outpost_arn": "",
            "password_data": "oMavNysKKhfh+dHbBoeMerwgJAEg5TvsOhjzrbkAeGI6f+KM7F4zt8PI3H/osHL2vGP8wq2278RIers+fw4TBy+wrY+Q61+Wnl0LD8fhqtt3GKkclOhuQBWjpzE+O/2bM+d1GeYkA7lcuN62HbvBYZezomGaKug9P0K18skzyqNrVeUiyy0JOOBwjvhOpAD1Rb4ncjiGcFsNeIyoAad5GiONhi2YS511doCRGh3R208fecxznDnHnFSHbxfKm2eoYOZvswXGBFOOP247K9dMQPzt2ag3+oSXmeozcXSyes8OnkHl/0cS5RaWaU78z9OI8NEqC60CEUkkWytZuvgvxg==",
            "placement_group": "",
            "placement_partition_number": 0,
            "primary_network_interface_id": "eni-055c8aa51616e8eac",
            "private_dns": "ip-10-0-1-211.us-west-2.compute.internal",
            "private_dns_name_options": [
              {
                "enable_resource_name_dns_a_record": false,
                "enable_resource_name_dns_aaaa_record": false,
                "hostname_type": "ip-name"
              }
            ],
            "private_ip": "10.0.1.211",
            "public_dns": "ec2-54-244-56-160.us-west-2.compute.amazonaws.com",
            "public_ip": "54.244.56.160",
            "root_block_device": [
              {
                "delete_on_termination": true,
                "device_name": "/dev/sda1",
                "encrypted": false,
                "iops": 3000,
                "kms_key_id": "",
                "tags": {},
                "tags_all": {},
                "throughput": 125,
                "volume_id": "vol-08203c81a19ea4b30",
                "volume_size": 30,
                "volume_type": "gp3"
              }
            ],
            "secondary_private_ips": [],
            "security_groups": [],
            "source_dest_check": true,
            "spot_instance_request_id": "",
            "subnet_id": "subnet-00e988049427ff38e",
            "tags": {
              "Name": "frauddetectiondemo-windows-instance-ea6f6950"
            },
            "tags_all": {
              "Name": "frauddetectiondemo-windows-instance-ea6f6950"
            },
            "tenancy": "default",
            "timeouts": null,
            "user_data": "739a5a22b96f867b9a8cec608afb56165cee7914",
            "user_data_base64": null,
            "user_data_replace_on_change": true,
            "volume_tags": null,
            "vpc_security_group_ids": [
              "sg-080ed899aeb92dbb3"
            ]
          },
          "sensitive_attributes": [],
          "private": "eyJlMmJmYjczMC1lY2FhLTExZTYtOGY4OC0zNDM2M2JjN2M0YzAiOnsiY3JlYXRlIjo2MDAwMDAwMDAwMDAsImRlbGV0ZSI6MTIwMDAwMDAwMDAwMCwicmVhZCI6OTAwMDAwMDAwMDAwLCJ1cGRhdGUiOjYwMDAwMDAwMDAwMH0sInNjaGVtYV92ZXJzaW9uIjoiMSJ9",
          "dependencies": [
            "aws_security_group.windows_sg",
            "aws_subnet.public_subnets",
            "aws_vpc.main",
            "data.aws_ami.windows",
            "null_resource.ec2_key_pair",
            "random_id.env_display_id"
          ]
        }
      ]
    },
    {
      "mode": "managed",
      "type": "aws_internet_gateway",
      "name": "igw",
      "provider": "provider[\"registry.terraform.io/hashicorp/aws\"]",
      "instances": [
        {
          "schema_version": 0,
          "attributes": {
            "arn": "arn:aws:ec2:us-west-2:550017254839:internet-gateway/igw-0ec74b07cf302e5a4",
            "id": "igw-0ec74b07cf302e5a4",
            "owner_id": "550017254839",
            "tags": {
              "Name": "frauddetectiondemo-internet-gateway-ea6f6950"
            },
            "tags_all": {
              "Name": "frauddetectiondemo-internet-gateway-ea6f6950"
            },
            "timeouts": null,
            "vpc_id": "vpc-05a33a009ab02d8cd"
          },
          "sensitive_attributes": [],
          "private": "eyJlMmJmYjczMC1lY2FhLTExZTYtOGY4OC0zNDM2M2JjN2M0YzAiOnsiY3JlYXRlIjoxMjAwMDAwMDAwMDAwLCJkZWxldGUiOjEyMDAwMDAwMDAwMDAsInVwZGF0ZSI6MTIwMDAwMDAwMDAwMH19",
          "dependencies": [
            "aws_vpc.main",
            "random_id.env_display_id"
          ]
        }
      ]
    },
    {
      "mode": "managed",
      "type": "aws_lb",
      "name": "rds_oracle_nlb",
      "provider": "provider[\"registry.terraform.io/hashicorp/aws\"]",
      "instances": [
        {
          "schema_version": 0,
          "attributes": {
            "access_logs": [
              {
                "bucket": "",
                "enabled": false,
                "prefix": ""
              }
            ],
            "arn": "arn:aws:elasticloadbalancing:us-west-2:550017254839:loadbalancer/net/frauddetectiondemo-nlb-ea6f6950/278859dc35f72a26",
            "arn_suffix": "net/frauddetectiondemo-nlb-ea6f6950/278859dc35f72a26",
            "client_keep_alive": null,
            "connection_logs": [],
            "customer_owned_ipv4_pool": "",
            "desync_mitigation_mode": null,
            "dns_name": "frauddetectiondemo-nlb-ea6f6950-278859dc35f72a26.elb.us-west-2.amazonaws.com",
            "dns_record_client_routing_policy": "any_availability_zone",
            "drop_invalid_header_fields": null,
            "enable_cross_zone_load_balancing": true,
            "enable_deletion_protection": false,
            "enable_http2": null,
            "enable_tls_version_and_cipher_suite_headers": null,
            "enable_waf_fail_open": null,
            "enable_xff_client_port": null,
            "enable_zonal_shift": false,
            "enforce_security_group_inbound_rules_on_private_link_traffic": "",
            "id": "arn:aws:elasticloadbalancing:us-west-2:550017254839:loadbalancer/net/frauddetectiondemo-nlb-ea6f6950/278859dc35f72a26",
            "idle_timeout": null,
            "internal": true,
            "ip_address_type": "ipv4",
            "load_balancer_type": "network",
            "name": "frauddetectiondemo-nlb-ea6f6950",
            "name_prefix": "",
            "preserve_host_header": null,
            "security_groups": [],
            "subnet_mapping": [
              {
                "allocation_id": "",
                "ipv6_address": "",
                "outpost_id": "",
                "private_ipv4_address": "",
                "subnet_id": "subnet-0146ffbba07c28c18"
              },
              {
                "allocation_id": "",
                "ipv6_address": "",
                "outpost_id": "",
                "private_ipv4_address": "",
                "subnet_id": "subnet-0e4ecfa3e9aa53e76"
              },
              {
                "allocation_id": "",
                "ipv6_address": "",
                "outpost_id": "",
                "private_ipv4_address": "",
                "subnet_id": "subnet-0f11fdde952eb7573"
              }
            ],
            "subnets": [
              "subnet-0146ffbba07c28c18",
              "subnet-0e4ecfa3e9aa53e76",
              "subnet-0f11fdde952eb7573"
            ],
            "tags": {
              "Name": "frauddetectiondemo-rds-oracle-nlb-ea6f6950"
            },
            "tags_all": {
              "Name": "frauddetectiondemo-rds-oracle-nlb-ea6f6950"
            },
            "timeouts": null,
            "vpc_id": "vpc-05a33a009ab02d8cd",
            "xff_header_processing_mode": null,
            "zone_id": "Z18D5FSROUN65G"
          },
          "sensitive_attributes": [],
          "private": "eyJlMmJmYjczMC1lY2FhLTExZTYtOGY4OC0zNDM2M2JjN2M0YzAiOnsiY3JlYXRlIjo2MDAwMDAwMDAwMDAsImRlbGV0ZSI6NjAwMDAwMDAwMDAwLCJ1cGRhdGUiOjYwMDAwMDAwMDAwMH19",
          "dependencies": [
            "aws_subnet.private_subnets",
            "aws_vpc.main",
            "random_id.env_display_id"
          ],
          "create_before_destroy": true
        }
      ]
    },
    {
      "mode": "managed",
      "type": "aws_lb_listener",
      "name": "rds_lb_listener",
      "provider": "provider[\"registry.terraform.io/hashicorp/aws\"]",
      "instances": [
        {
          "schema_version": 0,
          "attributes": {
            "alpn_policy": null,
            "arn": "arn:aws:elasticloadbalancing:us-west-2:550017254839:listener/net/frauddetectiondemo-nlb-ea6f6950/278859dc35f72a26/0277eb4767ec4697",
            "certificate_arn": null,
            "default_action": [
              {
                "authenticate_cognito": [],
                "authenticate_oidc": [],
                "fixed_response": [],
                "forward": [],
                "order": 1,
                "redirect": [],
                "target_group_arn": "arn:aws:elasticloadbalancing:us-west-2:550017254839:targetgroup/frauddetectiondemo-tg-ea6f6950/030d4c1d99229537",
                "type": "forward"
              }
            ],
            "id": "arn:aws:elasticloadbalancing:us-west-2:550017254839:listener/net/frauddetectiondemo-nlb-ea6f6950/278859dc35f72a26/0277eb4767ec4697",
            "load_balancer_arn": "arn:aws:elasticloadbalancing:us-west-2:550017254839:loadbalancer/net/frauddetectiondemo-nlb-ea6f6950/278859dc35f72a26",
            "mutual_authentication": [],
            "port": 1521,
            "protocol": "TCP",
            "routing_http_request_x_amzn_mtls_clientcert_header_name": null,
            "routing_http_request_x_amzn_mtls_clientcert_issuer_header_name": null,
            "routing_http_request_x_amzn_mtls_clientcert_leaf_header_name": null,
            "routing_http_request_x_amzn_mtls_clientcert_serial_number_header_name": null,
            "routing_http_request_x_amzn_mtls_clientcert_subject_header_name": null,
            "routing_http_request_x_amzn_mtls_clientcert_validity_header_name": null,
            "routing_http_request_x_amzn_tls_cipher_suite_header_name": null,
            "routing_http_request_x_amzn_tls_version_header_name": null,
            "routing_http_response_access_control_allow_credentials_header_value": null,
            "routing_http_response_access_control_allow_headers_header_value": null,
            "routing_http_response_access_control_allow_methods_header_value": null,
            "routing_http_response_access_control_allow_origin_header_value": null,
            "routing_http_response_access_control_expose_headers_header_value": null,
            "routing_http_response_access_control_max_age_header_value": null,
            "routing_http_response_content_security_policy_header_value": null,
            "routing_http_response_server_enabled": null,
            "routing_http_response_strict_transport_security_header_value": null,
            "routing_http_response_x_content_type_options_header_value": null,
            "routing_http_response_x_frame_options_header_value": null,
            "ssl_policy": "",
            "tags": {},
            "tags_all": {},
            "tcp_idle_timeout_seconds": 350,
            "timeouts": null
          },
          "sensitive_attributes": [],
          "private": "eyJlMmJmYjczMC1lY2FhLTExZTYtOGY4OC0zNDM2M2JjN2M0YzAiOnsiY3JlYXRlIjozMDAwMDAwMDAwMDAsInVwZGF0ZSI6MzAwMDAwMDAwMDAwfX0=",
          "dependencies": [
            "aws_lb.rds_oracle_nlb",
            "aws_lb_target_group.rds_oracle_target_group",
            "aws_subnet.private_subnets",
            "aws_vpc.main",
            "random_id.env_display_id"
          ]
        }
      ]
    },
    {
      "mode": "managed",
      "type": "aws_lb_target_group",
      "name": "rds_oracle_target_group",
      "provider": "provider[\"registry.terraform.io/hashicorp/aws\"]",
      "instances": [
        {
          "schema_version": 0,
          "attributes": {
            "arn": "arn:aws:elasticloadbalancing:us-west-2:550017254839:targetgroup/frauddetectiondemo-tg-ea6f6950/030d4c1d99229537",
            "arn_suffix": "targetgroup/frauddetectiondemo-tg-ea6f6950/030d4c1d99229537",
            "connection_termination": false,
            "deregistration_delay": "300",
            "health_check": [
              {
                "enabled": true,
                "healthy_threshold": 3,
                "interval": 30,
                "matcher": "",
                "path": "",
                "port": "traffic-port",
                "protocol": "TCP",
                "timeout": 10,
                "unhealthy_threshold": 3
              }
            ],
            "id": "arn:aws:elasticloadbalancing:us-west-2:550017254839:targetgroup/frauddetectiondemo-tg-ea6f6950/030d4c1d99229537",
            "ip_address_type": "ipv4",
            "lambda_multi_value_headers_enabled": false,
            "load_balancer_arns": [
              "arn:aws:elasticloadbalancing:us-west-2:550017254839:loadbalancer/net/frauddetectiondemo-nlb-ea6f6950/278859dc35f72a26"
            ],
            "load_balancing_algorithm_type": null,
            "load_balancing_anomaly_mitigation": null,
            "load_balancing_cross_zone_enabled": "use_load_balancer_configuration",
            "name": "frauddetectiondemo-tg-ea6f6950",
            "name_prefix": "",
            "port": 1521,
            "preserve_client_ip": "false",
            "protocol": "TCP",
            "protocol_version": null,
            "proxy_protocol_v2": false,
            "slow_start": 0,
            "stickiness": [
              {
                "cookie_duration": 0,
                "cookie_name": "",
                "enabled": false,
                "type": "source_ip"
              }
            ],
            "tags": {},
            "tags_all": {},
            "target_failover": [
              {
                "on_deregistration": null,
                "on_unhealthy": null
              }
            ],
            "target_group_health": [
              {
                "dns_failover": [
                  {
                    "minimum_healthy_targets_count": "1",
                    "minimum_healthy_targets_percentage": "off"
                  }
                ],
                "unhealthy_state_routing": [
                  {
                    "minimum_healthy_targets_count": 1,
                    "minimum_healthy_targets_percentage": "off"
                  }
                ]
              }
            ],
            "target_health_state": [
              {
                "enable_unhealthy_connection_termination": true,
                "unhealthy_draining_interval": 0
              }
            ],
            "target_type": "ip",
            "vpc_id": "vpc-05a33a009ab02d8cd"
          },
          "sensitive_attributes": [],
          "private": "bnVsbA==",
          "dependencies": [
            "aws_vpc.main",
            "random_id.env_display_id"
          ]
        }
      ]
    },
    {
      "mode": "managed",
      "type": "aws_lb_target_group_attachment",
      "name": "rds_oracle_target_group_attachment",
      "provider": "provider[\"registry.terraform.io/hashicorp/aws\"]",
      "instances": [
        {
          "schema_version": 0,
          "attributes": {
            "availability_zone": null,
            "id": "arn:aws:elasticloadbalancing:us-west-2:550017254839:targetgroup/frauddetectiondemo-tg-ea6f6950/030d4c1d99229537-20250222013127497200000010",
            "port": 1521,
            "target_group_arn": "arn:aws:elasticloadbalancing:us-west-2:550017254839:targetgroup/frauddetectiondemo-tg-ea6f6950/030d4c1d99229537",
            "target_id": "10.0.10.226"
          },
          "sensitive_attributes": [],
          "private": "bnVsbA==",
          "dependencies": [
            "aws_db_instance.oracle_db",
            "aws_db_subnet_group.db_subnet_group",
            "aws_lb_target_group.rds_oracle_target_group",
            "aws_security_group.db_sg",
            "aws_subnet.private_subnets",
            "aws_vpc.main",
            "data.dns_a_record_set.rds_dynamic_ip",
            "random_id.env_display_id"
          ]
        }
      ]
    },
    {
      "mode": "managed",
      "type": "aws_nat_gateway",
      "name": "natgw",
      "provider": "provider[\"registry.terraform.io/hashicorp/aws\"]",
      "instances": [
        {
          "schema_version": 0,
          "attributes": {
            "allocation_id": "eipalloc-0abd4237b8ae502b1",
            "association_id": "eipassoc-0b32c06cff45fd5bd",
            "connectivity_type": "public",
            "id": "nat-0c8b57ecb26afedf9",
            "network_interface_id": "eni-0cf3b08461968e93b",
            "private_ip": "10.0.2.8",
            "public_ip": "35.155.131.94",
            "secondary_allocation_ids": [],
            "secondary_private_ip_address_count": 0,
            "secondary_private_ip_addresses": [],
            "subnet_id": "subnet-078ec29ea7569b066",
            "tags": {
              "Name": "frauddetectiondemo-nat-gateway-ea6f6950"
            },
            "tags_all": {
              "Name": "frauddetectiondemo-nat-gateway-ea6f6950"
            },
            "timeouts": null
          },
          "sensitive_attributes": [],
          "private": "eyJlMmJmYjczMC1lY2FhLTExZTYtOGY4OC0zNDM2M2JjN2M0YzAiOnsiY3JlYXRlIjo2MDAwMDAwMDAwMDAsImRlbGV0ZSI6MTgwMDAwMDAwMDAwMCwidXBkYXRlIjo2MDAwMDAwMDAwMDB9fQ==",
          "dependencies": [
            "aws_eip.eip",
            "aws_subnet.public_subnets",
            "aws_vpc.main",
            "random_id.env_display_id"
          ]
        }
      ]
    },
    {
      "mode": "managed",
      "type": "aws_route53_record",
      "name": "privatelink",
      "provider": "provider[\"registry.terraform.io/hashicorp/aws\"]",
      "instances": [
        {
          "schema_version": 2,
          "attributes": {
            "alias": [],
            "allow_overwrite": null,
            "cidr_routing_policy": [],
            "failover_routing_policy": [],
            "fqdn": "*.us-west-2.aws.private.confluent.cloud",
            "geolocation_routing_policy": [],
            "geoproximity_routing_policy": [],
            "health_check_id": "",
            "id": "Z03257662JZIVB0G2FYZL_*.us-west-2.aws.private.confluent.cloud_CNAME",
            "latency_routing_policy": [],
            "multivalue_answer_routing_policy": false,
            "name": "*.us-west-2.aws.private.confluent.cloud",
            "records": [
              "vpce-09469d828128f1836-bw0d7pgd.vpce-svc-06a0af73877f48196.us-west-2.vpce.amazonaws.com"
            ],
            "set_identifier": "",
            "ttl": 60,
            "type": "CNAME",
            "weighted_routing_policy": [],
            "zone_id": "Z03257662JZIVB0G2FYZL"
          },
          "sensitive_attributes": [],
          "private": "eyJzY2hlbWFfdmVyc2lvbiI6IjIifQ==",
          "dependencies": [
            "aws_route53_zone.privatelink",
            "aws_security_group.sg",
            "aws_security_group.windows_sg",
            "aws_subnet.private_subnets",
            "aws_vpc.main",
            "aws_vpc_endpoint.privatelink",
            "confluent_environment.staging",
            "confluent_private_link_attachment.pla",
            "random_id.env_display_id"
          ]
        }
      ]
    },
    {
      "mode": "managed",
      "type": "aws_route53_zone",
      "name": "privatelink",
      "provider": "provider[\"registry.terraform.io/hashicorp/aws\"]",
      "instances": [
        {
          "schema_version": 0,
          "attributes": {
            "arn": "arn:aws:route53:::hostedzone/Z03257662JZIVB0G2FYZL",
            "comment": "Managed by Terraform",
            "delegation_set_id": "",
            "force_destroy": false,
            "id": "Z03257662JZIVB0G2FYZL",
            "name": "us-west-2.aws.private.confluent.cloud",
            "name_servers": [
              "ns-0.awsdns-00.com.",
              "ns-1024.awsdns-00.org.",
              "ns-1536.awsdns-00.co.uk.",
              "ns-512.awsdns-00.net."
            ],
            "primary_name_server": "ns-0.awsdns-00.com.",
            "tags": {},
            "tags_all": {},
            "vpc": [
              {
                "vpc_id": "vpc-05a33a009ab02d8cd",
                "vpc_region": "us-west-2"
              }
            ],
            "zone_id": "Z03257662JZIVB0G2FYZL"
          },
          "sensitive_attributes": [],
          "private": "bnVsbA==",
          "dependencies": [
            "aws_vpc.main",
            "confluent_environment.staging",
            "confluent_private_link_attachment.pla",
            "random_id.env_display_id"
          ]
        }
      ]
    },
    {
      "mode": "managed",
      "type": "aws_route_table",
      "name": "private_route_table",
      "provider": "provider[\"registry.terraform.io/hashicorp/aws\"]",
      "instances": [
        {
          "schema_version": 0,
          "attributes": {
            "arn": "arn:aws:ec2:us-west-2:550017254839:route-table/rtb-02dc1925381f178a7",
            "id": "rtb-02dc1925381f178a7",
            "owner_id": "550017254839",
            "propagating_vgws": [],
            "route": [
              {
                "carrier_gateway_id": "",
                "cidr_block": "0.0.0.0/0",
                "core_network_arn": "",
                "destination_prefix_list_id": "",
                "egress_only_gateway_id": "",
                "gateway_id": "",
                "ipv6_cidr_block": "",
                "local_gateway_id": "",
                "nat_gateway_id": "nat-0c8b57ecb26afedf9",
                "network_interface_id": "",
                "transit_gateway_id": "",
                "vpc_endpoint_id": "",
                "vpc_peering_connection_id": ""
              }
            ],
            "tags": {
              "Name": "frauddetectiondemo-private-route-table-ea6f6950"
            },
            "tags_all": {
              "Name": "frauddetectiondemo-private-route-table-ea6f6950"
            },
            "timeouts": null,
            "vpc_id": "vpc-05a33a009ab02d8cd"
          },
          "sensitive_attributes": [],
          "private": "eyJlMmJmYjczMC1lY2FhLTExZTYtOGY4OC0zNDM2M2JjN2M0YzAiOnsiY3JlYXRlIjozMDAwMDAwMDAwMDAsImRlbGV0ZSI6MzAwMDAwMDAwMDAwLCJ1cGRhdGUiOjEyMDAwMDAwMDAwMH19",
          "dependencies": [
            "aws_eip.eip",
            "aws_nat_gateway.natgw",
            "aws_subnet.public_subnets",
            "aws_vpc.main",
            "random_id.env_display_id"
          ]
        }
      ]
    },
    {
      "mode": "managed",
      "type": "aws_route_table",
      "name": "public_route_table",
      "provider": "provider[\"registry.terraform.io/hashicorp/aws\"]",
      "instances": [
        {
          "schema_version": 0,
          "attributes": {
            "arn": "arn:aws:ec2:us-west-2:550017254839:route-table/rtb-0ed69399b94ad96da",
            "id": "rtb-0ed69399b94ad96da",
            "owner_id": "550017254839",
            "propagating_vgws": [],
            "route": [
              {
                "carrier_gateway_id": "",
                "cidr_block": "0.0.0.0/0",
                "core_network_arn": "",
                "destination_prefix_list_id": "",
                "egress_only_gateway_id": "",
                "gateway_id": "igw-0ec74b07cf302e5a4",
                "ipv6_cidr_block": "",
                "local_gateway_id": "",
                "nat_gateway_id": "",
                "network_interface_id": "",
                "transit_gateway_id": "",
                "vpc_endpoint_id": "",
                "vpc_peering_connection_id": ""
              }
            ],
            "tags": {
              "Name": "frauddetectiondemo-public-route-table-ea6f6950"
            },
            "tags_all": {
              "Name": "frauddetectiondemo-public-route-table-ea6f6950"
            },
            "timeouts": null,
            "vpc_id": "vpc-05a33a009ab02d8cd"
          },
          "sensitive_attributes": [],
          "private": "eyJlMmJmYjczMC1lY2FhLTExZTYtOGY4OC0zNDM2M2JjN2M0YzAiOnsiY3JlYXRlIjozMDAwMDAwMDAwMDAsImRlbGV0ZSI6MzAwMDAwMDAwMDAwLCJ1cGRhdGUiOjEyMDAwMDAwMDAwMH19",
          "dependencies": [
            "aws_internet_gateway.igw",
            "aws_vpc.main",
            "random_id.env_display_id"
          ]
        }
      ]
    },
    {
      "mode": "managed",
      "type": "aws_route_table_association",
      "name": "pri_subnet_associations",
      "provider": "provider[\"registry.terraform.io/hashicorp/aws\"]",
      "instances": [
        {
          "index_key": 0,
          "schema_version": 0,
          "attributes": {
            "gateway_id": "",
            "id": "rtbassoc-0ae8f3c3cb563ad98",
            "route_table_id": "rtb-02dc1925381f178a7",
            "subnet_id": "subnet-0e4ecfa3e9aa53e76",
            "timeouts": null
          },
          "sensitive_attributes": [],
          "private": "eyJlMmJmYjczMC1lY2FhLTExZTYtOGY4OC0zNDM2M2JjN2M0YzAiOnsiY3JlYXRlIjozMDAwMDAwMDAwMDAsImRlbGV0ZSI6MzAwMDAwMDAwMDAwLCJ1cGRhdGUiOjEyMDAwMDAwMDAwMH19",
          "dependencies": [
            "aws_eip.eip",
            "aws_nat_gateway.natgw",
            "aws_route_table.private_route_table",
            "aws_subnet.private_subnets",
            "aws_subnet.public_subnets",
            "aws_vpc.main",
            "random_id.env_display_id"
          ]
        },
        {
          "index_key": 1,
          "schema_version": 0,
          "attributes": {
            "gateway_id": "",
            "id": "rtbassoc-09e23560db82e5a43",
            "route_table_id": "rtb-02dc1925381f178a7",
            "subnet_id": "subnet-0146ffbba07c28c18",
            "timeouts": null
          },
          "sensitive_attributes": [],
          "private": "eyJlMmJmYjczMC1lY2FhLTExZTYtOGY4OC0zNDM2M2JjN2M0YzAiOnsiY3JlYXRlIjozMDAwMDAwMDAwMDAsImRlbGV0ZSI6MzAwMDAwMDAwMDAwLCJ1cGRhdGUiOjEyMDAwMDAwMDAwMH19",
          "dependencies": [
            "aws_eip.eip",
            "aws_nat_gateway.natgw",
            "aws_route_table.private_route_table",
            "aws_subnet.private_subnets",
            "aws_subnet.public_subnets",
            "aws_vpc.main",
            "random_id.env_display_id"
          ]
        },
        {
          "index_key": 2,
          "schema_version": 0,
          "attributes": {
            "gateway_id": "",
            "id": "rtbassoc-00c270c42af17ca55",
            "route_table_id": "rtb-02dc1925381f178a7",
            "subnet_id": "subnet-0f11fdde952eb7573",
            "timeouts": null
          },
          "sensitive_attributes": [],
          "private": "eyJlMmJmYjczMC1lY2FhLTExZTYtOGY4OC0zNDM2M2JjN2M0YzAiOnsiY3JlYXRlIjozMDAwMDAwMDAwMDAsImRlbGV0ZSI6MzAwMDAwMDAwMDAwLCJ1cGRhdGUiOjEyMDAwMDAwMDAwMH19",
          "dependencies": [
            "aws_eip.eip",
            "aws_nat_gateway.natgw",
            "aws_route_table.private_route_table",
            "aws_subnet.private_subnets",
            "aws_subnet.public_subnets",
            "aws_vpc.main",
            "random_id.env_display_id"
          ]
        }
      ]
    },
    {
      "mode": "managed",
      "type": "aws_route_table_association",
      "name": "pub_subnet_associations",
      "provider": "provider[\"registry.terraform.io/hashicorp/aws\"]",
      "instances": [
        {
          "index_key": 0,
          "schema_version": 0,
          "attributes": {
            "gateway_id": "",
            "id": "rtbassoc-0f86e8015bb265052",
            "route_table_id": "rtb-0ed69399b94ad96da",
            "subnet_id": "subnet-00e988049427ff38e",
            "timeouts": null
          },
          "sensitive_attributes": [],
          "private": "eyJlMmJmYjczMC1lY2FhLTExZTYtOGY4OC0zNDM2M2JjN2M0YzAiOnsiY3JlYXRlIjozMDAwMDAwMDAwMDAsImRlbGV0ZSI6MzAwMDAwMDAwMDAwLCJ1cGRhdGUiOjEyMDAwMDAwMDAwMH19",
          "dependencies": [
            "aws_internet_gateway.igw",
            "aws_route_table.public_route_table",
            "aws_subnet.public_subnets",
            "aws_vpc.main",
            "random_id.env_display_id"
          ]
        },
        {
          "index_key": 1,
          "schema_version": 0,
          "attributes": {
            "gateway_id": "",
            "id": "rtbassoc-07fbf7fc82f4543a6",
            "route_table_id": "rtb-0ed69399b94ad96da",
            "subnet_id": "subnet-078ec29ea7569b066",
            "timeouts": null
          },
          "sensitive_attributes": [],
          "private": "eyJlMmJmYjczMC1lY2FhLTExZTYtOGY4OC0zNDM2M2JjN2M0YzAiOnsiY3JlYXRlIjozMDAwMDAwMDAwMDAsImRlbGV0ZSI6MzAwMDAwMDAwMDAwLCJ1cGRhdGUiOjEyMDAwMDAwMDAwMH19",
          "dependencies": [
            "aws_internet_gateway.igw",
            "aws_route_table.public_route_table",
            "aws_subnet.public_subnets",
            "aws_vpc.main",
            "random_id.env_display_id"
          ]
        },
        {
          "index_key": 2,
          "schema_version": 0,
          "attributes": {
            "gateway_id": "",
            "id": "rtbassoc-0827efb6dd46635e3",
            "route_table_id": "rtb-0ed69399b94ad96da",
            "subnet_id": "subnet-01e42117005a5d7bf",
            "timeouts": null
          },
          "sensitive_attributes": [],
          "private": "eyJlMmJmYjczMC1lY2FhLTExZTYtOGY4OC0zNDM2M2JjN2M0YzAiOnsiY3JlYXRlIjozMDAwMDAwMDAwMDAsImRlbGV0ZSI6MzAwMDAwMDAwMDAwLCJ1cGRhdGUiOjEyMDAwMDAwMDAwMH19",
          "dependencies": [
            "aws_internet_gateway.igw",
            "aws_route_table.public_route_table",
            "aws_subnet.public_subnets",
            "aws_vpc.main",
            "random_id.env_display_id"
          ]
        }
      ]
    },
    {
      "mode": "managed",
      "type": "aws_security_group",
      "name": "db_sg",
      "provider": "provider[\"registry.terraform.io/hashicorp/aws\"]",
      "instances": [
        {
          "schema_version": 1,
          "attributes": {
            "arn": "arn:aws:ec2:us-west-2:550017254839:security-group/sg-054529baf2044d2c2",
            "description": "Allow RDS Oracle access",
            "egress": [
              {
                "cidr_blocks": [
                  "0.0.0.0/0"
                ],
                "description": "",
                "from_port": 0,
                "ipv6_cidr_blocks": [],
                "prefix_list_ids": [],
                "protocol": "-1",
                "security_groups": [],
                "self": false,
                "to_port": 0
              }
            ],
            "id": "sg-054529baf2044d2c2",
            "ingress": [
              {
                "cidr_blocks": [
                  "10.0.0.0/16"
                ],
                "description": "",
                "from_port": 1521,
                "ipv6_cidr_blocks": [],
                "prefix_list_ids": [],
                "protocol": "tcp",
                "security_groups": [],
                "self": false,
                "to_port": 1521
              }
            ],
            "name": "frauddetectiondemo-db-sg-ea6f6950",
            "name_prefix": "",
            "owner_id": "550017254839",
            "revoke_rules_on_delete": false,
            "tags": {},
            "tags_all": {},
            "timeouts": null,
            "vpc_id": "vpc-05a33a009ab02d8cd"
          },
          "sensitive_attributes": [],
          "private": "eyJlMmJmYjczMC1lY2FhLTExZTYtOGY4OC0zNDM2M2JjN2M0YzAiOnsiY3JlYXRlIjo2MDAwMDAwMDAwMDAsImRlbGV0ZSI6OTAwMDAwMDAwMDAwfSwic2NoZW1hX3ZlcnNpb24iOiIxIn0=",
          "dependencies": [
            "aws_vpc.main",
            "random_id.env_display_id"
          ]
        }
      ]
    },
    {
      "mode": "managed",
      "type": "aws_security_group",
      "name": "sg",
      "provider": "provider[\"registry.terraform.io/hashicorp/aws\"]",
      "instances": [
        {
          "schema_version": 1,
          "attributes": {
            "arn": "arn:aws:ec2:us-west-2:550017254839:security-group/sg-0e7f237faed643466",
            "description": "Allow TLS inbound traffic",
            "egress": [
              {
                "cidr_blocks": [
                  "0.0.0.0/0"
                ],
                "description": "",
                "from_port": 0,
                "ipv6_cidr_blocks": [],
                "prefix_list_ids": [],
                "protocol": "-1",
                "security_groups": [],
                "self": false,
                "to_port": 0
              }
            ],
            "id": "sg-0e7f237faed643466",
            "ingress": [
              {
                "cidr_blocks": [
                  "0.0.0.0/0"
                ],
                "description": "",
                "from_port": 9092,
                "ipv6_cidr_blocks": [],
                "prefix_list_ids": [],
                "protocol": "tcp",
                "security_groups": [],
                "self": false,
                "to_port": 9092
              },
              {
                "cidr_blocks": [],
                "description": "",
                "from_port": 443,
                "ipv6_cidr_blocks": [],
                "prefix_list_ids": [],
                "protocol": "tcp",
                "security_groups": [
                  "sg-080ed899aeb92dbb3"
                ],
                "self": false,
                "to_port": 443
              }
            ],
            "name": "frauddetectiondemo-aws-security-group-ea6f6950",
            "name_prefix": "",
            "owner_id": "550017254839",
            "revoke_rules_on_delete": false,
            "tags": {
              "Name": "allow_tls"
            },
            "tags_all": {
              "Name": "allow_tls"
            },
            "timeouts": null,
            "vpc_id": "vpc-05a33a009ab02d8cd"
          },
          "sensitive_attributes": [],
          "private": "eyJlMmJmYjczMC1lY2FhLTExZTYtOGY4OC0zNDM2M2JjN2M0YzAiOnsiY3JlYXRlIjo2MDAwMDAwMDAwMDAsImRlbGV0ZSI6OTAwMDAwMDAwMDAwfSwic2NoZW1hX3ZlcnNpb24iOiIxIn0=",
          "dependencies": [
            "aws_security_group.windows_sg",
            "aws_vpc.main",
            "random_id.env_display_id"
          ]
        }
      ]
    },
    {
      "mode": "managed",
      "type": "aws_security_group",
      "name": "windows_sg",
      "provider": "provider[\"registry.terraform.io/hashicorp/aws\"]",
      "instances": [
        {
          "schema_version": 1,
          "attributes": {
            "arn": "arn:aws:ec2:us-west-2:550017254839:security-group/sg-080ed899aeb92dbb3",
            "description": "Allow RDP traffic",
            "egress": [
              {
                "cidr_blocks": [
                  "0.0.0.0/0"
                ],
                "description": "",
                "from_port": 0,
                "ipv6_cidr_blocks": [],
                "prefix_list_ids": [],
                "protocol": "-1",
                "security_groups": [],
                "self": false,
                "to_port": 0
              }
            ],
            "id": "sg-080ed899aeb92dbb3",
            "ingress": [
              {
                "cidr_blocks": [
                  "0.0.0.0/0"
                ],
                "description": "",
                "from_port": 3389,
                "ipv6_cidr_blocks": [],
                "prefix_list_ids": [],
                "protocol": "tcp",
                "security_groups": [],
                "self": false,
                "to_port": 3389
              }
            ],
            "name": "frauddetectiondemo-windows-sg-ea6f6950",
            "name_prefix": "",
            "owner_id": "550017254839",
            "revoke_rules_on_delete": false,
            "tags": {
              "Name": "frauddetectiondemo-windows-sg-ea6f6950"
            },
            "tags_all": {
              "Name": "frauddetectiondemo-windows-sg-ea6f6950"
            },
            "timeouts": null,
            "vpc_id": "vpc-05a33a009ab02d8cd"
          },
          "sensitive_attributes": [],
          "private": "eyJlMmJmYjczMC1lY2FhLTExZTYtOGY4OC0zNDM2M2JjN2M0YzAiOnsiY3JlYXRlIjo2MDAwMDAwMDAwMDAsImRlbGV0ZSI6OTAwMDAwMDAwMDAwfSwic2NoZW1hX3ZlcnNpb24iOiIxIn0=",
          "dependencies": [
            "aws_vpc.main",
            "random_id.env_display_id"
          ]
        }
      ]
    },
    {
      "mode": "managed",
      "type": "aws_security_group_rule",
      "name": "self_ingress_443",
      "provider": "provider[\"registry.terraform.io/hashicorp/aws\"]",
      "instances": [
        {
          "schema_version": 2,
          "attributes": {
            "cidr_blocks": null,
            "description": null,
            "from_port": 443,
            "id": "sgrule-2447487397",
            "ipv6_cidr_blocks": null,
            "prefix_list_ids": null,
            "protocol": "tcp",
            "security_group_id": "sg-0e7f237faed643466",
            "security_group_rule_id": "sgr-0215b72f33fd6f4ff",
            "self": false,
            "source_security_group_id": "sg-0e7f237faed643466",
            "timeouts": null,
            "to_port": 443,
            "type": "ingress"
          },
          "sensitive_attributes": [],
          "private": "eyJlMmJmYjczMC1lY2FhLTExZTYtOGY4OC0zNDM2M2JjN2M0YzAiOnsiY3JlYXRlIjozMDAwMDAwMDAwMDB9LCJzY2hlbWFfdmVyc2lvbiI6IjIifQ==",
          "dependencies": [
            "aws_security_group.sg",
            "aws_security_group.windows_sg",
            "aws_vpc.main",
            "random_id.env_display_id"
          ]
        }
      ]
    },
    {
      "mode": "managed",
      "type": "aws_subnet",
      "name": "private_subnets",
      "provider": "provider[\"registry.terraform.io/hashicorp/aws\"]",
      "instances": [
        {
          "index_key": 0,
          "schema_version": 1,
          "attributes": {
            "arn": "arn:aws:ec2:us-west-2:550017254839:subnet/subnet-0e4ecfa3e9aa53e76",
            "assign_ipv6_address_on_creation": false,
            "availability_zone": "us-west-2a",
            "availability_zone_id": "usw2-az1",
            "cidr_block": "10.0.10.0/24",
            "customer_owned_ipv4_pool": "",
            "enable_dns64": false,
            "enable_lni_at_device_index": 0,
            "enable_resource_name_dns_a_record_on_launch": false,
            "enable_resource_name_dns_aaaa_record_on_launch": false,
            "id": "subnet-0e4ecfa3e9aa53e76",
            "ipv6_cidr_block": "",
            "ipv6_cidr_block_association_id": "",
            "ipv6_native": false,
            "map_customer_owned_ip_on_launch": false,
            "map_public_ip_on_launch": false,
            "outpost_arn": "",
            "owner_id": "550017254839",
            "private_dns_hostname_type_on_launch": "ip-name",
            "tags": {
              "Name": "frauddetectiondemo-private-0-ea6f6950"
            },
            "tags_all": {
              "Name": "frauddetectiondemo-private-0-ea6f6950"
            },
            "timeouts": null,
            "vpc_id": "vpc-05a33a009ab02d8cd"
          },
          "sensitive_attributes": [],
          "private": "eyJlMmJmYjczMC1lY2FhLTExZTYtOGY4OC0zNDM2M2JjN2M0YzAiOnsiY3JlYXRlIjo2MDAwMDAwMDAwMDAsImRlbGV0ZSI6MTIwMDAwMDAwMDAwMH0sInNjaGVtYV92ZXJzaW9uIjoiMSJ9",
          "dependencies": [
            "aws_vpc.main",
            "random_id.env_display_id"
          ],
          "create_before_destroy": true
        },
        {
          "index_key": 1,
          "schema_version": 1,
          "attributes": {
            "arn": "arn:aws:ec2:us-west-2:550017254839:subnet/subnet-0146ffbba07c28c18",
            "assign_ipv6_address_on_creation": false,
            "availability_zone": "us-west-2b",
            "availability_zone_id": "usw2-az2",
            "cidr_block": "10.0.11.0/24",
            "customer_owned_ipv4_pool": "",
            "enable_dns64": false,
            "enable_lni_at_device_index": 0,
            "enable_resource_name_dns_a_record_on_launch": false,
            "enable_resource_name_dns_aaaa_record_on_launch": false,
            "id": "subnet-0146ffbba07c28c18",
            "ipv6_cidr_block": "",
            "ipv6_cidr_block_association_id": "",
            "ipv6_native": false,
            "map_customer_owned_ip_on_launch": false,
            "map_public_ip_on_launch": false,
            "outpost_arn": "",
            "owner_id": "550017254839",
            "private_dns_hostname_type_on_launch": "ip-name",
            "tags": {
              "Name": "frauddetectiondemo-private-1-ea6f6950"
            },
            "tags_all": {
              "Name": "frauddetectiondemo-private-1-ea6f6950"
            },
            "timeouts": null,
            "vpc_id": "vpc-05a33a009ab02d8cd"
          },
          "sensitive_attributes": [],
          "private": "eyJlMmJmYjczMC1lY2FhLTExZTYtOGY4OC0zNDM2M2JjN2M0YzAiOnsiY3JlYXRlIjo2MDAwMDAwMDAwMDAsImRlbGV0ZSI6MTIwMDAwMDAwMDAwMH0sInNjaGVtYV92ZXJzaW9uIjoiMSJ9",
          "dependencies": [
            "aws_vpc.main",
            "random_id.env_display_id"
          ],
          "create_before_destroy": true
        },
        {
          "index_key": 2,
          "schema_version": 1,
          "attributes": {
            "arn": "arn:aws:ec2:us-west-2:550017254839:subnet/subnet-0f11fdde952eb7573",
            "assign_ipv6_address_on_creation": false,
            "availability_zone": "us-west-2c",
            "availability_zone_id": "usw2-az3",
            "cidr_block": "10.0.12.0/24",
            "customer_owned_ipv4_pool": "",
            "enable_dns64": false,
            "enable_lni_at_device_index": 0,
            "enable_resource_name_dns_a_record_on_launch": false,
            "enable_resource_name_dns_aaaa_record_on_launch": false,
            "id": "subnet-0f11fdde952eb7573",
            "ipv6_cidr_block": "",
            "ipv6_cidr_block_association_id": "",
            "ipv6_native": false,
            "map_customer_owned_ip_on_launch": false,
            "map_public_ip_on_launch": false,
            "outpost_arn": "",
            "owner_id": "550017254839",
            "private_dns_hostname_type_on_launch": "ip-name",
            "tags": {
              "Name": "frauddetectiondemo-private-2-ea6f6950"
            },
            "tags_all": {
              "Name": "frauddetectiondemo-private-2-ea6f6950"
            },
            "timeouts": null,
            "vpc_id": "vpc-05a33a009ab02d8cd"
          },
          "sensitive_attributes": [],
          "private": "eyJlMmJmYjczMC1lY2FhLTExZTYtOGY4OC0zNDM2M2JjN2M0YzAiOnsiY3JlYXRlIjo2MDAwMDAwMDAwMDAsImRlbGV0ZSI6MTIwMDAwMDAwMDAwMH0sInNjaGVtYV92ZXJzaW9uIjoiMSJ9",
          "dependencies": [
            "aws_vpc.main",
            "random_id.env_display_id"
          ],
          "create_before_destroy": true
        }
      ]
    },
    {
      "mode": "managed",
      "type": "aws_subnet",
      "name": "public_subnets",
      "provider": "provider[\"registry.terraform.io/hashicorp/aws\"]",
      "instances": [
        {
          "index_key": 0,
          "schema_version": 1,
          "attributes": {
            "arn": "arn:aws:ec2:us-west-2:550017254839:subnet/subnet-00e988049427ff38e",
            "assign_ipv6_address_on_creation": false,
            "availability_zone": "us-west-2b",
            "availability_zone_id": "usw2-az2",
            "cidr_block": "10.0.1.0/24",
            "customer_owned_ipv4_pool": "",
            "enable_dns64": false,
            "enable_lni_at_device_index": 0,
            "enable_resource_name_dns_a_record_on_launch": false,
            "enable_resource_name_dns_aaaa_record_on_launch": false,
            "id": "subnet-00e988049427ff38e",
            "ipv6_cidr_block": "",
            "ipv6_cidr_block_association_id": "",
            "ipv6_native": false,
            "map_customer_owned_ip_on_launch": false,
            "map_public_ip_on_launch": true,
            "outpost_arn": "",
            "owner_id": "550017254839",
            "private_dns_hostname_type_on_launch": "ip-name",
            "tags": {
              "Name": "frauddetectiondemo-public-0-ea6f6950",
              "kubernetes.io/role/elb": "1"
            },
            "tags_all": {
              "Name": "frauddetectiondemo-public-0-ea6f6950",
              "kubernetes.io/role/elb": "1"
            },
            "timeouts": null,
            "vpc_id": "vpc-05a33a009ab02d8cd"
          },
          "sensitive_attributes": [],
          "private": "eyJlMmJmYjczMC1lY2FhLTExZTYtOGY4OC0zNDM2M2JjN2M0YzAiOnsiY3JlYXRlIjo2MDAwMDAwMDAwMDAsImRlbGV0ZSI6MTIwMDAwMDAwMDAwMH0sInNjaGVtYV92ZXJzaW9uIjoiMSJ9",
          "dependencies": [
            "aws_vpc.main",
            "random_id.env_display_id"
          ]
        },
        {
          "index_key": 1,
          "schema_version": 1,
          "attributes": {
            "arn": "arn:aws:ec2:us-west-2:550017254839:subnet/subnet-078ec29ea7569b066",
            "assign_ipv6_address_on_creation": false,
            "availability_zone": "us-west-2d",
            "availability_zone_id": "usw2-az4",
            "cidr_block": "10.0.2.0/24",
            "customer_owned_ipv4_pool": "",
            "enable_dns64": false,
            "enable_lni_at_device_index": 0,
            "enable_resource_name_dns_a_record_on_launch": false,
            "enable_resource_name_dns_aaaa_record_on_launch": false,
            "id": "subnet-078ec29ea7569b066",
            "ipv6_cidr_block": "",
            "ipv6_cidr_block_association_id": "",
            "ipv6_native": false,
            "map_customer_owned_ip_on_launch": false,
            "map_public_ip_on_launch": true,
            "outpost_arn": "",
            "owner_id": "550017254839",
            "private_dns_hostname_type_on_launch": "ip-name",
            "tags": {
              "Name": "frauddetectiondemo-public-1-ea6f6950",
              "kubernetes.io/role/elb": "1"
            },
            "tags_all": {
              "Name": "frauddetectiondemo-public-1-ea6f6950",
              "kubernetes.io/role/elb": "1"
            },
            "timeouts": null,
            "vpc_id": "vpc-05a33a009ab02d8cd"
          },
          "sensitive_attributes": [],
          "private": "eyJlMmJmYjczMC1lY2FhLTExZTYtOGY4OC0zNDM2M2JjN2M0YzAiOnsiY3JlYXRlIjo2MDAwMDAwMDAwMDAsImRlbGV0ZSI6MTIwMDAwMDAwMDAwMH0sInNjaGVtYV92ZXJzaW9uIjoiMSJ9",
          "dependencies": [
            "aws_vpc.main",
            "random_id.env_display_id"
          ]
        },
        {
          "index_key": 2,
          "schema_version": 1,
          "attributes": {
            "arn": "arn:aws:ec2:us-west-2:550017254839:subnet/subnet-01e42117005a5d7bf",
            "assign_ipv6_address_on_creation": false,
            "availability_zone": "us-west-2d",
            "availability_zone_id": "usw2-az4",
            "cidr_block": "10.0.3.0/24",
            "customer_owned_ipv4_pool": "",
            "enable_dns64": false,
            "enable_lni_at_device_index": 0,
            "enable_resource_name_dns_a_record_on_launch": false,
            "enable_resource_name_dns_aaaa_record_on_launch": false,
            "id": "subnet-01e42117005a5d7bf",
            "ipv6_cidr_block": "",
            "ipv6_cidr_block_association_id": "",
            "ipv6_native": false,
            "map_customer_owned_ip_on_launch": false,
            "map_public_ip_on_launch": true,
            "outpost_arn": "",
            "owner_id": "550017254839",
            "private_dns_hostname_type_on_launch": "ip-name",
            "tags": {
              "Name": "frauddetectiondemo-public-2-ea6f6950",
              "kubernetes.io/role/elb": "1"
            },
            "tags_all": {
              "Name": "frauddetectiondemo-public-2-ea6f6950",
              "kubernetes.io/role/elb": "1"
            },
            "timeouts": null,
            "vpc_id": "vpc-05a33a009ab02d8cd"
          },
          "sensitive_attributes": [],
          "private": "eyJlMmJmYjczMC1lY2FhLTExZTYtOGY4OC0zNDM2M2JjN2M0YzAiOnsiY3JlYXRlIjo2MDAwMDAwMDAwMDAsImRlbGV0ZSI6MTIwMDAwMDAwMDAwMH0sInNjaGVtYV92ZXJzaW9uIjoiMSJ9",
          "dependencies": [
            "aws_vpc.main",
            "random_id.env_display_id"
          ]
        }
      ]
    },
    {
      "mode": "managed",
      "type": "aws_vpc",
      "name": "main",
      "provider": "provider[\"registry.terraform.io/hashicorp/aws\"]",
      "instances": [
        {
          "schema_version": 1,
          "attributes": {
            "arn": "arn:aws:ec2:us-west-2:550017254839:vpc/vpc-05a33a009ab02d8cd",
            "assign_generated_ipv6_cidr_block": false,
            "cidr_block": "10.0.0.0/16",
            "default_network_acl_id": "acl-00e2828c3b8b9b96a",
            "default_route_table_id": "rtb-042a0a101353fe9a4",
            "default_security_group_id": "sg-02524f00df3843dea",
            "dhcp_options_id": "dopt-03101b97c2f15e2eb",
            "enable_dns_hostnames": true,
            "enable_dns_support": true,
            "enable_network_address_usage_metrics": false,
            "id": "vpc-05a33a009ab02d8cd",
            "instance_tenancy": "default",
            "ipv4_ipam_pool_id": null,
            "ipv4_netmask_length": null,
            "ipv6_association_id": "",
            "ipv6_cidr_block": "",
            "ipv6_cidr_block_network_border_group": "",
            "ipv6_ipam_pool_id": "",
            "ipv6_netmask_length": 0,
            "main_route_table_id": "rtb-042a0a101353fe9a4",
            "owner_id": "550017254839",
            "tags": {
              "Name": "frauddetectiondemo-vpc-ea6f6950"
            },
            "tags_all": {
              "Name": "frauddetectiondemo-vpc-ea6f6950"
            }
          },
          "sensitive_attributes": [],
          "private": "eyJzY2hlbWFfdmVyc2lvbiI6IjEifQ==",
          "dependencies": [
            "random_id.env_display_id"
          ],
          "create_before_destroy": true
        }
      ]
    },
    {
      "mode": "managed",
      "type": "aws_vpc_endpoint",
      "name": "privatelink",
      "provider": "provider[\"registry.terraform.io/hashicorp/aws\"]",
      "instances": [
        {
          "schema_version": 0,
          "attributes": {
            "arn": "arn:aws:ec2:us-west-2:550017254839:vpc-endpoint/vpce-09469d828128f1836",
            "auto_accept": null,
            "cidr_blocks": [],
            "dns_entry": [
              {
                "dns_name": "vpce-09469d828128f1836-bw0d7pgd.vpce-svc-06a0af73877f48196.us-west-2.vpce.amazonaws.com",
                "hosted_zone_id": "Z1YSA3EXCYUU9Z"
              },
              {
                "dns_name": "vpce-09469d828128f1836-bw0d7pgd-us-west-2c.vpce-svc-06a0af73877f48196.us-west-2.vpce.amazonaws.com",
                "hosted_zone_id": "Z1YSA3EXCYUU9Z"
              },
              {
                "dns_name": "vpce-09469d828128f1836-bw0d7pgd-us-west-2b.vpce-svc-06a0af73877f48196.us-west-2.vpce.amazonaws.com",
                "hosted_zone_id": "Z1YSA3EXCYUU9Z"
              },
              {
                "dns_name": "vpce-09469d828128f1836-bw0d7pgd-us-west-2a.vpce-svc-06a0af73877f48196.us-west-2.vpce.amazonaws.com",
                "hosted_zone_id": "Z1YSA3EXCYUU9Z"
              }
            ],
            "dns_options": [
              {
                "dns_record_ip_type": "ipv4",
                "private_dns_only_for_inbound_resolver_endpoint": false
              }
            ],
            "id": "vpce-09469d828128f1836",
            "ip_address_type": "ipv4",
            "network_interface_ids": [
              "eni-00384c1b3ac34c559",
              "eni-03e4fe19dfb8e8f9c",
              "eni-0e9c82f8a79ff3e76"
            ],
            "owner_id": "550017254839",
            "policy": "{\"Statement\":[{\"Action\":\"*\",\"Effect\":\"Allow\",\"Principal\":\"*\",\"Resource\":\"*\"}]}",
            "prefix_list_id": null,
            "private_dns_enabled": false,
            "requester_managed": false,
            "route_table_ids": [],
            "security_group_ids": [
              "sg-0e7f237faed643466"
            ],
            "service_name": "com.amazonaws.vpce.us-west-2.vpce-svc-06a0af73877f48196",
            "service_region": "us-west-2",
            "state": "available",
            "subnet_configuration": [
              {
                "ipv4": "10.0.10.27",
                "ipv6": "",
                "subnet_id": "subnet-0e4ecfa3e9aa53e76"
              },
              {
                "ipv4": "10.0.11.218",
                "ipv6": "",
                "subnet_id": "subnet-0146ffbba07c28c18"
              },
              {
                "ipv4": "10.0.12.210",
                "ipv6": "",
                "subnet_id": "subnet-0f11fdde952eb7573"
              }
            ],
            "subnet_ids": [
              "subnet-0146ffbba07c28c18",
              "subnet-0e4ecfa3e9aa53e76",
              "subnet-0f11fdde952eb7573"
            ],
            "tags": {
              "Name": "frauddetectiondemo-confluent-private-link-endpoint-ea6f6950"
            },
            "tags_all": {
              "Name": "frauddetectiondemo-confluent-private-link-endpoint-ea6f6950"
            },
            "timeouts": null,
            "vpc_endpoint_type": "Interface",
            "vpc_id": "vpc-05a33a009ab02d8cd"
          },
          "sensitive_attributes": [],
          "private": "eyJlMmJmYjczMC1lY2FhLTExZTYtOGY4OC0zNDM2M2JjN2M0YzAiOnsiY3JlYXRlIjo2MDAwMDAwMDAwMDAsImRlbGV0ZSI6NjAwMDAwMDAwMDAwLCJ1cGRhdGUiOjYwMDAwMDAwMDAwMH19",
          "dependencies": [
            "aws_security_group.sg",
            "aws_security_group.windows_sg",
            "aws_subnet.private_subnets",
            "aws_vpc.main",
            "confluent_environment.staging",
            "confluent_private_link_attachment.pla",
            "random_id.env_display_id"
          ]
        }
      ]
    },
    {
      "mode": "managed",
      "type": "aws_vpc_endpoint_service",
      "name": "rds_endpoint_service",
      "provider": "provider[\"registry.terraform.io/hashicorp/aws\"]",
      "instances": [
        {
          "schema_version": 0,
          "attributes": {
            "acceptance_required": false,
            "allowed_principals": [
              "arn:aws:iam::730335223811:role/env-jz5vww-role"
            ],
            "arn": "arn:aws:ec2:us-west-2:550017254839:vpc-endpoint-service/vpce-svc-0bac2a783311ec63d",
            "availability_zones": [
              "us-west-2a",
              "us-west-2b",
              "us-west-2c"
            ],
            "base_endpoint_dns_names": [
              "vpce-svc-0bac2a783311ec63d.us-west-2.vpce.amazonaws.com"
            ],
            "gateway_load_balancer_arns": [],
            "id": "vpce-svc-0bac2a783311ec63d",
            "manages_vpc_endpoints": false,
            "network_load_balancer_arns": [
              "arn:aws:elasticloadbalancing:us-west-2:550017254839:loadbalancer/net/frauddetectiondemo-nlb-ea6f6950/278859dc35f72a26"
            ],
            "private_dns_name": "",
            "private_dns_name_configuration": [],
            "service_name": "com.amazonaws.vpce.us-west-2.vpce-svc-0bac2a783311ec63d",
            "service_type": "Interface",
            "state": "Available",
            "supported_ip_address_types": [
              "ipv4"
            ],
            "supported_regions": [
              "us-west-2"
            ],
            "tags": {},
            "tags_all": {},
            "timeouts": null
          },
          "sensitive_attributes": [],
          "private": "eyJlMmJmYjczMC1lY2FhLTExZTYtOGY4OC0zNDM2M2JjN2M0YzAiOnsiY3JlYXRlIjo2MDAwMDAwMDAwMDAsImRlbGV0ZSI6NjAwMDAwMDAwMDAwLCJ1cGRhdGUiOjYwMDAwMDAwMDAwMH19",
          "dependencies": [
            "aws_lb.rds_oracle_nlb",
            "aws_subnet.private_subnets",
            "aws_vpc.main",
            "random_id.env_display_id"
          ],
          "create_before_destroy": true
        }
      ]
    },
    {
      "mode": "managed",
      "type": "aws_vpc_endpoint_service_allowed_principal",
      "name": "allow_confluent_rds_gateway",
      "provider": "provider[\"registry.terraform.io/hashicorp/aws\"]",
      "instances": [
        {
          "schema_version": 0,
          "attributes": {
            "id": "vpce-svc-perm-05ae4ad9b223bd90f",
            "principal_arn": "arn:aws:iam::730335223811:role/env-jz5vww-role",
            "vpc_endpoint_service_id": "vpce-svc-0bac2a783311ec63d"
          },
          "sensitive_attributes": [],
          "private": "bnVsbA==",
          "dependencies": [
            "aws_lb.rds_oracle_nlb",
            "aws_subnet.private_subnets",
            "aws_vpc.main",
            "aws_vpc_endpoint_service.rds_endpoint_service",
            "confluent_environment.staging",
            "confluent_gateway.confluent_rds_gateway",
            "random_id.env_display_id"
          ]
        }
      ]
    },
    {
      "mode": "managed",
      "type": "confluent_access_point",
      "name": "confluent_oracle_db_access_point",
      "provider": "provider[\"registry.terraform.io/confluentinc/confluent\"]",
      "instances": [
        {
          "schema_version": 0,
          "attributes": {
            "aws_egress_private_link_endpoint": [
              {
                "enable_high_availability": false,
                "vpc_endpoint_dns_name": "vpce-0a9b31422326c418c-gqcan409.vpce-svc-0bac2a783311ec63d.us-west-2.vpce.amazonaws.com",
                "vpc_endpoint_id": "vpce-0a9b31422326c418c",
                "vpc_endpoint_service_name": "com.amazonaws.vpce.us-west-2.vpce-svc-0bac2a783311ec63d"
              }
            ],
            "aws_private_network_interface": [],
            "azure_egress_private_link_endpoint": [],
            "display_name": "oracledb_privatelink_access_point",
            "environment": [
              {
                "id": "env-jz5vww"
              }
            ],
            "gateway": [
              {
                "id": "gw-17ggz2"
              }
            ],
            "id": "ap-4rln54"
          },
          "sensitive_attributes": [],
          "private": "bnVsbA==",
          "dependencies": [
            "aws_lb.rds_oracle_nlb",
            "aws_subnet.private_subnets",
            "aws_vpc.main",
            "aws_vpc_endpoint_service.rds_endpoint_service",
            "aws_vpc_endpoint_service_allowed_principal.allow_confluent_rds_gateway",
            "confluent_environment.staging",
            "confluent_gateway.confluent_rds_gateway",
            "random_id.env_display_id"
          ]
        }
      ]
    },
    {
      "mode": "managed",
      "type": "confluent_api_key",
      "name": "schema-registry-api-key",
      "provider": "provider[\"registry.terraform.io/confluentinc/confluent\"]",
      "instances": [
        {
          "schema_version": 0,
          "attributes": {
            "description": "Schema Registry API Key that is owned by 'env-manager' service account",
            "disable_wait_for_ready": false,
            "display_name": "env-manager-schema-registry-api-key",
            "id": "IQLL7IXQWTYKBVPA",
            "managed_resource": [
              {
                "api_version": "srcm/v2",
                "environment": [
                  {
                    "id": "env-jz5vww"
                  }
                ],
                "id": "lsrc-9qdd57",
                "kind": "Cluster"
              }
            ],
            "owner": [
              {
                "api_version": "iam/v2",
                "id": "sa-wnmp9g",
                "kind": "ServiceAccount"
              }
            ],
            "secret": "Fg2DtlrFcXOkwf97I53XSU6wGtENQQmVaJ7186gsGYKzrFunwhBX49rZDpATRzf6"
          },
          "sensitive_attributes": [
            [
              {
                "type": "get_attr",
                "value": "secret"
              }
            ]
          ],
          "private": "bnVsbA==",
          "dependencies": [
            "confluent_environment.staging",
            "confluent_kafka_cluster.cluster",
            "confluent_service_account.app-manager",
            "data.confluent_schema_registry_cluster.sr",
            "random_id.env_display_id"
          ]
        }
      ]
    },
    {
      "mode": "managed",
      "type": "confluent_dns_record",
      "name": "main",
      "provider": "provider[\"registry.terraform.io/confluentinc/confluent\"]",
      "instances": [
        {
          "schema_version": 0,
          "attributes": {
            "display_name": "dns_record",
            "domain": "us-west-2.rds.amazonaws.com",
            "environment": [
              {
                "id": "env-jz5vww"
              }
            ],
            "gateway": [
              {
                "id": "gw-17ggz2"
              }
            ],
            "id": "dnsrec-eyq8qx",
            "private_link_access_point": [
              {
                "id": "ap-4rln54"
              }
            ]
          },
          "sensitive_attributes": [],
          "private": "bnVsbA==",
          "dependencies": [
            "aws_lb.rds_oracle_nlb",
            "aws_subnet.private_subnets",
            "aws_vpc.main",
            "aws_vpc_endpoint_service.rds_endpoint_service",
            "aws_vpc_endpoint_service_allowed_principal.allow_confluent_rds_gateway",
            "confluent_access_point.confluent_oracle_db_access_point",
            "confluent_environment.staging",
            "confluent_gateway.confluent_rds_gateway",
            "random_id.env_display_id"
          ]
        }
      ]
    },
    {
      "mode": "managed",
      "type": "confluent_environment",
      "name": "staging",
      "provider": "provider[\"registry.terraform.io/confluentinc/confluent\"]",
      "instances": [
        {
          "schema_version": 0,
          "attributes": {
            "display_name": "frauddetectiondemo-environment-ea6f6950",
            "id": "env-jz5vww",
            "resource_name": "crn://confluent.cloud/organization=1c2774ee-94b9-406c-ac22-36adca160c3b/environment=env-jz5vww",
            "stream_governance": [
              {
                "package": "ADVANCED"
              }
            ]
          },
          "sensitive_attributes": [],
          "private": "bnVsbA==",
          "dependencies": [
            "random_id.env_display_id"
          ]
        }
      ]
    },
    {
      "mode": "managed",
      "type": "confluent_flink_compute_pool",
      "name": "flink_pool",
      "provider": "provider[\"registry.terraform.io/confluentinc/confluent\"]",
      "instances": [
        {
          "schema_version": 0,
          "attributes": {
            "api_version": "fcpm/v2",
            "cloud": "AWS",
            "display_name": "default",
            "environment": [
              {
                "id": "env-jz5vww"
              }
            ],
            "id": "lfcp-vzkk8p",
            "kind": "ComputePool",
            "max_cfu": 50,
            "region": "us-west-2",
            "resource_name": "crn://confluent.cloud/organization=1c2774ee-94b9-406c-ac22-36adca160c3b/environment=env-jz5vww/flink-region=aws.us-west-2/compute-pool=lfcp-vzkk8p",
            "timeouts": null
          },
          "sensitive_attributes": [],
          "private": "eyJlMmJmYjczMC1lY2FhLTExZTYtOGY4OC0zNDM2M2JjN2M0YzAiOnsiY3JlYXRlIjozNjAwMDAwMDAwMDAwLCJkZWxldGUiOjM2MDAwMDAwMDAwMDB9fQ==",
          "dependencies": [
            "confluent_environment.staging",
            "data.confluent_flink_region.flink_region",
            "random_id.env_display_id"
          ]
        }
      ]
    },
    {
      "mode": "managed",
      "type": "confluent_gateway",
      "name": "confluent_rds_gateway",
      "provider": "provider[\"registry.terraform.io/confluentinc/confluent\"]",
      "instances": [
        {
          "schema_version": 0,
          "attributes": {
            "aws_egress_private_link_gateway": [
              {
                "principal_arn": "arn:aws:iam::730335223811:role/env-jz5vww-role",
                "region": "us-west-2"
              }
            ],
            "aws_private_network_interface_gateway": [],
            "azure_egress_private_link_gateway": [],
            "display_name": "frauddetectiondemo-gateway-ea6f6950",
            "environment": [
              {
                "id": "env-jz5vww"
              }
            ],
            "id": "gw-17ggz2"
          },
          "sensitive_attributes": [],
          "private": "bnVsbA==",
          "dependencies": [
            "confluent_environment.staging",
            "random_id.env_display_id"
          ]
        }
      ]
    },
    {
      "mode": "managed",
      "type": "confluent_kafka_cluster",
      "name": "cluster",
      "provider": "provider[\"registry.terraform.io/confluentinc/confluent\"]",
      "instances": [
        {
          "schema_version": 1,
          "attributes": {
            "api_version": "cmk/v2",
            "availability": "MULTI_ZONE",
            "basic": [],
            "bootstrap_endpoint": "lkc-xvkk6q.us-west-2.aws.private.confluent.cloud:9092",
            "byok_key": [
              {
                "id": ""
              }
            ],
            "cloud": "AWS",
            "dedicated": [],
            "display_name": "frauddetectiondemo-cluster-ea6f6950",
            "enterprise": [
              {}
            ],
            "environment": [
              {
                "id": "env-jz5vww"
              }
            ],
            "freight": [],
            "id": "lkc-xvkk6q",
            "kind": "Cluster",
            "network": [
              {
                "id": ""
              }
            ],
            "rbac_crn": "crn://confluent.cloud/organization=1c2774ee-94b9-406c-ac22-36adca160c3b/environment=env-jz5vww/cloud-cluster=lkc-xvkk6q",
            "region": "us-west-2",
            "rest_endpoint": "https://lkc-xvkk6q.us-west-2.aws.private.confluent.cloud:443",
            "standard": [],
            "timeouts": null
          },
          "sensitive_attributes": [],
          "private": "eyJlMmJmYjczMC1lY2FhLTExZTYtOGY4OC0zNDM2M2JjN2M0YzAiOnsiY3JlYXRlIjoyNTkyMDAwMDAwMDAwMDAsInVwZGF0ZSI6MjU5MjAwMDAwMDAwMDAwfSwic2NoZW1hX3ZlcnNpb24iOiIxIn0=",
          "dependencies": [
            "confluent_environment.staging",
            "random_id.env_display_id"
          ]
        }
      ]
    },
    {
      "mode": "managed",
      "type": "confluent_private_link_attachment",
      "name": "pla",
      "provider": "provider[\"registry.terraform.io/confluentinc/confluent\"]",
      "instances": [
        {
          "schema_version": 0,
          "attributes": {
            "aws": [
              {
                "vpc_endpoint_service_name": "com.amazonaws.vpce.us-west-2.vpce-svc-06a0af73877f48196"
              }
            ],
            "azure": [],
            "cloud": "AWS",
            "display_name": "frauddetectiondemo-staging-aws-platt-ea6f6950",
            "dns_domain": "us-west-2.aws.private.confluent.cloud",
            "environment": [
              {
                "id": "env-jz5vww"
              }
            ],
            "gcp": [],
            "id": "platt-3kkvo0",
            "region": "us-west-2",
            "resource_name": "crn://confluent.cloud/organization=1c2774ee-94b9-406c-ac22-36adca160c3b/environment=env-jz5vww/private-link-attachment=platt-3kkvo0"
          },
          "sensitive_attributes": [],
          "private": "bnVsbA==",
          "dependencies": [
            "confluent_environment.staging",
            "random_id.env_display_id"
          ]
        }
      ]
    },
    {
      "mode": "managed",
      "type": "confluent_private_link_attachment_connection",
      "name": "plac",
      "provider": "provider[\"registry.terraform.io/confluentinc/confluent\"]",
      "instances": [
        {
          "schema_version": 0,
          "attributes": {
            "aws": [
              {
                "vpc_endpoint_id": "vpce-09469d828128f1836"
              }
            ],
            "azure": [],
            "display_name": "frauddetectiondemo-staging-aws-plattc-ea6f6950",
            "environment": [
              {
                "id": "env-jz5vww"
              }
            ],
            "gcp": [],
            "id": "plattc-69k5j4",
            "private_link_attachment": [
              {
                "id": "platt-3kkvo0"
              }
            ],
            "resource_name": "crn://confluent.cloud/organization=1c2774ee-94b9-406c-ac22-36adca160c3b/environment=env-jz5vww/private-link-attachment=platt-3kkvo0/private-link-attachment-connection=plattc-69k5j4"
          },
          "sensitive_attributes": [],
          "private": "bnVsbA==",
          "dependencies": [
            "aws_security_group.sg",
            "aws_security_group.windows_sg",
            "aws_subnet.private_subnets",
            "aws_vpc.main",
            "aws_vpc_endpoint.privatelink",
            "confluent_environment.staging",
            "confluent_private_link_attachment.pla",
            "random_id.env_display_id"
          ]
        }
      ]
    },
    {
      "mode": "managed",
      "type": "confluent_role_binding",
      "name": "app-manager-kafka-cluster-admin",
      "provider": "provider[\"registry.terraform.io/confluentinc/confluent\"]",
      "instances": [
        {
          "schema_version": 0,
          "attributes": {
            "crn_pattern": "crn://confluent.cloud/organization=1c2774ee-94b9-406c-ac22-36adca160c3b/environment=env-jz5vww",
            "id": "rb-VL784B",
            "principal": "User:sa-wnmp9g",
            "role_name": "EnvironmentAdmin"
          },
          "sensitive_attributes": [],
          "private": "bnVsbA==",
          "dependencies": [
            "confluent_environment.staging",
            "confluent_service_account.app-manager",
            "random_id.env_display_id"
          ]
        }
      ]
    },
    {
      "mode": "managed",
      "type": "confluent_service_account",
      "name": "app-manager",
      "provider": "provider[\"registry.terraform.io/confluentinc/confluent\"]",
      "instances": [
        {
          "schema_version": 0,
          "attributes": {
            "api_version": "iam/v2",
            "description": "Service account to manage 'inventory' Kafka cluster",
            "display_name": "frauddetectiondemo-app-manager-ea6f6950",
            "id": "sa-wnmp9g",
            "kind": "ServiceAccount"
          },
          "sensitive_attributes": [],
          "private": "bnVsbA==",
          "dependencies": [
            "random_id.env_display_id"
          ]
        }
      ]
    },
    {
      "mode": "managed",
      "type": "kubernetes_config_map",
      "name": "fraud_demo_config",
      "provider": "provider[\"registry.terraform.io/hashicorp/kubernetes\"]",
      "instances": [
        {
          "schema_version": 0,
          "attributes": {
            "binary_data": {},
            "data": {
              "ADMIN_USER_EMAIL": "admin@admin.com",
              "ADMIN_USER_PASSWORD": "admin",
              "ADMIN_USER_USERNAME": "admin",
              "DB_HOST": "terraform-2025022201131894450000000a.cy56rbcnrbof.us-west-2.rds.amazonaws.com",
              "DB_NAME": "DEMODB",
              "DB_PASSWORD": "thebestpasswordever!",
              "DB_PORT": "1521",
              "DB_USER": "thebestusername"
            },
            "id": "default/fraud-demo-config",
            "immutable": false,
            "metadata": [
              {
                "annotations": {},
                "generate_name": "",
                "generation": 0,
                "labels": {},
                "name": "fraud-demo-config",
                "namespace": "default",
                "resource_version": "3736",
                "uid": "44b11673-a8a9-4e51-802d-f6fa74521e85"
              }
            ]
          },
          "sensitive_attributes": [
            [
              {
                "type": "get_attr",
                "value": "data"
              },
              {
                "type": "index",
                "value": {
                  "value": "DB_PASSWORD",
                  "type": "string"
                }
              }
            ]
          ],
          "private": "bnVsbA==",
          "dependencies": [
            "aws_db_instance.oracle_db",
            "aws_db_subnet_group.db_subnet_group",
            "aws_eks_access_policy_association.caller_cluster_admin_policy",
            "aws_eks_cluster.eks_cluster",
            "aws_iam_role.cluster",
            "aws_iam_role.node",
            "aws_iam_role_policy_attachment.cluster_AmazonEKSBlockStoragePolicy",
            "aws_iam_role_policy_attachment.cluster_AmazonEKSClusterPolicy",
            "aws_iam_role_policy_attachment.cluster_AmazonEKSComputePolicy",
            "aws_iam_role_policy_attachment.cluster_AmazonEKSLoadBalancingPolicy",
            "aws_iam_role_policy_attachment.cluster_AmazonEKSNetworkingPolicy",
            "aws_security_group.db_sg",
            "aws_subnet.private_subnets",
            "aws_subnet.public_subnets",
            "aws_vpc.main",
            "data.aws_caller_identity.current",
            "random_id.env_display_id"
          ]
        }
      ]
    },
    {
      "mode": "managed",
      "type": "kubernetes_deployment",
      "name": "fraud_demo",
      "provider": "provider[\"registry.terraform.io/hashicorp/kubernetes\"]",
      "instances": [
        {
          "schema_version": 1,
          "attributes": {
            "id": "default/fraud-demo",
            "metadata": [
              {
                "annotations": {},
                "generate_name": "",
                "generation": 1,
                "labels": {},
                "name": "fraud-demo",
                "namespace": "default",
                "resource_version": "39888",
                "uid": "d920c6f7-1927-4d26-ae4f-2b0298f24994"
              }
            ],
            "spec": [
              {
                "min_ready_seconds": 0,
                "paused": false,
                "progress_deadline_seconds": 600,
                "replicas": "1",
                "revision_history_limit": 10,
                "selector": [
                  {
                    "match_expressions": [],
                    "match_labels": {
                      "app.kubernetes.io/name": "fraud-demo"
                    }
                  }
                ],
                "strategy": [
                  {
                    "rolling_update": [
                      {
                        "max_surge": "25%",
                        "max_unavailable": "25%"
                      }
                    ],
                    "type": "RollingUpdate"
                  }
                ],
                "template": [
                  {
                    "metadata": [
                      {
                        "annotations": {},
                        "generate_name": "",
                        "generation": 0,
                        "labels": {
                          "app.kubernetes.io/name": "fraud-demo"
                        },
                        "name": "",
                        "namespace": "",
                        "resource_version": "",
                        "uid": ""
                      }
                    ],
                    "spec": [
                      {
                        "active_deadline_seconds": 0,
                        "affinity": [],
                        "automount_service_account_token": true,
                        "container": [
                          {
                            "args": [
                              "python /opt/fraud_detection/manage.py makemigrations \u0026\u0026\npython /opt/fraud_detection/manage.py migrate \u0026\u0026\npython /opt/fraud_detection/manage.py collectstatic --no-input \u0026\u0026\npython /opt/fraud_detection/manage.py load_users \u0026\u0026\npython /opt/fraud_detection/manage.py create_default_super_user \u0026\u0026\ngunicorn -c /opt/fraud_detection/gunicorn.conf.py fraud_detection.wsgi:application\n"
                            ],
                            "command": [
                              "/bin/sh",
                              "-c"
                            ],
                            "env": [
                              {
                                "name": "DB_NAME",
                                "value": "",
                                "value_from": [
                                  {
                                    "config_map_key_ref": [
                                      {
                                        "key": "DB_NAME",
                                        "name": "fraud-demo-config",
                                        "optional": false
                                      }
                                    ],
                                    "field_ref": [],
                                    "resource_field_ref": [],
                                    "secret_key_ref": []
                                  }
                                ]
                              },
                              {
                                "name": "DB_USER",
                                "value": "",
                                "value_from": [
                                  {
                                    "config_map_key_ref": [
                                      {
                                        "key": "DB_USER",
                                        "name": "fraud-demo-config",
                                        "optional": false
                                      }
                                    ],
                                    "field_ref": [],
                                    "resource_field_ref": [],
                                    "secret_key_ref": []
                                  }
                                ]
                              },
                              {
                                "name": "DB_HOST",
                                "value": "",
                                "value_from": [
                                  {
                                    "config_map_key_ref": [
                                      {
                                        "key": "DB_HOST",
                                        "name": "fraud-demo-config",
                                        "optional": false
                                      }
                                    ],
                                    "field_ref": [],
                                    "resource_field_ref": [],
                                    "secret_key_ref": []
                                  }
                                ]
                              },
                              {
                                "name": "DB_PORT",
                                "value": "",
                                "value_from": [
                                  {
                                    "config_map_key_ref": [
                                      {
                                        "key": "DB_PORT",
                                        "name": "fraud-demo-config",
                                        "optional": false
                                      }
                                    ],
                                    "field_ref": [],
                                    "resource_field_ref": [],
                                    "secret_key_ref": []
                                  }
                                ]
                              },
                              {
                                "name": "DB_PASSWORD",
                                "value": "",
                                "value_from": [
                                  {
                                    "config_map_key_ref": [
                                      {
                                        "key": "DB_PASSWORD",
                                        "name": "fraud-demo-config",
                                        "optional": false
                                      }
                                    ],
                                    "field_ref": [],
                                    "resource_field_ref": [],
                                    "secret_key_ref": []
                                  }
                                ]
                              },
                              {
                                "name": "ADMIN_USER_USERNAME",
                                "value": "",
                                "value_from": [
                                  {
                                    "config_map_key_ref": [
                                      {
                                        "key": "ADMIN_USER_USERNAME",
                                        "name": "fraud-demo-config",
                                        "optional": false
                                      }
                                    ],
                                    "field_ref": [],
                                    "resource_field_ref": [],
                                    "secret_key_ref": []
                                  }
                                ]
                              },
                              {
                                "name": "ADMIN_USER_EMAIL",
                                "value": "",
                                "value_from": [
                                  {
                                    "config_map_key_ref": [
                                      {
                                        "key": "ADMIN_USER_EMAIL",
                                        "name": "fraud-demo-config",
                                        "optional": false
                                      }
                                    ],
                                    "field_ref": [],
                                    "resource_field_ref": [],
                                    "secret_key_ref": []
                                  }
                                ]
                              },
                              {
                                "name": "ADMIN_USER_PASSWORD",
                                "value": "",
                                "value_from": [
                                  {
                                    "config_map_key_ref": [
                                      {
                                        "key": "ADMIN_USER_PASSWORD",
                                        "name": "fraud-demo-config",
                                        "optional": false
                                      }
                                    ],
                                    "field_ref": [],
                                    "resource_field_ref": [],
                                    "secret_key_ref": []
                                  }
                                ]
                              }
                            ],
                            "env_from": [],
                            "image": "public.ecr.aws/v3a9u0p7/demo/fraud-webapp:latest",
                            "image_pull_policy": "Always",
                            "lifecycle": [],
                            "liveness_probe": [
                              {
                                "exec": [],
                                "failure_threshold": 5,
                                "grpc": [],
                                "http_get": [
                                  {
                                    "host": "",
                                    "http_header": [],
                                    "path": "/health/",
                                    "port": "8000",
                                    "scheme": "HTTP"
                                  }
                                ],
                                "initial_delay_seconds": 3,
                                "period_seconds": 10,
                                "success_threshold": 1,
                                "tcp_socket": [],
                                "timeout_seconds": 2
                              }
                            ],
                            "name": "fraud-demo",
                            "port": [
                              {
                                "container_port": 8000,
                                "host_ip": "",
                                "host_port": 0,
                                "name": "gunicornport",
                                "protocol": "TCP"
                              }
                            ],
                            "readiness_probe": [
                              {
                                "exec": [],
                                "failure_threshold": 5,
                                "grpc": [],
                                "http_get": [
                                  {
                                    "host": "",
                                    "http_header": [],
                                    "path": "/health/",
                                    "port": "8000",
                                    "scheme": "HTTP"
                                  }
                                ],
                                "initial_delay_seconds": 20,
                                "period_seconds": 3,
                                "success_threshold": 1,
                                "tcp_socket": [],
                                "timeout_seconds": 3
                              }
                            ],
                            "resources": [
                              {
                                "limits": {},
                                "requests": {}
                              }
                            ],
                            "security_context": [],
                            "startup_probe": [],
                            "stdin": false,
                            "stdin_once": false,
                            "termination_message_path": "/dev/termination-log",
                            "termination_message_policy": "File",
                            "tty": false,
                            "volume_device": [],
                            "volume_mount": [],
                            "working_dir": ""
                          }
                        ],
                        "dns_config": [],
                        "dns_policy": "ClusterFirst",
                        "enable_service_links": true,
                        "host_aliases": [],
                        "host_ipc": false,
                        "host_network": false,
                        "host_pid": false,
                        "hostname": "",
                        "image_pull_secrets": [],
                        "init_container": [],
                        "node_name": "",
                        "node_selector": {},
                        "os": [],
                        "priority_class_name": "",
                        "readiness_gate": [],
                        "restart_policy": "Always",
                        "runtime_class_name": "",
                        "scheduler_name": "default-scheduler",
                        "security_context": [],
                        "service_account_name": "",
                        "share_process_namespace": false,
                        "subdomain": "",
                        "termination_grace_period_seconds": 30,
                        "toleration": [],
                        "topology_spread_constraint": [],
                        "volume": []
                      }
                    ]
                  }
                ]
              }
            ],
            "timeouts": null,
            "wait_for_rollout": true
          },
          "sensitive_attributes": [],
          "private": "eyJlMmJmYjczMC1lY2FhLTExZTYtOGY4OC0zNDM2M2JjN2M0YzAiOnsiY3JlYXRlIjo2MDAwMDAwMDAwMDAsImRlbGV0ZSI6NjAwMDAwMDAwMDAwLCJ1cGRhdGUiOjYwMDAwMDAwMDAwMH0sInNjaGVtYV92ZXJzaW9uIjoiMSJ9",
          "dependencies": [
            "aws_db_instance.oracle_db",
            "aws_db_subnet_group.db_subnet_group",
            "aws_eks_access_policy_association.caller_cluster_admin_policy",
            "aws_eks_cluster.eks_cluster",
            "aws_iam_role.cluster",
            "aws_iam_role.node",
            "aws_iam_role_policy_attachment.cluster_AmazonEKSBlockStoragePolicy",
            "aws_iam_role_policy_attachment.cluster_AmazonEKSClusterPolicy",
            "aws_iam_role_policy_attachment.cluster_AmazonEKSComputePolicy",
            "aws_iam_role_policy_attachment.cluster_AmazonEKSLoadBalancingPolicy",
            "aws_iam_role_policy_attachment.cluster_AmazonEKSNetworkingPolicy",
            "aws_security_group.db_sg",
            "aws_subnet.private_subnets",
            "aws_subnet.public_subnets",
            "aws_vpc.main",
            "data.aws_caller_identity.current",
            "kubernetes_config_map.fraud_demo_config",
            "random_id.env_display_id"
          ]
        }
      ]
    },
    {
      "mode": "managed",
      "type": "kubernetes_ingress_class",
      "name": "fraud_demo_load_balancer_controller",
      "provider": "provider[\"registry.terraform.io/hashicorp/kubernetes\"]",
      "instances": [
        {
          "schema_version": 0,
          "attributes": {
            "id": "alb",
            "metadata": [
              {
                "annotations": {},
                "generate_name": "",
                "generation": 1,
                "labels": {
                  "app.kubernetes.io/name": "LoadBalancerController"
                },
                "name": "alb",
                "resource_version": "39480",
                "uid": "b6d55f30-f6fb-4916-b862-fbffc004c2f2"
              }
            ],
            "spec": [
              {
                "controller": "eks.amazonaws.com/alb",
                "parameters": []
              }
            ]
          },
          "sensitive_attributes": [],
          "private": "bnVsbA==",
          "dependencies": [
            "aws_eks_cluster.eks_cluster",
            "aws_iam_role.cluster",
            "aws_iam_role.node",
            "aws_iam_role_policy_attachment.cluster_AmazonEKSBlockStoragePolicy",
            "aws_iam_role_policy_attachment.cluster_AmazonEKSClusterPolicy",
            "aws_iam_role_policy_attachment.cluster_AmazonEKSComputePolicy",
            "aws_iam_role_policy_attachment.cluster_AmazonEKSLoadBalancingPolicy",
            "aws_iam_role_policy_attachment.cluster_AmazonEKSNetworkingPolicy",
            "aws_subnet.public_subnets",
            "aws_vpc.main",
            "random_id.env_display_id"
          ]
        }
      ]
    },
    {
      "mode": "managed",
      "type": "kubernetes_ingress_v1",
      "name": "fraud_demo_load_balancer",
      "provider": "provider[\"registry.terraform.io/hashicorp/kubernetes\"]",
      "instances": [
        {
          "schema_version": 0,
          "attributes": {
            "id": "default/ingress-fraud-demo",
            "metadata": [
              {
                "annotations": {
                  "alb.ingress.kubernetes.io/scheme": "internet-facing",
                  "alb.ingress.kubernetes.io/target-type": "ip"
                },
                "generate_name": "",
                "generation": 1,
                "labels": null,
                "name": "ingress-fraud-demo",
                "namespace": "default",
                "resource_version": "45800",
                "uid": "6c9dbb72-9497-4d62-ac6c-b4ca56947e8c"
              }
            ],
            "spec": [
              {
                "default_backend": [],
                "ingress_class_name": "alb",
                "rule": [
                  {
                    "host": "",
                    "http": [
                      {
                        "path": [
                          {
                            "backend": [
                              {
                                "resource": [],
                                "service": [
                                  {
                                    "name": "service-fraud-demo",
                                    "port": [
                                      {
                                        "name": "",
                                        "number": 80
                                      }
                                    ]
                                  }
                                ]
                              }
                            ],
                            "path": "/*",
                            "path_type": "ImplementationSpecific"
                          }
                        ]
                      }
                    ]
                  }
                ],
                "tls": []
              }
            ],
            "status": [
              {
                "load_balancer": [
                  {
                    "ingress": [
                      {
                        "hostname": "k8s-default-ingressf-804e774bab-330775037.us-west-2.elb.amazonaws.com",
                        "ip": ""
                      }
                    ]
                  }
                ]
              }
            ],
            "timeouts": null,
            "wait_for_load_balancer": true
          },
          "sensitive_attributes": [],
          "private": "eyJlMmJmYjczMC1lY2FhLTExZTYtOGY4OC0zNDM2M2JjN2M0YzAiOnsiY3JlYXRlIjoxMjAwMDAwMDAwMDAwLCJkZWxldGUiOjEyMDAwMDAwMDAwMDB9fQ==",
          "dependencies": [
            "aws_db_instance.oracle_db",
            "aws_db_subnet_group.db_subnet_group",
            "aws_eks_access_policy_association.caller_cluster_admin_policy",
            "aws_eks_cluster.eks_cluster",
            "aws_iam_role.cluster",
            "aws_iam_role.node",
            "aws_iam_role_policy_attachment.cluster_AmazonEKSBlockStoragePolicy",
            "aws_iam_role_policy_attachment.cluster_AmazonEKSClusterPolicy",
            "aws_iam_role_policy_attachment.cluster_AmazonEKSComputePolicy",
            "aws_iam_role_policy_attachment.cluster_AmazonEKSLoadBalancingPolicy",
            "aws_iam_role_policy_attachment.cluster_AmazonEKSNetworkingPolicy",
            "aws_security_group.db_sg",
            "aws_subnet.private_subnets",
            "aws_subnet.public_subnets",
            "aws_vpc.main",
            "data.aws_caller_identity.current",
            "kubernetes_config_map.fraud_demo_config",
            "kubernetes_deployment.fraud_demo",
            "kubernetes_ingress_class.fraud_demo_load_balancer_controller",
            "kubernetes_service.fraud_demo_service",
            "random_id.env_display_id"
          ]
        }
      ]
    },
    {
      "mode": "managed",
      "type": "kubernetes_service",
      "name": "fraud_demo_service",
      "provider": "provider[\"registry.terraform.io/hashicorp/kubernetes\"]",
      "instances": [
        {
          "schema_version": 1,
          "attributes": {
            "id": "default/service-fraud-demo",
            "metadata": [
              {
                "annotations": {},
                "generate_name": "",
                "generation": 0,
                "labels": {},
                "name": "service-fraud-demo",
                "namespace": "default",
                "resource_version": "39904",
                "uid": "4b051e0a-43cb-4002-851a-47b54a3a455d"
              }
            ],
            "spec": [
              {
                "allocate_load_balancer_node_ports": true,
                "cluster_ip": "172.20.14.89",
                "cluster_ips": [
                  "172.20.14.89"
                ],
                "external_ips": [],
                "external_name": "",
                "external_traffic_policy": "Cluster",
                "health_check_node_port": 0,
                "internal_traffic_policy": "Cluster",
                "ip_families": [
                  "IPv4"
                ],
                "ip_family_policy": "SingleStack",
                "load_balancer_class": "",
                "load_balancer_ip": "",
                "load_balancer_source_ranges": [],
                "port": [
                  {
                    "app_protocol": "",
                    "name": "",
                    "node_port": 32081,
                    "port": 80,
                    "protocol": "TCP",
                    "target_port": "8000"
                  }
                ],
                "publish_not_ready_addresses": false,
                "selector": {
                  "app.kubernetes.io/name": "fraud-demo"
                },
                "session_affinity": "None",
                "session_affinity_config": [],
                "type": "NodePort"
              }
            ],
            "status": [
              {
                "load_balancer": [
                  {
                    "ingress": []
                  }
                ]
              }
            ],
            "timeouts": null,
            "wait_for_load_balancer": true
          },
          "sensitive_attributes": [],
          "private": "eyJlMmJmYjczMC1lY2FhLTExZTYtOGY4OC0zNDM2M2JjN2M0YzAiOnsiY3JlYXRlIjo2MDAwMDAwMDAwMDB9LCJzY2hlbWFfdmVyc2lvbiI6IjEifQ==",
          "dependencies": [
            "aws_db_instance.oracle_db",
            "aws_db_subnet_group.db_subnet_group",
            "aws_eks_access_policy_association.caller_cluster_admin_policy",
            "aws_eks_cluster.eks_cluster",
            "aws_iam_role.cluster",
            "aws_iam_role.node",
            "aws_iam_role_policy_attachment.cluster_AmazonEKSBlockStoragePolicy",
            "aws_iam_role_policy_attachment.cluster_AmazonEKSClusterPolicy",
            "aws_iam_role_policy_attachment.cluster_AmazonEKSComputePolicy",
            "aws_iam_role_policy_attachment.cluster_AmazonEKSLoadBalancingPolicy",
            "aws_iam_role_policy_attachment.cluster_AmazonEKSNetworkingPolicy",
            "aws_security_group.db_sg",
            "aws_subnet.private_subnets",
            "aws_subnet.public_subnets",
            "aws_vpc.main",
            "data.aws_caller_identity.current",
            "kubernetes_config_map.fraud_demo_config",
            "kubernetes_deployment.fraud_demo",
            "random_id.env_display_id"
          ]
        }
      ]
    },
    {
      "mode": "managed",
      "type": "null_resource",
      "name": "ec2_key_pair",
      "provider": "provider[\"registry.terraform.io/hashicorp/null\"]",
      "instances": [
        {
          "schema_version": 0,
          "attributes": {
            "id": "282689008697113049",
            "triggers": null
          },
          "sensitive_attributes": []
        }
      ]
    },
    {
      "mode": "managed",
      "type": "null_resource",
      "name": "kube_config",
      "provider": "provider[\"registry.terraform.io/hashicorp/null\"]",
      "instances": [
        {
          "schema_version": 0,
          "attributes": {
            "id": "4408389466908830117",
            "triggers": null
          },
          "sensitive_attributes": [],
          "dependencies": [
            "aws_eks_cluster.eks_cluster",
            "aws_iam_role.cluster",
            "aws_iam_role.node",
            "aws_iam_role_policy_attachment.cluster_AmazonEKSBlockStoragePolicy",
            "aws_iam_role_policy_attachment.cluster_AmazonEKSClusterPolicy",
            "aws_iam_role_policy_attachment.cluster_AmazonEKSComputePolicy",
            "aws_iam_role_policy_attachment.cluster_AmazonEKSLoadBalancingPolicy",
            "aws_iam_role_policy_attachment.cluster_AmazonEKSNetworkingPolicy",
            "aws_subnet.public_subnets",
            "aws_vpc.main",
            "random_id.env_display_id"
          ]
        }
      ]
    },
    {
      "mode": "managed",
      "type": "null_resource",
      "name": "reject_connections",
      "provider": "provider[\"registry.terraform.io/hashicorp/null\"]",
      "instances": [
        {
          "schema_version": 0,
          "attributes": {
            "id": "5005616262655471343",
            "triggers": {
              "service_id": "vpce-svc-0bac2a783311ec63d"
            }
          },
          "sensitive_attributes": [],
          "dependencies": [
            "aws_lb.rds_oracle_nlb",
            "aws_subnet.private_subnets",
            "aws_vpc.main",
            "aws_vpc_endpoint_service.rds_endpoint_service",
            "random_id.env_display_id"
          ],
          "create_before_destroy": true
        }
      ]
    },
    {
      "mode": "managed",
      "type": "random_id",
      "name": "env_display_id",
      "provider": "provider[\"registry.terraform.io/hashicorp/random\"]",
      "instances": [
        {
          "schema_version": 0,
          "attributes": {
            "b64_std": "6m9pUA==",
            "b64_url": "6m9pUA",
            "byte_length": 4,
            "dec": "3933170000",
            "hex": "ea6f6950",
            "id": "6m9pUA",
            "keepers": null,
            "prefix": null
          },
          "sensitive_attributes": [],
          "create_before_destroy": true
        }
      ]
    }
  ],
  "check_results": null
}
