{
  "version": 4,
  "terraform_version": "1.10.5",
  "serial": 2618,
  "lineage": "2d56c8b1-2238-478d-dbac-f01c32d16fc9",
  "outputs": {
    "aws_caller_info": {
      "value": {
        "caller_arn": "arn:aws:iam::550017254839:user/admin-user"
      },
      "type": [
        "object",
        {
          "caller_arn": "string"
        }
      ]
    },
    "confluent_details": {
      "value": {
        "environment_name": "frauddetectiondemo-environment-2846d540",
        "flink_pool_name": "default",
        "kafka_cluster_name": "frauddetectiondemo-cluster-2846d540"
      },
      "type": [
        "object",
        {
          "environment_name": "string",
          "flink_pool_name": "string",
          "kafka_cluster_name": "string"
        }
      ]
    },
    "demo_details": {
      "value": {
        "fraud_ui": "http://k8s-frauddem-ingressf-138098743c-591167437.us-west-2.elb.amazonaws.com/fraud-demo/"
      },
      "type": [
        "object",
        {
          "fraud_ui": "string"
        }
      ]
    },
    "opensearch_details": {
      "value": {
        "dashboard_url": "https://search-frauddetectiondemo-2846d540-wvzk6d3vjmief22c4kt4r4tpwa.us-west-2.es.amazonaws.com/_dashboards",
        "endpoint": "https://search-frauddetectiondemo-2846d540-wvzk6d3vjmief22c4kt4r4tpwa.us-west-2.es.amazonaws.com",
        "password": "Admin123456!",
        "username": "admin"
      },
      "type": [
        "object",
        {
          "dashboard_url": "string",
          "endpoint": "string",
          "password": "string",
          "username": "string"
        }
      ]
    },
    "oracle_connector": {
      "value": {
        "table_inclusion_regex": "DEMODB[.]THEBESTUSERNAME[.](USER_TRANSACTION|AUTH_USER)",
        "table_topic_name": "fd${tableName}"
      },
      "type": [
        "object",
        {
          "table_inclusion_regex": "string",
          "table_topic_name": "string"
        }
      ]
    },
    "oracle_db_details": {
      "value": {
        "connection_string": "terraform-2025022823311716550000000a.cy56rbcnrbof.us-west-2.rds.amazonaws.com:1521/DEMODB",
        "dbname": "DEMODB",
        "hostname": "terraform-2025022823311716550000000a.cy56rbcnrbof.us-west-2.rds.amazonaws.com",
        "password": "thebestpasswordever!",
        "port": 1521,
        "username": "thebestusername"
      },
      "type": [
        "object",
        {
          "connection_string": "string",
          "dbname": "string",
          "hostname": "string",
          "password": "string",
          "port": "number",
          "username": "string"
        }
      ]
    },
    "oracle_vm_db_details": {
      "value": {
        "connection_string": "sqlplus system/Welcome1@ec2-54-212-246-11.us-west-2.compute.amazonaws.com:1521/XEPDB1",
        "express_url": "https://ec2-54-212-246-11.us-west-2.compute.amazonaws.com:5500/em",
        "public_dns": "ec2-54-212-246-11.us-west-2.compute.amazonaws.com",
        "ssh": "ssh -i ./sshkey-frauddetectiondemo-key-2846d540 ec2-user@54.212.246.11"
      },
      "type": [
        "object",
        {
          "connection_string": "string",
          "express_url": "string",
          "public_dns": "string",
          "ssh": "string"
        }
      ]
    },
    "windows_jump_server_details": {
      "value": {
        "ip": "34.219.140.94",
        "password": "sC2hmS10ciWvTX%aZ3C;*0W(Z.pv5-fI",
        "username": "Administrator"
      },
      "type": [
        "object",
        {
          "ip": "string",
          "password": "string",
          "username": "string"
        }
      ]
    }
  },
  "resources": [
    {
      "mode": "data",
      "type": "aws_ami",
      "name": "windows",
      "provider": "provider[\"registry.terraform.io/hashicorp/aws\"]",
      "instances": [
        {
          "schema_version": 0,
          "attributes": {
            "architecture": "x86_64",
            "arn": "arn:aws:ec2:us-west-2::image/ami-0d31ac04c1d894d66",
            "block_device_mappings": [
              {
                "device_name": "/dev/sda1",
                "ebs": {
                  "delete_on_termination": "true",
                  "encrypted": "false",
                  "iops": "3000",
                  "snapshot_id": "snap-02587c27f46a8e430",
                  "throughput": "125",
                  "volume_size": "30",
                  "volume_type": "gp3"
                },
                "no_device": "",
                "virtual_name": ""
              },
              {
                "device_name": "xvdca",
                "ebs": {},
                "no_device": "",
                "virtual_name": "ephemeral0"
              },
              {
                "device_name": "xvdcb",
                "ebs": {},
                "no_device": "",
                "virtual_name": "ephemeral1"
              },
              {
                "device_name": "xvdcc",
                "ebs": {},
                "no_device": "",
                "virtual_name": "ephemeral2"
              },
              {
                "device_name": "xvdcd",
                "ebs": {},
                "no_device": "",
                "virtual_name": "ephemeral3"
              },
              {
                "device_name": "xvdce",
                "ebs": {},
                "no_device": "",
                "virtual_name": "ephemeral4"
              },
              {
                "device_name": "xvdcf",
                "ebs": {},
                "no_device": "",
                "virtual_name": "ephemeral5"
              },
              {
                "device_name": "xvdcg",
                "ebs": {},
                "no_device": "",
                "virtual_name": "ephemeral6"
              },
              {
                "device_name": "xvdch",
                "ebs": {},
                "no_device": "",
                "virtual_name": "ephemeral7"
              },
              {
                "device_name": "xvdci",
                "ebs": {},
                "no_device": "",
                "virtual_name": "ephemeral8"
              },
              {
                "device_name": "xvdcj",
                "ebs": {},
                "no_device": "",
                "virtual_name": "ephemeral9"
              },
              {
                "device_name": "xvdck",
                "ebs": {},
                "no_device": "",
                "virtual_name": "ephemeral10"
              },
              {
                "device_name": "xvdcl",
                "ebs": {},
                "no_device": "",
                "virtual_name": "ephemeral11"
              },
              {
                "device_name": "xvdcm",
                "ebs": {},
                "no_device": "",
                "virtual_name": "ephemeral12"
              },
              {
                "device_name": "xvdcn",
                "ebs": {},
                "no_device": "",
                "virtual_name": "ephemeral13"
              },
              {
                "device_name": "xvdco",
                "ebs": {},
                "no_device": "",
                "virtual_name": "ephemeral14"
              },
              {
                "device_name": "xvdcp",
                "ebs": {},
                "no_device": "",
                "virtual_name": "ephemeral15"
              },
              {
                "device_name": "xvdcq",
                "ebs": {},
                "no_device": "",
                "virtual_name": "ephemeral16"
              },
              {
                "device_name": "xvdcr",
                "ebs": {},
                "no_device": "",
                "virtual_name": "ephemeral17"
              },
              {
                "device_name": "xvdcs",
                "ebs": {},
                "no_device": "",
                "virtual_name": "ephemeral18"
              },
              {
                "device_name": "xvdct",
                "ebs": {},
                "no_device": "",
                "virtual_name": "ephemeral19"
              },
              {
                "device_name": "xvdcu",
                "ebs": {},
                "no_device": "",
                "virtual_name": "ephemeral20"
              },
              {
                "device_name": "xvdcv",
                "ebs": {},
                "no_device": "",
                "virtual_name": "ephemeral21"
              },
              {
                "device_name": "xvdcw",
                "ebs": {},
                "no_device": "",
                "virtual_name": "ephemeral22"
              },
              {
                "device_name": "xvdcx",
                "ebs": {},
                "no_device": "",
                "virtual_name": "ephemeral23"
              },
              {
                "device_name": "xvdcy",
                "ebs": {},
                "no_device": "",
                "virtual_name": "ephemeral24"
              },
              {
                "device_name": "xvdcz",
                "ebs": {},
                "no_device": "",
                "virtual_name": "ephemeral25"
              }
            ],
            "boot_mode": "uefi",
            "creation_date": "2025-02-13T06:14:11.000Z",
            "deprecation_time": "2027-02-13T06:14:11.000Z",
            "description": "Microsoft Windows Server 2025 Full Locale English AMI provided by Amazon",
            "ena_support": true,
            "executable_users": null,
            "filter": [
              {
                "name": "name",
                "values": [
                  "Windows_Server-2025-English-Full-Base-*"
                ]
              }
            ],
            "hypervisor": "xen",
            "id": "ami-0d31ac04c1d894d66",
            "image_id": "ami-0d31ac04c1d894d66",
            "image_location": "amazon/Windows_Server-2025-English-Full-Base-2025.02.13",
            "image_owner_alias": "amazon",
            "image_type": "machine",
            "imds_support": "v2.0",
            "include_deprecated": false,
            "kernel_id": "",
            "most_recent": true,
            "name": "Windows_Server-2025-English-Full-Base-2025.02.13",
            "name_regex": null,
            "owner_id": "801119661308",
            "owners": [
              "amazon"
            ],
            "platform": "windows",
            "platform_details": "Windows",
            "product_codes": [],
            "public": true,
            "ramdisk_id": "",
            "root_device_name": "/dev/sda1",
            "root_device_type": "ebs",
            "root_snapshot_id": "snap-02587c27f46a8e430",
            "sriov_net_support": "",
            "state": "available",
            "state_reason": {
              "code": "UNSET",
              "message": "UNSET"
            },
            "tags": {},
            "timeouts": null,
            "tpm_support": "",
            "uefi_data": null,
            "usage_operation": "RunInstances:0002",
            "virtualization_type": "hvm"
          },
          "sensitive_attributes": []
        }
      ]
    },
    {
      "mode": "data",
      "type": "aws_caller_identity",
      "name": "current",
      "provider": "provider[\"registry.terraform.io/hashicorp/aws\"]",
      "instances": [
        {
          "schema_version": 0,
          "attributes": {
            "account_id": "550017254839",
            "arn": "arn:aws:iam::550017254839:user/admin-user",
            "id": "550017254839",
            "user_id": "AIDAYAD4VIW3URWLJQQHC"
          },
          "sensitive_attributes": []
        }
      ]
    },
    {
      "mode": "data",
      "type": "aws_region",
      "name": "current",
      "provider": "provider[\"registry.terraform.io/hashicorp/aws\"]",
      "instances": [
        {
          "schema_version": 0,
          "attributes": {
            "description": "US West (Oregon)",
            "endpoint": "ec2.us-west-2.amazonaws.com",
            "id": "us-west-2",
            "name": "us-west-2"
          },
          "sensitive_attributes": []
        }
      ]
    },
    {
      "mode": "data",
      "type": "confluent_flink_region",
      "name": "flink_region",
      "provider": "provider[\"registry.terraform.io/confluentinc/confluent\"]",
      "instances": [
        {
          "schema_version": 0,
          "attributes": {
            "api_version": "fcpm/v2",
            "cloud": "AWS",
            "id": "aws.us-west-2",
            "kind": "Region",
            "private_rest_endpoint": "https://flink.us-west-2.aws.private.confluent.cloud",
            "region": "us-west-2",
            "rest_endpoint": "https://flink.us-west-2.aws.confluent.cloud"
          },
          "sensitive_attributes": []
        }
      ]
    },
    {
      "mode": "data",
      "type": "confluent_schema_registry_cluster",
      "name": "sr",
      "provider": "provider[\"registry.terraform.io/confluentinc/confluent\"]",
      "instances": [
        {
          "schema_version": 0,
          "attributes": {
            "api_version": "srcm/v3",
            "catalog_endpoint": "https://psrc-zw3e6jo.us-west-2.aws.confluent.cloud",
            "cloud": "AWS",
            "display_name": "Always On Stream Governance Package",
            "environment": [
              {
                "id": "env-15j283"
              }
            ],
            "id": "lsrc-777nxj",
            "kind": "Cluster",
            "package": "ADVANCED",
            "private_rest_endpoint": "",
            "region": "us-west-2",
            "resource_name": "crn://confluent.cloud/organization=1c2774ee-94b9-406c-ac22-36adca160c3b/environment=env-15j283/schema-registry=lsrc-777nxj",
            "rest_endpoint": "https://psrc-zw3e6jo.us-west-2.aws.confluent.cloud"
          },
          "sensitive_attributes": []
        }
      ]
    },
    {
      "mode": "data",
      "type": "dns_a_record_set",
      "name": "rds_dynamic_ip",
      "provider": "provider[\"registry.terraform.io/hashicorp/dns\"]",
      "instances": [
        {
          "schema_version": 0,
          "attributes": {
            "addrs": [
              "10.0.11.249"
            ],
            "host": "terraform-2025022823311716550000000a.cy56rbcnrbof.us-west-2.rds.amazonaws.com",
            "id": "terraform-2025022823311716550000000a.cy56rbcnrbof.us-west-2.rds.amazonaws.com"
          },
          "sensitive_attributes": []
        }
      ]
    },
    {
      "mode": "managed",
      "type": "aws_db_instance",
      "name": "oracle_db",
      "provider": "provider[\"registry.terraform.io/hashicorp/aws\"]",
      "instances": [
        {
          "schema_version": 2,
          "attributes": {
            "address": "terraform-2025022823311716550000000a.cy56rbcnrbof.us-west-2.rds.amazonaws.com",
            "allocated_storage": 20,
            "allow_major_version_upgrade": false,
            "apply_immediately": true,
            "arn": "arn:aws:rds:us-west-2:550017254839:db:terraform-2025022823311716550000000a",
            "auto_minor_version_upgrade": false,
            "availability_zone": "us-west-2b",
            "backup_retention_period": 7,
            "backup_target": "region",
            "backup_window": "00:00-02:00",
            "blue_green_update": [],
            "ca_cert_identifier": "rds-ca-rsa2048-g1",
            "character_set_name": "AL32UTF8",
            "copy_tags_to_snapshot": false,
            "custom_iam_instance_profile": "",
            "customer_owned_ip_enabled": false,
            "db_name": "DEMODB",
            "db_subnet_group_name": "frauddetectiondemo-oracle-db-subnet-group-2846d540",
            "dedicated_log_volume": false,
            "delete_automated_backups": true,
            "deletion_protection": false,
            "domain": "",
            "domain_auth_secret_arn": "",
            "domain_dns_ips": [],
            "domain_fqdn": "",
            "domain_iam_role_name": "",
            "domain_ou": "",
            "enabled_cloudwatch_logs_exports": [],
            "endpoint": "terraform-2025022823311716550000000a.cy56rbcnrbof.us-west-2.rds.amazonaws.com:1521",
            "engine": "oracle-ee",
            "engine_lifecycle_support": "",
            "engine_version": "19.0.0.0.ru-2024-10.rur-2024-10.r1",
            "engine_version_actual": "19.0.0.0.ru-2024-10.rur-2024-10.r1",
            "final_snapshot_identifier": null,
            "hosted_zone_id": "Z1PVIF0B656C1W",
            "iam_database_authentication_enabled": false,
            "id": "db-M5BLVKKMBMSMPPLKPOL3HMSYWU",
            "identifier": "terraform-2025022823311716550000000a",
            "identifier_prefix": "terraform-",
            "instance_class": "db.m5.large",
            "iops": 0,
            "kms_key_id": "",
            "latest_restorable_time": "2025-02-28T23:49:41Z",
            "license_model": "bring-your-own-license",
            "listener_endpoint": [],
            "maintenance_window": "wed:07:01-wed:07:31",
            "manage_master_user_password": null,
            "master_user_secret": [],
            "master_user_secret_kms_key_id": null,
            "max_allocated_storage": 100,
            "monitoring_interval": 0,
            "monitoring_role_arn": "",
            "multi_az": false,
            "nchar_character_set_name": "AL16UTF16",
            "network_type": "IPV4",
            "option_group_name": "default:oracle-ee-19",
            "parameter_group_name": "default.oracle-ee-19",
            "password": "thebestpasswordever!",
            "performance_insights_enabled": false,
            "performance_insights_kms_key_id": "",
            "performance_insights_retention_period": 0,
            "port": 1521,
            "publicly_accessible": false,
            "replica_mode": "",
            "replicas": [],
            "replicate_source_db": "",
            "resource_id": "db-M5BLVKKMBMSMPPLKPOL3HMSYWU",
            "restore_to_point_in_time": [],
            "s3_import": [],
            "skip_final_snapshot": true,
            "snapshot_identifier": null,
            "status": "available",
            "storage_encrypted": false,
            "storage_throughput": 0,
            "storage_type": "gp2",
            "tags": {
              "Environment": "dev",
              "Name": "frauddetectiondemo-oracle-db-2846d540"
            },
            "tags_all": {
              "Environment": "dev",
              "Name": "frauddetectiondemo-oracle-db-2846d540"
            },
            "timeouts": null,
            "timezone": "",
            "upgrade_storage_config": null,
            "username": "thebestusername",
            "vpc_security_group_ids": [
              "sg-00a9ba8de013e4a80"
            ]
          },
          "sensitive_attributes": [
            [
              {
                "type": "get_attr",
                "value": "password"
              }
            ]
          ],
          "private": "eyJlMmJmYjczMC1lY2FhLTExZTYtOGY4OC0zNDM2M2JjN2M0YzAiOnsiY3JlYXRlIjozMDAwMDAwMDAwMDAwLCJkZWxldGUiOjM2MDAwMDAwMDAwMDAsInVwZGF0ZSI6NDgwMDAwMDAwMDAwMH0sInNjaGVtYV92ZXJzaW9uIjoiMiJ9",
          "dependencies": [
            "aws_db_subnet_group.db_subnet_group",
            "aws_security_group.db_sg",
            "aws_subnet.private_subnets",
            "aws_vpc.main",
            "random_id.env_display_id"
          ]
        }
      ]
    },
    {
      "mode": "managed",
      "type": "aws_db_subnet_group",
      "name": "db_subnet_group",
      "provider": "provider[\"registry.terraform.io/hashicorp/aws\"]",
      "instances": [
        {
          "schema_version": 0,
          "attributes": {
            "arn": "arn:aws:rds:us-west-2:550017254839:subgrp:frauddetectiondemo-oracle-db-subnet-group-2846d540",
            "description": "Subnet group for the Oracle DB instance",
            "id": "frauddetectiondemo-oracle-db-subnet-group-2846d540",
            "name": "frauddetectiondemo-oracle-db-subnet-group-2846d540",
            "name_prefix": "",
            "subnet_ids": [
              "subnet-06a699a9a62c0b2bd",
              "subnet-0d380b63a2cb2392a",
              "subnet-0f6c3a8f9bff7b712"
            ],
            "supported_network_types": [
              "IPV4"
            ],
            "tags": {
              "Name": "frauddetectiondemo-oracle-db-subnet-group-2846d540"
            },
            "tags_all": {
              "Name": "frauddetectiondemo-oracle-db-subnet-group-2846d540"
            },
            "vpc_id": "vpc-0880871ddaa7e8e55"
          },
          "sensitive_attributes": [],
          "private": "bnVsbA==",
          "dependencies": [
            "aws_subnet.private_subnets",
            "aws_vpc.main",
            "random_id.env_display_id"
          ]
        }
      ]
    },
    {
      "mode": "managed",
      "type": "aws_ec2_tag",
      "name": "public_subnet_eks_tag",
      "provider": "provider[\"registry.terraform.io/hashicorp/aws\"]",
      "instances": [
        {
          "index_key": 0,
          "schema_version": 0,
          "attributes": {
            "id": "subnet-09e77a73c01053f14,kubernetes.io/cluster/frauddetectiondemo-eks-cluster-2846d540",
            "key": "kubernetes.io/cluster/frauddetectiondemo-eks-cluster-2846d540",
            "resource_id": "subnet-09e77a73c01053f14",
            "value": "shared"
          },
          "sensitive_attributes": [],
          "private": "bnVsbA==",
          "dependencies": [
            "aws_eks_cluster.eks_cluster",
            "aws_iam_role.cluster",
            "aws_iam_role.node",
            "aws_iam_role_policy_attachment.cluster_AmazonEKSBlockStoragePolicy",
            "aws_iam_role_policy_attachment.cluster_AmazonEKSClusterPolicy",
            "aws_iam_role_policy_attachment.cluster_AmazonEKSComputePolicy",
            "aws_iam_role_policy_attachment.cluster_AmazonEKSLoadBalancingPolicy",
            "aws_iam_role_policy_attachment.cluster_AmazonEKSNetworkingPolicy",
            "aws_subnet.public_subnets",
            "aws_vpc.main",
            "random_id.env_display_id"
          ]
        },
        {
          "index_key": 1,
          "schema_version": 0,
          "attributes": {
            "id": "subnet-04b27f1e98710a9b3,kubernetes.io/cluster/frauddetectiondemo-eks-cluster-2846d540",
            "key": "kubernetes.io/cluster/frauddetectiondemo-eks-cluster-2846d540",
            "resource_id": "subnet-04b27f1e98710a9b3",
            "value": "shared"
          },
          "sensitive_attributes": [],
          "private": "bnVsbA==",
          "dependencies": [
            "aws_eks_cluster.eks_cluster",
            "aws_iam_role.cluster",
            "aws_iam_role.node",
            "aws_iam_role_policy_attachment.cluster_AmazonEKSBlockStoragePolicy",
            "aws_iam_role_policy_attachment.cluster_AmazonEKSClusterPolicy",
            "aws_iam_role_policy_attachment.cluster_AmazonEKSComputePolicy",
            "aws_iam_role_policy_attachment.cluster_AmazonEKSLoadBalancingPolicy",
            "aws_iam_role_policy_attachment.cluster_AmazonEKSNetworkingPolicy",
            "aws_subnet.public_subnets",
            "aws_vpc.main",
            "random_id.env_display_id"
          ]
        },
        {
          "index_key": 2,
          "schema_version": 0,
          "attributes": {
            "id": "subnet-01d76f82a2287974d,kubernetes.io/cluster/frauddetectiondemo-eks-cluster-2846d540",
            "key": "kubernetes.io/cluster/frauddetectiondemo-eks-cluster-2846d540",
            "resource_id": "subnet-01d76f82a2287974d",
            "value": "shared"
          },
          "sensitive_attributes": [],
          "private": "bnVsbA==",
          "dependencies": [
            "aws_eks_cluster.eks_cluster",
            "aws_iam_role.cluster",
            "aws_iam_role.node",
            "aws_iam_role_policy_attachment.cluster_AmazonEKSBlockStoragePolicy",
            "aws_iam_role_policy_attachment.cluster_AmazonEKSClusterPolicy",
            "aws_iam_role_policy_attachment.cluster_AmazonEKSComputePolicy",
            "aws_iam_role_policy_attachment.cluster_AmazonEKSLoadBalancingPolicy",
            "aws_iam_role_policy_attachment.cluster_AmazonEKSNetworkingPolicy",
            "aws_subnet.public_subnets",
            "aws_vpc.main",
            "random_id.env_display_id"
          ]
        }
      ]
    },
    {
      "mode": "managed",
      "type": "aws_eip",
      "name": "eip",
      "provider": "provider[\"registry.terraform.io/hashicorp/aws\"]",
      "instances": [
        {
          "schema_version": 0,
          "attributes": {
            "address": null,
            "allocation_id": "eipalloc-008bf6af97e779804",
            "arn": "arn:aws:ec2:us-west-2:550017254839:elastic-ip/eipalloc-008bf6af97e779804",
            "associate_with_private_ip": null,
            "association_id": "eipassoc-0c9eb9035fb63eeba",
            "carrier_ip": "",
            "customer_owned_ip": "",
            "customer_owned_ipv4_pool": "",
            "domain": "vpc",
            "id": "eipalloc-008bf6af97e779804",
            "instance": "",
            "ipam_pool_id": null,
            "network_border_group": "us-west-2",
            "network_interface": "eni-0fc39ca79be256fcb",
            "private_dns": "ip-10-0-2-154.us-west-2.compute.internal",
            "private_ip": "10.0.2.154",
            "ptr_record": "",
            "public_dns": "ec2-44-232-161-64.us-west-2.compute.amazonaws.com",
            "public_ip": "44.232.161.64",
            "public_ipv4_pool": "amazon",
            "tags": {
              "Name": "frauddetectiondemo-aws-eip-2846d540"
            },
            "tags_all": {
              "Name": "frauddetectiondemo-aws-eip-2846d540"
            },
            "timeouts": null,
            "vpc": true
          },
          "sensitive_attributes": [],
          "private": "eyJlMmJmYjczMC1lY2FhLTExZTYtOGY4OC0zNDM2M2JjN2M0YzAiOnsiZGVsZXRlIjoxODAwMDAwMDAwMDAsInJlYWQiOjkwMDAwMDAwMDAwMCwidXBkYXRlIjozMDAwMDAwMDAwMDB9fQ==",
          "dependencies": [
            "random_id.env_display_id"
          ]
        }
      ]
    },
    {
      "mode": "managed",
      "type": "aws_eks_access_entry",
      "name": "non_prod_user_entry",
      "provider": "provider[\"registry.terraform.io/hashicorp/aws\"]",
      "instances": [
        {
          "schema_version": 0,
          "attributes": {
            "access_entry_arn": "arn:aws:eks:us-west-2:550017254839:access-entry/frauddetectiondemo-eks-cluster-2846d540/role/550017254839/AWSReservedSSO_nonprod-administrator_4097a148d8b5d061/d2caa778-1414-8573-2ef3-2fffe0fbc2d4",
            "cluster_name": "frauddetectiondemo-eks-cluster-2846d540",
            "created_at": "2025-02-28T23:41:56Z",
            "id": "frauddetectiondemo-eks-cluster-2846d540:arn:aws:iam::550017254839:role/aws-reserved/sso.amazonaws.com/us-west-2/AWSReservedSSO_nonprod-administrator_4097a148d8b5d061",
            "kubernetes_groups": [],
            "modified_at": "2025-02-28T23:41:56Z",
            "principal_arn": "arn:aws:iam::550017254839:role/aws-reserved/sso.amazonaws.com/us-west-2/AWSReservedSSO_nonprod-administrator_4097a148d8b5d061",
            "tags": {},
            "tags_all": {},
            "timeouts": null,
            "type": "STANDARD",
            "user_name": "arn:aws:sts::550017254839:assumed-role/AWSReservedSSO_nonprod-administrator_4097a148d8b5d061/{{SessionName}}"
          },
          "sensitive_attributes": [],
          "private": "eyJlMmJmYjczMC1lY2FhLTExZTYtOGY4OC0zNDM2M2JjN2M0YzAiOnsiY3JlYXRlIjo2MDAwMDAwMDAwMDAsImRlbGV0ZSI6NjAwMDAwMDAwMDAwfX0=",
          "dependencies": [
            "aws_eks_cluster.eks_cluster",
            "aws_iam_role.cluster",
            "aws_iam_role.node",
            "aws_iam_role_policy_attachment.cluster_AmazonEKSBlockStoragePolicy",
            "aws_iam_role_policy_attachment.cluster_AmazonEKSClusterPolicy",
            "aws_iam_role_policy_attachment.cluster_AmazonEKSComputePolicy",
            "aws_iam_role_policy_attachment.cluster_AmazonEKSLoadBalancingPolicy",
            "aws_iam_role_policy_attachment.cluster_AmazonEKSNetworkingPolicy",
            "aws_subnet.public_subnets",
            "aws_vpc.main",
            "random_id.env_display_id"
          ]
        }
      ]
    },
    {
      "mode": "managed",
      "type": "aws_eks_access_policy_association",
      "name": "caller_admin_policy",
      "provider": "provider[\"registry.terraform.io/hashicorp/aws\"]",
      "instances": [
        {
          "schema_version": 0,
          "attributes": {
            "access_scope": [
              {
                "namespaces": [],
                "type": "cluster"
              }
            ],
            "associated_at": "2025-02-28 23:41:57.069 +0000 UTC",
            "cluster_name": "frauddetectiondemo-eks-cluster-2846d540",
            "id": "frauddetectiondemo-eks-cluster-2846d540#arn:aws:iam::550017254839:user/admin-user#arn:aws:eks::aws:cluster-access-policy/AmazonEKSAdminPolicy",
            "modified_at": "2025-02-28 23:41:57.069 +0000 UTC",
            "policy_arn": "arn:aws:eks::aws:cluster-access-policy/AmazonEKSAdminPolicy",
            "principal_arn": "arn:aws:iam::550017254839:user/admin-user",
            "timeouts": null
          },
          "sensitive_attributes": [],
          "private": "eyJlMmJmYjczMC1lY2FhLTExZTYtOGY4OC0zNDM2M2JjN2M0YzAiOnsiY3JlYXRlIjo2MDAwMDAwMDAwMDAsImRlbGV0ZSI6NjAwMDAwMDAwMDAwfX0=",
          "dependencies": [
            "aws_eks_cluster.eks_cluster",
            "aws_iam_role.cluster",
            "aws_iam_role.node",
            "aws_iam_role_policy_attachment.cluster_AmazonEKSBlockStoragePolicy",
            "aws_iam_role_policy_attachment.cluster_AmazonEKSClusterPolicy",
            "aws_iam_role_policy_attachment.cluster_AmazonEKSComputePolicy",
            "aws_iam_role_policy_attachment.cluster_AmazonEKSLoadBalancingPolicy",
            "aws_iam_role_policy_attachment.cluster_AmazonEKSNetworkingPolicy",
            "aws_subnet.public_subnets",
            "aws_vpc.main",
            "data.aws_caller_identity.current",
            "random_id.env_display_id"
          ]
        }
      ]
    },
    {
      "mode": "managed",
      "type": "aws_eks_access_policy_association",
      "name": "caller_cluster_admin_policy",
      "provider": "provider[\"registry.terraform.io/hashicorp/aws\"]",
      "instances": [
        {
          "schema_version": 0,
          "attributes": {
            "access_scope": [
              {
                "namespaces": [],
                "type": "cluster"
              }
            ],
            "associated_at": "2025-02-28 23:31:31.029 +0000 UTC",
            "cluster_name": "frauddetectiondemo-eks-cluster-2846d540",
            "id": "frauddetectiondemo-eks-cluster-2846d540#arn:aws:iam::550017254839:user/admin-user#arn:aws:eks::aws:cluster-access-policy/AmazonEKSClusterAdminPolicy",
            "modified_at": "2025-02-28 23:41:56.779 +0000 UTC",
            "policy_arn": "arn:aws:eks::aws:cluster-access-policy/AmazonEKSClusterAdminPolicy",
            "principal_arn": "arn:aws:iam::550017254839:user/admin-user",
            "timeouts": null
          },
          "sensitive_attributes": [],
          "private": "eyJlMmJmYjczMC1lY2FhLTExZTYtOGY4OC0zNDM2M2JjN2M0YzAiOnsiY3JlYXRlIjo2MDAwMDAwMDAwMDAsImRlbGV0ZSI6NjAwMDAwMDAwMDAwfX0=",
          "dependencies": [
            "aws_eks_cluster.eks_cluster",
            "aws_iam_role.cluster",
            "aws_iam_role.node",
            "aws_iam_role_policy_attachment.cluster_AmazonEKSBlockStoragePolicy",
            "aws_iam_role_policy_attachment.cluster_AmazonEKSClusterPolicy",
            "aws_iam_role_policy_attachment.cluster_AmazonEKSComputePolicy",
            "aws_iam_role_policy_attachment.cluster_AmazonEKSLoadBalancingPolicy",
            "aws_iam_role_policy_attachment.cluster_AmazonEKSNetworkingPolicy",
            "aws_subnet.public_subnets",
            "aws_vpc.main",
            "data.aws_caller_identity.current",
            "random_id.env_display_id"
          ]
        }
      ]
    },
    {
      "mode": "managed",
      "type": "aws_eks_access_policy_association",
      "name": "non_prod_cluster_admin_policy",
      "provider": "provider[\"registry.terraform.io/hashicorp/aws\"]",
      "instances": [
        {
          "schema_version": 0,
          "attributes": {
            "access_scope": [
              {
                "namespaces": [],
                "type": "cluster"
              }
            ],
            "associated_at": "2025-02-28 23:41:56.798 +0000 UTC",
            "cluster_name": "frauddetectiondemo-eks-cluster-2846d540",
            "id": "frauddetectiondemo-eks-cluster-2846d540#arn:aws:iam::550017254839:role/aws-reserved/sso.amazonaws.com/us-west-2/AWSReservedSSO_nonprod-administrator_4097a148d8b5d061#arn:aws:eks::aws:cluster-access-policy/AmazonEKSClusterAdminPolicy",
            "modified_at": "2025-02-28 23:41:56.798 +0000 UTC",
            "policy_arn": "arn:aws:eks::aws:cluster-access-policy/AmazonEKSClusterAdminPolicy",
            "principal_arn": "arn:aws:iam::550017254839:role/aws-reserved/sso.amazonaws.com/us-west-2/AWSReservedSSO_nonprod-administrator_4097a148d8b5d061",
            "timeouts": null
          },
          "sensitive_attributes": [],
          "private": "eyJlMmJmYjczMC1lY2FhLTExZTYtOGY4OC0zNDM2M2JjN2M0YzAiOnsiY3JlYXRlIjo2MDAwMDAwMDAwMDAsImRlbGV0ZSI6NjAwMDAwMDAwMDAwfX0=",
          "dependencies": [
            "aws_eks_cluster.eks_cluster",
            "aws_iam_role.cluster",
            "aws_iam_role.node",
            "aws_iam_role_policy_attachment.cluster_AmazonEKSBlockStoragePolicy",
            "aws_iam_role_policy_attachment.cluster_AmazonEKSClusterPolicy",
            "aws_iam_role_policy_attachment.cluster_AmazonEKSComputePolicy",
            "aws_iam_role_policy_attachment.cluster_AmazonEKSLoadBalancingPolicy",
            "aws_iam_role_policy_attachment.cluster_AmazonEKSNetworkingPolicy",
            "aws_subnet.public_subnets",
            "aws_vpc.main",
            "random_id.env_display_id"
          ]
        }
      ]
    },
    {
      "mode": "managed",
      "type": "aws_eks_cluster",
      "name": "eks_cluster",
      "provider": "provider[\"registry.terraform.io/hashicorp/aws\"]",
      "instances": [
        {
          "schema_version": 1,
          "attributes": {
            "access_config": [
              {
                "authentication_mode": "API_AND_CONFIG_MAP",
                "bootstrap_cluster_creator_admin_permissions": true
              }
            ],
            "arn": "arn:aws:eks:us-west-2:550017254839:cluster/frauddetectiondemo-eks-cluster-2846d540",
            "bootstrap_self_managed_addons": false,
            "certificate_authority": [
              {
                "data": "LS0tLS1CRUdJTiBDRVJUSUZJQ0FURS0tLS0tCk1JSURCVENDQWUyZ0F3SUJBZ0lJYnMyQW85QVZHUWt3RFFZSktvWklodmNOQVFFTEJRQXdGVEVUTUJFR0ExVUUKQXhNS2EzVmlaWEp1WlhSbGN6QWVGdzB5TlRBeU1qZ3lNek13TlRoYUZ3MHpOVEF5TWpZeU16TTFOVGhhTUJVeApFekFSQmdOVkJBTVRDbXQxWW1WeWJtVjBaWE13Z2dFaU1BMEdDU3FHU0liM0RRRUJBUVVBQTRJQkR3QXdnZ0VLCkFvSUJBUURuUGMzNnNJSDZSV0pISS9nVGJ1TkVqNWZBbVZyRUhpMVJ5bytvNWxyTUVmcFFsRkpFU2Y3c1RtYmsKZy9ZZnFyY2hDamFKWXVTQWdMb1RRL3oyNTdib25Idzh5RW5TWVpIUHZrL2U3TjBqS0IzMDVkRWxsSEhPOXhWRApCdGlFdCtjeFcweXFUaUNQb3lnYWwzY1prMkpxcktKcTMxSXFtMGFWWGVvUlNnTmpUQkJUOC9jdC9YTGNjMnRwCmhTdGQ5MjlHU0l4Mkc3QytGVFh4WXVWd3pLbno1NXBTQS8yUmtUZFpBYkllOVp0SWRNV1NmdkFjN1g4dklDRVAKdjJEdTJBWFFRb0ZnZTdGODlTQ3pRVWV1aVo4M01NL3c0ZHh6NlJtMjBGdUIwQ1FJNXQyMXNyOEJwQ2IrWGdWVgo1MDVzRlAyMzlaRVpPQ0lORWRRS2dWUUx2eHAvQWdNQkFBR2pXVEJYTUE0R0ExVWREd0VCL3dRRUF3SUNwREFQCkJnTlZIUk1CQWY4RUJUQURBUUgvTUIwR0ExVWREZ1FXQkJRMWZVdDV5NVpHTWxtQ3FGMWFYS29IYVk3aSt6QVYKQmdOVkhSRUVEakFNZ2dwcmRXSmxjbTVsZEdWek1BMEdDU3FHU0liM0RRRUJDd1VBQTRJQkFRQW1Wdjk0QjNVQwpTKzZzV2c4MFRJWnJZMHI2Vlp3Y0JTQ2FSY1REV0RYQXIzSlcxYW5JdG1IcldDcW1FU1NGalV6cnNwcytRcXlDClZqZWNwVEU0Rmk5dE5rN2Q5MDBBaFBBNnJpTTlrSkZ0Uis1MksyemszRHBqbHZ4RC91Y3VLc2JIcTJsaGIxaUcKcDNnWDRxa280NGFWdFMzdGJ1OXZkOXBsVjcwc2RXaDhxOUJObjkrcy9wRXVjbXZrWlZjZUJrOVFrTDJ0RlB5Swo4RHY3RmoxNnlRemtzSXNyakx0a1lHVkc1Tys3RFVlS1p5UTRqSzNDOEJKZ3AxV2NCNERwQVdGWk1mc0tSS241CnVtaGpMOGxYclFpUEhDakhmMGo4T1haRHVtRUtpRnZjcWdkaUI1c2ZIMHZsNlVBSUltSnBjTVB0RVo5d0ZjaVUKaGlROTdpMUJVU1gxCi0tLS0tRU5EIENFUlRJRklDQVRFLS0tLS0K"
              }
            ],
            "cluster_id": null,
            "compute_config": [
              {
                "enabled": true,
                "node_pools": [
                  "general-purpose"
                ],
                "node_role_arn": "arn:aws:iam::550017254839:role/eks-auto-node-example"
              }
            ],
            "created_at": "2025-02-28T23:31:31Z",
            "enabled_cluster_log_types": [],
            "encryption_config": [],
            "endpoint": "https://E8B57784523576DEB9EDF18C82FF9F3D.gr7.us-west-2.eks.amazonaws.com",
            "id": "frauddetectiondemo-eks-cluster-2846d540",
            "identity": [
              {
                "oidc": [
                  {
                    "issuer": "https://oidc.eks.us-west-2.amazonaws.com/id/E8B57784523576DEB9EDF18C82FF9F3D"
                  }
                ]
              }
            ],
            "kubernetes_network_config": [
              {
                "elastic_load_balancing": [
                  {
                    "enabled": true
                  }
                ],
                "ip_family": "ipv4",
                "service_ipv4_cidr": "172.20.0.0/16",
                "service_ipv6_cidr": ""
              }
            ],
            "name": "frauddetectiondemo-eks-cluster-2846d540",
            "outpost_config": [],
            "platform_version": "eks.20",
            "remote_network_config": [],
            "role_arn": "arn:aws:iam::550017254839:role/eks-cluster-example",
            "status": "ACTIVE",
            "storage_config": [
              {
                "block_storage": [
                  {
                    "enabled": true
                  }
                ]
              }
            ],
            "tags": {
              "Name": "frauddetectiondemo-eks-cluster-2846d540"
            },
            "tags_all": {
              "Name": "frauddetectiondemo-eks-cluster-2846d540"
            },
            "timeouts": null,
            "upgrade_policy": [
              {
                "support_type": "EXTENDED"
              }
            ],
            "version": "1.31",
            "vpc_config": [
              {
                "cluster_security_group_id": "sg-0eda0371e4dc51445",
                "endpoint_private_access": true,
                "endpoint_public_access": true,
                "public_access_cidrs": [
                  "0.0.0.0/0"
                ],
                "security_group_ids": [],
                "subnet_ids": [
                  "subnet-01d76f82a2287974d",
                  "subnet-04b27f1e98710a9b3",
                  "subnet-09e77a73c01053f14"
                ],
                "vpc_id": "vpc-0880871ddaa7e8e55"
              }
            ],
            "zonal_shift_config": []
          },
          "sensitive_attributes": [],
          "private": "eyJlMmJmYjczMC1lY2FhLTExZTYtOGY4OC0zNDM2M2JjN2M0YzAiOnsiY3JlYXRlIjoxODAwMDAwMDAwMDAwLCJkZWxldGUiOjkwMDAwMDAwMDAwMCwidXBkYXRlIjozNjAwMDAwMDAwMDAwfSwic2NoZW1hX3ZlcnNpb24iOiIxIn0=",
          "dependencies": [
            "aws_iam_role.cluster",
            "aws_iam_role.node",
            "aws_iam_role_policy_attachment.cluster_AmazonEKSBlockStoragePolicy",
            "aws_iam_role_policy_attachment.cluster_AmazonEKSClusterPolicy",
            "aws_iam_role_policy_attachment.cluster_AmazonEKSComputePolicy",
            "aws_iam_role_policy_attachment.cluster_AmazonEKSLoadBalancingPolicy",
            "aws_iam_role_policy_attachment.cluster_AmazonEKSNetworkingPolicy",
            "aws_subnet.public_subnets",
            "aws_vpc.main",
            "random_id.env_display_id"
          ]
        }
      ]
    },
    {
      "mode": "managed",
      "type": "aws_iam_role",
      "name": "cluster",
      "provider": "provider[\"registry.terraform.io/hashicorp/aws\"]",
      "instances": [
        {
          "schema_version": 0,
          "attributes": {
            "arn": "arn:aws:iam::550017254839:role/eks-cluster-example",
            "assume_role_policy": "{\"Statement\":[{\"Action\":[\"sts:AssumeRole\",\"sts:TagSession\"],\"Effect\":\"Allow\",\"Principal\":{\"Service\":\"eks.amazonaws.com\"}}],\"Version\":\"2012-10-17\"}",
            "create_date": "2025-02-28T23:30:58Z",
            "description": "",
            "force_detach_policies": false,
            "id": "eks-cluster-example",
            "inline_policy": [],
            "managed_policy_arns": [
              "arn:aws:iam::aws:policy/AmazonEKSBlockStoragePolicy",
              "arn:aws:iam::aws:policy/AmazonEKSClusterPolicy",
              "arn:aws:iam::aws:policy/AmazonEKSComputePolicy",
              "arn:aws:iam::aws:policy/AmazonEKSLoadBalancingPolicy",
              "arn:aws:iam::aws:policy/AmazonEKSNetworkingPolicy"
            ],
            "max_session_duration": 3600,
            "name": "eks-cluster-example",
            "name_prefix": "",
            "path": "/",
            "permissions_boundary": "",
            "tags": {},
            "tags_all": {},
            "unique_id": "AROAYAD4VIW3R5WXAA7XM"
          },
          "sensitive_attributes": [],
          "private": "bnVsbA=="
        }
      ]
    },
    {
      "mode": "managed",
      "type": "aws_iam_role",
      "name": "node",
      "provider": "provider[\"registry.terraform.io/hashicorp/aws\"]",
      "instances": [
        {
          "schema_version": 0,
          "attributes": {
            "arn": "arn:aws:iam::550017254839:role/eks-auto-node-example",
            "assume_role_policy": "{\"Statement\":[{\"Action\":[\"sts:AssumeRole\"],\"Effect\":\"Allow\",\"Principal\":{\"Service\":\"ec2.amazonaws.com\"}}],\"Version\":\"2012-10-17\"}",
            "create_date": "2025-02-28T23:30:58Z",
            "description": "",
            "force_detach_policies": false,
            "id": "eks-auto-node-example",
            "inline_policy": [],
            "managed_policy_arns": [
              "arn:aws:iam::aws:policy/AmazonEC2ContainerRegistryPullOnly",
              "arn:aws:iam::aws:policy/AmazonEKSWorkerNodeMinimalPolicy"
            ],
            "max_session_duration": 3600,
            "name": "eks-auto-node-example",
            "name_prefix": "",
            "path": "/",
            "permissions_boundary": "",
            "tags": {},
            "tags_all": {},
            "unique_id": "AROAYAD4VIW32TYHQLTFU"
          },
          "sensitive_attributes": [],
          "private": "bnVsbA=="
        }
      ]
    },
    {
      "mode": "managed",
      "type": "aws_iam_role_policy_attachment",
      "name": "cluster_AmazonEKSBlockStoragePolicy",
      "provider": "provider[\"registry.terraform.io/hashicorp/aws\"]",
      "instances": [
        {
          "schema_version": 0,
          "attributes": {
            "id": "eks-cluster-example-20250228233058965500000004",
            "policy_arn": "arn:aws:iam::aws:policy/AmazonEKSBlockStoragePolicy",
            "role": "eks-cluster-example"
          },
          "sensitive_attributes": [],
          "private": "bnVsbA==",
          "dependencies": [
            "aws_iam_role.cluster"
          ]
        }
      ]
    },
    {
      "mode": "managed",
      "type": "aws_iam_role_policy_attachment",
      "name": "cluster_AmazonEKSClusterPolicy",
      "provider": "provider[\"registry.terraform.io/hashicorp/aws\"]",
      "instances": [
        {
          "schema_version": 0,
          "attributes": {
            "id": "eks-cluster-example-20250228233058626700000001",
            "policy_arn": "arn:aws:iam::aws:policy/AmazonEKSClusterPolicy",
            "role": "eks-cluster-example"
          },
          "sensitive_attributes": [],
          "private": "bnVsbA==",
          "dependencies": [
            "aws_iam_role.cluster"
          ]
        }
      ]
    },
    {
      "mode": "managed",
      "type": "aws_iam_role_policy_attachment",
      "name": "cluster_AmazonEKSComputePolicy",
      "provider": "provider[\"registry.terraform.io/hashicorp/aws\"]",
      "instances": [
        {
          "schema_version": 0,
          "attributes": {
            "id": "eks-cluster-example-20250228233058660900000002",
            "policy_arn": "arn:aws:iam::aws:policy/AmazonEKSComputePolicy",
            "role": "eks-cluster-example"
          },
          "sensitive_attributes": [],
          "private": "bnVsbA==",
          "dependencies": [
            "aws_iam_role.cluster"
          ]
        }
      ]
    },
    {
      "mode": "managed",
      "type": "aws_iam_role_policy_attachment",
      "name": "cluster_AmazonEKSLoadBalancingPolicy",
      "provider": "provider[\"registry.terraform.io/hashicorp/aws\"]",
      "instances": [
        {
          "schema_version": 0,
          "attributes": {
            "id": "eks-cluster-example-20250228233059122300000005",
            "policy_arn": "arn:aws:iam::aws:policy/AmazonEKSLoadBalancingPolicy",
            "role": "eks-cluster-example"
          },
          "sensitive_attributes": [],
          "private": "bnVsbA==",
          "dependencies": [
            "aws_iam_role.cluster"
          ]
        }
      ]
    },
    {
      "mode": "managed",
      "type": "aws_iam_role_policy_attachment",
      "name": "cluster_AmazonEKSNetworkingPolicy",
      "provider": "provider[\"registry.terraform.io/hashicorp/aws\"]",
      "instances": [
        {
          "schema_version": 0,
          "attributes": {
            "id": "eks-cluster-example-20250228233058792600000003",
            "policy_arn": "arn:aws:iam::aws:policy/AmazonEKSNetworkingPolicy",
            "role": "eks-cluster-example"
          },
          "sensitive_attributes": [],
          "private": "bnVsbA==",
          "dependencies": [
            "aws_iam_role.cluster"
          ]
        }
      ]
    },
    {
      "mode": "managed",
      "type": "aws_iam_role_policy_attachment",
      "name": "node_AmazonEC2ContainerRegistryPullOnly",
      "provider": "provider[\"registry.terraform.io/hashicorp/aws\"]",
      "instances": [
        {
          "schema_version": 0,
          "attributes": {
            "id": "eks-auto-node-example-20250228233059282700000007",
            "policy_arn": "arn:aws:iam::aws:policy/AmazonEC2ContainerRegistryPullOnly",
            "role": "eks-auto-node-example"
          },
          "sensitive_attributes": [],
          "private": "bnVsbA==",
          "dependencies": [
            "aws_iam_role.node"
          ]
        }
      ]
    },
    {
      "mode": "managed",
      "type": "aws_iam_role_policy_attachment",
      "name": "node_AmazonEKSWorkerNodeMinimalPolicy",
      "provider": "provider[\"registry.terraform.io/hashicorp/aws\"]",
      "instances": [
        {
          "schema_version": 0,
          "attributes": {
            "id": "eks-auto-node-example-20250228233059174700000006",
            "policy_arn": "arn:aws:iam::aws:policy/AmazonEKSWorkerNodeMinimalPolicy",
            "role": "eks-auto-node-example"
          },
          "sensitive_attributes": [],
          "private": "bnVsbA==",
          "dependencies": [
            "aws_iam_role.node"
          ]
        }
      ]
    },
    {
      "mode": "managed",
      "type": "aws_instance",
      "name": "oracle_instance",
      "provider": "provider[\"registry.terraform.io/hashicorp/aws\"]",
      "instances": [
        {
          "schema_version": 1,
          "attributes": {
            "ami": "ami-027951e78de46a00e",
            "arn": "arn:aws:ec2:us-west-2:550017254839:instance/i-0c42e1665ff8e11f2",
            "associate_public_ip_address": true,
            "availability_zone": "us-west-2a",
            "capacity_reservation_specification": [
              {
                "capacity_reservation_preference": "open",
                "capacity_reservation_target": []
              }
            ],
            "cpu_core_count": 1,
            "cpu_options": [
              {
                "amd_sev_snp": "",
                "core_count": 1,
                "threads_per_core": 2
              }
            ],
            "cpu_threads_per_core": 2,
            "credit_specification": [
              {
                "cpu_credits": "unlimited"
              }
            ],
            "disable_api_stop": false,
            "disable_api_termination": false,
            "ebs_block_device": [],
            "ebs_optimized": false,
            "enable_primary_ipv6": null,
            "enclave_options": [
              {
                "enabled": false
              }
            ],
            "ephemeral_block_device": [],
            "get_password_data": false,
            "hibernation": false,
            "host_id": "",
            "host_resource_group_arn": null,
            "iam_instance_profile": "",
            "id": "i-0c42e1665ff8e11f2",
            "instance_initiated_shutdown_behavior": "stop",
            "instance_lifecycle": "",
            "instance_market_options": [],
            "instance_state": "running",
            "instance_type": "t3.large",
            "ipv6_address_count": 0,
            "ipv6_addresses": [],
            "key_name": "frauddetectiondemo-key-2846d540",
            "launch_template": [],
            "maintenance_options": [
              {
                "auto_recovery": "default"
              }
            ],
            "metadata_options": [
              {
                "http_endpoint": "enabled",
                "http_protocol_ipv6": "disabled",
                "http_put_response_hop_limit": 2,
                "http_tokens": "required",
                "instance_metadata_tags": "disabled"
              }
            ],
            "monitoring": false,
            "network_interface": [],
            "outpost_arn": "",
            "password_data": "",
            "placement_group": "",
            "placement_partition_number": 0,
            "primary_network_interface_id": "eni-03101107cd698237f",
            "private_dns": "ip-10-0-1-25.us-west-2.compute.internal",
            "private_dns_name_options": [
              {
                "enable_resource_name_dns_a_record": false,
                "enable_resource_name_dns_aaaa_record": false,
                "hostname_type": "ip-name"
              }
            ],
            "private_ip": "10.0.1.25",
            "public_dns": "ec2-54-212-246-11.us-west-2.compute.amazonaws.com",
            "public_ip": "54.212.246.11",
            "root_block_device": [
              {
                "delete_on_termination": true,
                "device_name": "/dev/xvda",
                "encrypted": false,
                "iops": 3000,
                "kms_key_id": "",
                "tags": null,
                "tags_all": {},
                "throughput": 125,
                "volume_id": "vol-0d5d2c7dd3868f193",
                "volume_size": 30,
                "volume_type": "gp3"
              }
            ],
            "secondary_private_ips": [],
            "security_groups": [
              "sg-018021f4548770a22"
            ],
            "source_dest_check": true,
            "spot_instance_request_id": "",
            "subnet_id": "subnet-09e77a73c01053f14",
            "tags": {
              "Event": "Current2025",
              "Name": "frauddetectiondemo-oracle-xe",
              "Owner_email": "azamzam@confluent.io"
            },
            "tags_all": {
              "Event": "Current2025",
              "Name": "frauddetectiondemo-oracle-xe",
              "Owner_email": "azamzam@confluent.io"
            },
            "tenancy": "default",
            "timeouts": null,
            "user_data": "b472d9c6512057d65ad41341125cfe5520c29761",
            "user_data_base64": null,
            "user_data_replace_on_change": true,
            "volume_tags": null,
            "vpc_security_group_ids": [
              "sg-018021f4548770a22"
            ]
          },
          "sensitive_attributes": [],
          "private": "eyJlMmJmYjczMC1lY2FhLTExZTYtOGY4OC0zNDM2M2JjN2M0YzAiOnsiY3JlYXRlIjo2MDAwMDAwMDAwMDAsImRlbGV0ZSI6MTIwMDAwMDAwMDAwMCwicmVhZCI6OTAwMDAwMDAwMDAwLCJ1cGRhdGUiOjYwMDAwMDAwMDAwMH0sInNjaGVtYV92ZXJzaW9uIjoiMSJ9",
          "dependencies": [
            "aws_key_pair.tf_key",
            "aws_security_group.allow_ssh_oracle",
            "aws_subnet.public_subnets",
            "aws_vpc.main",
            "random_id.env_display_id",
            "tls_private_key.rsa-4096-example"
          ]
        }
      ]
    },
    {
      "mode": "managed",
      "type": "aws_instance",
      "name": "windows_instance",
      "provider": "provider[\"registry.terraform.io/hashicorp/aws\"]",
      "instances": [
        {
          "schema_version": 1,
          "attributes": {
            "ami": "ami-0d31ac04c1d894d66",
            "arn": "arn:aws:ec2:us-west-2:550017254839:instance/i-00ba82795af340fbe",
            "associate_public_ip_address": true,
            "availability_zone": "us-west-2a",
            "capacity_reservation_specification": [
              {
                "capacity_reservation_preference": "open",
                "capacity_reservation_target": []
              }
            ],
            "cpu_core_count": 2,
            "cpu_options": [
              {
                "amd_sev_snp": "",
                "core_count": 2,
                "threads_per_core": 2
              }
            ],
            "cpu_threads_per_core": 2,
            "credit_specification": [
              {
                "cpu_credits": "unlimited"
              }
            ],
            "disable_api_stop": false,
            "disable_api_termination": false,
            "ebs_block_device": [],
            "ebs_optimized": false,
            "enable_primary_ipv6": null,
            "enclave_options": [
              {
                "enabled": false
              }
            ],
            "ephemeral_block_device": [],
            "get_password_data": true,
            "hibernation": false,
            "host_id": "",
            "host_resource_group_arn": null,
            "iam_instance_profile": "",
            "id": "i-00ba82795af340fbe",
            "instance_initiated_shutdown_behavior": "stop",
            "instance_lifecycle": "",
            "instance_market_options": [],
            "instance_state": "running",
            "instance_type": "t3.xlarge",
            "ipv6_address_count": 0,
            "ipv6_addresses": [],
            "key_name": "frauddetectiondemo-key-2846d540",
            "launch_template": [],
            "maintenance_options": [
              {
                "auto_recovery": "default"
              }
            ],
            "metadata_options": [
              {
                "http_endpoint": "enabled",
                "http_protocol_ipv6": "disabled",
                "http_put_response_hop_limit": 2,
                "http_tokens": "required",
                "instance_metadata_tags": "disabled"
              }
            ],
            "monitoring": false,
            "network_interface": [],
            "outpost_arn": "",
            "password_data": "PVQ9JKchrY+fkpfu2JJy90hNQRADHo+CkrAWJdvgeWTUvY9aE4uhXbWpB2sjp3zF9SAt1TMzFHItyii5xZKMGxNCNMsnIOmagnRasemIE5WXplvojxzuhnfZTF132TmdmceKycqrSKYbBCYLJSpt4wfp+YZBzQ2rBE2Cby8DqgveudI9SDq1q0ncQqk++cN4JAEfb40S4pnXq06HAf4WNEOokbUok/xny4CYIyWXuT6oNSdyfIFbjYP8Tfh8XEI6telUSBafer3nc5rvVIq8U0A+juTs+3tVzFz/GFJqP+Ny2lqeAmHM+fyN+taFx6NsnWXAMwcKoLVE6qz4TChhVGBzOO98L2OqG59wBXHnB4SEV/CBrraRdEpP71gdUulReZjJLjD9ps7EpBtT+bfwYmkkofsPmwQMGqkZRZ7tBQyygrX4VAYjTGW8or7Nv2NqOcsxfw2kjW6UbssNdYxeLct3ax6phTmzk9S+OSb1ZB4rZ8DPMAkEsF4ZfA7ZO0skAlmAABBtW2zUev558bDgNcBCl5eroE/Ab8y9WaZeRCnPBjVjMFiuudJ05a9ZoQy1KeSKcbDR6qJb4FHshZhk/RNNDdHDxnwp+37ZuBp9zQFWTu+0tU+8+6UAklk6Pz722HyZKYTly7UoAgFUSK3WIZcH12qV7YnDpmVQch2pnzY=",
            "placement_group": "",
            "placement_partition_number": 0,
            "primary_network_interface_id": "eni-067bbc43537d8d5d1",
            "private_dns": "ip-10-0-1-103.us-west-2.compute.internal",
            "private_dns_name_options": [
              {
                "enable_resource_name_dns_a_record": false,
                "enable_resource_name_dns_aaaa_record": false,
                "hostname_type": "ip-name"
              }
            ],
            "private_ip": "10.0.1.103",
            "public_dns": "ec2-34-219-140-94.us-west-2.compute.amazonaws.com",
            "public_ip": "34.219.140.94",
            "root_block_device": [
              {
                "delete_on_termination": true,
                "device_name": "/dev/sda1",
                "encrypted": false,
                "iops": 3000,
                "kms_key_id": "",
                "tags": {},
                "tags_all": {},
                "throughput": 125,
                "volume_id": "vol-0a588a7ba91bf23e3",
                "volume_size": 60,
                "volume_type": "gp3"
              }
            ],
            "secondary_private_ips": [],
            "security_groups": [],
            "source_dest_check": true,
            "spot_instance_request_id": "",
            "subnet_id": "subnet-09e77a73c01053f14",
            "tags": {
              "Name": "frauddetectiondemo-windows-instance-2846d540"
            },
            "tags_all": {
              "Name": "frauddetectiondemo-windows-instance-2846d540"
            },
            "tenancy": "default",
            "timeouts": null,
            "user_data": "ccff864d44aa1f14ff29a305123b3f8ce19d5967",
            "user_data_base64": null,
            "user_data_replace_on_change": true,
            "volume_tags": null,
            "vpc_security_group_ids": [
              "sg-0bb7652954661ffb8"
            ]
          },
          "sensitive_attributes": [
            [
              {
                "type": "get_attr",
                "value": "user_data"
              }
            ]
          ],
          "private": "eyJlMmJmYjczMC1lY2FhLTExZTYtOGY4OC0zNDM2M2JjN2M0YzAiOnsiY3JlYXRlIjo2MDAwMDAwMDAwMDAsImRlbGV0ZSI6MTIwMDAwMDAwMDAwMCwicmVhZCI6OTAwMDAwMDAwMDAwLCJ1cGRhdGUiOjYwMDAwMDAwMDAwMH0sInNjaGVtYV92ZXJzaW9uIjoiMSJ9",
          "dependencies": [
            "aws_db_instance.oracle_db",
            "aws_db_subnet_group.db_subnet_group",
            "aws_key_pair.tf_key",
            "aws_security_group.db_sg",
            "aws_security_group.windows_sg",
            "aws_subnet.private_subnets",
            "aws_subnet.public_subnets",
            "aws_vpc.main",
            "data.aws_ami.windows",
            "random_id.env_display_id",
            "tls_private_key.rsa-4096-example"
          ]
        }
      ]
    },
    {
      "mode": "managed",
      "type": "aws_internet_gateway",
      "name": "igw",
      "provider": "provider[\"registry.terraform.io/hashicorp/aws\"]",
      "instances": [
        {
          "schema_version": 0,
          "attributes": {
            "arn": "arn:aws:ec2:us-west-2:550017254839:internet-gateway/igw-075ac9477dba5e238",
            "id": "igw-075ac9477dba5e238",
            "owner_id": "550017254839",
            "tags": {
              "Name": "frauddetectiondemo-internet-gateway-2846d540"
            },
            "tags_all": {
              "Name": "frauddetectiondemo-internet-gateway-2846d540"
            },
            "timeouts": null,
            "vpc_id": "vpc-0880871ddaa7e8e55"
          },
          "sensitive_attributes": [],
          "private": "eyJlMmJmYjczMC1lY2FhLTExZTYtOGY4OC0zNDM2M2JjN2M0YzAiOnsiY3JlYXRlIjoxMjAwMDAwMDAwMDAwLCJkZWxldGUiOjEyMDAwMDAwMDAwMDAsInVwZGF0ZSI6MTIwMDAwMDAwMDAwMH19",
          "dependencies": [
            "aws_vpc.main",
            "random_id.env_display_id"
          ]
        }
      ]
    },
    {
      "mode": "managed",
      "type": "aws_key_pair",
      "name": "tf_key",
      "provider": "provider[\"registry.terraform.io/hashicorp/aws\"]",
      "instances": [
        {
          "schema_version": 1,
          "attributes": {
            "arn": "arn:aws:ec2:us-west-2:550017254839:key-pair/frauddetectiondemo-key-2846d540",
            "fingerprint": "f3:90:05:70:78:63:b7:3e:7f:e1:3f:d8:f7:ec:79:fc",
            "id": "frauddetectiondemo-key-2846d540",
            "key_name": "frauddetectiondemo-key-2846d540",
            "key_name_prefix": "",
            "key_pair_id": "key-0fd73b9f96c8902f7",
            "key_type": "rsa",
            "public_key": "ssh-rsa AAAAB3NzaC1yc2EAAAADAQABAAACAQCz9LORtY3U8heb5WeyyiSyxig6F5KatPbAJ3lmCYnHwHa3D4oebfVqMNOTzFtIhuj0hQDKsThs1uOtMqwlr3tCOnEK3bwy0hgW+j4rAeEReGooIkLxhTa9zkeqq4irOOxxtHhXMbjyztXw2OXY1Xwn/8LH/JsRzcD53i/guRcpF34prARHot1YG6otmiu7R96pV0n4Lneo8m82oz5BTjRxSA6qFjgRp4c85a16HvFsXuWV4quYZ6u5qaLeiH/nuYyWEpsXNbHgKnsUArBKpudhOQN+LdOa2KAeUm8A9OJW6kPHMOhEtsM/cmy4sE5/90pdblB/34hjiojJ6yfBQH0SA/o0alpTnfjtrJL7fRboVK1F18JsAvLgVBblrAZPmLVc5JPnHo34t/agbXQS68zqInmLEz6/+r0L/Lzo40cBIcWh8I5ZNT/x0zFjknZcbhxMS01BybpThOZMBrg8wroNTlqJMjrmcWTZ8pOA3aFonDXoUAmX81Jx2BNn6kwnPdQPqwAdWNJpBzz3NCZ2FLg6JaMF2lpKRKlp/o/t/fpS3RXIMWT0uc/f552mxPmD1AtQxgX7XNxrmSxkPPXI7WhDwDsmRKIyqQNvqKTXqlOywKUeyhqqD4XCdb/QnzNlDWs0xsTaVBnw3tVMah9nR9oKIKYruB1g3b/gcC9zfOWUlQ==",
            "tags": {},
            "tags_all": {}
          },
          "sensitive_attributes": [],
          "private": "eyJzY2hlbWFfdmVyc2lvbiI6IjEifQ==",
          "dependencies": [
            "random_id.env_display_id",
            "tls_private_key.rsa-4096-example"
          ]
        }
      ]
    },
    {
      "mode": "managed",
      "type": "aws_lb",
      "name": "rds_oracle_nlb",
      "provider": "provider[\"registry.terraform.io/hashicorp/aws\"]",
      "instances": [
        {
          "schema_version": 0,
          "attributes": {
            "access_logs": [
              {
                "bucket": "",
                "enabled": false,
                "prefix": ""
              }
            ],
            "arn": "arn:aws:elasticloadbalancing:us-west-2:550017254839:loadbalancer/net/frauddetectiondemo-nlb-2846d540/4a5ed99401f5f7b2",
            "arn_suffix": "net/frauddetectiondemo-nlb-2846d540/4a5ed99401f5f7b2",
            "client_keep_alive": null,
            "connection_logs": [],
            "customer_owned_ipv4_pool": "",
            "desync_mitigation_mode": null,
            "dns_name": "frauddetectiondemo-nlb-2846d540-4a5ed99401f5f7b2.elb.us-west-2.amazonaws.com",
            "dns_record_client_routing_policy": "any_availability_zone",
            "drop_invalid_header_fields": null,
            "enable_cross_zone_load_balancing": true,
            "enable_deletion_protection": false,
            "enable_http2": null,
            "enable_tls_version_and_cipher_suite_headers": null,
            "enable_waf_fail_open": null,
            "enable_xff_client_port": null,
            "enable_zonal_shift": false,
            "enforce_security_group_inbound_rules_on_private_link_traffic": "",
            "id": "arn:aws:elasticloadbalancing:us-west-2:550017254839:loadbalancer/net/frauddetectiondemo-nlb-2846d540/4a5ed99401f5f7b2",
            "idle_timeout": null,
            "internal": true,
            "ip_address_type": "ipv4",
            "load_balancer_type": "network",
            "name": "frauddetectiondemo-nlb-2846d540",
            "name_prefix": "",
            "preserve_host_header": null,
            "security_groups": [],
            "subnet_mapping": [
              {
                "allocation_id": "",
                "ipv6_address": "",
                "outpost_id": "",
                "private_ipv4_address": "",
                "subnet_id": "subnet-06a699a9a62c0b2bd"
              },
              {
                "allocation_id": "",
                "ipv6_address": "",
                "outpost_id": "",
                "private_ipv4_address": "",
                "subnet_id": "subnet-0d380b63a2cb2392a"
              },
              {
                "allocation_id": "",
                "ipv6_address": "",
                "outpost_id": "",
                "private_ipv4_address": "",
                "subnet_id": "subnet-0f6c3a8f9bff7b712"
              }
            ],
            "subnets": [
              "subnet-06a699a9a62c0b2bd",
              "subnet-0d380b63a2cb2392a",
              "subnet-0f6c3a8f9bff7b712"
            ],
            "tags": {
              "Name": "frauddetectiondemo-rds-oracle-nlb-2846d540"
            },
            "tags_all": {
              "Name": "frauddetectiondemo-rds-oracle-nlb-2846d540"
            },
            "timeouts": null,
            "vpc_id": "vpc-0880871ddaa7e8e55",
            "xff_header_processing_mode": null,
            "zone_id": "Z18D5FSROUN65G"
          },
          "sensitive_attributes": [],
          "private": "eyJlMmJmYjczMC1lY2FhLTExZTYtOGY4OC0zNDM2M2JjN2M0YzAiOnsiY3JlYXRlIjo2MDAwMDAwMDAwMDAsImRlbGV0ZSI6NjAwMDAwMDAwMDAwLCJ1cGRhdGUiOjYwMDAwMDAwMDAwMH19",
          "dependencies": [
            "aws_subnet.private_subnets",
            "aws_vpc.main",
            "random_id.env_display_id"
          ],
          "create_before_destroy": true
        }
      ]
    },
    {
      "mode": "managed",
      "type": "aws_lb_listener",
      "name": "rds_lb_listener",
      "provider": "provider[\"registry.terraform.io/hashicorp/aws\"]",
      "instances": [
        {
          "schema_version": 0,
          "attributes": {
            "alpn_policy": null,
            "arn": "arn:aws:elasticloadbalancing:us-west-2:550017254839:listener/net/frauddetectiondemo-nlb-2846d540/4a5ed99401f5f7b2/15b5818f7a5dc9b9",
            "certificate_arn": null,
            "default_action": [
              {
                "authenticate_cognito": [],
                "authenticate_oidc": [],
                "fixed_response": [],
                "forward": [],
                "order": 1,
                "redirect": [],
                "target_group_arn": "arn:aws:elasticloadbalancing:us-west-2:550017254839:targetgroup/frauddetectiondemo-tg-2846d540/01a8fcbfe3daa942",
                "type": "forward"
              }
            ],
            "id": "arn:aws:elasticloadbalancing:us-west-2:550017254839:listener/net/frauddetectiondemo-nlb-2846d540/4a5ed99401f5f7b2/15b5818f7a5dc9b9",
            "load_balancer_arn": "arn:aws:elasticloadbalancing:us-west-2:550017254839:loadbalancer/net/frauddetectiondemo-nlb-2846d540/4a5ed99401f5f7b2",
            "mutual_authentication": [],
            "port": 1521,
            "protocol": "TCP",
            "routing_http_request_x_amzn_mtls_clientcert_header_name": null,
            "routing_http_request_x_amzn_mtls_clientcert_issuer_header_name": null,
            "routing_http_request_x_amzn_mtls_clientcert_leaf_header_name": null,
            "routing_http_request_x_amzn_mtls_clientcert_serial_number_header_name": null,
            "routing_http_request_x_amzn_mtls_clientcert_subject_header_name": null,
            "routing_http_request_x_amzn_mtls_clientcert_validity_header_name": null,
            "routing_http_request_x_amzn_tls_cipher_suite_header_name": null,
            "routing_http_request_x_amzn_tls_version_header_name": null,
            "routing_http_response_access_control_allow_credentials_header_value": null,
            "routing_http_response_access_control_allow_headers_header_value": null,
            "routing_http_response_access_control_allow_methods_header_value": null,
            "routing_http_response_access_control_allow_origin_header_value": null,
            "routing_http_response_access_control_expose_headers_header_value": null,
            "routing_http_response_access_control_max_age_header_value": null,
            "routing_http_response_content_security_policy_header_value": null,
            "routing_http_response_server_enabled": null,
            "routing_http_response_strict_transport_security_header_value": null,
            "routing_http_response_x_content_type_options_header_value": null,
            "routing_http_response_x_frame_options_header_value": null,
            "ssl_policy": "",
            "tags": {
              "Name": "frauddetectiondemo-rds-oracle-lb-listener-2846d540"
            },
            "tags_all": {
              "Name": "frauddetectiondemo-rds-oracle-lb-listener-2846d540"
            },
            "tcp_idle_timeout_seconds": 350,
            "timeouts": null
          },
          "sensitive_attributes": [],
          "private": "eyJlMmJmYjczMC1lY2FhLTExZTYtOGY4OC0zNDM2M2JjN2M0YzAiOnsiY3JlYXRlIjozMDAwMDAwMDAwMDAsInVwZGF0ZSI6MzAwMDAwMDAwMDAwfX0=",
          "dependencies": [
            "aws_lb.rds_oracle_nlb",
            "aws_lb_target_group.rds_oracle_target_group",
            "aws_subnet.private_subnets",
            "aws_vpc.main",
            "random_id.env_display_id"
          ]
        }
      ]
    },
    {
      "mode": "managed",
      "type": "aws_lb_target_group",
      "name": "rds_oracle_target_group",
      "provider": "provider[\"registry.terraform.io/hashicorp/aws\"]",
      "instances": [
        {
          "schema_version": 0,
          "attributes": {
            "arn": "arn:aws:elasticloadbalancing:us-west-2:550017254839:targetgroup/frauddetectiondemo-tg-2846d540/01a8fcbfe3daa942",
            "arn_suffix": "targetgroup/frauddetectiondemo-tg-2846d540/01a8fcbfe3daa942",
            "connection_termination": false,
            "deregistration_delay": "300",
            "health_check": [
              {
                "enabled": true,
                "healthy_threshold": 3,
                "interval": 30,
                "matcher": "",
                "path": "",
                "port": "traffic-port",
                "protocol": "TCP",
                "timeout": 10,
                "unhealthy_threshold": 3
              }
            ],
            "id": "arn:aws:elasticloadbalancing:us-west-2:550017254839:targetgroup/frauddetectiondemo-tg-2846d540/01a8fcbfe3daa942",
            "ip_address_type": "ipv4",
            "lambda_multi_value_headers_enabled": false,
            "load_balancer_arns": [
              "arn:aws:elasticloadbalancing:us-west-2:550017254839:loadbalancer/net/frauddetectiondemo-nlb-2846d540/4a5ed99401f5f7b2"
            ],
            "load_balancing_algorithm_type": null,
            "load_balancing_anomaly_mitigation": null,
            "load_balancing_cross_zone_enabled": "use_load_balancer_configuration",
            "name": "frauddetectiondemo-tg-2846d540",
            "name_prefix": "",
            "port": 1521,
            "preserve_client_ip": "false",
            "protocol": "TCP",
            "protocol_version": null,
            "proxy_protocol_v2": false,
            "slow_start": 0,
            "stickiness": [
              {
                "cookie_duration": 0,
                "cookie_name": "",
                "enabled": false,
                "type": "source_ip"
              }
            ],
            "tags": {
              "Name": "frauddetectiondemo-rds-oracle-target-group-2846d540"
            },
            "tags_all": {
              "Name": "frauddetectiondemo-rds-oracle-target-group-2846d540"
            },
            "target_failover": [
              {
                "on_deregistration": null,
                "on_unhealthy": null
              }
            ],
            "target_group_health": [
              {
                "dns_failover": [
                  {
                    "minimum_healthy_targets_count": "1",
                    "minimum_healthy_targets_percentage": "off"
                  }
                ],
                "unhealthy_state_routing": [
                  {
                    "minimum_healthy_targets_count": 1,
                    "minimum_healthy_targets_percentage": "off"
                  }
                ]
              }
            ],
            "target_health_state": [
              {
                "enable_unhealthy_connection_termination": true,
                "unhealthy_draining_interval": 0
              }
            ],
            "target_type": "ip",
            "vpc_id": "vpc-0880871ddaa7e8e55"
          },
          "sensitive_attributes": [],
          "private": "bnVsbA==",
          "dependencies": [
            "aws_vpc.main",
            "random_id.env_display_id"
          ]
        }
      ]
    },
    {
      "mode": "managed",
      "type": "aws_lb_target_group_attachment",
      "name": "rds_oracle_target_group_attachment",
      "provider": "provider[\"registry.terraform.io/hashicorp/aws\"]",
      "instances": [
        {
          "schema_version": 0,
          "attributes": {
            "availability_zone": null,
            "id": "arn:aws:elasticloadbalancing:us-west-2:550017254839:targetgroup/frauddetectiondemo-tg-2846d540/01a8fcbfe3daa942-20250228234845977000000011",
            "port": 1521,
            "target_group_arn": "arn:aws:elasticloadbalancing:us-west-2:550017254839:targetgroup/frauddetectiondemo-tg-2846d540/01a8fcbfe3daa942",
            "target_id": "10.0.11.249"
          },
          "sensitive_attributes": [],
          "private": "bnVsbA==",
          "dependencies": [
            "aws_db_instance.oracle_db",
            "aws_db_subnet_group.db_subnet_group",
            "aws_lb_target_group.rds_oracle_target_group",
            "aws_security_group.db_sg",
            "aws_subnet.private_subnets",
            "aws_vpc.main",
            "data.dns_a_record_set.rds_dynamic_ip",
            "random_id.env_display_id"
          ]
        }
      ]
    },
    {
      "mode": "managed",
      "type": "aws_nat_gateway",
      "name": "natgw",
      "provider": "provider[\"registry.terraform.io/hashicorp/aws\"]",
      "instances": [
        {
          "schema_version": 0,
          "attributes": {
            "allocation_id": "eipalloc-008bf6af97e779804",
            "association_id": "eipassoc-0c9eb9035fb63eeba",
            "connectivity_type": "public",
            "id": "nat-07e5413746a82a03d",
            "network_interface_id": "eni-0fc39ca79be256fcb",
            "private_ip": "10.0.2.154",
            "public_ip": "44.232.161.64",
            "secondary_allocation_ids": [],
            "secondary_private_ip_address_count": 0,
            "secondary_private_ip_addresses": [],
            "subnet_id": "subnet-04b27f1e98710a9b3",
            "tags": {
              "Name": "frauddetectiondemo-nat-gateway-2846d540"
            },
            "tags_all": {
              "Name": "frauddetectiondemo-nat-gateway-2846d540"
            },
            "timeouts": null
          },
          "sensitive_attributes": [],
          "private": "eyJlMmJmYjczMC1lY2FhLTExZTYtOGY4OC0zNDM2M2JjN2M0YzAiOnsiY3JlYXRlIjo2MDAwMDAwMDAwMDAsImRlbGV0ZSI6MTgwMDAwMDAwMDAwMCwidXBkYXRlIjo2MDAwMDAwMDAwMDB9fQ==",
          "dependencies": [
            "aws_eip.eip",
            "aws_subnet.public_subnets",
            "aws_vpc.main",
            "random_id.env_display_id"
          ]
        }
      ]
    },
    {
      "mode": "managed",
      "type": "aws_opensearch_domain",
      "name": "OpenSearch",
      "provider": "provider[\"registry.terraform.io/hashicorp/aws\"]",
      "instances": [
        {
          "schema_version": 0,
          "attributes": {
            "access_policies": "{\"Statement\":[{\"Action\":\"es:*\",\"Effect\":\"Allow\",\"Principal\":{\"AWS\":\"*\"},\"Resource\":\"arn:aws:es:us-west-2:550017254839:domain/frauddetectiondemo-2846d540/*\"}],\"Version\":\"2012-10-17\"}",
            "advanced_options": {},
            "advanced_security_options": [
              {
                "anonymous_auth_enabled": false,
                "enabled": true,
                "internal_user_database_enabled": true,
                "master_user_options": [
                  {
                    "master_user_arn": "",
                    "master_user_name": "admin",
                    "master_user_password": "Admin123456!"
                  }
                ]
              }
            ],
            "arn": "arn:aws:es:us-west-2:550017254839:domain/frauddetectiondemo-2846d540",
            "auto_tune_options": [
              {
                "desired_state": "DISABLED",
                "maintenance_schedule": [],
                "rollback_on_disable": "NO_ROLLBACK",
                "use_off_peak_window": false
              }
            ],
            "cluster_config": [
              {
                "cold_storage_options": [
                  {
                    "enabled": false
                  }
                ],
                "dedicated_master_count": 0,
                "dedicated_master_enabled": false,
                "dedicated_master_type": "",
                "instance_count": 3,
                "instance_type": "t3.small.search",
                "multi_az_with_standby_enabled": false,
                "warm_count": 0,
                "warm_enabled": false,
                "warm_type": "",
                "zone_awareness_config": [
                  {
                    "availability_zone_count": 3
                  }
                ],
                "zone_awareness_enabled": true
              }
            ],
            "cognito_options": [
              {
                "enabled": false,
                "identity_pool_id": "",
                "role_arn": "",
                "user_pool_id": ""
              }
            ],
            "dashboard_endpoint": "search-frauddetectiondemo-2846d540-wvzk6d3vjmief22c4kt4r4tpwa.us-west-2.es.amazonaws.com/_dashboards",
            "dashboard_endpoint_v2": null,
            "domain_endpoint_options": [
              {
                "custom_endpoint": "",
                "custom_endpoint_certificate_arn": "",
                "custom_endpoint_enabled": false,
                "enforce_https": true,
                "tls_security_policy": "Policy-Min-TLS-1-2-2019-07"
              }
            ],
            "domain_endpoint_v2_hosted_zone_id": "",
            "domain_id": "550017254839/frauddetectiondemo-2846d540",
            "domain_name": "frauddetectiondemo-2846d540",
            "ebs_options": [
              {
                "ebs_enabled": true,
                "iops": 0,
                "throughput": 0,
                "volume_size": 10,
                "volume_type": "gp2"
              }
            ],
            "encrypt_at_rest": [
              {
                "enabled": true,
                "kms_key_id": "arn:aws:kms:us-west-2:550017254839:key/c30625b1-7941-48b0-a353-2ca81d36434b"
              }
            ],
            "endpoint": "search-frauddetectiondemo-2846d540-wvzk6d3vjmief22c4kt4r4tpwa.us-west-2.es.amazonaws.com",
            "endpoint_v2": null,
            "engine_version": "OpenSearch_2.17",
            "id": "arn:aws:es:us-west-2:550017254839:domain/frauddetectiondemo-2846d540",
            "ip_address_type": "ipv4",
            "kibana_endpoint": "search-frauddetectiondemo-2846d540-wvzk6d3vjmief22c4kt4r4tpwa.us-west-2.es.amazonaws.com/_plugin/kibana/",
            "log_publishing_options": [],
            "node_to_node_encryption": [
              {
                "enabled": true
              }
            ],
            "off_peak_window_options": [
              {
                "enabled": true,
                "off_peak_window": [
                  {
                    "window_start_time": [
                      {
                        "hours": 6,
                        "minutes": 0
                      }
                    ]
                  }
                ]
              }
            ],
            "snapshot_options": [
              {
                "automated_snapshot_start_hour": 0
              }
            ],
            "software_update_options": [
              {
                "auto_software_update_enabled": false
              }
            ],
            "tags": {
              "Name": "frauddetectiondemo-opensearch-2846d540"
            },
            "tags_all": {
              "Name": "frauddetectiondemo-opensearch-2846d540"
            },
            "timeouts": null,
            "vpc_options": []
          },
          "sensitive_attributes": [
            [
              {
                "type": "get_attr",
                "value": "advanced_security_options"
              },
              {
                "type": "index",
                "value": {
                  "value": 0,
                  "type": "number"
                }
              },
              {
                "type": "get_attr",
                "value": "master_user_options"
              },
              {
                "type": "index",
                "value": {
                  "value": 0,
                  "type": "number"
                }
              },
              {
                "type": "get_attr",
                "value": "master_user_password"
              }
            ]
          ],
          "private": "eyJlMmJmYjczMC1lY2FhLTExZTYtOGY4OC0zNDM2M2JjN2M0YzAiOnsiY3JlYXRlIjo3MjAwMDAwMDAwMDAwLCJkZWxldGUiOjU0MDAwMDAwMDAwMDAsInVwZGF0ZSI6MTA4MDAwMDAwMDAwMDB9fQ==",
          "dependencies": [
            "data.aws_caller_identity.current",
            "random_id.env_display_id"
          ]
        }
      ]
    },
    {
      "mode": "managed",
      "type": "aws_route53_record",
      "name": "privatelink",
      "provider": "provider[\"registry.terraform.io/hashicorp/aws\"]",
      "instances": [
        {
          "schema_version": 2,
          "attributes": {
            "alias": [],
            "allow_overwrite": null,
            "cidr_routing_policy": [],
            "failover_routing_policy": [],
            "fqdn": "*.us-west-2.aws.private.confluent.cloud",
            "geolocation_routing_policy": [],
            "geoproximity_routing_policy": [],
            "health_check_id": "",
            "id": "Z07801572X82W9U3SP6OX_*.us-west-2.aws.private.confluent.cloud_CNAME",
            "latency_routing_policy": [],
            "multivalue_answer_routing_policy": false,
            "name": "*.us-west-2.aws.private.confluent.cloud",
            "records": [
              "vpce-09b5fb93dddecf774-dro6hb1j.vpce-svc-06a0af73877f48196.us-west-2.vpce.amazonaws.com"
            ],
            "set_identifier": "",
            "ttl": 60,
            "type": "CNAME",
            "weighted_routing_policy": [],
            "zone_id": "Z07801572X82W9U3SP6OX"
          },
          "sensitive_attributes": [],
          "private": "eyJzY2hlbWFfdmVyc2lvbiI6IjIifQ==",
          "dependencies": [
            "aws_route53_zone.privatelink",
            "aws_security_group.sg",
            "aws_security_group.windows_sg",
            "aws_subnet.private_subnets",
            "aws_vpc.main",
            "aws_vpc_endpoint.privatelink",
            "confluent_environment.staging",
            "confluent_private_link_attachment.pla",
            "random_id.env_display_id"
          ]
        }
      ]
    },
    {
      "mode": "managed",
      "type": "aws_route53_zone",
      "name": "privatelink",
      "provider": "provider[\"registry.terraform.io/hashicorp/aws\"]",
      "instances": [
        {
          "schema_version": 0,
          "attributes": {
            "arn": "arn:aws:route53:::hostedzone/Z07801572X82W9U3SP6OX",
            "comment": "Managed by Terraform",
            "delegation_set_id": "",
            "force_destroy": false,
            "id": "Z07801572X82W9U3SP6OX",
            "name": "us-west-2.aws.private.confluent.cloud",
            "name_servers": [
              "ns-0.awsdns-00.com.",
              "ns-1024.awsdns-00.org.",
              "ns-1536.awsdns-00.co.uk.",
              "ns-512.awsdns-00.net."
            ],
            "primary_name_server": "ns-0.awsdns-00.com.",
            "tags": {
              "Name": "frauddetectiondemo-privatelink-route-53-zone-2846d540"
            },
            "tags_all": {
              "Name": "frauddetectiondemo-privatelink-route-53-zone-2846d540"
            },
            "vpc": [
              {
                "vpc_id": "vpc-0880871ddaa7e8e55",
                "vpc_region": "us-west-2"
              }
            ],
            "zone_id": "Z07801572X82W9U3SP6OX"
          },
          "sensitive_attributes": [],
          "private": "bnVsbA==",
          "dependencies": [
            "aws_vpc.main",
            "confluent_environment.staging",
            "confluent_private_link_attachment.pla",
            "random_id.env_display_id"
          ]
        }
      ]
    },
    {
      "mode": "managed",
      "type": "aws_route_table",
      "name": "private_route_table",
      "provider": "provider[\"registry.terraform.io/hashicorp/aws\"]",
      "instances": [
        {
          "schema_version": 0,
          "attributes": {
            "arn": "arn:aws:ec2:us-west-2:550017254839:route-table/rtb-0da634dffaeb7d131",
            "id": "rtb-0da634dffaeb7d131",
            "owner_id": "550017254839",
            "propagating_vgws": [],
            "route": [
              {
                "carrier_gateway_id": "",
                "cidr_block": "0.0.0.0/0",
                "core_network_arn": "",
                "destination_prefix_list_id": "",
                "egress_only_gateway_id": "",
                "gateway_id": "",
                "ipv6_cidr_block": "",
                "local_gateway_id": "",
                "nat_gateway_id": "nat-07e5413746a82a03d",
                "network_interface_id": "",
                "transit_gateway_id": "",
                "vpc_endpoint_id": "",
                "vpc_peering_connection_id": ""
              }
            ],
            "tags": {
              "Name": "frauddetectiondemo-private-route-table-2846d540"
            },
            "tags_all": {
              "Name": "frauddetectiondemo-private-route-table-2846d540"
            },
            "timeouts": null,
            "vpc_id": "vpc-0880871ddaa7e8e55"
          },
          "sensitive_attributes": [],
          "private": "eyJlMmJmYjczMC1lY2FhLTExZTYtOGY4OC0zNDM2M2JjN2M0YzAiOnsiY3JlYXRlIjozMDAwMDAwMDAwMDAsImRlbGV0ZSI6MzAwMDAwMDAwMDAwLCJ1cGRhdGUiOjEyMDAwMDAwMDAwMH19",
          "dependencies": [
            "aws_eip.eip",
            "aws_nat_gateway.natgw",
            "aws_subnet.public_subnets",
            "aws_vpc.main",
            "random_id.env_display_id"
          ]
        }
      ]
    },
    {
      "mode": "managed",
      "type": "aws_route_table",
      "name": "public_route_table",
      "provider": "provider[\"registry.terraform.io/hashicorp/aws\"]",
      "instances": [
        {
          "schema_version": 0,
          "attributes": {
            "arn": "arn:aws:ec2:us-west-2:550017254839:route-table/rtb-01426eddc899038cc",
            "id": "rtb-01426eddc899038cc",
            "owner_id": "550017254839",
            "propagating_vgws": [],
            "route": [
              {
                "carrier_gateway_id": "",
                "cidr_block": "0.0.0.0/0",
                "core_network_arn": "",
                "destination_prefix_list_id": "",
                "egress_only_gateway_id": "",
                "gateway_id": "igw-075ac9477dba5e238",
                "ipv6_cidr_block": "",
                "local_gateway_id": "",
                "nat_gateway_id": "",
                "network_interface_id": "",
                "transit_gateway_id": "",
                "vpc_endpoint_id": "",
                "vpc_peering_connection_id": ""
              }
            ],
            "tags": {
              "Name": "frauddetectiondemo-public-route-table-2846d540"
            },
            "tags_all": {
              "Name": "frauddetectiondemo-public-route-table-2846d540"
            },
            "timeouts": null,
            "vpc_id": "vpc-0880871ddaa7e8e55"
          },
          "sensitive_attributes": [],
          "private": "eyJlMmJmYjczMC1lY2FhLTExZTYtOGY4OC0zNDM2M2JjN2M0YzAiOnsiY3JlYXRlIjozMDAwMDAwMDAwMDAsImRlbGV0ZSI6MzAwMDAwMDAwMDAwLCJ1cGRhdGUiOjEyMDAwMDAwMDAwMH19",
          "dependencies": [
            "aws_internet_gateway.igw",
            "aws_vpc.main",
            "random_id.env_display_id"
          ]
        }
      ]
    },
    {
      "mode": "managed",
      "type": "aws_route_table_association",
      "name": "pri_subnet_associations",
      "provider": "provider[\"registry.terraform.io/hashicorp/aws\"]",
      "instances": [
        {
          "index_key": 0,
          "schema_version": 0,
          "attributes": {
            "gateway_id": "",
            "id": "rtbassoc-0ddaa121080f7eea8",
            "route_table_id": "rtb-0da634dffaeb7d131",
            "subnet_id": "subnet-0f6c3a8f9bff7b712",
            "timeouts": null
          },
          "sensitive_attributes": [],
          "private": "eyJlMmJmYjczMC1lY2FhLTExZTYtOGY4OC0zNDM2M2JjN2M0YzAiOnsiY3JlYXRlIjozMDAwMDAwMDAwMDAsImRlbGV0ZSI6MzAwMDAwMDAwMDAwLCJ1cGRhdGUiOjEyMDAwMDAwMDAwMH19",
          "dependencies": [
            "aws_eip.eip",
            "aws_nat_gateway.natgw",
            "aws_route_table.private_route_table",
            "aws_subnet.private_subnets",
            "aws_subnet.public_subnets",
            "aws_vpc.main",
            "random_id.env_display_id"
          ]
        },
        {
          "index_key": 1,
          "schema_version": 0,
          "attributes": {
            "gateway_id": "",
            "id": "rtbassoc-086a6645c85650b60",
            "route_table_id": "rtb-0da634dffaeb7d131",
            "subnet_id": "subnet-06a699a9a62c0b2bd",
            "timeouts": null
          },
          "sensitive_attributes": [],
          "private": "eyJlMmJmYjczMC1lY2FhLTExZTYtOGY4OC0zNDM2M2JjN2M0YzAiOnsiY3JlYXRlIjozMDAwMDAwMDAwMDAsImRlbGV0ZSI6MzAwMDAwMDAwMDAwLCJ1cGRhdGUiOjEyMDAwMDAwMDAwMH19",
          "dependencies": [
            "aws_eip.eip",
            "aws_nat_gateway.natgw",
            "aws_route_table.private_route_table",
            "aws_subnet.private_subnets",
            "aws_subnet.public_subnets",
            "aws_vpc.main",
            "random_id.env_display_id"
          ]
        },
        {
          "index_key": 2,
          "schema_version": 0,
          "attributes": {
            "gateway_id": "",
            "id": "rtbassoc-07622b0dcc56ea96c",
            "route_table_id": "rtb-0da634dffaeb7d131",
            "subnet_id": "subnet-0d380b63a2cb2392a",
            "timeouts": null
          },
          "sensitive_attributes": [],
          "private": "eyJlMmJmYjczMC1lY2FhLTExZTYtOGY4OC0zNDM2M2JjN2M0YzAiOnsiY3JlYXRlIjozMDAwMDAwMDAwMDAsImRlbGV0ZSI6MzAwMDAwMDAwMDAwLCJ1cGRhdGUiOjEyMDAwMDAwMDAwMH19",
          "dependencies": [
            "aws_eip.eip",
            "aws_nat_gateway.natgw",
            "aws_route_table.private_route_table",
            "aws_subnet.private_subnets",
            "aws_subnet.public_subnets",
            "aws_vpc.main",
            "random_id.env_display_id"
          ]
        }
      ]
    },
    {
      "mode": "managed",
      "type": "aws_route_table_association",
      "name": "pub_subnet_associations",
      "provider": "provider[\"registry.terraform.io/hashicorp/aws\"]",
      "instances": [
        {
          "index_key": 0,
          "schema_version": 0,
          "attributes": {
            "gateway_id": "",
            "id": "rtbassoc-04738c152fea5b3b4",
            "route_table_id": "rtb-01426eddc899038cc",
            "subnet_id": "subnet-09e77a73c01053f14",
            "timeouts": null
          },
          "sensitive_attributes": [],
          "private": "eyJlMmJmYjczMC1lY2FhLTExZTYtOGY4OC0zNDM2M2JjN2M0YzAiOnsiY3JlYXRlIjozMDAwMDAwMDAwMDAsImRlbGV0ZSI6MzAwMDAwMDAwMDAwLCJ1cGRhdGUiOjEyMDAwMDAwMDAwMH19",
          "dependencies": [
            "aws_internet_gateway.igw",
            "aws_route_table.public_route_table",
            "aws_subnet.public_subnets",
            "aws_vpc.main",
            "random_id.env_display_id"
          ]
        },
        {
          "index_key": 1,
          "schema_version": 0,
          "attributes": {
            "gateway_id": "",
            "id": "rtbassoc-00694d4911d1ea2f1",
            "route_table_id": "rtb-01426eddc899038cc",
            "subnet_id": "subnet-04b27f1e98710a9b3",
            "timeouts": null
          },
          "sensitive_attributes": [],
          "private": "eyJlMmJmYjczMC1lY2FhLTExZTYtOGY4OC0zNDM2M2JjN2M0YzAiOnsiY3JlYXRlIjozMDAwMDAwMDAwMDAsImRlbGV0ZSI6MzAwMDAwMDAwMDAwLCJ1cGRhdGUiOjEyMDAwMDAwMDAwMH19",
          "dependencies": [
            "aws_internet_gateway.igw",
            "aws_route_table.public_route_table",
            "aws_subnet.public_subnets",
            "aws_vpc.main",
            "random_id.env_display_id"
          ]
        },
        {
          "index_key": 2,
          "schema_version": 0,
          "attributes": {
            "gateway_id": "",
            "id": "rtbassoc-0772647120807ab54",
            "route_table_id": "rtb-01426eddc899038cc",
            "subnet_id": "subnet-01d76f82a2287974d",
            "timeouts": null
          },
          "sensitive_attributes": [],
          "private": "eyJlMmJmYjczMC1lY2FhLTExZTYtOGY4OC0zNDM2M2JjN2M0YzAiOnsiY3JlYXRlIjozMDAwMDAwMDAwMDAsImRlbGV0ZSI6MzAwMDAwMDAwMDAwLCJ1cGRhdGUiOjEyMDAwMDAwMDAwMH19",
          "dependencies": [
            "aws_internet_gateway.igw",
            "aws_route_table.public_route_table",
            "aws_subnet.public_subnets",
            "aws_vpc.main",
            "random_id.env_display_id"
          ]
        }
      ]
    },
    {
      "mode": "managed",
      "type": "aws_security_group",
      "name": "allow_ssh_oracle",
      "provider": "provider[\"registry.terraform.io/hashicorp/aws\"]",
      "instances": [
        {
          "schema_version": 1,
          "attributes": {
            "arn": "arn:aws:ec2:us-west-2:550017254839:security-group/sg-018021f4548770a22",
            "description": "Allow SSH and Oracle inbound traffic",
            "egress": [
              {
                "cidr_blocks": [
                  "0.0.0.0/0"
                ],
                "description": "",
                "from_port": 0,
                "ipv6_cidr_blocks": [],
                "prefix_list_ids": [],
                "protocol": "-1",
                "security_groups": [],
                "self": false,
                "to_port": 0
              }
            ],
            "id": "sg-018021f4548770a22",
            "ingress": [
              {
                "cidr_blocks": [
                  "0.0.0.0/0"
                ],
                "description": "Oracle EM Express access",
                "from_port": 5500,
                "ipv6_cidr_blocks": [],
                "prefix_list_ids": [],
                "protocol": "tcp",
                "security_groups": [],
                "self": false,
                "to_port": 5500
              },
              {
                "cidr_blocks": [
                  "0.0.0.0/0"
                ],
                "description": "Oracle SQL*Net access",
                "from_port": 1521,
                "ipv6_cidr_blocks": [],
                "prefix_list_ids": [],
                "protocol": "tcp",
                "security_groups": [],
                "self": false,
                "to_port": 1521
              },
              {
                "cidr_blocks": [
                  "0.0.0.0/0"
                ],
                "description": "SSH access",
                "from_port": 22,
                "ipv6_cidr_blocks": [],
                "prefix_list_ids": [],
                "protocol": "tcp",
                "security_groups": [],
                "self": false,
                "to_port": 22
              }
            ],
            "name": "frauddetectiondemo_allow_ssh_oracle",
            "name_prefix": "",
            "owner_id": "550017254839",
            "revoke_rules_on_delete": false,
            "tags": {
              "Name": "frauddetectiondemo-oracle-sg"
            },
            "tags_all": {
              "Name": "frauddetectiondemo-oracle-sg"
            },
            "timeouts": null,
            "vpc_id": "vpc-0880871ddaa7e8e55"
          },
          "sensitive_attributes": [],
          "private": "eyJlMmJmYjczMC1lY2FhLTExZTYtOGY4OC0zNDM2M2JjN2M0YzAiOnsiY3JlYXRlIjo2MDAwMDAwMDAwMDAsImRlbGV0ZSI6OTAwMDAwMDAwMDAwfSwic2NoZW1hX3ZlcnNpb24iOiIxIn0=",
          "dependencies": [
            "aws_vpc.main",
            "random_id.env_display_id"
          ]
        }
      ]
    },
    {
      "mode": "managed",
      "type": "aws_security_group",
      "name": "db_sg",
      "provider": "provider[\"registry.terraform.io/hashicorp/aws\"]",
      "instances": [
        {
          "schema_version": 1,
          "attributes": {
            "arn": "arn:aws:ec2:us-west-2:550017254839:security-group/sg-00a9ba8de013e4a80",
            "description": "Allow RDS Oracle access",
            "egress": [
              {
                "cidr_blocks": [
                  "0.0.0.0/0"
                ],
                "description": "",
                "from_port": 0,
                "ipv6_cidr_blocks": [],
                "prefix_list_ids": [],
                "protocol": "-1",
                "security_groups": [],
                "self": false,
                "to_port": 0
              }
            ],
            "id": "sg-00a9ba8de013e4a80",
            "ingress": [
              {
                "cidr_blocks": [
                  "10.0.0.0/16"
                ],
                "description": "",
                "from_port": 1521,
                "ipv6_cidr_blocks": [],
                "prefix_list_ids": [],
                "protocol": "tcp",
                "security_groups": [],
                "self": false,
                "to_port": 1521
              }
            ],
            "name": "frauddetectiondemo-db-sg-2846d540",
            "name_prefix": "",
            "owner_id": "550017254839",
            "revoke_rules_on_delete": false,
            "tags": {
              "Name": "frauddetectiondemo-db-sg-2846d540"
            },
            "tags_all": {
              "Name": "frauddetectiondemo-db-sg-2846d540"
            },
            "timeouts": null,
            "vpc_id": "vpc-0880871ddaa7e8e55"
          },
          "sensitive_attributes": [],
          "private": "eyJlMmJmYjczMC1lY2FhLTExZTYtOGY4OC0zNDM2M2JjN2M0YzAiOnsiY3JlYXRlIjo2MDAwMDAwMDAwMDAsImRlbGV0ZSI6OTAwMDAwMDAwMDAwfSwic2NoZW1hX3ZlcnNpb24iOiIxIn0=",
          "dependencies": [
            "aws_vpc.main",
            "random_id.env_display_id"
          ]
        }
      ]
    },
    {
      "mode": "managed",
      "type": "aws_security_group",
      "name": "sg",
      "provider": "provider[\"registry.terraform.io/hashicorp/aws\"]",
      "instances": [
        {
          "schema_version": 1,
          "attributes": {
            "arn": "arn:aws:ec2:us-west-2:550017254839:security-group/sg-02889ac1e7a8283cf",
            "description": "Allow TLS inbound traffic",
            "egress": [
              {
                "cidr_blocks": [
                  "0.0.0.0/0"
                ],
                "description": "",
                "from_port": 0,
                "ipv6_cidr_blocks": [],
                "prefix_list_ids": [],
                "protocol": "-1",
                "security_groups": [],
                "self": false,
                "to_port": 0
              }
            ],
            "id": "sg-02889ac1e7a8283cf",
            "ingress": [
              {
                "cidr_blocks": [
                  "0.0.0.0/0"
                ],
                "description": null,
                "from_port": 9092,
                "ipv6_cidr_blocks": [],
                "prefix_list_ids": [],
                "protocol": "tcp",
                "security_groups": [],
                "self": false,
                "to_port": 9092
              },
              {
                "cidr_blocks": [],
                "description": "",
                "from_port": 443,
                "ipv6_cidr_blocks": [],
                "prefix_list_ids": [],
                "protocol": "tcp",
                "security_groups": [
                  "sg-0bb7652954661ffb8"
                ],
                "self": false,
                "to_port": 443
              }
            ],
            "name": "frauddetectiondemo-aws-security-group-2846d540",
            "name_prefix": "",
            "owner_id": "550017254839",
            "revoke_rules_on_delete": false,
            "tags": {
              "Name": "frauddetectiondemo-security-group-2846d540"
            },
            "tags_all": {
              "Name": "frauddetectiondemo-security-group-2846d540"
            },
            "timeouts": null,
            "vpc_id": "vpc-0880871ddaa7e8e55"
          },
          "sensitive_attributes": [],
          "private": "eyJlMmJmYjczMC1lY2FhLTExZTYtOGY4OC0zNDM2M2JjN2M0YzAiOnsiY3JlYXRlIjo2MDAwMDAwMDAwMDAsImRlbGV0ZSI6OTAwMDAwMDAwMDAwfSwic2NoZW1hX3ZlcnNpb24iOiIxIn0=",
          "dependencies": [
            "aws_security_group.windows_sg",
            "aws_vpc.main",
            "random_id.env_display_id"
          ]
        }
      ]
    },
    {
      "mode": "managed",
      "type": "aws_security_group",
      "name": "windows_sg",
      "provider": "provider[\"registry.terraform.io/hashicorp/aws\"]",
      "instances": [
        {
          "schema_version": 1,
          "attributes": {
            "arn": "arn:aws:ec2:us-west-2:550017254839:security-group/sg-0bb7652954661ffb8",
            "description": "Allow RDP traffic",
            "egress": [
              {
                "cidr_blocks": [
                  "0.0.0.0/0"
                ],
                "description": "",
                "from_port": 0,
                "ipv6_cidr_blocks": [],
                "prefix_list_ids": [],
                "protocol": "-1",
                "security_groups": [],
                "self": false,
                "to_port": 0
              }
            ],
            "id": "sg-0bb7652954661ffb8",
            "ingress": [
              {
                "cidr_blocks": [
                  "0.0.0.0/0"
                ],
                "description": "",
                "from_port": 3389,
                "ipv6_cidr_blocks": [],
                "prefix_list_ids": [],
                "protocol": "tcp",
                "security_groups": [],
                "self": false,
                "to_port": 3389
              },
              {
                "cidr_blocks": [
                  "0.0.0.0/0"
                ],
                "description": "",
                "from_port": 5985,
                "ipv6_cidr_blocks": [],
                "prefix_list_ids": [],
                "protocol": "tcp",
                "security_groups": [],
                "self": false,
                "to_port": 5986
              }
            ],
            "name": "frauddetectiondemo-windows-sg-2846d540",
            "name_prefix": "",
            "owner_id": "550017254839",
            "revoke_rules_on_delete": false,
            "tags": {
              "Name": "frauddetectiondemo-windows-sg-2846d540"
            },
            "tags_all": {
              "Name": "frauddetectiondemo-windows-sg-2846d540"
            },
            "timeouts": null,
            "vpc_id": "vpc-0880871ddaa7e8e55"
          },
          "sensitive_attributes": [],
          "private": "eyJlMmJmYjczMC1lY2FhLTExZTYtOGY4OC0zNDM2M2JjN2M0YzAiOnsiY3JlYXRlIjo2MDAwMDAwMDAwMDAsImRlbGV0ZSI6OTAwMDAwMDAwMDAwfSwic2NoZW1hX3ZlcnNpb24iOiIxIn0=",
          "dependencies": [
            "aws_vpc.main",
            "random_id.env_display_id"
          ]
        }
      ]
    },
    {
      "mode": "managed",
      "type": "aws_security_group_rule",
      "name": "self_ingress_443",
      "provider": "provider[\"registry.terraform.io/hashicorp/aws\"]",
      "instances": [
        {
          "schema_version": 2,
          "attributes": {
            "cidr_blocks": null,
            "description": null,
            "from_port": 443,
            "id": "sgrule-400333056",
            "ipv6_cidr_blocks": null,
            "prefix_list_ids": null,
            "protocol": "tcp",
            "security_group_id": "sg-02889ac1e7a8283cf",
            "security_group_rule_id": "sgr-0981a873c5d15c972",
            "self": false,
            "source_security_group_id": "sg-02889ac1e7a8283cf",
            "timeouts": null,
            "to_port": 443,
            "type": "ingress"
          },
          "sensitive_attributes": [],
          "private": "eyJlMmJmYjczMC1lY2FhLTExZTYtOGY4OC0zNDM2M2JjN2M0YzAiOnsiY3JlYXRlIjozMDAwMDAwMDAwMDB9LCJzY2hlbWFfdmVyc2lvbiI6IjIifQ==",
          "dependencies": [
            "aws_security_group.sg",
            "aws_security_group.windows_sg",
            "aws_vpc.main",
            "random_id.env_display_id"
          ]
        }
      ]
    },
    {
      "mode": "managed",
      "type": "aws_subnet",
      "name": "private_subnets",
      "provider": "provider[\"registry.terraform.io/hashicorp/aws\"]",
      "instances": [
        {
          "index_key": 0,
          "schema_version": 1,
          "attributes": {
            "arn": "arn:aws:ec2:us-west-2:550017254839:subnet/subnet-0f6c3a8f9bff7b712",
            "assign_ipv6_address_on_creation": false,
            "availability_zone": "us-west-2a",
            "availability_zone_id": "usw2-az1",
            "cidr_block": "10.0.10.0/24",
            "customer_owned_ipv4_pool": "",
            "enable_dns64": false,
            "enable_lni_at_device_index": 0,
            "enable_resource_name_dns_a_record_on_launch": false,
            "enable_resource_name_dns_aaaa_record_on_launch": false,
            "id": "subnet-0f6c3a8f9bff7b712",
            "ipv6_cidr_block": "",
            "ipv6_cidr_block_association_id": "",
            "ipv6_native": false,
            "map_customer_owned_ip_on_launch": false,
            "map_public_ip_on_launch": false,
            "outpost_arn": "",
            "owner_id": "550017254839",
            "private_dns_hostname_type_on_launch": "ip-name",
            "tags": {
              "Name": "frauddetectiondemo-private-0-2846d540"
            },
            "tags_all": {
              "Name": "frauddetectiondemo-private-0-2846d540"
            },
            "timeouts": null,
            "vpc_id": "vpc-0880871ddaa7e8e55"
          },
          "sensitive_attributes": [],
          "private": "eyJlMmJmYjczMC1lY2FhLTExZTYtOGY4OC0zNDM2M2JjN2M0YzAiOnsiY3JlYXRlIjo2MDAwMDAwMDAwMDAsImRlbGV0ZSI6MTIwMDAwMDAwMDAwMH0sInNjaGVtYV92ZXJzaW9uIjoiMSJ9",
          "dependencies": [
            "aws_vpc.main",
            "random_id.env_display_id"
          ],
          "create_before_destroy": true
        },
        {
          "index_key": 1,
          "schema_version": 1,
          "attributes": {
            "arn": "arn:aws:ec2:us-west-2:550017254839:subnet/subnet-06a699a9a62c0b2bd",
            "assign_ipv6_address_on_creation": false,
            "availability_zone": "us-west-2b",
            "availability_zone_id": "usw2-az2",
            "cidr_block": "10.0.11.0/24",
            "customer_owned_ipv4_pool": "",
            "enable_dns64": false,
            "enable_lni_at_device_index": 0,
            "enable_resource_name_dns_a_record_on_launch": false,
            "enable_resource_name_dns_aaaa_record_on_launch": false,
            "id": "subnet-06a699a9a62c0b2bd",
            "ipv6_cidr_block": "",
            "ipv6_cidr_block_association_id": "",
            "ipv6_native": false,
            "map_customer_owned_ip_on_launch": false,
            "map_public_ip_on_launch": false,
            "outpost_arn": "",
            "owner_id": "550017254839",
            "private_dns_hostname_type_on_launch": "ip-name",
            "tags": {
              "Name": "frauddetectiondemo-private-1-2846d540"
            },
            "tags_all": {
              "Name": "frauddetectiondemo-private-1-2846d540"
            },
            "timeouts": null,
            "vpc_id": "vpc-0880871ddaa7e8e55"
          },
          "sensitive_attributes": [],
          "private": "eyJlMmJmYjczMC1lY2FhLTExZTYtOGY4OC0zNDM2M2JjN2M0YzAiOnsiY3JlYXRlIjo2MDAwMDAwMDAwMDAsImRlbGV0ZSI6MTIwMDAwMDAwMDAwMH0sInNjaGVtYV92ZXJzaW9uIjoiMSJ9",
          "dependencies": [
            "aws_vpc.main",
            "random_id.env_display_id"
          ],
          "create_before_destroy": true
        },
        {
          "index_key": 2,
          "schema_version": 1,
          "attributes": {
            "arn": "arn:aws:ec2:us-west-2:550017254839:subnet/subnet-0d380b63a2cb2392a",
            "assign_ipv6_address_on_creation": false,
            "availability_zone": "us-west-2c",
            "availability_zone_id": "usw2-az3",
            "cidr_block": "10.0.12.0/24",
            "customer_owned_ipv4_pool": "",
            "enable_dns64": false,
            "enable_lni_at_device_index": 0,
            "enable_resource_name_dns_a_record_on_launch": false,
            "enable_resource_name_dns_aaaa_record_on_launch": false,
            "id": "subnet-0d380b63a2cb2392a",
            "ipv6_cidr_block": "",
            "ipv6_cidr_block_association_id": "",
            "ipv6_native": false,
            "map_customer_owned_ip_on_launch": false,
            "map_public_ip_on_launch": false,
            "outpost_arn": "",
            "owner_id": "550017254839",
            "private_dns_hostname_type_on_launch": "ip-name",
            "tags": {
              "Name": "frauddetectiondemo-private-2-2846d540"
            },
            "tags_all": {
              "Name": "frauddetectiondemo-private-2-2846d540"
            },
            "timeouts": null,
            "vpc_id": "vpc-0880871ddaa7e8e55"
          },
          "sensitive_attributes": [],
          "private": "eyJlMmJmYjczMC1lY2FhLTExZTYtOGY4OC0zNDM2M2JjN2M0YzAiOnsiY3JlYXRlIjo2MDAwMDAwMDAwMDAsImRlbGV0ZSI6MTIwMDAwMDAwMDAwMH0sInNjaGVtYV92ZXJzaW9uIjoiMSJ9",
          "dependencies": [
            "aws_vpc.main",
            "random_id.env_display_id"
          ],
          "create_before_destroy": true
        }
      ]
    },
    {
      "mode": "managed",
      "type": "aws_subnet",
      "name": "public_subnets",
      "provider": "provider[\"registry.terraform.io/hashicorp/aws\"]",
      "instances": [
        {
          "index_key": 0,
          "schema_version": 1,
          "attributes": {
            "arn": "arn:aws:ec2:us-west-2:550017254839:subnet/subnet-09e77a73c01053f14",
            "assign_ipv6_address_on_creation": false,
            "availability_zone": "us-west-2a",
            "availability_zone_id": "usw2-az1",
            "cidr_block": "10.0.1.0/24",
            "customer_owned_ipv4_pool": "",
            "enable_dns64": false,
            "enable_lni_at_device_index": 0,
            "enable_resource_name_dns_a_record_on_launch": false,
            "enable_resource_name_dns_aaaa_record_on_launch": false,
            "id": "subnet-09e77a73c01053f14",
            "ipv6_cidr_block": "",
            "ipv6_cidr_block_association_id": "",
            "ipv6_native": false,
            "map_customer_owned_ip_on_launch": false,
            "map_public_ip_on_launch": true,
            "outpost_arn": "",
            "owner_id": "550017254839",
            "private_dns_hostname_type_on_launch": "ip-name",
            "tags": {
              "Name": "frauddetectiondemo-public-0-2846d540",
              "kubernetes.io/role/elb": "1"
            },
            "tags_all": {
              "Name": "frauddetectiondemo-public-0-2846d540",
              "kubernetes.io/role/elb": "1"
            },
            "timeouts": null,
            "vpc_id": "vpc-0880871ddaa7e8e55"
          },
          "sensitive_attributes": [],
          "private": "eyJlMmJmYjczMC1lY2FhLTExZTYtOGY4OC0zNDM2M2JjN2M0YzAiOnsiY3JlYXRlIjo2MDAwMDAwMDAwMDAsImRlbGV0ZSI6MTIwMDAwMDAwMDAwMH0sInNjaGVtYV92ZXJzaW9uIjoiMSJ9",
          "dependencies": [
            "aws_vpc.main",
            "random_id.env_display_id"
          ]
        },
        {
          "index_key": 1,
          "schema_version": 1,
          "attributes": {
            "arn": "arn:aws:ec2:us-west-2:550017254839:subnet/subnet-04b27f1e98710a9b3",
            "assign_ipv6_address_on_creation": false,
            "availability_zone": "us-west-2b",
            "availability_zone_id": "usw2-az2",
            "cidr_block": "10.0.2.0/24",
            "customer_owned_ipv4_pool": "",
            "enable_dns64": false,
            "enable_lni_at_device_index": 0,
            "enable_resource_name_dns_a_record_on_launch": false,
            "enable_resource_name_dns_aaaa_record_on_launch": false,
            "id": "subnet-04b27f1e98710a9b3",
            "ipv6_cidr_block": "",
            "ipv6_cidr_block_association_id": "",
            "ipv6_native": false,
            "map_customer_owned_ip_on_launch": false,
            "map_public_ip_on_launch": true,
            "outpost_arn": "",
            "owner_id": "550017254839",
            "private_dns_hostname_type_on_launch": "ip-name",
            "tags": {
              "Name": "frauddetectiondemo-public-1-2846d540",
              "kubernetes.io/role/elb": "1"
            },
            "tags_all": {
              "Name": "frauddetectiondemo-public-1-2846d540",
              "kubernetes.io/role/elb": "1"
            },
            "timeouts": null,
            "vpc_id": "vpc-0880871ddaa7e8e55"
          },
          "sensitive_attributes": [],
          "private": "eyJlMmJmYjczMC1lY2FhLTExZTYtOGY4OC0zNDM2M2JjN2M0YzAiOnsiY3JlYXRlIjo2MDAwMDAwMDAwMDAsImRlbGV0ZSI6MTIwMDAwMDAwMDAwMH0sInNjaGVtYV92ZXJzaW9uIjoiMSJ9",
          "dependencies": [
            "aws_vpc.main",
            "random_id.env_display_id"
          ]
        },
        {
          "index_key": 2,
          "schema_version": 1,
          "attributes": {
            "arn": "arn:aws:ec2:us-west-2:550017254839:subnet/subnet-01d76f82a2287974d",
            "assign_ipv6_address_on_creation": false,
            "availability_zone": "us-west-2c",
            "availability_zone_id": "usw2-az3",
            "cidr_block": "10.0.3.0/24",
            "customer_owned_ipv4_pool": "",
            "enable_dns64": false,
            "enable_lni_at_device_index": 0,
            "enable_resource_name_dns_a_record_on_launch": false,
            "enable_resource_name_dns_aaaa_record_on_launch": false,
            "id": "subnet-01d76f82a2287974d",
            "ipv6_cidr_block": "",
            "ipv6_cidr_block_association_id": "",
            "ipv6_native": false,
            "map_customer_owned_ip_on_launch": false,
            "map_public_ip_on_launch": true,
            "outpost_arn": "",
            "owner_id": "550017254839",
            "private_dns_hostname_type_on_launch": "ip-name",
            "tags": {
              "Name": "frauddetectiondemo-public-2-2846d540",
              "kubernetes.io/role/elb": "1"
            },
            "tags_all": {
              "Name": "frauddetectiondemo-public-2-2846d540",
              "kubernetes.io/role/elb": "1"
            },
            "timeouts": null,
            "vpc_id": "vpc-0880871ddaa7e8e55"
          },
          "sensitive_attributes": [],
          "private": "eyJlMmJmYjczMC1lY2FhLTExZTYtOGY4OC0zNDM2M2JjN2M0YzAiOnsiY3JlYXRlIjo2MDAwMDAwMDAwMDAsImRlbGV0ZSI6MTIwMDAwMDAwMDAwMH0sInNjaGVtYV92ZXJzaW9uIjoiMSJ9",
          "dependencies": [
            "aws_vpc.main",
            "random_id.env_display_id"
          ]
        }
      ]
    },
    {
      "mode": "managed",
      "type": "aws_vpc",
      "name": "main",
      "provider": "provider[\"registry.terraform.io/hashicorp/aws\"]",
      "instances": [
        {
          "schema_version": 1,
          "attributes": {
            "arn": "arn:aws:ec2:us-west-2:550017254839:vpc/vpc-0880871ddaa7e8e55",
            "assign_generated_ipv6_cidr_block": false,
            "cidr_block": "10.0.0.0/16",
            "default_network_acl_id": "acl-0e3df09a0f3d73c99",
            "default_route_table_id": "rtb-0bb24df3f98129fb5",
            "default_security_group_id": "sg-0b7ec920967bceb6f",
            "dhcp_options_id": "dopt-03101b97c2f15e2eb",
            "enable_dns_hostnames": true,
            "enable_dns_support": true,
            "enable_network_address_usage_metrics": false,
            "id": "vpc-0880871ddaa7e8e55",
            "instance_tenancy": "default",
            "ipv4_ipam_pool_id": null,
            "ipv4_netmask_length": null,
            "ipv6_association_id": "",
            "ipv6_cidr_block": "",
            "ipv6_cidr_block_network_border_group": "",
            "ipv6_ipam_pool_id": "",
            "ipv6_netmask_length": 0,
            "main_route_table_id": "rtb-0bb24df3f98129fb5",
            "owner_id": "550017254839",
            "tags": {
              "Name": "frauddetectiondemo-vpc-2846d540"
            },
            "tags_all": {
              "Name": "frauddetectiondemo-vpc-2846d540"
            }
          },
          "sensitive_attributes": [],
          "private": "eyJzY2hlbWFfdmVyc2lvbiI6IjEifQ==",
          "dependencies": [
            "random_id.env_display_id"
          ],
          "create_before_destroy": true
        }
      ]
    },
    {
      "mode": "managed",
      "type": "aws_vpc_endpoint",
      "name": "privatelink",
      "provider": "provider[\"registry.terraform.io/hashicorp/aws\"]",
      "instances": [
        {
          "schema_version": 0,
          "attributes": {
            "arn": "arn:aws:ec2:us-west-2:550017254839:vpc-endpoint/vpce-09b5fb93dddecf774",
            "auto_accept": null,
            "cidr_blocks": [],
            "dns_entry": [
              {
                "dns_name": "vpce-09b5fb93dddecf774-dro6hb1j.vpce-svc-06a0af73877f48196.us-west-2.vpce.amazonaws.com",
                "hosted_zone_id": "Z1YSA3EXCYUU9Z"
              },
              {
                "dns_name": "vpce-09b5fb93dddecf774-dro6hb1j-us-west-2a.vpce-svc-06a0af73877f48196.us-west-2.vpce.amazonaws.com",
                "hosted_zone_id": "Z1YSA3EXCYUU9Z"
              },
              {
                "dns_name": "vpce-09b5fb93dddecf774-dro6hb1j-us-west-2b.vpce-svc-06a0af73877f48196.us-west-2.vpce.amazonaws.com",
                "hosted_zone_id": "Z1YSA3EXCYUU9Z"
              },
              {
                "dns_name": "vpce-09b5fb93dddecf774-dro6hb1j-us-west-2c.vpce-svc-06a0af73877f48196.us-west-2.vpce.amazonaws.com",
                "hosted_zone_id": "Z1YSA3EXCYUU9Z"
              }
            ],
            "dns_options": [
              {
                "dns_record_ip_type": "ipv4",
                "private_dns_only_for_inbound_resolver_endpoint": false
              }
            ],
            "id": "vpce-09b5fb93dddecf774",
            "ip_address_type": "ipv4",
            "network_interface_ids": [
              "eni-0466995c7b8d6381b",
              "eni-05852ae543774a066",
              "eni-0a86f0f82db92d44c"
            ],
            "owner_id": "550017254839",
            "policy": "{\"Statement\":[{\"Action\":\"*\",\"Effect\":\"Allow\",\"Principal\":\"*\",\"Resource\":\"*\"}]}",
            "prefix_list_id": null,
            "private_dns_enabled": false,
            "requester_managed": false,
            "route_table_ids": [],
            "security_group_ids": [
              "sg-02889ac1e7a8283cf"
            ],
            "service_name": "com.amazonaws.vpce.us-west-2.vpce-svc-06a0af73877f48196",
            "service_region": "us-west-2",
            "state": "available",
            "subnet_configuration": [
              {
                "ipv4": "10.0.10.64",
                "ipv6": "",
                "subnet_id": "subnet-0f6c3a8f9bff7b712"
              },
              {
                "ipv4": "10.0.11.5",
                "ipv6": "",
                "subnet_id": "subnet-06a699a9a62c0b2bd"
              },
              {
                "ipv4": "10.0.12.92",
                "ipv6": "",
                "subnet_id": "subnet-0d380b63a2cb2392a"
              }
            ],
            "subnet_ids": [
              "subnet-06a699a9a62c0b2bd",
              "subnet-0d380b63a2cb2392a",
              "subnet-0f6c3a8f9bff7b712"
            ],
            "tags": {
              "Name": "frauddetectiondemo-confluent-private-link-endpoint-2846d540"
            },
            "tags_all": {
              "Name": "frauddetectiondemo-confluent-private-link-endpoint-2846d540"
            },
            "timeouts": null,
            "vpc_endpoint_type": "Interface",
            "vpc_id": "vpc-0880871ddaa7e8e55"
          },
          "sensitive_attributes": [],
          "private": "eyJlMmJmYjczMC1lY2FhLTExZTYtOGY4OC0zNDM2M2JjN2M0YzAiOnsiY3JlYXRlIjo2MDAwMDAwMDAwMDAsImRlbGV0ZSI6NjAwMDAwMDAwMDAwLCJ1cGRhdGUiOjYwMDAwMDAwMDAwMH19",
          "dependencies": [
            "aws_security_group.sg",
            "aws_security_group.windows_sg",
            "aws_subnet.private_subnets",
            "aws_vpc.main",
            "confluent_environment.staging",
            "confluent_private_link_attachment.pla",
            "random_id.env_display_id"
          ]
        }
      ]
    },
    {
      "mode": "managed",
      "type": "aws_vpc_endpoint_service",
      "name": "rds_endpoint_service",
      "provider": "provider[\"registry.terraform.io/hashicorp/aws\"]",
      "instances": [
        {
          "schema_version": 0,
          "attributes": {
            "acceptance_required": false,
            "allowed_principals": [
              "arn:aws:iam::730335223811:role/env-15j283-role"
            ],
            "arn": "arn:aws:ec2:us-west-2:550017254839:vpc-endpoint-service/vpce-svc-03d38768cebed3d4e",
            "availability_zones": [
              "us-west-2a",
              "us-west-2b",
              "us-west-2c"
            ],
            "base_endpoint_dns_names": [
              "vpce-svc-03d38768cebed3d4e.us-west-2.vpce.amazonaws.com"
            ],
            "gateway_load_balancer_arns": [],
            "id": "vpce-svc-03d38768cebed3d4e",
            "manages_vpc_endpoints": false,
            "network_load_balancer_arns": [
              "arn:aws:elasticloadbalancing:us-west-2:550017254839:loadbalancer/net/frauddetectiondemo-nlb-2846d540/4a5ed99401f5f7b2"
            ],
            "private_dns_name": "",
            "private_dns_name_configuration": [],
            "service_name": "com.amazonaws.vpce.us-west-2.vpce-svc-03d38768cebed3d4e",
            "service_type": "Interface",
            "state": "Available",
            "supported_ip_address_types": [
              "ipv4"
            ],
            "supported_regions": [
              "us-west-2"
            ],
            "tags": {
              "Name": "frauddetectiondemo-rds-endpoint-services-2846d540"
            },
            "tags_all": {
              "Name": "frauddetectiondemo-rds-endpoint-services-2846d540"
            },
            "timeouts": null
          },
          "sensitive_attributes": [],
          "private": "eyJlMmJmYjczMC1lY2FhLTExZTYtOGY4OC0zNDM2M2JjN2M0YzAiOnsiY3JlYXRlIjo2MDAwMDAwMDAwMDAsImRlbGV0ZSI6NjAwMDAwMDAwMDAwLCJ1cGRhdGUiOjYwMDAwMDAwMDAwMH19",
          "dependencies": [
            "aws_lb.rds_oracle_nlb",
            "aws_subnet.private_subnets",
            "aws_vpc.main",
            "random_id.env_display_id"
          ],
          "create_before_destroy": true
        }
      ]
    },
    {
      "mode": "managed",
      "type": "aws_vpc_endpoint_service_allowed_principal",
      "name": "allow_confluent_rds_gateway",
      "provider": "provider[\"registry.terraform.io/hashicorp/aws\"]",
      "instances": [
        {
          "schema_version": 0,
          "attributes": {
            "id": "vpce-svc-perm-044ed0ebc3bd32304",
            "principal_arn": "arn:aws:iam::730335223811:role/env-15j283-role",
            "vpc_endpoint_service_id": "vpce-svc-03d38768cebed3d4e"
          },
          "sensitive_attributes": [],
          "private": "bnVsbA==",
          "dependencies": [
            "aws_lb.rds_oracle_nlb",
            "aws_subnet.private_subnets",
            "aws_vpc.main",
            "aws_vpc_endpoint_service.rds_endpoint_service",
            "confluent_environment.staging",
            "confluent_gateway.confluent_rds_gateway",
            "random_id.env_display_id"
          ]
        }
      ]
    },
    {
      "mode": "managed",
      "type": "confluent_access_point",
      "name": "confluent_oracle_db_access_point",
      "provider": "provider[\"registry.terraform.io/confluentinc/confluent\"]",
      "instances": [
        {
          "schema_version": 0,
          "attributes": {
            "aws_egress_private_link_endpoint": [
              {
                "enable_high_availability": false,
                "vpc_endpoint_dns_name": "vpce-0bb1011ceffff99c6-xpg0uqza.vpce-svc-03d38768cebed3d4e.us-west-2.vpce.amazonaws.com",
                "vpc_endpoint_id": "vpce-0bb1011ceffff99c6",
                "vpc_endpoint_service_name": "com.amazonaws.vpce.us-west-2.vpce-svc-03d38768cebed3d4e"
              }
            ],
            "aws_private_network_interface": [],
            "azure_egress_private_link_endpoint": [],
            "display_name": "oracledb_privatelink_access_point",
            "environment": [
              {
                "id": "env-15j283"
              }
            ],
            "gateway": [
              {
                "id": "gw-1q77yd"
              }
            ],
            "id": "ap-4j2vl8"
          },
          "sensitive_attributes": [],
          "private": "bnVsbA==",
          "dependencies": [
            "aws_lb.rds_oracle_nlb",
            "aws_subnet.private_subnets",
            "aws_vpc.main",
            "aws_vpc_endpoint_service.rds_endpoint_service",
            "aws_vpc_endpoint_service_allowed_principal.allow_confluent_rds_gateway",
            "confluent_environment.staging",
            "confluent_gateway.confluent_rds_gateway",
            "random_id.env_display_id"
          ]
        }
      ]
    },
    {
      "mode": "managed",
      "type": "confluent_api_key",
      "name": "schema-registry-api-key",
      "provider": "provider[\"registry.terraform.io/confluentinc/confluent\"]",
      "instances": [
        {
          "schema_version": 0,
          "attributes": {
            "description": "Schema Registry API Key that is owned by 'env-manager' service account",
            "disable_wait_for_ready": false,
            "display_name": "env-manager-schema-registry-api-key",
            "id": "7UQKYD2BWZJKERZ2",
            "managed_resource": [
              {
                "api_version": "srcm/v2",
                "environment": [
                  {
                    "id": "env-15j283"
                  }
                ],
                "id": "lsrc-777nxj",
                "kind": "Cluster"
              }
            ],
            "owner": [
              {
                "api_version": "iam/v2",
                "id": "sa-918vo7",
                "kind": "ServiceAccount"
              }
            ],
            "secret": "Fnp04BZpxBOlCu9S/7K0xhpTsTdrdY/dUiD1ts6VxoIWDIlDOBkZ5qzowvIEpfKI"
          },
          "sensitive_attributes": [
            [
              {
                "type": "get_attr",
                "value": "secret"
              }
            ]
          ],
          "private": "bnVsbA==",
          "dependencies": [
            "confluent_environment.staging",
            "confluent_kafka_cluster.cluster",
            "confluent_service_account.app-manager",
            "data.confluent_schema_registry_cluster.sr",
            "random_id.env_display_id"
          ]
        }
      ]
    },
    {
      "mode": "managed",
      "type": "confluent_dns_record",
      "name": "main",
      "provider": "provider[\"registry.terraform.io/confluentinc/confluent\"]",
      "instances": [
        {
          "schema_version": 0,
          "attributes": {
            "display_name": "dns_record",
            "domain": "us-west-2.rds.amazonaws.com",
            "environment": [
              {
                "id": "env-15j283"
              }
            ],
            "gateway": [
              {
                "id": "gw-1q77yd"
              }
            ],
            "id": "dnsrec-3vg403",
            "private_link_access_point": [
              {
                "id": "ap-4j2vl8"
              }
            ]
          },
          "sensitive_attributes": [],
          "private": "bnVsbA==",
          "dependencies": [
            "aws_lb.rds_oracle_nlb",
            "aws_subnet.private_subnets",
            "aws_vpc.main",
            "aws_vpc_endpoint_service.rds_endpoint_service",
            "aws_vpc_endpoint_service_allowed_principal.allow_confluent_rds_gateway",
            "confluent_access_point.confluent_oracle_db_access_point",
            "confluent_environment.staging",
            "confluent_gateway.confluent_rds_gateway",
            "random_id.env_display_id"
          ]
        }
      ]
    },
    {
      "mode": "managed",
      "type": "confluent_environment",
      "name": "staging",
      "provider": "provider[\"registry.terraform.io/confluentinc/confluent\"]",
      "instances": [
        {
          "schema_version": 0,
          "attributes": {
            "display_name": "frauddetectiondemo-environment-2846d540",
            "id": "env-15j283",
            "resource_name": "crn://confluent.cloud/organization=1c2774ee-94b9-406c-ac22-36adca160c3b/environment=env-15j283",
            "stream_governance": [
              {
                "package": "ADVANCED"
              }
            ]
          },
          "sensitive_attributes": [],
          "private": "bnVsbA==",
          "dependencies": [
            "random_id.env_display_id"
          ]
        }
      ]
    },
    {
      "mode": "managed",
      "type": "confluent_flink_compute_pool",
      "name": "flink_pool",
      "provider": "provider[\"registry.terraform.io/confluentinc/confluent\"]",
      "instances": [
        {
          "schema_version": 0,
          "attributes": {
            "api_version": "fcpm/v2",
            "cloud": "AWS",
            "display_name": "default",
            "environment": [
              {
                "id": "env-15j283"
              }
            ],
            "id": "lfcp-1mmj73",
            "kind": "ComputePool",
            "max_cfu": 50,
            "region": "us-west-2",
            "resource_name": "crn://confluent.cloud/organization=1c2774ee-94b9-406c-ac22-36adca160c3b/environment=env-15j283/flink-region=aws.us-west-2/compute-pool=lfcp-1mmj73",
            "timeouts": null
          },
          "sensitive_attributes": [],
          "private": "eyJlMmJmYjczMC1lY2FhLTExZTYtOGY4OC0zNDM2M2JjN2M0YzAiOnsiY3JlYXRlIjozNjAwMDAwMDAwMDAwLCJkZWxldGUiOjM2MDAwMDAwMDAwMDB9fQ==",
          "dependencies": [
            "confluent_environment.staging",
            "data.confluent_flink_region.flink_region",
            "random_id.env_display_id"
          ]
        }
      ]
    },
    {
      "mode": "managed",
      "type": "confluent_gateway",
      "name": "confluent_rds_gateway",
      "provider": "provider[\"registry.terraform.io/confluentinc/confluent\"]",
      "instances": [
        {
          "schema_version": 0,
          "attributes": {
            "aws_egress_private_link_gateway": [
              {
                "principal_arn": "arn:aws:iam::730335223811:role/env-15j283-role",
                "region": "us-west-2"
              }
            ],
            "aws_private_network_interface_gateway": [],
            "azure_egress_private_link_gateway": [],
            "display_name": "frauddetectiondemo-gateway-2846d540",
            "environment": [
              {
                "id": "env-15j283"
              }
            ],
            "id": "gw-1q77yd"
          },
          "sensitive_attributes": [],
          "private": "bnVsbA==",
          "dependencies": [
            "confluent_environment.staging",
            "random_id.env_display_id"
          ]
        }
      ]
    },
    {
      "mode": "managed",
      "type": "confluent_kafka_cluster",
      "name": "cluster",
      "provider": "provider[\"registry.terraform.io/confluentinc/confluent\"]",
      "instances": [
        {
          "schema_version": 1,
          "attributes": {
            "api_version": "cmk/v2",
            "availability": "MULTI_ZONE",
            "basic": [],
            "bootstrap_endpoint": "lkc-n99wd3.us-west-2.aws.private.confluent.cloud:9092",
            "byok_key": [
              {
                "id": ""
              }
            ],
            "cloud": "AWS",
            "dedicated": [],
            "display_name": "frauddetectiondemo-cluster-2846d540",
            "enterprise": [
              {}
            ],
            "environment": [
              {
                "id": "env-15j283"
              }
            ],
            "freight": [],
            "id": "lkc-n99wd3",
            "kind": "Cluster",
            "network": [
              {
                "id": ""
              }
            ],
            "rbac_crn": "crn://confluent.cloud/organization=1c2774ee-94b9-406c-ac22-36adca160c3b/environment=env-15j283/cloud-cluster=lkc-n99wd3",
            "region": "us-west-2",
            "rest_endpoint": "https://lkc-n99wd3.us-west-2.aws.private.confluent.cloud:443",
            "standard": [],
            "timeouts": null
          },
          "sensitive_attributes": [],
          "private": "eyJlMmJmYjczMC1lY2FhLTExZTYtOGY4OC0zNDM2M2JjN2M0YzAiOnsiY3JlYXRlIjoyNTkyMDAwMDAwMDAwMDAsInVwZGF0ZSI6MjU5MjAwMDAwMDAwMDAwfSwic2NoZW1hX3ZlcnNpb24iOiIxIn0=",
          "dependencies": [
            "confluent_environment.staging",
            "random_id.env_display_id"
          ]
        }
      ]
    },
    {
      "mode": "managed",
      "type": "confluent_private_link_attachment",
      "name": "pla",
      "provider": "provider[\"registry.terraform.io/confluentinc/confluent\"]",
      "instances": [
        {
          "schema_version": 0,
          "attributes": {
            "aws": [
              {
                "vpc_endpoint_service_name": "com.amazonaws.vpce.us-west-2.vpce-svc-06a0af73877f48196"
              }
            ],
            "azure": [],
            "cloud": "AWS",
            "display_name": "frauddetectiondemo-staging-aws-platt-2846d540",
            "dns_domain": "us-west-2.aws.private.confluent.cloud",
            "environment": [
              {
                "id": "env-15j283"
              }
            ],
            "gcp": [],
            "id": "platt-r113jd",
            "region": "us-west-2",
            "resource_name": "crn://confluent.cloud/organization=1c2774ee-94b9-406c-ac22-36adca160c3b/environment=env-15j283/private-link-attachment=platt-r113jd"
          },
          "sensitive_attributes": [],
          "private": "bnVsbA==",
          "dependencies": [
            "confluent_environment.staging",
            "random_id.env_display_id"
          ]
        }
      ]
    },
    {
      "mode": "managed",
      "type": "confluent_private_link_attachment_connection",
      "name": "plac",
      "provider": "provider[\"registry.terraform.io/confluentinc/confluent\"]",
      "instances": [
        {
          "schema_version": 0,
          "attributes": {
            "aws": [
              {
                "vpc_endpoint_id": "vpce-09b5fb93dddecf774"
              }
            ],
            "azure": [],
            "display_name": "frauddetectiondemo-staging-aws-plattc-2846d540",
            "environment": [
              {
                "id": "env-15j283"
              }
            ],
            "gcp": [],
            "id": "plattc-69k59n",
            "private_link_attachment": [
              {
                "id": "platt-r113jd"
              }
            ],
            "resource_name": "crn://confluent.cloud/organization=1c2774ee-94b9-406c-ac22-36adca160c3b/environment=env-15j283/private-link-attachment=platt-r113jd/private-link-attachment-connection=plattc-69k59n"
          },
          "sensitive_attributes": [],
          "private": "bnVsbA==",
          "dependencies": [
            "aws_security_group.sg",
            "aws_security_group.windows_sg",
            "aws_subnet.private_subnets",
            "aws_vpc.main",
            "aws_vpc_endpoint.privatelink",
            "confluent_environment.staging",
            "confluent_private_link_attachment.pla",
            "random_id.env_display_id"
          ]
        }
      ]
    },
    {
      "mode": "managed",
      "type": "confluent_role_binding",
      "name": "app-manager-kafka-cluster-admin",
      "provider": "provider[\"registry.terraform.io/confluentinc/confluent\"]",
      "instances": [
        {
          "schema_version": 0,
          "attributes": {
            "crn_pattern": "crn://confluent.cloud/organization=1c2774ee-94b9-406c-ac22-36adca160c3b/environment=env-15j283",
            "id": "rb-lLzzKD",
            "principal": "User:sa-918vo7",
            "role_name": "EnvironmentAdmin"
          },
          "sensitive_attributes": [],
          "private": "bnVsbA==",
          "dependencies": [
            "confluent_environment.staging",
            "confluent_service_account.app-manager",
            "random_id.env_display_id"
          ]
        }
      ]
    },
    {
      "mode": "managed",
      "type": "confluent_service_account",
      "name": "app-manager",
      "provider": "provider[\"registry.terraform.io/confluentinc/confluent\"]",
      "instances": [
        {
          "schema_version": 0,
          "attributes": {
            "api_version": "iam/v2",
            "description": "Service account to manage 'inventory' Kafka cluster",
            "display_name": "frauddetectiondemo-app-manager-2846d540",
            "id": "sa-918vo7",
            "kind": "ServiceAccount"
          },
          "sensitive_attributes": [],
          "private": "bnVsbA==",
          "dependencies": [
            "random_id.env_display_id"
          ]
        }
      ]
    },
    {
      "mode": "managed",
      "type": "kubernetes_config_map",
      "name": "fraud_demo_config",
      "provider": "provider[\"registry.terraform.io/hashicorp/kubernetes\"]",
      "instances": [
        {
          "schema_version": 0,
          "attributes": {
            "binary_data": {},
            "data": {
              "ADMIN_USER_EMAIL": "admin@admin.com",
              "ADMIN_USER_PASSWORD": "admin",
              "ADMIN_USER_USERNAME": "admin",
              "DB_HOST": "terraform-2025022823311716550000000a.cy56rbcnrbof.us-west-2.rds.amazonaws.com",
              "DB_NAME": "DEMODB",
              "DB_PASSWORD": "thebestpasswordever!",
              "DB_PORT": "1521",
              "DB_USER": "thebestusername"
            },
            "id": "frauddemo/fraud-demo-config",
            "immutable": false,
            "metadata": [
              {
                "annotations": {},
                "generate_name": "",
                "generation": 0,
                "labels": {},
                "name": "fraud-demo-config",
                "namespace": "frauddemo",
                "resource_version": "3385",
                "uid": "6826716d-be87-447e-9a1e-5c3b0f48cd77"
              }
            ]
          },
          "sensitive_attributes": [
            [
              {
                "type": "get_attr",
                "value": "data"
              },
              {
                "type": "index",
                "value": {
                  "value": "DB_PASSWORD",
                  "type": "string"
                }
              }
            ]
          ],
          "private": "bnVsbA==",
          "dependencies": [
            "aws_db_instance.oracle_db",
            "aws_db_subnet_group.db_subnet_group",
            "aws_eks_access_policy_association.caller_cluster_admin_policy",
            "aws_eks_cluster.eks_cluster",
            "aws_iam_role.cluster",
            "aws_iam_role.node",
            "aws_iam_role_policy_attachment.cluster_AmazonEKSBlockStoragePolicy",
            "aws_iam_role_policy_attachment.cluster_AmazonEKSClusterPolicy",
            "aws_iam_role_policy_attachment.cluster_AmazonEKSComputePolicy",
            "aws_iam_role_policy_attachment.cluster_AmazonEKSLoadBalancingPolicy",
            "aws_iam_role_policy_attachment.cluster_AmazonEKSNetworkingPolicy",
            "aws_security_group.db_sg",
            "aws_subnet.private_subnets",
            "aws_subnet.public_subnets",
            "aws_vpc.main",
            "data.aws_caller_identity.current",
            "kubernetes_namespace.demo_namespace",
            "random_id.env_display_id"
          ]
        }
      ]
    },
    {
      "mode": "managed",
      "type": "kubernetes_deployment",
      "name": "fraud_demo",
      "provider": "provider[\"registry.terraform.io/hashicorp/kubernetes\"]",
      "instances": [
        {
          "schema_version": 1,
          "attributes": {
            "id": "frauddemo/fraud-demo",
            "metadata": [
              {
                "annotations": {},
                "generate_name": "",
                "generation": 1,
                "labels": {},
                "name": "fraud-demo",
                "namespace": "frauddemo",
                "resource_version": "3863",
                "uid": "fbb43a0c-a8c5-40a8-be4f-f051d77030d0"
              }
            ],
            "spec": [
              {
                "min_ready_seconds": 0,
                "paused": false,
                "progress_deadline_seconds": 600,
                "replicas": "1",
                "revision_history_limit": 10,
                "selector": [
                  {
                    "match_expressions": [],
                    "match_labels": {
                      "app.kubernetes.io/name": "fraud-demo"
                    }
                  }
                ],
                "strategy": [
                  {
                    "rolling_update": [
                      {
                        "max_surge": "25%",
                        "max_unavailable": "25%"
                      }
                    ],
                    "type": "RollingUpdate"
                  }
                ],
                "template": [
                  {
                    "metadata": [
                      {
                        "annotations": {},
                        "generate_name": "",
                        "generation": 0,
                        "labels": {
                          "app.kubernetes.io/name": "fraud-demo"
                        },
                        "name": "",
                        "namespace": "",
                        "resource_version": "",
                        "uid": ""
                      }
                    ],
                    "spec": [
                      {
                        "active_deadline_seconds": 0,
                        "affinity": [],
                        "automount_service_account_token": true,
                        "container": [
                          {
                            "args": [
                              "python /opt/fraud_detection/manage.py makemigrations \u0026\u0026\npython /opt/fraud_detection/manage.py migrate \u0026\u0026\npython /opt/fraud_detection/manage.py collectstatic --no-input \u0026\u0026\npython /opt/fraud_detection/manage.py load_users \u0026\u0026\npython /opt/fraud_detection/manage.py create_default_super_user \u0026\u0026\ngunicorn -c /opt/fraud_detection/gunicorn.conf.py fraud_detection.wsgi:application\n"
                            ],
                            "command": [
                              "/bin/sh",
                              "-c"
                            ],
                            "env": [
                              {
                                "name": "DB_NAME",
                                "value": "",
                                "value_from": [
                                  {
                                    "config_map_key_ref": [
                                      {
                                        "key": "DB_NAME",
                                        "name": "fraud-demo-config",
                                        "optional": false
                                      }
                                    ],
                                    "field_ref": [],
                                    "resource_field_ref": [],
                                    "secret_key_ref": []
                                  }
                                ]
                              },
                              {
                                "name": "DB_USER",
                                "value": "",
                                "value_from": [
                                  {
                                    "config_map_key_ref": [
                                      {
                                        "key": "DB_USER",
                                        "name": "fraud-demo-config",
                                        "optional": false
                                      }
                                    ],
                                    "field_ref": [],
                                    "resource_field_ref": [],
                                    "secret_key_ref": []
                                  }
                                ]
                              },
                              {
                                "name": "DB_HOST",
                                "value": "",
                                "value_from": [
                                  {
                                    "config_map_key_ref": [
                                      {
                                        "key": "DB_HOST",
                                        "name": "fraud-demo-config",
                                        "optional": false
                                      }
                                    ],
                                    "field_ref": [],
                                    "resource_field_ref": [],
                                    "secret_key_ref": []
                                  }
                                ]
                              },
                              {
                                "name": "DB_PORT",
                                "value": "",
                                "value_from": [
                                  {
                                    "config_map_key_ref": [
                                      {
                                        "key": "DB_PORT",
                                        "name": "fraud-demo-config",
                                        "optional": false
                                      }
                                    ],
                                    "field_ref": [],
                                    "resource_field_ref": [],
                                    "secret_key_ref": []
                                  }
                                ]
                              },
                              {
                                "name": "DB_PASSWORD",
                                "value": "",
                                "value_from": [
                                  {
                                    "config_map_key_ref": [
                                      {
                                        "key": "DB_PASSWORD",
                                        "name": "fraud-demo-config",
                                        "optional": false
                                      }
                                    ],
                                    "field_ref": [],
                                    "resource_field_ref": [],
                                    "secret_key_ref": []
                                  }
                                ]
                              },
                              {
                                "name": "ADMIN_USER_USERNAME",
                                "value": "",
                                "value_from": [
                                  {
                                    "config_map_key_ref": [
                                      {
                                        "key": "ADMIN_USER_USERNAME",
                                        "name": "fraud-demo-config",
                                        "optional": false
                                      }
                                    ],
                                    "field_ref": [],
                                    "resource_field_ref": [],
                                    "secret_key_ref": []
                                  }
                                ]
                              },
                              {
                                "name": "ADMIN_USER_EMAIL",
                                "value": "",
                                "value_from": [
                                  {
                                    "config_map_key_ref": [
                                      {
                                        "key": "ADMIN_USER_EMAIL",
                                        "name": "fraud-demo-config",
                                        "optional": false
                                      }
                                    ],
                                    "field_ref": [],
                                    "resource_field_ref": [],
                                    "secret_key_ref": []
                                  }
                                ]
                              },
                              {
                                "name": "ADMIN_USER_PASSWORD",
                                "value": "",
                                "value_from": [
                                  {
                                    "config_map_key_ref": [
                                      {
                                        "key": "ADMIN_USER_PASSWORD",
                                        "name": "fraud-demo-config",
                                        "optional": false
                                      }
                                    ],
                                    "field_ref": [],
                                    "resource_field_ref": [],
                                    "secret_key_ref": []
                                  }
                                ]
                              }
                            ],
                            "env_from": [],
                            "image": "public.ecr.aws/v3a9u0p7/demo/fraud-webapp:latest",
                            "image_pull_policy": "Always",
                            "lifecycle": [],
                            "liveness_probe": [
                              {
                                "exec": [],
                                "failure_threshold": 5,
                                "grpc": [],
                                "http_get": [
                                  {
                                    "host": "",
                                    "http_header": [],
                                    "path": "/health/",
                                    "port": "8000",
                                    "scheme": "HTTP"
                                  }
                                ],
                                "initial_delay_seconds": 3,
                                "period_seconds": 10,
                                "success_threshold": 1,
                                "tcp_socket": [],
                                "timeout_seconds": 2
                              }
                            ],
                            "name": "fraud-demo",
                            "port": [
                              {
                                "container_port": 8000,
                                "host_ip": "",
                                "host_port": 0,
                                "name": "gunicornport",
                                "protocol": "TCP"
                              }
                            ],
                            "readiness_probe": [
                              {
                                "exec": [],
                                "failure_threshold": 5,
                                "grpc": [],
                                "http_get": [
                                  {
                                    "host": "",
                                    "http_header": [],
                                    "path": "/health/",
                                    "port": "8000",
                                    "scheme": "HTTP"
                                  }
                                ],
                                "initial_delay_seconds": 20,
                                "period_seconds": 3,
                                "success_threshold": 1,
                                "tcp_socket": [],
                                "timeout_seconds": 3
                              }
                            ],
                            "resources": [
                              {
                                "limits": {},
                                "requests": {}
                              }
                            ],
                            "security_context": [],
                            "startup_probe": [],
                            "stdin": false,
                            "stdin_once": false,
                            "termination_message_path": "/dev/termination-log",
                            "termination_message_policy": "File",
                            "tty": false,
                            "volume_device": [],
                            "volume_mount": [],
                            "working_dir": ""
                          }
                        ],
                        "dns_config": [],
                        "dns_policy": "ClusterFirst",
                        "enable_service_links": true,
                        "host_aliases": [],
                        "host_ipc": false,
                        "host_network": false,
                        "host_pid": false,
                        "hostname": "",
                        "image_pull_secrets": [],
                        "init_container": [],
                        "node_name": "",
                        "node_selector": {},
                        "os": [],
                        "priority_class_name": "",
                        "readiness_gate": [],
                        "restart_policy": "Always",
                        "runtime_class_name": "",
                        "scheduler_name": "default-scheduler",
                        "security_context": [],
                        "service_account_name": "",
                        "share_process_namespace": false,
                        "subdomain": "",
                        "termination_grace_period_seconds": 30,
                        "toleration": [],
                        "topology_spread_constraint": [],
                        "volume": []
                      }
                    ]
                  }
                ]
              }
            ],
            "timeouts": null,
            "wait_for_rollout": true
          },
          "sensitive_attributes": [],
          "private": "eyJlMmJmYjczMC1lY2FhLTExZTYtOGY4OC0zNDM2M2JjN2M0YzAiOnsiY3JlYXRlIjo2MDAwMDAwMDAwMDAsImRlbGV0ZSI6NjAwMDAwMDAwMDAwLCJ1cGRhdGUiOjYwMDAwMDAwMDAwMH0sInNjaGVtYV92ZXJzaW9uIjoiMSJ9",
          "dependencies": [
            "aws_db_instance.oracle_db",
            "aws_db_subnet_group.db_subnet_group",
            "aws_eks_access_policy_association.caller_cluster_admin_policy",
            "aws_eks_cluster.eks_cluster",
            "aws_iam_role.cluster",
            "aws_iam_role.node",
            "aws_iam_role_policy_attachment.cluster_AmazonEKSBlockStoragePolicy",
            "aws_iam_role_policy_attachment.cluster_AmazonEKSClusterPolicy",
            "aws_iam_role_policy_attachment.cluster_AmazonEKSComputePolicy",
            "aws_iam_role_policy_attachment.cluster_AmazonEKSLoadBalancingPolicy",
            "aws_iam_role_policy_attachment.cluster_AmazonEKSNetworkingPolicy",
            "aws_security_group.db_sg",
            "aws_subnet.private_subnets",
            "aws_subnet.public_subnets",
            "aws_vpc.main",
            "data.aws_caller_identity.current",
            "kubernetes_config_map.fraud_demo_config",
            "kubernetes_namespace.demo_namespace",
            "random_id.env_display_id"
          ]
        }
      ]
    },
    {
      "mode": "managed",
      "type": "kubernetes_ingress_class",
      "name": "fraud_demo_load_balancer_controller",
      "provider": "provider[\"registry.terraform.io/hashicorp/kubernetes\"]",
      "instances": [
        {
          "schema_version": 0,
          "attributes": {
            "id": "alb",
            "metadata": [
              {
                "annotations": {},
                "generate_name": "",
                "generation": 1,
                "labels": {
                  "app.kubernetes.io/name": "LoadBalancerController"
                },
                "name": "alb",
                "resource_version": "1371",
                "uid": "ddd1fca5-c213-4b9f-baf6-d4f30a42cc2b"
              }
            ],
            "spec": [
              {
                "controller": "eks.amazonaws.com/alb",
                "parameters": []
              }
            ]
          },
          "sensitive_attributes": [],
          "private": "bnVsbA==",
          "dependencies": [
            "aws_eks_access_policy_association.caller_cluster_admin_policy",
            "aws_eks_cluster.eks_cluster",
            "aws_iam_role.cluster",
            "aws_iam_role.node",
            "aws_iam_role_policy_attachment.cluster_AmazonEKSBlockStoragePolicy",
            "aws_iam_role_policy_attachment.cluster_AmazonEKSClusterPolicy",
            "aws_iam_role_policy_attachment.cluster_AmazonEKSComputePolicy",
            "aws_iam_role_policy_attachment.cluster_AmazonEKSLoadBalancingPolicy",
            "aws_iam_role_policy_attachment.cluster_AmazonEKSNetworkingPolicy",
            "aws_subnet.public_subnets",
            "aws_vpc.main",
            "data.aws_caller_identity.current",
            "random_id.env_display_id"
          ]
        }
      ]
    },
    {
      "mode": "managed",
      "type": "kubernetes_ingress_v1",
      "name": "fraud_demo_load_balancer",
      "provider": "provider[\"registry.terraform.io/hashicorp/kubernetes\"]",
      "instances": [
        {
          "schema_version": 0,
          "attributes": {
            "id": "frauddemo/ingress-fraud-demo",
            "metadata": [
              {
                "annotations": {
                  "alb.ingress.kubernetes.io/scheme": "internet-facing",
                  "alb.ingress.kubernetes.io/target-type": "ip"
                },
                "generate_name": "",
                "generation": 1,
                "labels": {},
                "name": "ingress-fraud-demo",
                "namespace": "frauddemo",
                "resource_version": "3937",
                "uid": "c30e8b19-b1af-44d7-a26f-f6e0e4fe8b6b"
              }
            ],
            "spec": [
              {
                "default_backend": [],
                "ingress_class_name": "alb",
                "rule": [
                  {
                    "host": "",
                    "http": [
                      {
                        "path": [
                          {
                            "backend": [
                              {
                                "resource": [],
                                "service": [
                                  {
                                    "name": "service-fraud-demo",
                                    "port": [
                                      {
                                        "name": "",
                                        "number": 8080
                                      }
                                    ]
                                  }
                                ]
                              }
                            ],
                            "path": "/*",
                            "path_type": "ImplementationSpecific"
                          }
                        ]
                      }
                    ]
                  }
                ],
                "tls": []
              }
            ],
            "status": [
              {
                "load_balancer": [
                  {
                    "ingress": [
                      {
                        "hostname": "k8s-frauddem-ingressf-138098743c-591167437.us-west-2.elb.amazonaws.com",
                        "ip": ""
                      }
                    ]
                  }
                ]
              }
            ],
            "timeouts": null,
            "wait_for_load_balancer": true
          },
          "sensitive_attributes": [],
          "private": "eyJlMmJmYjczMC1lY2FhLTExZTYtOGY4OC0zNDM2M2JjN2M0YzAiOnsiY3JlYXRlIjoxMjAwMDAwMDAwMDAwLCJkZWxldGUiOjEyMDAwMDAwMDAwMDB9fQ==",
          "dependencies": [
            "aws_db_instance.oracle_db",
            "aws_db_subnet_group.db_subnet_group",
            "aws_eks_access_policy_association.caller_cluster_admin_policy",
            "aws_eks_cluster.eks_cluster",
            "aws_iam_role.cluster",
            "aws_iam_role.node",
            "aws_iam_role_policy_attachment.cluster_AmazonEKSBlockStoragePolicy",
            "aws_iam_role_policy_attachment.cluster_AmazonEKSClusterPolicy",
            "aws_iam_role_policy_attachment.cluster_AmazonEKSComputePolicy",
            "aws_iam_role_policy_attachment.cluster_AmazonEKSLoadBalancingPolicy",
            "aws_iam_role_policy_attachment.cluster_AmazonEKSNetworkingPolicy",
            "aws_security_group.db_sg",
            "aws_subnet.private_subnets",
            "aws_subnet.public_subnets",
            "aws_vpc.main",
            "data.aws_caller_identity.current",
            "kubernetes_config_map.fraud_demo_config",
            "kubernetes_deployment.fraud_demo",
            "kubernetes_ingress_class.fraud_demo_load_balancer_controller",
            "kubernetes_namespace.demo_namespace",
            "kubernetes_service.fraud_demo_service",
            "random_id.env_display_id"
          ]
        }
      ]
    },
    {
      "mode": "managed",
      "type": "kubernetes_namespace",
      "name": "demo_namespace",
      "provider": "provider[\"registry.terraform.io/hashicorp/kubernetes\"]",
      "instances": [
        {
          "schema_version": 0,
          "attributes": {
            "id": "frauddemo",
            "metadata": [
              {
                "annotations": {},
                "generate_name": "",
                "generation": 0,
                "labels": {},
                "name": "frauddemo",
                "resource_version": "1372",
                "uid": "c47dd562-248e-4347-96ff-b4dbecf39ce6"
              }
            ],
            "timeouts": null,
            "wait_for_default_service_account": false
          },
          "sensitive_attributes": [],
          "private": "eyJlMmJmYjczMC1lY2FhLTExZTYtOGY4OC0zNDM2M2JjN2M0YzAiOnsiZGVsZXRlIjozMDAwMDAwMDAwMDB9fQ==",
          "dependencies": [
            "aws_eks_access_policy_association.caller_cluster_admin_policy",
            "aws_eks_cluster.eks_cluster",
            "aws_iam_role.cluster",
            "aws_iam_role.node",
            "aws_iam_role_policy_attachment.cluster_AmazonEKSBlockStoragePolicy",
            "aws_iam_role_policy_attachment.cluster_AmazonEKSClusterPolicy",
            "aws_iam_role_policy_attachment.cluster_AmazonEKSComputePolicy",
            "aws_iam_role_policy_attachment.cluster_AmazonEKSLoadBalancingPolicy",
            "aws_iam_role_policy_attachment.cluster_AmazonEKSNetworkingPolicy",
            "aws_subnet.public_subnets",
            "aws_vpc.main",
            "data.aws_caller_identity.current",
            "random_id.env_display_id"
          ]
        }
      ]
    },
    {
      "mode": "managed",
      "type": "kubernetes_service",
      "name": "fraud_demo_service",
      "provider": "provider[\"registry.terraform.io/hashicorp/kubernetes\"]",
      "instances": [
        {
          "schema_version": 1,
          "attributes": {
            "id": "frauddemo/service-fraud-demo",
            "metadata": [
              {
                "annotations": {},
                "generate_name": "",
                "generation": 0,
                "labels": {},
                "name": "service-fraud-demo",
                "namespace": "frauddemo",
                "resource_version": "3910",
                "uid": "311638be-8c3e-4462-a0f5-4b1a37148a02"
              }
            ],
            "spec": [
              {
                "allocate_load_balancer_node_ports": true,
                "cluster_ip": "172.20.30.103",
                "cluster_ips": [
                  "172.20.30.103"
                ],
                "external_ips": [],
                "external_name": "",
                "external_traffic_policy": "Cluster",
                "health_check_node_port": 0,
                "internal_traffic_policy": "Cluster",
                "ip_families": [
                  "IPv4"
                ],
                "ip_family_policy": "SingleStack",
                "load_balancer_class": "",
                "load_balancer_ip": "",
                "load_balancer_source_ranges": [],
                "port": [
                  {
                    "app_protocol": "",
                    "name": "",
                    "node_port": 32113,
                    "port": 8080,
                    "protocol": "TCP",
                    "target_port": "8000"
                  }
                ],
                "publish_not_ready_addresses": false,
                "selector": {
                  "app.kubernetes.io/name": "fraud-demo"
                },
                "session_affinity": "None",
                "session_affinity_config": [],
                "type": "NodePort"
              }
            ],
            "status": [
              {
                "load_balancer": [
                  {
                    "ingress": []
                  }
                ]
              }
            ],
            "timeouts": null,
            "wait_for_load_balancer": true
          },
          "sensitive_attributes": [],
          "private": "eyJlMmJmYjczMC1lY2FhLTExZTYtOGY4OC0zNDM2M2JjN2M0YzAiOnsiY3JlYXRlIjo2MDAwMDAwMDAwMDB9LCJzY2hlbWFfdmVyc2lvbiI6IjEifQ==",
          "dependencies": [
            "aws_db_instance.oracle_db",
            "aws_db_subnet_group.db_subnet_group",
            "aws_eks_access_policy_association.caller_cluster_admin_policy",
            "aws_eks_cluster.eks_cluster",
            "aws_iam_role.cluster",
            "aws_iam_role.node",
            "aws_iam_role_policy_attachment.cluster_AmazonEKSBlockStoragePolicy",
            "aws_iam_role_policy_attachment.cluster_AmazonEKSClusterPolicy",
            "aws_iam_role_policy_attachment.cluster_AmazonEKSComputePolicy",
            "aws_iam_role_policy_attachment.cluster_AmazonEKSLoadBalancingPolicy",
            "aws_iam_role_policy_attachment.cluster_AmazonEKSNetworkingPolicy",
            "aws_security_group.db_sg",
            "aws_subnet.private_subnets",
            "aws_subnet.public_subnets",
            "aws_vpc.main",
            "data.aws_caller_identity.current",
            "kubernetes_config_map.fraud_demo_config",
            "kubernetes_deployment.fraud_demo",
            "kubernetes_namespace.demo_namespace",
            "random_id.env_display_id"
          ]
        }
      ]
    },
    {
      "mode": "managed",
      "type": "local_file",
      "name": "tf_key",
      "provider": "provider[\"registry.terraform.io/hashicorp/local\"]",
      "instances": [
        {
          "schema_version": 0,
          "attributes": {
            "content": "-----BEGIN RSA PRIVATE KEY-----\nMIIJKQIBAAKCAgEAs/SzkbWN1PIXm+VnssokssYoOheSmrT2wCd5ZgmJx8B2tw+K\nHm31ajDTk8xbSIbo9IUAyrE4bNbjrTKsJa97QjpxCt28MtIYFvo+KwHhEXhqKCJC\n8YU2vc5HqquIqzjscbR4VzG48s7V8Njl2NV8J//Cx/ybEc3A+d4v4LkXKRd+KawE\nR6LdWBuqLZoru0feqVdJ+C53qPJvNqM+QU40cUgOqhY4EaeHPOWteh7xbF7lleKr\nmGeruami3oh/57mMlhKbFzWx4Cp7FAKwSqbnYTkDfi3TmtigHlJvAPTiVupDxzDo\nRLbDP3JsuLBOf/dKXW5Qf9+IY4qIyesnwUB9EgP6NGpaU5347ayS+30W6FStRdfC\nbALy4FQW5awGT5i1XOST5x6N+Lf2oG10EuvM6iJ5ixM+v/q9C/y86ONHASHFofCO\nWTU/8dMxY5J2XG4cTEtNQcm6U4TmTAa4PMK6DU5aiTI65nFk2fKTgN2haJw16FAJ\nl/NScdgTZ+pMJz3UD6sAHVjSaQc89zQmdhS4OiWjBdpaSkSpaf6P7f36Ut0VyDFk\n9LnP3+edpsT5g9QLUMYF+1zca5ksZDz1yO1oQ8A7JkSiMqkDb6ik16pTssClHsoa\nqg+FwnW/0J8zZQ1rNMbE2lQZ8N7VTGofZ0faCiCmK7gdYN2/4HAvc3zllJUCAwEA\nAQKCAgEAojeya2XSvaOh3pk0GjoYTMNN3dgEAsugJuUujOmKNvNq0GgEpJuQf7IV\n94RewQlEE6+VYCHS8GHhiO5Fug7uuGvAHQB2twUmTAg2ZERkY4A9iYIhAGCKUR0T\nA2lvYJGGqpT5afhbdR04Q8zxnL4NFm16YxZ1nt3v2A4O8K9IjnUr+Fqk3QKWLud5\nR3RTeZY2xEX4Wu1gVn57/C+5XdsmcPt4pKA02M1AnoeYEp60GHGO2ccj0dWaOloN\nhDZdvkBH17xb69cuShlhK0+lJRZBOyXO3T5oIoymAc9jWuRk595zTKrspYxugtId\n6XqcuMPtWD2p+StCYiCuX/5Hru/4DPFrOGpQCwgmJcAVJltErG5DEthxiHBO2f4k\ncY/s6Y7NXAcnbvdTuwG/YSLdQIKduB8nyFYwGoKN54UMAuh0SVlo7ILXIGJM6khV\nB0DMMc2fBEeVWtLV/AnZYIVtyFXDya3DZwYuEM4a9w4etL5dxIis/iahSLPtJA76\nuI81T3WH+h8Evwq89x4a/PjWwvlyrzyZMRrg0AKYpFl9j76mjOQmVxooLhB4zOAA\notxw/m59okmpQZwOPRJaOGmL16o2RD8RSeQkApWjQEN6b/CRUz+r+9FrsF+IjH/R\nYidybXb/SzzHPEzOZIn2C4Hjm6eK2SwlgyA+18H1OvjacEhLpZ0CggEBAO2cvUgR\nmzjHaDM6MPF8TcW3hmU2lLRLzjqxfrB0IOkQPfLLKtt4kNy8y2aA2qTiqLExlNNY\njDZysg5xIGaSFIjNGvd8BcP9tTsjoIPfzvUtnvLnzdJbQI1BQKZiDzEhg4FeWIoP\nhe64eVPb0/BJBX/W9SYSxbuXUSgShSianbGp7l6EveSKVqVa+WqsPc5bULB/awyG\npWIWoeUvfIDC0+XSUz2bmdY7ZHCIO5l+KCRkLY9UsJSIKv4JF7Ny3/4yJLOeadiP\nmyQ4k7u4/MEByXh2zEknnInSon3f2DdpAl3yV3PpkUoBVoM8WvAaq3xjdgInzaV8\nXg5HpvEV74aeHO8CggEBAMHhv+R8B5ytNT7rx7SHGcogAYhkrC/eDhPxYPL4vdEx\nqPwXUvjNkzNXquf5SO0dUP2z980SozDru5ZA5eU5yyZf8UQikzAqoWqavoVPh/ct\nCvW8lxHbhgJfSgzRsAIY4GQnJJcktl/lIniV0d5RxCmV0+9te8r7ggxWxjnuUEvY\n8T3/Bf/OVPjoTxtkN0tr4XCPrMLSCFZlY+hd/5Claa1y1zeN4iwy0PVPsIHQvP5F\nrF3ULJqYiDUVGYR/IVze8zh1eM/M3ZBsfQFOe/NqXFYOJSvHrnK2Hnr3m9eKTN+7\nwu3WBAFIkA9uraScOotBDNvQUXSF9lt4iFYw94QErrsCggEBAKmS6ZasUf2Uee3N\nQq6kipBnKHfFGx0M2JIUqBhf2DjcSYmjquNUSPXvmq19mgyAYemLO+4UzIPzGNWr\nsHbjG9qBnhQvI6I6xwL8qwpSSE27kCtEeSP90bS9c9kKNFNY2pQR89gbufajGptZ\nUAi05ELW8r+IOCtnkxipFvTiW1Y2sxIrY6XdgHaj1Upmv/ksPAqp9IjM8uxswH9i\ng1UVNcpXbuaRzJkSa9zPrNEfMqC+CbG3vAlUoHIJpSuA+RBdUsoJbPqLiimwYuZe\n36sSjmj1R1eR+Gp3s1Vn0dPBklnfoL/tWa3aBJbGFRQzxFySUt6470+B0VIZmq+F\nexq0bmsCggEALVAqvibyzH565FLM4Pd2YpQqZ4tH5wQZ/DU8+GyESKE3ont9C+NY\nFPbXXdIYZjqk1Da8orRJacSemhZe5L0mKrjftZHzHp3IDhdOke+tkmp3lklWcXkC\nEAnfT7GuVj8kKqQvXBfbe/wcm1xAqZooo6N93gaTmTRBB8s8FwwIvkFc2KWC7G93\n0pjQ7FD2z2zOSrV5piragf6+Y++cLF1MnpopjLVfd/8EcWEHmr+DfFYiW+eb6SHf\nK7DbvujLjl4ZMEfcTYzO99MzQBvswk5IeGBj9aB8uBiydQDr7mtHXj8O5vFPDFG+\nQa0XblKJKESy0akVcItisawxCRv2rWc+wwKCAQAqSOkDZ9caPkmAnRzZrCUCq/t8\nvO/M+o8UdZTJ1c0FfFvnWFX4FlWSpyOAtAuYG5x4W+eV3GGMcQpiLjo56ZSQQzR6\n4FfXYny5xsGUK4ACoWsytj1n1QV/Cx+AeYxJOmQsl0x0betwhL2Bj34TawaThBp7\ndDZCIMMrYwfl40WCKrmUJ5VV24w1F4Ay65PJpr45+wHUrgsu2Ym47rYjlWgRPiMZ\noqBg9VZ7RFp7NqsogKpdV1uiNcCv0hsFR8XuMfNIM7wbGpnCp9/z40McHNXSsAFd\ngn/FsO8SoAZcGM10LtGEQc3jRriEL4jXveyD7n6EhZY5TqWFoBBGsgLOs7dR\n-----END RSA PRIVATE KEY-----\n",
            "content_base64": null,
            "content_base64sha256": "+LhRrKiXIAr1FIm9kX2Oi0Gsw2PEfmkJt8Wcw+85KnI=",
            "content_base64sha512": "vlmRHpgKkdYS65esCbRqgOE9KrW6c+9h12mrH0Gr04WY2+IUCtoVE4vLVbuXNpHG9j97tTjIJDeKNrLzFyPILA==",
            "content_md5": "21287a7f377b7f4ed99e7daca8be8cb7",
            "content_sha1": "8a8348eda3e94912b3467b068c9236eababf9162",
            "content_sha256": "f8b851aca897200af51489bd917d8e8b41acc363c47e6909b7c59cc3ef392a72",
            "content_sha512": "be59911e980a91d612eb97ac09b46a80e13d2ab5ba73ef61d769ab1f41abd38598dbe2140ada15138bcb55bb973691c6f63f7bb538c824378a36b2f31723c82c",
            "directory_permission": "0777",
            "file_permission": "0400",
            "filename": "./sshkey-frauddetectiondemo-key-2846d540",
            "id": "8a8348eda3e94912b3467b068c9236eababf9162",
            "sensitive_content": null,
            "source": null
          },
          "sensitive_attributes": [
            [
              {
                "type": "get_attr",
                "value": "content"
              }
            ],
            [
              {
                "type": "get_attr",
                "value": "sensitive_content"
              }
            ]
          ],
          "dependencies": [
            "aws_key_pair.tf_key",
            "random_id.env_display_id",
            "tls_private_key.rsa-4096-example"
          ]
        }
      ]
    },
    {
      "mode": "managed",
      "type": "null_resource",
      "name": "kube_config",
      "provider": "provider[\"registry.terraform.io/hashicorp/null\"]",
      "instances": [
        {
          "schema_version": 0,
          "attributes": {
            "id": "8534989247480380135",
            "triggers": null
          },
          "sensitive_attributes": [],
          "dependencies": [
            "aws_eks_cluster.eks_cluster",
            "aws_iam_role.cluster",
            "aws_iam_role.node",
            "aws_iam_role_policy_attachment.cluster_AmazonEKSBlockStoragePolicy",
            "aws_iam_role_policy_attachment.cluster_AmazonEKSClusterPolicy",
            "aws_iam_role_policy_attachment.cluster_AmazonEKSComputePolicy",
            "aws_iam_role_policy_attachment.cluster_AmazonEKSLoadBalancingPolicy",
            "aws_iam_role_policy_attachment.cluster_AmazonEKSNetworkingPolicy",
            "aws_subnet.public_subnets",
            "aws_vpc.main",
            "random_id.env_display_id"
          ]
        }
      ]
    },
    {
      "mode": "managed",
      "type": "null_resource",
      "name": "kube_context",
      "provider": "provider[\"registry.terraform.io/hashicorp/null\"]",
      "instances": [
        {
          "schema_version": 0,
          "attributes": {
            "id": "7174582775731661182",
            "triggers": null
          },
          "sensitive_attributes": [],
          "dependencies": [
            "aws_eks_access_policy_association.caller_cluster_admin_policy",
            "aws_eks_cluster.eks_cluster",
            "aws_iam_role.cluster",
            "aws_iam_role.node",
            "aws_iam_role_policy_attachment.cluster_AmazonEKSBlockStoragePolicy",
            "aws_iam_role_policy_attachment.cluster_AmazonEKSClusterPolicy",
            "aws_iam_role_policy_attachment.cluster_AmazonEKSComputePolicy",
            "aws_iam_role_policy_attachment.cluster_AmazonEKSLoadBalancingPolicy",
            "aws_iam_role_policy_attachment.cluster_AmazonEKSNetworkingPolicy",
            "aws_subnet.public_subnets",
            "aws_vpc.main",
            "data.aws_caller_identity.current",
            "kubernetes_namespace.demo_namespace",
            "random_id.env_display_id"
          ]
        }
      ]
    },
    {
      "mode": "managed",
      "type": "null_resource",
      "name": "reject_connections",
      "provider": "provider[\"registry.terraform.io/hashicorp/null\"]",
      "instances": [
        {
          "schema_version": 0,
          "attributes": {
            "id": "2285200385126303669",
            "triggers": {
              "service_id": "vpce-svc-03d38768cebed3d4e"
            }
          },
          "sensitive_attributes": [],
          "dependencies": [
            "aws_lb.rds_oracle_nlb",
            "aws_subnet.private_subnets",
            "aws_vpc.main",
            "aws_vpc_endpoint_service.rds_endpoint_service",
            "random_id.env_display_id"
          ],
          "create_before_destroy": true
        }
      ]
    },
    {
      "mode": "managed",
      "type": "random_id",
      "name": "env_display_id",
      "provider": "provider[\"registry.terraform.io/hashicorp/random\"]",
      "instances": [
        {
          "schema_version": 0,
          "attributes": {
            "b64_std": "KEbVQA==",
            "b64_url": "KEbVQA",
            "byte_length": 4,
            "dec": "675730752",
            "hex": "2846d540",
            "id": "KEbVQA",
            "keepers": null,
            "prefix": null
          },
          "sensitive_attributes": [],
          "create_before_destroy": true
        }
      ]
    },
    {
      "mode": "managed",
      "type": "tls_private_key",
      "name": "rsa-4096-example",
      "provider": "provider[\"registry.terraform.io/hashicorp/tls\"]",
      "instances": [
        {
          "schema_version": 1,
          "attributes": {
            "algorithm": "RSA",
            "ecdsa_curve": "P224",
            "id": "aa0fdf0d6b013b6ea089e43093d1fb24c3b4b1a9",
            "private_key_openssh": "-----BEGIN OPENSSH PRIVATE KEY-----\nb3BlbnNzaC1rZXktdjEAAAAABG5vbmUAAAAEbm9uZQAAAAAAAAABAAACFwAAAAdz\nc2gtcnNhAAAAAwEAAQAAAgEAs/SzkbWN1PIXm+VnssokssYoOheSmrT2wCd5ZgmJ\nx8B2tw+KHm31ajDTk8xbSIbo9IUAyrE4bNbjrTKsJa97QjpxCt28MtIYFvo+KwHh\nEXhqKCJC8YU2vc5HqquIqzjscbR4VzG48s7V8Njl2NV8J//Cx/ybEc3A+d4v4LkX\nKRd+KawER6LdWBuqLZoru0feqVdJ+C53qPJvNqM+QU40cUgOqhY4EaeHPOWteh7x\nbF7lleKrmGeruami3oh/57mMlhKbFzWx4Cp7FAKwSqbnYTkDfi3TmtigHlJvAPTi\nVupDxzDoRLbDP3JsuLBOf/dKXW5Qf9+IY4qIyesnwUB9EgP6NGpaU5347ayS+30W\n6FStRdfCbALy4FQW5awGT5i1XOST5x6N+Lf2oG10EuvM6iJ5ixM+v/q9C/y86ONH\nASHFofCOWTU/8dMxY5J2XG4cTEtNQcm6U4TmTAa4PMK6DU5aiTI65nFk2fKTgN2h\naJw16FAJl/NScdgTZ+pMJz3UD6sAHVjSaQc89zQmdhS4OiWjBdpaSkSpaf6P7f36\nUt0VyDFk9LnP3+edpsT5g9QLUMYF+1zca5ksZDz1yO1oQ8A7JkSiMqkDb6ik16pT\nssClHsoaqg+FwnW/0J8zZQ1rNMbE2lQZ8N7VTGofZ0faCiCmK7gdYN2/4HAvc3zl\nlJUAAAc4bYPDAG2DwwAAAAAHc3NoLXJzYQAAAgEAs/SzkbWN1PIXm+VnssokssYo\nOheSmrT2wCd5ZgmJx8B2tw+KHm31ajDTk8xbSIbo9IUAyrE4bNbjrTKsJa97Qjpx\nCt28MtIYFvo+KwHhEXhqKCJC8YU2vc5HqquIqzjscbR4VzG48s7V8Njl2NV8J//C\nx/ybEc3A+d4v4LkXKRd+KawER6LdWBuqLZoru0feqVdJ+C53qPJvNqM+QU40cUgO\nqhY4EaeHPOWteh7xbF7lleKrmGeruami3oh/57mMlhKbFzWx4Cp7FAKwSqbnYTkD\nfi3TmtigHlJvAPTiVupDxzDoRLbDP3JsuLBOf/dKXW5Qf9+IY4qIyesnwUB9EgP6\nNGpaU5347ayS+30W6FStRdfCbALy4FQW5awGT5i1XOST5x6N+Lf2oG10EuvM6iJ5\nixM+v/q9C/y86ONHASHFofCOWTU/8dMxY5J2XG4cTEtNQcm6U4TmTAa4PMK6DU5a\niTI65nFk2fKTgN2haJw16FAJl/NScdgTZ+pMJz3UD6sAHVjSaQc89zQmdhS4OiWj\nBdpaSkSpaf6P7f36Ut0VyDFk9LnP3+edpsT5g9QLUMYF+1zca5ksZDz1yO1oQ8A7\nJkSiMqkDb6ik16pTssClHsoaqg+FwnW/0J8zZQ1rNMbE2lQZ8N7VTGofZ0faCiCm\nK7gdYN2/4HAvc3zllJUAAAADAQABAAACAQCiN7JrZdK9o6HemTQaOhhMw03d2AQC\ny6Am5S6M6Yo282rQaASkm5B/shX3hF7BCUQTr5VgIdLwYeGI7kW6Du64a8AdAHa3\nBSZMCDZkRGRjgD2JgiEAYIpRHRMDaW9gkYaqlPlp+Ft1HThDzPGcvg0WbXpjFnWe\n3e/YDg7wr0iOdSv4WqTdApYu53lHdFN5ljbERfha7WBWfnv8L7ld2yZw+3ikoDTY\nzUCeh5gSnrQYcY7ZxyPR1Zo6Wg2ENl2+QEfXvFvr1y5KGWErT6UlFkE7Jc7dPmgi\njKYBz2Na5GTn3nNMquyljG6C0h3pepy4w+1YPan5K0JiIK5f/keu7/gM8Ws4alAL\nCCYlwBUmW0SsbkMS2HGIcE7Z/iRxj+zpjs1cBydu91O7Ab9hIt1Agp24HyfIVjAa\ngo3nhQwC6HRJWWjsgtcgYkzqSFUHQMwxzZ8ER5Va0tX8CdlghW3IVcPJrcNnBi4Q\nzhr3Dh60vl3EiKz+JqFIs+0kDvq4jzVPdYf6HwS/Crz3Hhr8+NbC+XKvPJkxGuDQ\nApikWX2PvqaM5CZXGiguEHjM4ACi3HD+bn2iSalBnA49Elo4aYvXqjZEPxFJ5CQC\nlaNAQ3pv8JFTP6v70WuwX4iMf9FiJ3Jtdv9LPMc8TM5kifYLgeObp4rZLCWDID7X\nwfU6+NpwSEulnQAAAQAqSOkDZ9caPkmAnRzZrCUCq/t8vO/M+o8UdZTJ1c0FfFvn\nWFX4FlWSpyOAtAuYG5x4W+eV3GGMcQpiLjo56ZSQQzR64FfXYny5xsGUK4ACoWsy\ntj1n1QV/Cx+AeYxJOmQsl0x0betwhL2Bj34TawaThBp7dDZCIMMrYwfl40WCKrmU\nJ5VV24w1F4Ay65PJpr45+wHUrgsu2Ym47rYjlWgRPiMZoqBg9VZ7RFp7NqsogKpd\nV1uiNcCv0hsFR8XuMfNIM7wbGpnCp9/z40McHNXSsAFdgn/FsO8SoAZcGM10LtGE\nQc3jRriEL4jXveyD7n6EhZY5TqWFoBBGsgLOs7dRAAABAQDtnL1IEZs4x2gzOjDx\nfE3Ft4ZlNpS0S846sX6wdCDpED3yyyrbeJDcvMtmgNqk4qixMZTTWIw2crIOcSBm\nkhSIzRr3fAXD/bU7I6CD3871LZ7y583SW0CNQUCmYg8xIYOBXliKD4XuuHlT29Pw\nSQV/1vUmEsW7l1EoEoUomp2xqe5ehL3kilalWvlqrD3OW1Cwf2sMhqViFqHlL3yA\nwtPl0lM9m5nWO2RwiDuZfigkZC2PVLCUiCr+CRezct/+MiSznmnYj5skOJO7uPzB\nAcl4dsxJJ5yJ0qJ939g3aQJd8ldz6ZFKAVaDPFrwGqt8Y3YCJ82lfF4OR6bxFe+G\nnhzvAAABAQDB4b/kfAecrTU+68e0hxnKIAGIZKwv3g4T8WDy+L3RMaj8F1L4zZMz\nV6rn+UjtHVD9s/fNEqMw67uWQOXlOcsmX/FEIpMwKqFqmr6FT4f3LQr1vJcR24YC\nX0oM0bACGOBkJySXJLZf5SJ4ldHeUcQpldPvbXvK+4IMVsY57lBL2PE9/wX/zlT4\n6E8bZDdLa+Fwj6zC0ghWZWPoXf+QpWmtctc3jeIsMtD1T7CB0Lz+Raxd1CyamIg1\nFRmEfyFc3vM4dXjPzN2QbH0BTnvzalxWDiUrx65yth5695vXikzfu8Lt1gQBSJAP\nbq2knDqLQQzb0FF0hfZbeIhWMPeEBK67AAAAAAEC\n-----END OPENSSH PRIVATE KEY-----\n",
            "private_key_pem": "-----BEGIN RSA PRIVATE KEY-----\nMIIJKQIBAAKCAgEAs/SzkbWN1PIXm+VnssokssYoOheSmrT2wCd5ZgmJx8B2tw+K\nHm31ajDTk8xbSIbo9IUAyrE4bNbjrTKsJa97QjpxCt28MtIYFvo+KwHhEXhqKCJC\n8YU2vc5HqquIqzjscbR4VzG48s7V8Njl2NV8J//Cx/ybEc3A+d4v4LkXKRd+KawE\nR6LdWBuqLZoru0feqVdJ+C53qPJvNqM+QU40cUgOqhY4EaeHPOWteh7xbF7lleKr\nmGeruami3oh/57mMlhKbFzWx4Cp7FAKwSqbnYTkDfi3TmtigHlJvAPTiVupDxzDo\nRLbDP3JsuLBOf/dKXW5Qf9+IY4qIyesnwUB9EgP6NGpaU5347ayS+30W6FStRdfC\nbALy4FQW5awGT5i1XOST5x6N+Lf2oG10EuvM6iJ5ixM+v/q9C/y86ONHASHFofCO\nWTU/8dMxY5J2XG4cTEtNQcm6U4TmTAa4PMK6DU5aiTI65nFk2fKTgN2haJw16FAJ\nl/NScdgTZ+pMJz3UD6sAHVjSaQc89zQmdhS4OiWjBdpaSkSpaf6P7f36Ut0VyDFk\n9LnP3+edpsT5g9QLUMYF+1zca5ksZDz1yO1oQ8A7JkSiMqkDb6ik16pTssClHsoa\nqg+FwnW/0J8zZQ1rNMbE2lQZ8N7VTGofZ0faCiCmK7gdYN2/4HAvc3zllJUCAwEA\nAQKCAgEAojeya2XSvaOh3pk0GjoYTMNN3dgEAsugJuUujOmKNvNq0GgEpJuQf7IV\n94RewQlEE6+VYCHS8GHhiO5Fug7uuGvAHQB2twUmTAg2ZERkY4A9iYIhAGCKUR0T\nA2lvYJGGqpT5afhbdR04Q8zxnL4NFm16YxZ1nt3v2A4O8K9IjnUr+Fqk3QKWLud5\nR3RTeZY2xEX4Wu1gVn57/C+5XdsmcPt4pKA02M1AnoeYEp60GHGO2ccj0dWaOloN\nhDZdvkBH17xb69cuShlhK0+lJRZBOyXO3T5oIoymAc9jWuRk595zTKrspYxugtId\n6XqcuMPtWD2p+StCYiCuX/5Hru/4DPFrOGpQCwgmJcAVJltErG5DEthxiHBO2f4k\ncY/s6Y7NXAcnbvdTuwG/YSLdQIKduB8nyFYwGoKN54UMAuh0SVlo7ILXIGJM6khV\nB0DMMc2fBEeVWtLV/AnZYIVtyFXDya3DZwYuEM4a9w4etL5dxIis/iahSLPtJA76\nuI81T3WH+h8Evwq89x4a/PjWwvlyrzyZMRrg0AKYpFl9j76mjOQmVxooLhB4zOAA\notxw/m59okmpQZwOPRJaOGmL16o2RD8RSeQkApWjQEN6b/CRUz+r+9FrsF+IjH/R\nYidybXb/SzzHPEzOZIn2C4Hjm6eK2SwlgyA+18H1OvjacEhLpZ0CggEBAO2cvUgR\nmzjHaDM6MPF8TcW3hmU2lLRLzjqxfrB0IOkQPfLLKtt4kNy8y2aA2qTiqLExlNNY\njDZysg5xIGaSFIjNGvd8BcP9tTsjoIPfzvUtnvLnzdJbQI1BQKZiDzEhg4FeWIoP\nhe64eVPb0/BJBX/W9SYSxbuXUSgShSianbGp7l6EveSKVqVa+WqsPc5bULB/awyG\npWIWoeUvfIDC0+XSUz2bmdY7ZHCIO5l+KCRkLY9UsJSIKv4JF7Ny3/4yJLOeadiP\nmyQ4k7u4/MEByXh2zEknnInSon3f2DdpAl3yV3PpkUoBVoM8WvAaq3xjdgInzaV8\nXg5HpvEV74aeHO8CggEBAMHhv+R8B5ytNT7rx7SHGcogAYhkrC/eDhPxYPL4vdEx\nqPwXUvjNkzNXquf5SO0dUP2z980SozDru5ZA5eU5yyZf8UQikzAqoWqavoVPh/ct\nCvW8lxHbhgJfSgzRsAIY4GQnJJcktl/lIniV0d5RxCmV0+9te8r7ggxWxjnuUEvY\n8T3/Bf/OVPjoTxtkN0tr4XCPrMLSCFZlY+hd/5Claa1y1zeN4iwy0PVPsIHQvP5F\nrF3ULJqYiDUVGYR/IVze8zh1eM/M3ZBsfQFOe/NqXFYOJSvHrnK2Hnr3m9eKTN+7\nwu3WBAFIkA9uraScOotBDNvQUXSF9lt4iFYw94QErrsCggEBAKmS6ZasUf2Uee3N\nQq6kipBnKHfFGx0M2JIUqBhf2DjcSYmjquNUSPXvmq19mgyAYemLO+4UzIPzGNWr\nsHbjG9qBnhQvI6I6xwL8qwpSSE27kCtEeSP90bS9c9kKNFNY2pQR89gbufajGptZ\nUAi05ELW8r+IOCtnkxipFvTiW1Y2sxIrY6XdgHaj1Upmv/ksPAqp9IjM8uxswH9i\ng1UVNcpXbuaRzJkSa9zPrNEfMqC+CbG3vAlUoHIJpSuA+RBdUsoJbPqLiimwYuZe\n36sSjmj1R1eR+Gp3s1Vn0dPBklnfoL/tWa3aBJbGFRQzxFySUt6470+B0VIZmq+F\nexq0bmsCggEALVAqvibyzH565FLM4Pd2YpQqZ4tH5wQZ/DU8+GyESKE3ont9C+NY\nFPbXXdIYZjqk1Da8orRJacSemhZe5L0mKrjftZHzHp3IDhdOke+tkmp3lklWcXkC\nEAnfT7GuVj8kKqQvXBfbe/wcm1xAqZooo6N93gaTmTRBB8s8FwwIvkFc2KWC7G93\n0pjQ7FD2z2zOSrV5piragf6+Y++cLF1MnpopjLVfd/8EcWEHmr+DfFYiW+eb6SHf\nK7DbvujLjl4ZMEfcTYzO99MzQBvswk5IeGBj9aB8uBiydQDr7mtHXj8O5vFPDFG+\nQa0XblKJKESy0akVcItisawxCRv2rWc+wwKCAQAqSOkDZ9caPkmAnRzZrCUCq/t8\nvO/M+o8UdZTJ1c0FfFvnWFX4FlWSpyOAtAuYG5x4W+eV3GGMcQpiLjo56ZSQQzR6\n4FfXYny5xsGUK4ACoWsytj1n1QV/Cx+AeYxJOmQsl0x0betwhL2Bj34TawaThBp7\ndDZCIMMrYwfl40WCKrmUJ5VV24w1F4Ay65PJpr45+wHUrgsu2Ym47rYjlWgRPiMZ\noqBg9VZ7RFp7NqsogKpdV1uiNcCv0hsFR8XuMfNIM7wbGpnCp9/z40McHNXSsAFd\ngn/FsO8SoAZcGM10LtGEQc3jRriEL4jXveyD7n6EhZY5TqWFoBBGsgLOs7dR\n-----END RSA PRIVATE KEY-----\n",
            "private_key_pem_pkcs8": "-----BEGIN PRIVATE KEY-----\nMIIJQwIBADANBgkqhkiG9w0BAQEFAASCCS0wggkpAgEAAoICAQCz9LORtY3U8heb\n5WeyyiSyxig6F5KatPbAJ3lmCYnHwHa3D4oebfVqMNOTzFtIhuj0hQDKsThs1uOt\nMqwlr3tCOnEK3bwy0hgW+j4rAeEReGooIkLxhTa9zkeqq4irOOxxtHhXMbjyztXw\n2OXY1Xwn/8LH/JsRzcD53i/guRcpF34prARHot1YG6otmiu7R96pV0n4Lneo8m82\noz5BTjRxSA6qFjgRp4c85a16HvFsXuWV4quYZ6u5qaLeiH/nuYyWEpsXNbHgKnsU\nArBKpudhOQN+LdOa2KAeUm8A9OJW6kPHMOhEtsM/cmy4sE5/90pdblB/34hjiojJ\n6yfBQH0SA/o0alpTnfjtrJL7fRboVK1F18JsAvLgVBblrAZPmLVc5JPnHo34t/ag\nbXQS68zqInmLEz6/+r0L/Lzo40cBIcWh8I5ZNT/x0zFjknZcbhxMS01BybpThOZM\nBrg8wroNTlqJMjrmcWTZ8pOA3aFonDXoUAmX81Jx2BNn6kwnPdQPqwAdWNJpBzz3\nNCZ2FLg6JaMF2lpKRKlp/o/t/fpS3RXIMWT0uc/f552mxPmD1AtQxgX7XNxrmSxk\nPPXI7WhDwDsmRKIyqQNvqKTXqlOywKUeyhqqD4XCdb/QnzNlDWs0xsTaVBnw3tVM\nah9nR9oKIKYruB1g3b/gcC9zfOWUlQIDAQABAoICAQCiN7JrZdK9o6HemTQaOhhM\nw03d2AQCy6Am5S6M6Yo282rQaASkm5B/shX3hF7BCUQTr5VgIdLwYeGI7kW6Du64\na8AdAHa3BSZMCDZkRGRjgD2JgiEAYIpRHRMDaW9gkYaqlPlp+Ft1HThDzPGcvg0W\nbXpjFnWe3e/YDg7wr0iOdSv4WqTdApYu53lHdFN5ljbERfha7WBWfnv8L7ld2yZw\n+3ikoDTYzUCeh5gSnrQYcY7ZxyPR1Zo6Wg2ENl2+QEfXvFvr1y5KGWErT6UlFkE7\nJc7dPmgijKYBz2Na5GTn3nNMquyljG6C0h3pepy4w+1YPan5K0JiIK5f/keu7/gM\n8Ws4alALCCYlwBUmW0SsbkMS2HGIcE7Z/iRxj+zpjs1cBydu91O7Ab9hIt1Agp24\nHyfIVjAago3nhQwC6HRJWWjsgtcgYkzqSFUHQMwxzZ8ER5Va0tX8CdlghW3IVcPJ\nrcNnBi4Qzhr3Dh60vl3EiKz+JqFIs+0kDvq4jzVPdYf6HwS/Crz3Hhr8+NbC+XKv\nPJkxGuDQApikWX2PvqaM5CZXGiguEHjM4ACi3HD+bn2iSalBnA49Elo4aYvXqjZE\nPxFJ5CQClaNAQ3pv8JFTP6v70WuwX4iMf9FiJ3Jtdv9LPMc8TM5kifYLgeObp4rZ\nLCWDID7XwfU6+NpwSEulnQKCAQEA7Zy9SBGbOMdoMzow8XxNxbeGZTaUtEvOOrF+\nsHQg6RA98ssq23iQ3LzLZoDapOKosTGU01iMNnKyDnEgZpIUiM0a93wFw/21OyOg\ng9/O9S2e8ufN0ltAjUFApmIPMSGDgV5Yig+F7rh5U9vT8EkFf9b1JhLFu5dRKBKF\nKJqdsanuXoS95IpWpVr5aqw9zltQsH9rDIalYhah5S98gMLT5dJTPZuZ1jtkcIg7\nmX4oJGQtj1SwlIgq/gkXs3Lf/jIks55p2I+bJDiTu7j8wQHJeHbMSSecidKifd/Y\nN2kCXfJXc+mRSgFWgzxa8BqrfGN2AifNpXxeDkem8RXvhp4c7wKCAQEAweG/5HwH\nnK01PuvHtIcZyiABiGSsL94OE/Fg8vi90TGo/BdS+M2TM1eq5/lI7R1Q/bP3zRKj\nMOu7lkDl5TnLJl/xRCKTMCqhapq+hU+H9y0K9byXEduGAl9KDNGwAhjgZCcklyS2\nX+UieJXR3lHEKZXT7217yvuCDFbGOe5QS9jxPf8F/85U+OhPG2Q3S2vhcI+swtII\nVmVj6F3/kKVprXLXN43iLDLQ9U+wgdC8/kWsXdQsmpiINRUZhH8hXN7zOHV4z8zd\nkGx9AU5782pcVg4lK8eucrYeeveb14pM37vC7dYEAUiQD26tpJw6i0EM29BRdIX2\nW3iIVjD3hASuuwKCAQEAqZLplqxR/ZR57c1CrqSKkGcod8UbHQzYkhSoGF/YONxJ\niaOq41RI9e+arX2aDIBh6Ys77hTMg/MY1auwduMb2oGeFC8jojrHAvyrClJITbuQ\nK0R5I/3RtL1z2Qo0U1jalBHz2Bu59qMam1lQCLTkQtbyv4g4K2eTGKkW9OJbVjaz\nEitjpd2AdqPVSma/+Sw8Cqn0iMzy7GzAf2KDVRU1yldu5pHMmRJr3M+s0R8yoL4J\nsbe8CVSgcgmlK4D5EF1Sygls+ouKKbBi5l7fqxKOaPVHV5H4anezVWfR08GSWd+g\nv+1ZrdoElsYVFDPEXJJS3rjvT4HRUhmar4V7GrRuawKCAQAtUCq+JvLMfnrkUszg\n93ZilCpni0fnBBn8NTz4bIRIoTeie30L41gU9tdd0hhmOqTUNryitElpxJ6aFl7k\nvSYquN+1kfMencgOF06R762SaneWSVZxeQIQCd9Psa5WPyQqpC9cF9t7/BybXECp\nmiijo33eBpOZNEEHyzwXDAi+QVzYpYLsb3fSmNDsUPbPbM5KtXmmKtqB/r5j75ws\nXUyemimMtV93/wRxYQeav4N8ViJb55vpId8rsNu+6MuOXhkwR9xNjM730zNAG+zC\nTkh4YGP1oHy4GLJ1AOvua0dePw7m8U8MUb5BrRduUokoRLLRqRVwi2KxrDEJG/at\nZz7DAoIBACpI6QNn1xo+SYCdHNmsJQKr+3y878z6jxR1lMnVzQV8W+dYVfgWVZKn\nI4C0C5gbnHhb55XcYYxxCmIuOjnplJBDNHrgV9difLnGwZQrgAKhazK2PWfVBX8L\nH4B5jEk6ZCyXTHRt63CEvYGPfhNrBpOEGnt0NkIgwytjB+XjRYIquZQnlVXbjDUX\ngDLrk8mmvjn7AdSuCy7ZibjutiOVaBE+IxmioGD1VntEWns2qyiAql1XW6I1wK/S\nGwVHxe4x80gzvBsamcKn3/PjQxwc1dKwAV2Cf8Ww7xKgBlwYzXQu0YRBzeNGuIQv\niNe97IPufoSFljlOpYWgEEayAs6zt1E=\n-----END PRIVATE KEY-----\n",
            "public_key_fingerprint_md5": "84:56:36:e4:c0:6d:53:ee:9c:d0:d8:5c:fa:f3:73:01",
            "public_key_fingerprint_sha256": "SHA256:yZJBZxB2BJhD2SkBEpQXd1KAz25hrLZQOdEIS5X7jkM",
            "public_key_openssh": "ssh-rsa AAAAB3NzaC1yc2EAAAADAQABAAACAQCz9LORtY3U8heb5WeyyiSyxig6F5KatPbAJ3lmCYnHwHa3D4oebfVqMNOTzFtIhuj0hQDKsThs1uOtMqwlr3tCOnEK3bwy0hgW+j4rAeEReGooIkLxhTa9zkeqq4irOOxxtHhXMbjyztXw2OXY1Xwn/8LH/JsRzcD53i/guRcpF34prARHot1YG6otmiu7R96pV0n4Lneo8m82oz5BTjRxSA6qFjgRp4c85a16HvFsXuWV4quYZ6u5qaLeiH/nuYyWEpsXNbHgKnsUArBKpudhOQN+LdOa2KAeUm8A9OJW6kPHMOhEtsM/cmy4sE5/90pdblB/34hjiojJ6yfBQH0SA/o0alpTnfjtrJL7fRboVK1F18JsAvLgVBblrAZPmLVc5JPnHo34t/agbXQS68zqInmLEz6/+r0L/Lzo40cBIcWh8I5ZNT/x0zFjknZcbhxMS01BybpThOZMBrg8wroNTlqJMjrmcWTZ8pOA3aFonDXoUAmX81Jx2BNn6kwnPdQPqwAdWNJpBzz3NCZ2FLg6JaMF2lpKRKlp/o/t/fpS3RXIMWT0uc/f552mxPmD1AtQxgX7XNxrmSxkPPXI7WhDwDsmRKIyqQNvqKTXqlOywKUeyhqqD4XCdb/QnzNlDWs0xsTaVBnw3tVMah9nR9oKIKYruB1g3b/gcC9zfOWUlQ==\n",
            "public_key_pem": "-----BEGIN PUBLIC KEY-----\nMIICIjANBgkqhkiG9w0BAQEFAAOCAg8AMIICCgKCAgEAs/SzkbWN1PIXm+Vnssok\nssYoOheSmrT2wCd5ZgmJx8B2tw+KHm31ajDTk8xbSIbo9IUAyrE4bNbjrTKsJa97\nQjpxCt28MtIYFvo+KwHhEXhqKCJC8YU2vc5HqquIqzjscbR4VzG48s7V8Njl2NV8\nJ//Cx/ybEc3A+d4v4LkXKRd+KawER6LdWBuqLZoru0feqVdJ+C53qPJvNqM+QU40\ncUgOqhY4EaeHPOWteh7xbF7lleKrmGeruami3oh/57mMlhKbFzWx4Cp7FAKwSqbn\nYTkDfi3TmtigHlJvAPTiVupDxzDoRLbDP3JsuLBOf/dKXW5Qf9+IY4qIyesnwUB9\nEgP6NGpaU5347ayS+30W6FStRdfCbALy4FQW5awGT5i1XOST5x6N+Lf2oG10EuvM\n6iJ5ixM+v/q9C/y86ONHASHFofCOWTU/8dMxY5J2XG4cTEtNQcm6U4TmTAa4PMK6\nDU5aiTI65nFk2fKTgN2haJw16FAJl/NScdgTZ+pMJz3UD6sAHVjSaQc89zQmdhS4\nOiWjBdpaSkSpaf6P7f36Ut0VyDFk9LnP3+edpsT5g9QLUMYF+1zca5ksZDz1yO1o\nQ8A7JkSiMqkDb6ik16pTssClHsoaqg+FwnW/0J8zZQ1rNMbE2lQZ8N7VTGofZ0fa\nCiCmK7gdYN2/4HAvc3zllJUCAwEAAQ==\n-----END PUBLIC KEY-----\n",
            "rsa_bits": 4096
          },
          "sensitive_attributes": [
            [
              {
                "type": "get_attr",
                "value": "private_key_openssh"
              }
            ],
            [
              {
                "type": "get_attr",
                "value": "private_key_pem_pkcs8"
              }
            ],
            [
              {
                "type": "get_attr",
                "value": "private_key_pem"
              }
            ]
          ]
        }
      ]
    }
  ],
  "check_results": null
}
