{
  "version": 4,
  "terraform_version": "1.10.5",
  "serial": 1968,
  "lineage": "2d56c8b1-2238-478d-dbac-f01c32d16fc9",
  "outputs": {
    "aws_caller_info": {
      "value": {
        "caller_arn": "arn:aws:iam::550017254839:user/admin-user"
      },
      "type": [
        "object",
        {
          "caller_arn": "string"
        }
      ]
    },
    "confluent_details": {
      "value": {
        "environment_name": "frauddetectiondemo-environment-72e80b76",
        "flink_pool_name": "default",
        "kafka_cluster_name": "frauddetectiondemo-cluster-72e80b76"
      },
      "type": [
        "object",
        {
          "environment_name": "string",
          "flink_pool_name": "string",
          "kafka_cluster_name": "string"
        }
      ]
    },
    "opensearch_details": {
      "value": {
        "dashboard_url": "https://search-frauddetectiondemo-72e80b76-rfrk36hontin3ngxovqnvhild4.us-west-2.es.amazonaws.com/_dashboards",
        "endpoint": "https://search-frauddetectiondemo-72e80b76-rfrk36hontin3ngxovqnvhild4.us-west-2.es.amazonaws.com",
        "password": "Admin123456!",
        "username": "admin"
      },
      "type": [
        "object",
        {
          "dashboard_url": "string",
          "endpoint": "string",
          "password": "string",
          "username": "string"
        }
      ]
    },
    "oracle_connector": {
      "value": {
        "table_inclusion_regex": "DEMODB[.]THEBESTUSERNAME[.](USER_TRANSACTION|AUTH_USER)"
      },
      "type": [
        "object",
        {
          "table_inclusion_regex": "string"
        }
      ]
    },
    "oracle_db_details": {
      "value": {
        "connection_string": "terraform-2025022214344253700000000a.cy56rbcnrbof.us-west-2.rds.amazonaws.com:1521/DEMODB",
        "dbname": "DEMODB",
        "hostname": "terraform-2025022214344253700000000a.cy56rbcnrbof.us-west-2.rds.amazonaws.com",
        "password": "thebestpasswordever!",
        "port": 1521,
        "username": "thebestusername"
      },
      "type": [
        "object",
        {
          "connection_string": "string",
          "dbname": "string",
          "hostname": "string",
          "password": "string",
          "port": "number",
          "username": "string"
        }
      ]
    },
    "windows_jump_server_details": {
      "value": {
        "ip": "54.212.47.196",
        "password": "Bqzu%wILHL)L8ZgeS3T-m.M*1r@V$9Qq",
        "username": "Administrator"
      },
      "type": [
        "object",
        {
          "ip": "string",
          "password": "string",
          "username": "string"
        }
      ]
    }
  },
  "resources": [
    {
      "mode": "data",
      "type": "aws_ami",
      "name": "windows",
      "provider": "provider[\"registry.terraform.io/hashicorp/aws\"]",
      "instances": [
        {
          "schema_version": 0,
          "attributes": {
            "architecture": "x86_64",
            "arn": "arn:aws:ec2:us-west-2::image/ami-0d31ac04c1d894d66",
            "block_device_mappings": [
              {
                "device_name": "/dev/sda1",
                "ebs": {
                  "delete_on_termination": "true",
                  "encrypted": "false",
                  "iops": "3000",
                  "snapshot_id": "snap-02587c27f46a8e430",
                  "throughput": "125",
                  "volume_size": "30",
                  "volume_type": "gp3"
                },
                "no_device": "",
                "virtual_name": ""
              },
              {
                "device_name": "xvdca",
                "ebs": {},
                "no_device": "",
                "virtual_name": "ephemeral0"
              },
              {
                "device_name": "xvdcb",
                "ebs": {},
                "no_device": "",
                "virtual_name": "ephemeral1"
              },
              {
                "device_name": "xvdcc",
                "ebs": {},
                "no_device": "",
                "virtual_name": "ephemeral2"
              },
              {
                "device_name": "xvdcd",
                "ebs": {},
                "no_device": "",
                "virtual_name": "ephemeral3"
              },
              {
                "device_name": "xvdce",
                "ebs": {},
                "no_device": "",
                "virtual_name": "ephemeral4"
              },
              {
                "device_name": "xvdcf",
                "ebs": {},
                "no_device": "",
                "virtual_name": "ephemeral5"
              },
              {
                "device_name": "xvdcg",
                "ebs": {},
                "no_device": "",
                "virtual_name": "ephemeral6"
              },
              {
                "device_name": "xvdch",
                "ebs": {},
                "no_device": "",
                "virtual_name": "ephemeral7"
              },
              {
                "device_name": "xvdci",
                "ebs": {},
                "no_device": "",
                "virtual_name": "ephemeral8"
              },
              {
                "device_name": "xvdcj",
                "ebs": {},
                "no_device": "",
                "virtual_name": "ephemeral9"
              },
              {
                "device_name": "xvdck",
                "ebs": {},
                "no_device": "",
                "virtual_name": "ephemeral10"
              },
              {
                "device_name": "xvdcl",
                "ebs": {},
                "no_device": "",
                "virtual_name": "ephemeral11"
              },
              {
                "device_name": "xvdcm",
                "ebs": {},
                "no_device": "",
                "virtual_name": "ephemeral12"
              },
              {
                "device_name": "xvdcn",
                "ebs": {},
                "no_device": "",
                "virtual_name": "ephemeral13"
              },
              {
                "device_name": "xvdco",
                "ebs": {},
                "no_device": "",
                "virtual_name": "ephemeral14"
              },
              {
                "device_name": "xvdcp",
                "ebs": {},
                "no_device": "",
                "virtual_name": "ephemeral15"
              },
              {
                "device_name": "xvdcq",
                "ebs": {},
                "no_device": "",
                "virtual_name": "ephemeral16"
              },
              {
                "device_name": "xvdcr",
                "ebs": {},
                "no_device": "",
                "virtual_name": "ephemeral17"
              },
              {
                "device_name": "xvdcs",
                "ebs": {},
                "no_device": "",
                "virtual_name": "ephemeral18"
              },
              {
                "device_name": "xvdct",
                "ebs": {},
                "no_device": "",
                "virtual_name": "ephemeral19"
              },
              {
                "device_name": "xvdcu",
                "ebs": {},
                "no_device": "",
                "virtual_name": "ephemeral20"
              },
              {
                "device_name": "xvdcv",
                "ebs": {},
                "no_device": "",
                "virtual_name": "ephemeral21"
              },
              {
                "device_name": "xvdcw",
                "ebs": {},
                "no_device": "",
                "virtual_name": "ephemeral22"
              },
              {
                "device_name": "xvdcx",
                "ebs": {},
                "no_device": "",
                "virtual_name": "ephemeral23"
              },
              {
                "device_name": "xvdcy",
                "ebs": {},
                "no_device": "",
                "virtual_name": "ephemeral24"
              },
              {
                "device_name": "xvdcz",
                "ebs": {},
                "no_device": "",
                "virtual_name": "ephemeral25"
              }
            ],
            "boot_mode": "uefi",
            "creation_date": "2025-02-13T06:14:11.000Z",
            "deprecation_time": "2027-02-13T06:14:11.000Z",
            "description": "Microsoft Windows Server 2025 Full Locale English AMI provided by Amazon",
            "ena_support": true,
            "executable_users": null,
            "filter": [
              {
                "name": "name",
                "values": [
                  "Windows_Server-2025-English-Full-Base-*"
                ]
              }
            ],
            "hypervisor": "xen",
            "id": "ami-0d31ac04c1d894d66",
            "image_id": "ami-0d31ac04c1d894d66",
            "image_location": "amazon/Windows_Server-2025-English-Full-Base-2025.02.13",
            "image_owner_alias": "amazon",
            "image_type": "machine",
            "imds_support": "v2.0",
            "include_deprecated": false,
            "kernel_id": "",
            "most_recent": true,
            "name": "Windows_Server-2025-English-Full-Base-2025.02.13",
            "name_regex": null,
            "owner_id": "801119661308",
            "owners": [
              "amazon"
            ],
            "platform": "windows",
            "platform_details": "Windows",
            "product_codes": [],
            "public": true,
            "ramdisk_id": "",
            "root_device_name": "/dev/sda1",
            "root_device_type": "ebs",
            "root_snapshot_id": "snap-02587c27f46a8e430",
            "sriov_net_support": "",
            "state": "available",
            "state_reason": {
              "code": "UNSET",
              "message": "UNSET"
            },
            "tags": {},
            "timeouts": null,
            "tpm_support": "",
            "uefi_data": null,
            "usage_operation": "RunInstances:0002",
            "virtualization_type": "hvm"
          },
          "sensitive_attributes": []
        }
      ]
    },
    {
      "mode": "data",
      "type": "aws_caller_identity",
      "name": "current",
      "provider": "provider[\"registry.terraform.io/hashicorp/aws\"]",
      "instances": [
        {
          "schema_version": 0,
          "attributes": {
            "account_id": "550017254839",
            "arn": "arn:aws:iam::550017254839:user/admin-user",
            "id": "550017254839",
            "user_id": "AIDAYAD4VIW3URWLJQQHC"
          },
          "sensitive_attributes": []
        }
      ]
    },
    {
      "mode": "data",
      "type": "aws_region",
      "name": "current",
      "provider": "provider[\"registry.terraform.io/hashicorp/aws\"]",
      "instances": [
        {
          "schema_version": 0,
          "attributes": {
            "description": "US West (Oregon)",
            "endpoint": "ec2.us-west-2.amazonaws.com",
            "id": "us-west-2",
            "name": "us-west-2"
          },
          "sensitive_attributes": []
        }
      ]
    },
    {
      "mode": "data",
      "type": "confluent_flink_region",
      "name": "flink_region",
      "provider": "provider[\"registry.terraform.io/confluentinc/confluent\"]",
      "instances": [
        {
          "schema_version": 0,
          "attributes": {
            "api_version": "fcpm/v2",
            "cloud": "AWS",
            "id": "aws.us-west-2",
            "kind": "Region",
            "private_rest_endpoint": "https://flink.us-west-2.aws.private.confluent.cloud",
            "region": "us-west-2",
            "rest_endpoint": "https://flink.us-west-2.aws.confluent.cloud"
          },
          "sensitive_attributes": []
        }
      ]
    },
    {
      "mode": "data",
      "type": "confluent_schema_registry_cluster",
      "name": "sr",
      "provider": "provider[\"registry.terraform.io/confluentinc/confluent\"]",
      "instances": [
        {
          "schema_version": 0,
          "attributes": {
            "api_version": "srcm/v3",
            "catalog_endpoint": "https://psrc-zw3e6jo.us-west-2.aws.confluent.cloud",
            "cloud": "AWS",
            "display_name": "Always On Stream Governance Package",
            "environment": [
              {
                "id": "env-8y1gp0"
              }
            ],
            "id": "lsrc-wpkx2j",
            "kind": "Cluster",
            "package": "ADVANCED",
            "private_rest_endpoint": "",
            "region": "us-west-2",
            "resource_name": "crn://confluent.cloud/organization=1c2774ee-94b9-406c-ac22-36adca160c3b/environment=env-8y1gp0/schema-registry=lsrc-wpkx2j",
            "rest_endpoint": "https://psrc-zw3e6jo.us-west-2.aws.confluent.cloud"
          },
          "sensitive_attributes": []
        }
      ]
    },
    {
      "mode": "data",
      "type": "dns_a_record_set",
      "name": "rds_dynamic_ip",
      "provider": "provider[\"registry.terraform.io/hashicorp/dns\"]",
      "instances": [
        {
          "schema_version": 0,
          "attributes": {
            "addrs": [
              "10.0.12.18"
            ],
            "host": "terraform-2025022214344253700000000a.cy56rbcnrbof.us-west-2.rds.amazonaws.com",
            "id": "terraform-2025022214344253700000000a.cy56rbcnrbof.us-west-2.rds.amazonaws.com"
          },
          "sensitive_attributes": []
        }
      ]
    },
    {
      "mode": "managed",
      "type": "aws_db_instance",
      "name": "oracle_db",
      "provider": "provider[\"registry.terraform.io/hashicorp/aws\"]",
      "instances": [
        {
          "schema_version": 2,
          "attributes": {
            "address": "terraform-2025022214344253700000000a.cy56rbcnrbof.us-west-2.rds.amazonaws.com",
            "allocated_storage": 20,
            "allow_major_version_upgrade": false,
            "apply_immediately": true,
            "arn": "arn:aws:rds:us-west-2:550017254839:db:terraform-2025022214344253700000000a",
            "auto_minor_version_upgrade": false,
            "availability_zone": "us-west-2c",
            "backup_retention_period": 7,
            "backup_target": "region",
            "backup_window": "00:00-02:00",
            "blue_green_update": [],
            "ca_cert_identifier": "rds-ca-rsa2048-g1",
            "character_set_name": "AL32UTF8",
            "copy_tags_to_snapshot": false,
            "custom_iam_instance_profile": "",
            "customer_owned_ip_enabled": false,
            "db_name": "DEMODB",
            "db_subnet_group_name": "frauddetectiondemo-oracle-db-subnet-group-72e80b76",
            "dedicated_log_volume": false,
            "delete_automated_backups": true,
            "deletion_protection": false,
            "domain": "",
            "domain_auth_secret_arn": "",
            "domain_dns_ips": [],
            "domain_fqdn": "",
            "domain_iam_role_name": "",
            "domain_ou": "",
            "enabled_cloudwatch_logs_exports": [],
            "endpoint": "terraform-2025022214344253700000000a.cy56rbcnrbof.us-west-2.rds.amazonaws.com:1521",
            "engine": "oracle-ee",
            "engine_lifecycle_support": "",
            "engine_version": "19.0.0.0.ru-2024-10.rur-2024-10.r1",
            "engine_version_actual": "19.0.0.0.ru-2024-10.rur-2024-10.r1",
            "final_snapshot_identifier": null,
            "hosted_zone_id": "Z1PVIF0B656C1W",
            "iam_database_authentication_enabled": false,
            "id": "db-7KBYL47VEKQUD5E275QAUADAYE",
            "identifier": "terraform-2025022214344253700000000a",
            "identifier_prefix": "terraform-",
            "instance_class": "db.m5.large",
            "iops": 0,
            "kms_key_id": "",
            "latest_restorable_time": "2025-02-22T15:08:11Z",
            "license_model": "bring-your-own-license",
            "listener_endpoint": [],
            "maintenance_window": "tue:07:01-tue:07:31",
            "manage_master_user_password": null,
            "master_user_secret": [],
            "master_user_secret_kms_key_id": null,
            "max_allocated_storage": 100,
            "monitoring_interval": 0,
            "monitoring_role_arn": "",
            "multi_az": false,
            "nchar_character_set_name": "AL16UTF16",
            "network_type": "IPV4",
            "option_group_name": "default:oracle-ee-19",
            "parameter_group_name": "default.oracle-ee-19",
            "password": "thebestpasswordever!",
            "performance_insights_enabled": false,
            "performance_insights_kms_key_id": "",
            "performance_insights_retention_period": 0,
            "port": 1521,
            "publicly_accessible": false,
            "replica_mode": "",
            "replicas": [],
            "replicate_source_db": "",
            "resource_id": "db-7KBYL47VEKQUD5E275QAUADAYE",
            "restore_to_point_in_time": [],
            "s3_import": [],
            "skip_final_snapshot": true,
            "snapshot_identifier": null,
            "status": "available",
            "storage_encrypted": false,
            "storage_throughput": 0,
            "storage_type": "gp2",
            "tags": {
              "Environment": "dev",
              "Name": "frauddetectiondemo-oracle-db-72e80b76"
            },
            "tags_all": {
              "Environment": "dev",
              "Name": "frauddetectiondemo-oracle-db-72e80b76"
            },
            "timeouts": null,
            "timezone": "",
            "upgrade_storage_config": null,
            "username": "thebestusername",
            "vpc_security_group_ids": [
              "sg-07be2c1836c20d728"
            ]
          },
          "sensitive_attributes": [
            [
              {
                "type": "get_attr",
                "value": "password"
              }
            ]
          ],
          "private": "eyJlMmJmYjczMC1lY2FhLTExZTYtOGY4OC0zNDM2M2JjN2M0YzAiOnsiY3JlYXRlIjozMDAwMDAwMDAwMDAwLCJkZWxldGUiOjM2MDAwMDAwMDAwMDAsInVwZGF0ZSI6NDgwMDAwMDAwMDAwMH0sInNjaGVtYV92ZXJzaW9uIjoiMiJ9",
          "dependencies": [
            "aws_db_subnet_group.db_subnet_group",
            "aws_security_group.db_sg",
            "aws_subnet.private_subnets",
            "aws_vpc.main",
            "random_id.env_display_id"
          ]
        }
      ]
    },
    {
      "mode": "managed",
      "type": "aws_db_subnet_group",
      "name": "db_subnet_group",
      "provider": "provider[\"registry.terraform.io/hashicorp/aws\"]",
      "instances": [
        {
          "schema_version": 0,
          "attributes": {
            "arn": "arn:aws:rds:us-west-2:550017254839:subgrp:frauddetectiondemo-oracle-db-subnet-group-72e80b76",
            "description": "Subnet group for the Oracle DB instance",
            "id": "frauddetectiondemo-oracle-db-subnet-group-72e80b76",
            "name": "frauddetectiondemo-oracle-db-subnet-group-72e80b76",
            "name_prefix": "",
            "subnet_ids": [
              "subnet-02da16c71c0640da7",
              "subnet-04a497094eda4c394",
              "subnet-0d47136fdbd5eb792"
            ],
            "supported_network_types": [
              "IPV4"
            ],
            "tags": {
              "Name": "frauddetectiondemo-oracle-db-subnet-group-72e80b76"
            },
            "tags_all": {
              "Name": "frauddetectiondemo-oracle-db-subnet-group-72e80b76"
            },
            "vpc_id": "vpc-0fee8dec1300686ca"
          },
          "sensitive_attributes": [],
          "private": "bnVsbA==",
          "dependencies": [
            "aws_subnet.private_subnets",
            "aws_vpc.main",
            "random_id.env_display_id"
          ]
        }
      ]
    },
    {
      "mode": "managed",
      "type": "aws_eip",
      "name": "eip",
      "provider": "provider[\"registry.terraform.io/hashicorp/aws\"]",
      "instances": [
        {
          "schema_version": 0,
          "attributes": {
            "address": null,
            "allocation_id": "eipalloc-051617dd190f7184d",
            "arn": "arn:aws:ec2:us-west-2:550017254839:elastic-ip/eipalloc-051617dd190f7184d",
            "associate_with_private_ip": null,
            "association_id": "eipassoc-07a8e4ed1252ccec1",
            "carrier_ip": "",
            "customer_owned_ip": "",
            "customer_owned_ipv4_pool": "",
            "domain": "vpc",
            "id": "eipalloc-051617dd190f7184d",
            "instance": "",
            "ipam_pool_id": null,
            "network_border_group": "us-west-2",
            "network_interface": "eni-0a6c45cf2f147eb9a",
            "private_dns": "ip-10-0-2-123.us-west-2.compute.internal",
            "private_ip": "10.0.2.123",
            "ptr_record": "",
            "public_dns": "ec2-54-185-146-174.us-west-2.compute.amazonaws.com",
            "public_ip": "54.185.146.174",
            "public_ipv4_pool": "amazon",
            "tags": {
              "Name": "frauddetectiondemo-aws-eip-72e80b76"
            },
            "tags_all": {
              "Name": "frauddetectiondemo-aws-eip-72e80b76"
            },
            "timeouts": null,
            "vpc": true
          },
          "sensitive_attributes": [],
          "private": "eyJlMmJmYjczMC1lY2FhLTExZTYtOGY4OC0zNDM2M2JjN2M0YzAiOnsiZGVsZXRlIjoxODAwMDAwMDAwMDAsInJlYWQiOjkwMDAwMDAwMDAwMCwidXBkYXRlIjozMDAwMDAwMDAwMDB9fQ==",
          "dependencies": [
            "random_id.env_display_id"
          ]
        }
      ]
    },
    {
      "mode": "managed",
      "type": "aws_iam_role",
      "name": "cluster",
      "provider": "provider[\"registry.terraform.io/hashicorp/aws\"]",
      "instances": [
        {
          "schema_version": 0,
          "attributes": {
            "arn": "arn:aws:iam::550017254839:role/eks-cluster-example",
            "assume_role_policy": "{\"Statement\":[{\"Action\":[\"sts:AssumeRole\",\"sts:TagSession\"],\"Effect\":\"Allow\",\"Principal\":{\"Service\":\"eks.amazonaws.com\"}}],\"Version\":\"2012-10-17\"}",
            "create_date": "2025-02-22T14:34:23Z",
            "description": "",
            "force_detach_policies": false,
            "id": "eks-cluster-example",
            "inline_policy": [],
            "managed_policy_arns": [
              "arn:aws:iam::aws:policy/AmazonEKSBlockStoragePolicy",
              "arn:aws:iam::aws:policy/AmazonEKSClusterPolicy",
              "arn:aws:iam::aws:policy/AmazonEKSComputePolicy",
              "arn:aws:iam::aws:policy/AmazonEKSLoadBalancingPolicy",
              "arn:aws:iam::aws:policy/AmazonEKSNetworkingPolicy"
            ],
            "max_session_duration": 3600,
            "name": "eks-cluster-example",
            "name_prefix": "",
            "path": "/",
            "permissions_boundary": "",
            "tags": {},
            "tags_all": {},
            "unique_id": "AROAYAD4VIW3Q7PQX3VZV"
          },
          "sensitive_attributes": [],
          "private": "bnVsbA=="
        }
      ]
    },
    {
      "mode": "managed",
      "type": "aws_iam_role",
      "name": "node",
      "provider": "provider[\"registry.terraform.io/hashicorp/aws\"]",
      "instances": [
        {
          "schema_version": 0,
          "attributes": {
            "arn": "arn:aws:iam::550017254839:role/eks-auto-node-example",
            "assume_role_policy": "{\"Statement\":[{\"Action\":[\"sts:AssumeRole\"],\"Effect\":\"Allow\",\"Principal\":{\"Service\":\"ec2.amazonaws.com\"}}],\"Version\":\"2012-10-17\"}",
            "create_date": "2025-02-22T14:34:23Z",
            "description": "",
            "force_detach_policies": false,
            "id": "eks-auto-node-example",
            "inline_policy": [],
            "managed_policy_arns": [
              "arn:aws:iam::aws:policy/AmazonEC2ContainerRegistryPullOnly",
              "arn:aws:iam::aws:policy/AmazonEKSWorkerNodeMinimalPolicy"
            ],
            "max_session_duration": 3600,
            "name": "eks-auto-node-example",
            "name_prefix": "",
            "path": "/",
            "permissions_boundary": "",
            "tags": {},
            "tags_all": {},
            "unique_id": "AROAYAD4VIW377PT4IJ63"
          },
          "sensitive_attributes": [],
          "private": "bnVsbA=="
        }
      ]
    },
    {
      "mode": "managed",
      "type": "aws_iam_role_policy_attachment",
      "name": "cluster_AmazonEKSBlockStoragePolicy",
      "provider": "provider[\"registry.terraform.io/hashicorp/aws\"]",
      "instances": [
        {
          "schema_version": 0,
          "attributes": {
            "id": "eks-cluster-example-20250222143424982100000005",
            "policy_arn": "arn:aws:iam::aws:policy/AmazonEKSBlockStoragePolicy",
            "role": "eks-cluster-example"
          },
          "sensitive_attributes": [],
          "private": "bnVsbA==",
          "dependencies": [
            "aws_iam_role.cluster"
          ]
        }
      ]
    },
    {
      "mode": "managed",
      "type": "aws_iam_role_policy_attachment",
      "name": "cluster_AmazonEKSClusterPolicy",
      "provider": "provider[\"registry.terraform.io/hashicorp/aws\"]",
      "instances": [
        {
          "schema_version": 0,
          "attributes": {
            "id": "eks-cluster-example-20250222143424711700000003",
            "policy_arn": "arn:aws:iam::aws:policy/AmazonEKSClusterPolicy",
            "role": "eks-cluster-example"
          },
          "sensitive_attributes": [],
          "private": "bnVsbA==",
          "dependencies": [
            "aws_iam_role.cluster"
          ]
        }
      ]
    },
    {
      "mode": "managed",
      "type": "aws_iam_role_policy_attachment",
      "name": "cluster_AmazonEKSComputePolicy",
      "provider": "provider[\"registry.terraform.io/hashicorp/aws\"]",
      "instances": [
        {
          "schema_version": 0,
          "attributes": {
            "id": "eks-cluster-example-20250222143424450400000001",
            "policy_arn": "arn:aws:iam::aws:policy/AmazonEKSComputePolicy",
            "role": "eks-cluster-example"
          },
          "sensitive_attributes": [],
          "private": "bnVsbA==",
          "dependencies": [
            "aws_iam_role.cluster"
          ]
        }
      ]
    },
    {
      "mode": "managed",
      "type": "aws_iam_role_policy_attachment",
      "name": "cluster_AmazonEKSLoadBalancingPolicy",
      "provider": "provider[\"registry.terraform.io/hashicorp/aws\"]",
      "instances": [
        {
          "schema_version": 0,
          "attributes": {
            "id": "eks-cluster-example-20250222143424599500000002",
            "policy_arn": "arn:aws:iam::aws:policy/AmazonEKSLoadBalancingPolicy",
            "role": "eks-cluster-example"
          },
          "sensitive_attributes": [],
          "private": "bnVsbA==",
          "dependencies": [
            "aws_iam_role.cluster"
          ]
        }
      ]
    },
    {
      "mode": "managed",
      "type": "aws_iam_role_policy_attachment",
      "name": "cluster_AmazonEKSNetworkingPolicy",
      "provider": "provider[\"registry.terraform.io/hashicorp/aws\"]",
      "instances": [
        {
          "schema_version": 0,
          "attributes": {
            "id": "eks-cluster-example-20250222143424863100000004",
            "policy_arn": "arn:aws:iam::aws:policy/AmazonEKSNetworkingPolicy",
            "role": "eks-cluster-example"
          },
          "sensitive_attributes": [],
          "private": "bnVsbA==",
          "dependencies": [
            "aws_iam_role.cluster"
          ]
        }
      ]
    },
    {
      "mode": "managed",
      "type": "aws_iam_role_policy_attachment",
      "name": "node_AmazonEC2ContainerRegistryPullOnly",
      "provider": "provider[\"registry.terraform.io/hashicorp/aws\"]",
      "instances": [
        {
          "schema_version": 0,
          "attributes": {
            "id": "eks-auto-node-example-20250222143425236200000007",
            "policy_arn": "arn:aws:iam::aws:policy/AmazonEC2ContainerRegistryPullOnly",
            "role": "eks-auto-node-example"
          },
          "sensitive_attributes": [],
          "private": "bnVsbA==",
          "dependencies": [
            "aws_iam_role.node"
          ]
        }
      ]
    },
    {
      "mode": "managed",
      "type": "aws_iam_role_policy_attachment",
      "name": "node_AmazonEKSWorkerNodeMinimalPolicy",
      "provider": "provider[\"registry.terraform.io/hashicorp/aws\"]",
      "instances": [
        {
          "schema_version": 0,
          "attributes": {
            "id": "eks-auto-node-example-20250222143425123000000006",
            "policy_arn": "arn:aws:iam::aws:policy/AmazonEKSWorkerNodeMinimalPolicy",
            "role": "eks-auto-node-example"
          },
          "sensitive_attributes": [],
          "private": "bnVsbA==",
          "dependencies": [
            "aws_iam_role.node"
          ]
        }
      ]
    },
    {
      "mode": "managed",
      "type": "aws_instance",
      "name": "windows_instance",
      "provider": "provider[\"registry.terraform.io/hashicorp/aws\"]",
      "instances": [
        {
          "schema_version": 1,
          "attributes": {
            "ami": "ami-0d31ac04c1d894d66",
            "arn": "arn:aws:ec2:us-west-2:550017254839:instance/i-0e9d5246f0dd814f1",
            "associate_public_ip_address": true,
            "availability_zone": "us-west-2a",
            "capacity_reservation_specification": [
              {
                "capacity_reservation_preference": "open",
                "capacity_reservation_target": []
              }
            ],
            "cpu_core_count": 2,
            "cpu_options": [
              {
                "amd_sev_snp": "",
                "core_count": 2,
                "threads_per_core": 2
              }
            ],
            "cpu_threads_per_core": 2,
            "credit_specification": [
              {
                "cpu_credits": "unlimited"
              }
            ],
            "disable_api_stop": false,
            "disable_api_termination": false,
            "ebs_block_device": [],
            "ebs_optimized": false,
            "enable_primary_ipv6": null,
            "enclave_options": [
              {
                "enabled": false
              }
            ],
            "ephemeral_block_device": [],
            "get_password_data": true,
            "hibernation": false,
            "host_id": "",
            "host_resource_group_arn": null,
            "iam_instance_profile": "",
            "id": "i-0e9d5246f0dd814f1",
            "instance_initiated_shutdown_behavior": "stop",
            "instance_lifecycle": "",
            "instance_market_options": [],
            "instance_state": "running",
            "instance_type": "t3.xlarge",
            "ipv6_address_count": 0,
            "ipv6_addresses": [],
            "key_name": "MyKeyPair",
            "launch_template": [],
            "maintenance_options": [
              {
                "auto_recovery": "default"
              }
            ],
            "metadata_options": [
              {
                "http_endpoint": "enabled",
                "http_protocol_ipv6": "disabled",
                "http_put_response_hop_limit": 2,
                "http_tokens": "required",
                "instance_metadata_tags": "disabled"
              }
            ],
            "monitoring": false,
            "network_interface": [],
            "outpost_arn": "",
            "password_data": "ohTKXNv5PLBB5rJUc1rfTlmhRv4AA2mPOJIBu+lNFF1pfsUE2fkb38RpelOIA3yB1Xl8f0xbAZ42b0TpF747JyonIJhnOfr4tYbBKN+wyII9rCcxRIR/Jh7GuQFmuOZH5rvDrceYnXVlmP7idgrTwnNwtbysK/EhAf8p1iUKOHOoSBeaSiD34AsCc18w9iowgW7ymb8LdObz/AQNJBt4PMWOi0mIKtxnQ2L4ZGiPR+EMRGPOS6P63ERxK+cgjrRHeTkWHyPo5dkdf3zWJ+bEp94QRgTG7CJSLd8W4FXM7Ufh2tqjYD7jud9i3PITUdhGb6o6cgLHgfR5Cel1WXaztg==",
            "placement_group": "",
            "placement_partition_number": 0,
            "primary_network_interface_id": "eni-0b86f54faf17f1860",
            "private_dns": "ip-10-0-1-61.us-west-2.compute.internal",
            "private_dns_name_options": [
              {
                "enable_resource_name_dns_a_record": false,
                "enable_resource_name_dns_aaaa_record": false,
                "hostname_type": "ip-name"
              }
            ],
            "private_ip": "10.0.1.61",
            "public_dns": "ec2-54-212-47-196.us-west-2.compute.amazonaws.com",
            "public_ip": "54.212.47.196",
            "root_block_device": [
              {
                "delete_on_termination": true,
                "device_name": "/dev/sda1",
                "encrypted": false,
                "iops": 3000,
                "kms_key_id": "",
                "tags": {},
                "tags_all": {},
                "throughput": 125,
                "volume_id": "vol-0a59e60454f35fc88",
                "volume_size": 60,
                "volume_type": "gp3"
              }
            ],
            "secondary_private_ips": [],
            "security_groups": [],
            "source_dest_check": true,
            "spot_instance_request_id": "",
            "subnet_id": "subnet-03da4b50ceae27ee9",
            "tags": {
              "Name": "frauddetectiondemo-windows-instance-72e80b76"
            },
            "tags_all": {
              "Name": "frauddetectiondemo-windows-instance-72e80b76"
            },
            "tenancy": "default",
            "timeouts": null,
            "user_data": "05eb152f098080f8d3db905704493b730e750859",
            "user_data_base64": null,
            "user_data_replace_on_change": true,
            "volume_tags": null,
            "vpc_security_group_ids": [
              "sg-05c1ac0eeb72152f7"
            ]
          },
          "sensitive_attributes": [
            [
              {
                "type": "get_attr",
                "value": "user_data"
              }
            ]
          ],
          "private": "eyJlMmJmYjczMC1lY2FhLTExZTYtOGY4OC0zNDM2M2JjN2M0YzAiOnsiY3JlYXRlIjo2MDAwMDAwMDAwMDAsImRlbGV0ZSI6MTIwMDAwMDAwMDAwMCwicmVhZCI6OTAwMDAwMDAwMDAwLCJ1cGRhdGUiOjYwMDAwMDAwMDAwMH0sInNjaGVtYV92ZXJzaW9uIjoiMSJ9",
          "dependencies": [
            "aws_db_instance.oracle_db",
            "aws_db_subnet_group.db_subnet_group",
            "aws_security_group.db_sg",
            "aws_security_group.windows_sg",
            "aws_subnet.private_subnets",
            "aws_subnet.public_subnets",
            "aws_vpc.main",
            "data.aws_ami.windows",
            "null_resource.ec2_key_pair",
            "random_id.env_display_id"
          ]
        }
      ]
    },
    {
      "mode": "managed",
      "type": "aws_internet_gateway",
      "name": "igw",
      "provider": "provider[\"registry.terraform.io/hashicorp/aws\"]",
      "instances": [
        {
          "schema_version": 0,
          "attributes": {
            "arn": "arn:aws:ec2:us-west-2:550017254839:internet-gateway/igw-05baa226994b65380",
            "id": "igw-05baa226994b65380",
            "owner_id": "550017254839",
            "tags": {
              "Name": "frauddetectiondemo-internet-gateway-72e80b76"
            },
            "tags_all": {
              "Name": "frauddetectiondemo-internet-gateway-72e80b76"
            },
            "timeouts": null,
            "vpc_id": "vpc-0fee8dec1300686ca"
          },
          "sensitive_attributes": [],
          "private": "eyJlMmJmYjczMC1lY2FhLTExZTYtOGY4OC0zNDM2M2JjN2M0YzAiOnsiY3JlYXRlIjoxMjAwMDAwMDAwMDAwLCJkZWxldGUiOjEyMDAwMDAwMDAwMDAsInVwZGF0ZSI6MTIwMDAwMDAwMDAwMH19",
          "dependencies": [
            "aws_vpc.main",
            "random_id.env_display_id"
          ]
        }
      ]
    },
    {
      "mode": "managed",
      "type": "aws_lb",
      "name": "rds_oracle_nlb",
      "provider": "provider[\"registry.terraform.io/hashicorp/aws\"]",
      "instances": [
        {
          "schema_version": 0,
          "attributes": {
            "access_logs": [
              {
                "bucket": "",
                "enabled": false,
                "prefix": ""
              }
            ],
            "arn": "arn:aws:elasticloadbalancing:us-west-2:550017254839:loadbalancer/net/frauddetectiondemo-nlb-72e80b76/2d46c210b6f8aa2f",
            "arn_suffix": "net/frauddetectiondemo-nlb-72e80b76/2d46c210b6f8aa2f",
            "client_keep_alive": null,
            "connection_logs": [],
            "customer_owned_ipv4_pool": "",
            "desync_mitigation_mode": null,
            "dns_name": "frauddetectiondemo-nlb-72e80b76-2d46c210b6f8aa2f.elb.us-west-2.amazonaws.com",
            "dns_record_client_routing_policy": "any_availability_zone",
            "drop_invalid_header_fields": null,
            "enable_cross_zone_load_balancing": true,
            "enable_deletion_protection": false,
            "enable_http2": null,
            "enable_tls_version_and_cipher_suite_headers": null,
            "enable_waf_fail_open": null,
            "enable_xff_client_port": null,
            "enable_zonal_shift": false,
            "enforce_security_group_inbound_rules_on_private_link_traffic": "",
            "id": "arn:aws:elasticloadbalancing:us-west-2:550017254839:loadbalancer/net/frauddetectiondemo-nlb-72e80b76/2d46c210b6f8aa2f",
            "idle_timeout": null,
            "internal": true,
            "ip_address_type": "ipv4",
            "load_balancer_type": "network",
            "name": "frauddetectiondemo-nlb-72e80b76",
            "name_prefix": "",
            "preserve_host_header": null,
            "security_groups": [],
            "subnet_mapping": [
              {
                "allocation_id": "",
                "ipv6_address": "",
                "outpost_id": "",
                "private_ipv4_address": "",
                "subnet_id": "subnet-02da16c71c0640da7"
              },
              {
                "allocation_id": "",
                "ipv6_address": "",
                "outpost_id": "",
                "private_ipv4_address": "",
                "subnet_id": "subnet-04a497094eda4c394"
              },
              {
                "allocation_id": "",
                "ipv6_address": "",
                "outpost_id": "",
                "private_ipv4_address": "",
                "subnet_id": "subnet-0d47136fdbd5eb792"
              }
            ],
            "subnets": [
              "subnet-02da16c71c0640da7",
              "subnet-04a497094eda4c394",
              "subnet-0d47136fdbd5eb792"
            ],
            "tags": {
              "Name": "frauddetectiondemo-rds-oracle-nlb-72e80b76"
            },
            "tags_all": {
              "Name": "frauddetectiondemo-rds-oracle-nlb-72e80b76"
            },
            "timeouts": null,
            "vpc_id": "vpc-0fee8dec1300686ca",
            "xff_header_processing_mode": null,
            "zone_id": "Z18D5FSROUN65G"
          },
          "sensitive_attributes": [],
          "private": "eyJlMmJmYjczMC1lY2FhLTExZTYtOGY4OC0zNDM2M2JjN2M0YzAiOnsiY3JlYXRlIjo2MDAwMDAwMDAwMDAsImRlbGV0ZSI6NjAwMDAwMDAwMDAwLCJ1cGRhdGUiOjYwMDAwMDAwMDAwMH19",
          "dependencies": [
            "aws_subnet.private_subnets",
            "aws_vpc.main",
            "random_id.env_display_id"
          ],
          "create_before_destroy": true
        }
      ]
    },
    {
      "mode": "managed",
      "type": "aws_lb_listener",
      "name": "rds_lb_listener",
      "provider": "provider[\"registry.terraform.io/hashicorp/aws\"]",
      "instances": [
        {
          "schema_version": 0,
          "attributes": {
            "alpn_policy": null,
            "arn": "arn:aws:elasticloadbalancing:us-west-2:550017254839:listener/net/frauddetectiondemo-nlb-72e80b76/2d46c210b6f8aa2f/ce0c4dafd8a7f452",
            "certificate_arn": null,
            "default_action": [
              {
                "authenticate_cognito": [],
                "authenticate_oidc": [],
                "fixed_response": [],
                "forward": [],
                "order": 1,
                "redirect": [],
                "target_group_arn": "arn:aws:elasticloadbalancing:us-west-2:550017254839:targetgroup/frauddetectiondemo-tg-72e80b76/d185b593522d73ce",
                "type": "forward"
              }
            ],
            "id": "arn:aws:elasticloadbalancing:us-west-2:550017254839:listener/net/frauddetectiondemo-nlb-72e80b76/2d46c210b6f8aa2f/ce0c4dafd8a7f452",
            "load_balancer_arn": "arn:aws:elasticloadbalancing:us-west-2:550017254839:loadbalancer/net/frauddetectiondemo-nlb-72e80b76/2d46c210b6f8aa2f",
            "mutual_authentication": [],
            "port": 1521,
            "protocol": "TCP",
            "routing_http_request_x_amzn_mtls_clientcert_header_name": null,
            "routing_http_request_x_amzn_mtls_clientcert_issuer_header_name": null,
            "routing_http_request_x_amzn_mtls_clientcert_leaf_header_name": null,
            "routing_http_request_x_amzn_mtls_clientcert_serial_number_header_name": null,
            "routing_http_request_x_amzn_mtls_clientcert_subject_header_name": null,
            "routing_http_request_x_amzn_mtls_clientcert_validity_header_name": null,
            "routing_http_request_x_amzn_tls_cipher_suite_header_name": null,
            "routing_http_request_x_amzn_tls_version_header_name": null,
            "routing_http_response_access_control_allow_credentials_header_value": null,
            "routing_http_response_access_control_allow_headers_header_value": null,
            "routing_http_response_access_control_allow_methods_header_value": null,
            "routing_http_response_access_control_allow_origin_header_value": null,
            "routing_http_response_access_control_expose_headers_header_value": null,
            "routing_http_response_access_control_max_age_header_value": null,
            "routing_http_response_content_security_policy_header_value": null,
            "routing_http_response_server_enabled": null,
            "routing_http_response_strict_transport_security_header_value": null,
            "routing_http_response_x_content_type_options_header_value": null,
            "routing_http_response_x_frame_options_header_value": null,
            "ssl_policy": "",
            "tags": {
              "Name": "frauddetectiondemo-rds-oracle-lb-listener-72e80b76"
            },
            "tags_all": {
              "Name": "frauddetectiondemo-rds-oracle-lb-listener-72e80b76"
            },
            "tcp_idle_timeout_seconds": 350,
            "timeouts": null
          },
          "sensitive_attributes": [],
          "private": "eyJlMmJmYjczMC1lY2FhLTExZTYtOGY4OC0zNDM2M2JjN2M0YzAiOnsiY3JlYXRlIjozMDAwMDAwMDAwMDAsInVwZGF0ZSI6MzAwMDAwMDAwMDAwfX0=",
          "dependencies": [
            "aws_lb.rds_oracle_nlb",
            "aws_lb_target_group.rds_oracle_target_group",
            "aws_subnet.private_subnets",
            "aws_vpc.main",
            "random_id.env_display_id"
          ]
        }
      ]
    },
    {
      "mode": "managed",
      "type": "aws_lb_target_group",
      "name": "rds_oracle_target_group",
      "provider": "provider[\"registry.terraform.io/hashicorp/aws\"]",
      "instances": [
        {
          "schema_version": 0,
          "attributes": {
            "arn": "arn:aws:elasticloadbalancing:us-west-2:550017254839:targetgroup/frauddetectiondemo-tg-72e80b76/d185b593522d73ce",
            "arn_suffix": "targetgroup/frauddetectiondemo-tg-72e80b76/d185b593522d73ce",
            "connection_termination": false,
            "deregistration_delay": "300",
            "health_check": [
              {
                "enabled": true,
                "healthy_threshold": 3,
                "interval": 30,
                "matcher": "",
                "path": "",
                "port": "traffic-port",
                "protocol": "TCP",
                "timeout": 10,
                "unhealthy_threshold": 3
              }
            ],
            "id": "arn:aws:elasticloadbalancing:us-west-2:550017254839:targetgroup/frauddetectiondemo-tg-72e80b76/d185b593522d73ce",
            "ip_address_type": "ipv4",
            "lambda_multi_value_headers_enabled": false,
            "load_balancer_arns": [
              "arn:aws:elasticloadbalancing:us-west-2:550017254839:loadbalancer/net/frauddetectiondemo-nlb-72e80b76/2d46c210b6f8aa2f"
            ],
            "load_balancing_algorithm_type": null,
            "load_balancing_anomaly_mitigation": null,
            "load_balancing_cross_zone_enabled": "use_load_balancer_configuration",
            "name": "frauddetectiondemo-tg-72e80b76",
            "name_prefix": "",
            "port": 1521,
            "preserve_client_ip": "false",
            "protocol": "TCP",
            "protocol_version": null,
            "proxy_protocol_v2": false,
            "slow_start": 0,
            "stickiness": [
              {
                "cookie_duration": 0,
                "cookie_name": "",
                "enabled": false,
                "type": "source_ip"
              }
            ],
            "tags": {
              "Name": "frauddetectiondemo-rds-oracle-target-group-72e80b76"
            },
            "tags_all": {
              "Name": "frauddetectiondemo-rds-oracle-target-group-72e80b76"
            },
            "target_failover": [
              {
                "on_deregistration": null,
                "on_unhealthy": null
              }
            ],
            "target_group_health": [
              {
                "dns_failover": [
                  {
                    "minimum_healthy_targets_count": "1",
                    "minimum_healthy_targets_percentage": "off"
                  }
                ],
                "unhealthy_state_routing": [
                  {
                    "minimum_healthy_targets_count": 1,
                    "minimum_healthy_targets_percentage": "off"
                  }
                ]
              }
            ],
            "target_health_state": [
              {
                "enable_unhealthy_connection_termination": true,
                "unhealthy_draining_interval": 0
              }
            ],
            "target_type": "ip",
            "vpc_id": "vpc-0fee8dec1300686ca"
          },
          "sensitive_attributes": [],
          "private": "bnVsbA==",
          "dependencies": [
            "aws_vpc.main",
            "random_id.env_display_id"
          ]
        }
      ]
    },
    {
      "mode": "managed",
      "type": "aws_lb_target_group_attachment",
      "name": "rds_oracle_target_group_attachment",
      "provider": "provider[\"registry.terraform.io/hashicorp/aws\"]",
      "instances": [
        {
          "schema_version": 0,
          "attributes": {
            "availability_zone": null,
            "id": "arn:aws:elasticloadbalancing:us-west-2:550017254839:targetgroup/frauddetectiondemo-tg-72e80b76/d185b593522d73ce-20250222145433808500000010",
            "port": 1521,
            "target_group_arn": "arn:aws:elasticloadbalancing:us-west-2:550017254839:targetgroup/frauddetectiondemo-tg-72e80b76/d185b593522d73ce",
            "target_id": "10.0.12.18"
          },
          "sensitive_attributes": [],
          "private": "bnVsbA==",
          "dependencies": [
            "aws_db_instance.oracle_db",
            "aws_db_subnet_group.db_subnet_group",
            "aws_lb_target_group.rds_oracle_target_group",
            "aws_security_group.db_sg",
            "aws_subnet.private_subnets",
            "aws_vpc.main",
            "data.dns_a_record_set.rds_dynamic_ip",
            "random_id.env_display_id"
          ]
        }
      ]
    },
    {
      "mode": "managed",
      "type": "aws_nat_gateway",
      "name": "natgw",
      "provider": "provider[\"registry.terraform.io/hashicorp/aws\"]",
      "instances": [
        {
          "schema_version": 0,
          "attributes": {
            "allocation_id": "eipalloc-051617dd190f7184d",
            "association_id": "eipassoc-07a8e4ed1252ccec1",
            "connectivity_type": "public",
            "id": "nat-0e090ea7d53bf1974",
            "network_interface_id": "eni-0a6c45cf2f147eb9a",
            "private_ip": "10.0.2.123",
            "public_ip": "54.185.146.174",
            "secondary_allocation_ids": [],
            "secondary_private_ip_address_count": 0,
            "secondary_private_ip_addresses": [],
            "subnet_id": "subnet-0ab701c6c76435065",
            "tags": {
              "Name": "frauddetectiondemo-nat-gateway-72e80b76"
            },
            "tags_all": {
              "Name": "frauddetectiondemo-nat-gateway-72e80b76"
            },
            "timeouts": null
          },
          "sensitive_attributes": [],
          "private": "eyJlMmJmYjczMC1lY2FhLTExZTYtOGY4OC0zNDM2M2JjN2M0YzAiOnsiY3JlYXRlIjo2MDAwMDAwMDAwMDAsImRlbGV0ZSI6MTgwMDAwMDAwMDAwMCwidXBkYXRlIjo2MDAwMDAwMDAwMDB9fQ==",
          "dependencies": [
            "aws_eip.eip",
            "aws_subnet.public_subnets",
            "aws_vpc.main",
            "random_id.env_display_id"
          ]
        }
      ]
    },
    {
      "mode": "managed",
      "type": "aws_opensearch_domain",
      "name": "OpenSearch",
      "provider": "provider[\"registry.terraform.io/hashicorp/aws\"]",
      "instances": [
        {
          "schema_version": 0,
          "attributes": {
            "access_policies": "{\"Statement\":[{\"Action\":\"es:*\",\"Effect\":\"Allow\",\"Principal\":{\"AWS\":\"*\"},\"Resource\":\"arn:aws:es:us-west-2:550017254839:domain/frauddetectiondemo-72e80b76/*\"}],\"Version\":\"2012-10-17\"}",
            "advanced_options": {},
            "advanced_security_options": [
              {
                "anonymous_auth_enabled": false,
                "enabled": true,
                "internal_user_database_enabled": true,
                "master_user_options": [
                  {
                    "master_user_arn": "",
                    "master_user_name": "admin",
                    "master_user_password": "Admin123456!"
                  }
                ]
              }
            ],
            "arn": "arn:aws:es:us-west-2:550017254839:domain/frauddetectiondemo-72e80b76",
            "auto_tune_options": [
              {
                "desired_state": "DISABLED",
                "maintenance_schedule": [],
                "rollback_on_disable": "NO_ROLLBACK",
                "use_off_peak_window": false
              }
            ],
            "cluster_config": [
              {
                "cold_storage_options": [
                  {
                    "enabled": false
                  }
                ],
                "dedicated_master_count": 0,
                "dedicated_master_enabled": false,
                "dedicated_master_type": "",
                "instance_count": 3,
                "instance_type": "t3.small.search",
                "multi_az_with_standby_enabled": false,
                "warm_count": 0,
                "warm_enabled": false,
                "warm_type": "",
                "zone_awareness_config": [
                  {
                    "availability_zone_count": 3
                  }
                ],
                "zone_awareness_enabled": true
              }
            ],
            "cognito_options": [
              {
                "enabled": false,
                "identity_pool_id": "",
                "role_arn": "",
                "user_pool_id": ""
              }
            ],
            "dashboard_endpoint": "search-frauddetectiondemo-72e80b76-rfrk36hontin3ngxovqnvhild4.us-west-2.es.amazonaws.com/_dashboards",
            "dashboard_endpoint_v2": null,
            "domain_endpoint_options": [
              {
                "custom_endpoint": "",
                "custom_endpoint_certificate_arn": "",
                "custom_endpoint_enabled": false,
                "enforce_https": true,
                "tls_security_policy": "Policy-Min-TLS-1-2-2019-07"
              }
            ],
            "domain_endpoint_v2_hosted_zone_id": "",
            "domain_id": "550017254839/frauddetectiondemo-72e80b76",
            "domain_name": "frauddetectiondemo-72e80b76",
            "ebs_options": [
              {
                "ebs_enabled": true,
                "iops": 0,
                "throughput": 0,
                "volume_size": 10,
                "volume_type": "gp2"
              }
            ],
            "encrypt_at_rest": [
              {
                "enabled": true,
                "kms_key_id": "arn:aws:kms:us-west-2:550017254839:key/c30625b1-7941-48b0-a353-2ca81d36434b"
              }
            ],
            "endpoint": "search-frauddetectiondemo-72e80b76-rfrk36hontin3ngxovqnvhild4.us-west-2.es.amazonaws.com",
            "endpoint_v2": null,
            "engine_version": "OpenSearch_2.17",
            "id": "arn:aws:es:us-west-2:550017254839:domain/frauddetectiondemo-72e80b76",
            "ip_address_type": "ipv4",
            "kibana_endpoint": "search-frauddetectiondemo-72e80b76-rfrk36hontin3ngxovqnvhild4.us-west-2.es.amazonaws.com/_plugin/kibana/",
            "log_publishing_options": [],
            "node_to_node_encryption": [
              {
                "enabled": true
              }
            ],
            "off_peak_window_options": [
              {
                "enabled": true,
                "off_peak_window": [
                  {
                    "window_start_time": [
                      {
                        "hours": 6,
                        "minutes": 0
                      }
                    ]
                  }
                ]
              }
            ],
            "snapshot_options": [
              {
                "automated_snapshot_start_hour": 0
              }
            ],
            "software_update_options": [
              {
                "auto_software_update_enabled": false
              }
            ],
            "tags": {
              "Name": "frauddetectiondemo-opensearch-72e80b76"
            },
            "tags_all": {
              "Name": "frauddetectiondemo-opensearch-72e80b76"
            },
            "timeouts": null,
            "vpc_options": []
          },
          "sensitive_attributes": [
            [
              {
                "type": "get_attr",
                "value": "advanced_security_options"
              },
              {
                "type": "index",
                "value": {
                  "value": 0,
                  "type": "number"
                }
              },
              {
                "type": "get_attr",
                "value": "master_user_options"
              },
              {
                "type": "index",
                "value": {
                  "value": 0,
                  "type": "number"
                }
              },
              {
                "type": "get_attr",
                "value": "master_user_password"
              }
            ]
          ],
          "private": "eyJlMmJmYjczMC1lY2FhLTExZTYtOGY4OC0zNDM2M2JjN2M0YzAiOnsiY3JlYXRlIjo3MjAwMDAwMDAwMDAwLCJkZWxldGUiOjU0MDAwMDAwMDAwMDAsInVwZGF0ZSI6MTA4MDAwMDAwMDAwMDB9fQ==",
          "dependencies": [
            "data.aws_caller_identity.current",
            "random_id.env_display_id"
          ]
        }
      ]
    },
    {
      "mode": "managed",
      "type": "aws_route53_record",
      "name": "privatelink",
      "provider": "provider[\"registry.terraform.io/hashicorp/aws\"]",
      "instances": [
        {
          "schema_version": 2,
          "attributes": {
            "alias": [],
            "allow_overwrite": null,
            "cidr_routing_policy": [],
            "failover_routing_policy": [],
            "fqdn": "*.us-west-2.aws.private.confluent.cloud",
            "geolocation_routing_policy": [],
            "geoproximity_routing_policy": [],
            "health_check_id": "",
            "id": "Z00004363MXPVYR6RMXBX_*.us-west-2.aws.private.confluent.cloud_CNAME",
            "latency_routing_policy": [],
            "multivalue_answer_routing_policy": false,
            "name": "*.us-west-2.aws.private.confluent.cloud",
            "records": [
              "vpce-0efb70ff658e77d55-5g0txf3u.vpce-svc-06a0af73877f48196.us-west-2.vpce.amazonaws.com"
            ],
            "set_identifier": "",
            "ttl": 60,
            "type": "CNAME",
            "weighted_routing_policy": [],
            "zone_id": "Z00004363MXPVYR6RMXBX"
          },
          "sensitive_attributes": [],
          "private": "eyJzY2hlbWFfdmVyc2lvbiI6IjIifQ==",
          "dependencies": [
            "aws_route53_zone.privatelink",
            "aws_security_group.sg",
            "aws_security_group.windows_sg",
            "aws_subnet.private_subnets",
            "aws_vpc.main",
            "aws_vpc_endpoint.privatelink",
            "confluent_environment.staging",
            "confluent_private_link_attachment.pla",
            "random_id.env_display_id"
          ]
        }
      ]
    },
    {
      "mode": "managed",
      "type": "aws_route53_zone",
      "name": "privatelink",
      "provider": "provider[\"registry.terraform.io/hashicorp/aws\"]",
      "instances": [
        {
          "schema_version": 0,
          "attributes": {
            "arn": "arn:aws:route53:::hostedzone/Z00004363MXPVYR6RMXBX",
            "comment": "Managed by Terraform",
            "delegation_set_id": "",
            "force_destroy": false,
            "id": "Z00004363MXPVYR6RMXBX",
            "name": "us-west-2.aws.private.confluent.cloud",
            "name_servers": [
              "ns-0.awsdns-00.com.",
              "ns-1024.awsdns-00.org.",
              "ns-1536.awsdns-00.co.uk.",
              "ns-512.awsdns-00.net."
            ],
            "primary_name_server": "ns-0.awsdns-00.com.",
            "tags": {
              "Name": "frauddetectiondemo-privatelink-route-53-zone-72e80b76"
            },
            "tags_all": {
              "Name": "frauddetectiondemo-privatelink-route-53-zone-72e80b76"
            },
            "vpc": [
              {
                "vpc_id": "vpc-0fee8dec1300686ca",
                "vpc_region": "us-west-2"
              }
            ],
            "zone_id": "Z00004363MXPVYR6RMXBX"
          },
          "sensitive_attributes": [],
          "private": "bnVsbA==",
          "dependencies": [
            "aws_vpc.main",
            "confluent_environment.staging",
            "confluent_private_link_attachment.pla",
            "random_id.env_display_id"
          ]
        }
      ]
    },
    {
      "mode": "managed",
      "type": "aws_route_table",
      "name": "private_route_table",
      "provider": "provider[\"registry.terraform.io/hashicorp/aws\"]",
      "instances": [
        {
          "schema_version": 0,
          "attributes": {
            "arn": "arn:aws:ec2:us-west-2:550017254839:route-table/rtb-0737c9efb7ec4efad",
            "id": "rtb-0737c9efb7ec4efad",
            "owner_id": "550017254839",
            "propagating_vgws": [],
            "route": [
              {
                "carrier_gateway_id": "",
                "cidr_block": "0.0.0.0/0",
                "core_network_arn": "",
                "destination_prefix_list_id": "",
                "egress_only_gateway_id": "",
                "gateway_id": "",
                "ipv6_cidr_block": "",
                "local_gateway_id": "",
                "nat_gateway_id": "nat-0e090ea7d53bf1974",
                "network_interface_id": "",
                "transit_gateway_id": "",
                "vpc_endpoint_id": "",
                "vpc_peering_connection_id": ""
              }
            ],
            "tags": {
              "Name": "frauddetectiondemo-private-route-table-72e80b76"
            },
            "tags_all": {
              "Name": "frauddetectiondemo-private-route-table-72e80b76"
            },
            "timeouts": null,
            "vpc_id": "vpc-0fee8dec1300686ca"
          },
          "sensitive_attributes": [],
          "private": "eyJlMmJmYjczMC1lY2FhLTExZTYtOGY4OC0zNDM2M2JjN2M0YzAiOnsiY3JlYXRlIjozMDAwMDAwMDAwMDAsImRlbGV0ZSI6MzAwMDAwMDAwMDAwLCJ1cGRhdGUiOjEyMDAwMDAwMDAwMH19",
          "dependencies": [
            "aws_eip.eip",
            "aws_nat_gateway.natgw",
            "aws_subnet.public_subnets",
            "aws_vpc.main",
            "random_id.env_display_id"
          ]
        }
      ]
    },
    {
      "mode": "managed",
      "type": "aws_route_table",
      "name": "public_route_table",
      "provider": "provider[\"registry.terraform.io/hashicorp/aws\"]",
      "instances": [
        {
          "schema_version": 0,
          "attributes": {
            "arn": "arn:aws:ec2:us-west-2:550017254839:route-table/rtb-04431bfde8a1e2fd9",
            "id": "rtb-04431bfde8a1e2fd9",
            "owner_id": "550017254839",
            "propagating_vgws": [],
            "route": [
              {
                "carrier_gateway_id": "",
                "cidr_block": "0.0.0.0/0",
                "core_network_arn": "",
                "destination_prefix_list_id": "",
                "egress_only_gateway_id": "",
                "gateway_id": "igw-05baa226994b65380",
                "ipv6_cidr_block": "",
                "local_gateway_id": "",
                "nat_gateway_id": "",
                "network_interface_id": "",
                "transit_gateway_id": "",
                "vpc_endpoint_id": "",
                "vpc_peering_connection_id": ""
              }
            ],
            "tags": {
              "Name": "frauddetectiondemo-public-route-table-72e80b76"
            },
            "tags_all": {
              "Name": "frauddetectiondemo-public-route-table-72e80b76"
            },
            "timeouts": null,
            "vpc_id": "vpc-0fee8dec1300686ca"
          },
          "sensitive_attributes": [],
          "private": "eyJlMmJmYjczMC1lY2FhLTExZTYtOGY4OC0zNDM2M2JjN2M0YzAiOnsiY3JlYXRlIjozMDAwMDAwMDAwMDAsImRlbGV0ZSI6MzAwMDAwMDAwMDAwLCJ1cGRhdGUiOjEyMDAwMDAwMDAwMH19",
          "dependencies": [
            "aws_internet_gateway.igw",
            "aws_vpc.main",
            "random_id.env_display_id"
          ]
        }
      ]
    },
    {
      "mode": "managed",
      "type": "aws_route_table_association",
      "name": "pri_subnet_associations",
      "provider": "provider[\"registry.terraform.io/hashicorp/aws\"]",
      "instances": [
        {
          "index_key": 0,
          "schema_version": 0,
          "attributes": {
            "gateway_id": "",
            "id": "rtbassoc-059af4ef8488084f9",
            "route_table_id": "rtb-0737c9efb7ec4efad",
            "subnet_id": "subnet-04a497094eda4c394",
            "timeouts": null
          },
          "sensitive_attributes": [],
          "private": "eyJlMmJmYjczMC1lY2FhLTExZTYtOGY4OC0zNDM2M2JjN2M0YzAiOnsiY3JlYXRlIjozMDAwMDAwMDAwMDAsImRlbGV0ZSI6MzAwMDAwMDAwMDAwLCJ1cGRhdGUiOjEyMDAwMDAwMDAwMH19",
          "dependencies": [
            "aws_eip.eip",
            "aws_nat_gateway.natgw",
            "aws_route_table.private_route_table",
            "aws_subnet.private_subnets",
            "aws_subnet.public_subnets",
            "aws_vpc.main",
            "random_id.env_display_id"
          ]
        },
        {
          "index_key": 1,
          "schema_version": 0,
          "attributes": {
            "gateway_id": "",
            "id": "rtbassoc-0fdbc86a635847cc9",
            "route_table_id": "rtb-0737c9efb7ec4efad",
            "subnet_id": "subnet-0d47136fdbd5eb792",
            "timeouts": null
          },
          "sensitive_attributes": [],
          "private": "eyJlMmJmYjczMC1lY2FhLTExZTYtOGY4OC0zNDM2M2JjN2M0YzAiOnsiY3JlYXRlIjozMDAwMDAwMDAwMDAsImRlbGV0ZSI6MzAwMDAwMDAwMDAwLCJ1cGRhdGUiOjEyMDAwMDAwMDAwMH19",
          "dependencies": [
            "aws_eip.eip",
            "aws_nat_gateway.natgw",
            "aws_route_table.private_route_table",
            "aws_subnet.private_subnets",
            "aws_subnet.public_subnets",
            "aws_vpc.main",
            "random_id.env_display_id"
          ]
        },
        {
          "index_key": 2,
          "schema_version": 0,
          "attributes": {
            "gateway_id": "",
            "id": "rtbassoc-080bfe0ad5ca2d473",
            "route_table_id": "rtb-0737c9efb7ec4efad",
            "subnet_id": "subnet-02da16c71c0640da7",
            "timeouts": null
          },
          "sensitive_attributes": [],
          "private": "eyJlMmJmYjczMC1lY2FhLTExZTYtOGY4OC0zNDM2M2JjN2M0YzAiOnsiY3JlYXRlIjozMDAwMDAwMDAwMDAsImRlbGV0ZSI6MzAwMDAwMDAwMDAwLCJ1cGRhdGUiOjEyMDAwMDAwMDAwMH19",
          "dependencies": [
            "aws_eip.eip",
            "aws_nat_gateway.natgw",
            "aws_route_table.private_route_table",
            "aws_subnet.private_subnets",
            "aws_subnet.public_subnets",
            "aws_vpc.main",
            "random_id.env_display_id"
          ]
        }
      ]
    },
    {
      "mode": "managed",
      "type": "aws_route_table_association",
      "name": "pub_subnet_associations",
      "provider": "provider[\"registry.terraform.io/hashicorp/aws\"]",
      "instances": [
        {
          "index_key": 0,
          "schema_version": 0,
          "attributes": {
            "gateway_id": "",
            "id": "rtbassoc-0f1381bea646a3964",
            "route_table_id": "rtb-04431bfde8a1e2fd9",
            "subnet_id": "subnet-03da4b50ceae27ee9",
            "timeouts": null
          },
          "sensitive_attributes": [],
          "private": "eyJlMmJmYjczMC1lY2FhLTExZTYtOGY4OC0zNDM2M2JjN2M0YzAiOnsiY3JlYXRlIjozMDAwMDAwMDAwMDAsImRlbGV0ZSI6MzAwMDAwMDAwMDAwLCJ1cGRhdGUiOjEyMDAwMDAwMDAwMH19",
          "dependencies": [
            "aws_internet_gateway.igw",
            "aws_route_table.public_route_table",
            "aws_subnet.public_subnets",
            "aws_vpc.main",
            "random_id.env_display_id"
          ]
        },
        {
          "index_key": 1,
          "schema_version": 0,
          "attributes": {
            "gateway_id": "",
            "id": "rtbassoc-0dadbb84345707a94",
            "route_table_id": "rtb-04431bfde8a1e2fd9",
            "subnet_id": "subnet-0ab701c6c76435065",
            "timeouts": null
          },
          "sensitive_attributes": [],
          "private": "eyJlMmJmYjczMC1lY2FhLTExZTYtOGY4OC0zNDM2M2JjN2M0YzAiOnsiY3JlYXRlIjozMDAwMDAwMDAwMDAsImRlbGV0ZSI6MzAwMDAwMDAwMDAwLCJ1cGRhdGUiOjEyMDAwMDAwMDAwMH19",
          "dependencies": [
            "aws_internet_gateway.igw",
            "aws_route_table.public_route_table",
            "aws_subnet.public_subnets",
            "aws_vpc.main",
            "random_id.env_display_id"
          ]
        },
        {
          "index_key": 2,
          "schema_version": 0,
          "attributes": {
            "gateway_id": "",
            "id": "rtbassoc-0f0b8293a85acd762",
            "route_table_id": "rtb-04431bfde8a1e2fd9",
            "subnet_id": "subnet-0ba937b968afca997",
            "timeouts": null
          },
          "sensitive_attributes": [],
          "private": "eyJlMmJmYjczMC1lY2FhLTExZTYtOGY4OC0zNDM2M2JjN2M0YzAiOnsiY3JlYXRlIjozMDAwMDAwMDAwMDAsImRlbGV0ZSI6MzAwMDAwMDAwMDAwLCJ1cGRhdGUiOjEyMDAwMDAwMDAwMH19",
          "dependencies": [
            "aws_internet_gateway.igw",
            "aws_route_table.public_route_table",
            "aws_subnet.public_subnets",
            "aws_vpc.main",
            "random_id.env_display_id"
          ]
        }
      ]
    },
    {
      "mode": "managed",
      "type": "aws_security_group",
      "name": "db_sg",
      "provider": "provider[\"registry.terraform.io/hashicorp/aws\"]",
      "instances": [
        {
          "schema_version": 1,
          "attributes": {
            "arn": "arn:aws:ec2:us-west-2:550017254839:security-group/sg-07be2c1836c20d728",
            "description": "Allow RDS Oracle access",
            "egress": [
              {
                "cidr_blocks": [
                  "0.0.0.0/0"
                ],
                "description": "",
                "from_port": 0,
                "ipv6_cidr_blocks": [],
                "prefix_list_ids": [],
                "protocol": "-1",
                "security_groups": [],
                "self": false,
                "to_port": 0
              }
            ],
            "id": "sg-07be2c1836c20d728",
            "ingress": [
              {
                "cidr_blocks": [
                  "10.0.0.0/16"
                ],
                "description": "",
                "from_port": 1521,
                "ipv6_cidr_blocks": [],
                "prefix_list_ids": [],
                "protocol": "tcp",
                "security_groups": [],
                "self": false,
                "to_port": 1521
              }
            ],
            "name": "frauddetectiondemo-db-sg-72e80b76",
            "name_prefix": "",
            "owner_id": "550017254839",
            "revoke_rules_on_delete": false,
            "tags": {
              "Name": "frauddetectiondemo-db-sg-72e80b76"
            },
            "tags_all": {
              "Name": "frauddetectiondemo-db-sg-72e80b76"
            },
            "timeouts": null,
            "vpc_id": "vpc-0fee8dec1300686ca"
          },
          "sensitive_attributes": [],
          "private": "eyJlMmJmYjczMC1lY2FhLTExZTYtOGY4OC0zNDM2M2JjN2M0YzAiOnsiY3JlYXRlIjo2MDAwMDAwMDAwMDAsImRlbGV0ZSI6OTAwMDAwMDAwMDAwfSwic2NoZW1hX3ZlcnNpb24iOiIxIn0=",
          "dependencies": [
            "aws_vpc.main",
            "random_id.env_display_id"
          ]
        }
      ]
    },
    {
      "mode": "managed",
      "type": "aws_security_group",
      "name": "sg",
      "provider": "provider[\"registry.terraform.io/hashicorp/aws\"]",
      "instances": [
        {
          "schema_version": 1,
          "attributes": {
            "arn": "arn:aws:ec2:us-west-2:550017254839:security-group/sg-05865212697750f3b",
            "description": "Allow TLS inbound traffic",
            "egress": [
              {
                "cidr_blocks": [
                  "0.0.0.0/0"
                ],
                "description": "",
                "from_port": 0,
                "ipv6_cidr_blocks": [],
                "prefix_list_ids": [],
                "protocol": "-1",
                "security_groups": [],
                "self": false,
                "to_port": 0
              }
            ],
            "id": "sg-05865212697750f3b",
            "ingress": [
              {
                "cidr_blocks": [
                  "0.0.0.0/0"
                ],
                "description": "",
                "from_port": 9092,
                "ipv6_cidr_blocks": [],
                "prefix_list_ids": [],
                "protocol": "tcp",
                "security_groups": [],
                "self": false,
                "to_port": 9092
              },
              {
                "cidr_blocks": [],
                "description": "",
                "from_port": 443,
                "ipv6_cidr_blocks": [],
                "prefix_list_ids": [],
                "protocol": "tcp",
                "security_groups": [
                  "sg-05c1ac0eeb72152f7"
                ],
                "self": false,
                "to_port": 443
              }
            ],
            "name": "frauddetectiondemo-aws-security-group-72e80b76",
            "name_prefix": "",
            "owner_id": "550017254839",
            "revoke_rules_on_delete": false,
            "tags": {
              "Name": "frauddetectiondemo-security-group-72e80b76"
            },
            "tags_all": {
              "Name": "frauddetectiondemo-security-group-72e80b76"
            },
            "timeouts": null,
            "vpc_id": "vpc-0fee8dec1300686ca"
          },
          "sensitive_attributes": [],
          "private": "eyJlMmJmYjczMC1lY2FhLTExZTYtOGY4OC0zNDM2M2JjN2M0YzAiOnsiY3JlYXRlIjo2MDAwMDAwMDAwMDAsImRlbGV0ZSI6OTAwMDAwMDAwMDAwfSwic2NoZW1hX3ZlcnNpb24iOiIxIn0=",
          "dependencies": [
            "aws_security_group.windows_sg",
            "aws_vpc.main",
            "random_id.env_display_id"
          ]
        }
      ]
    },
    {
      "mode": "managed",
      "type": "aws_security_group",
      "name": "windows_sg",
      "provider": "provider[\"registry.terraform.io/hashicorp/aws\"]",
      "instances": [
        {
          "schema_version": 1,
          "attributes": {
            "arn": "arn:aws:ec2:us-west-2:550017254839:security-group/sg-05c1ac0eeb72152f7",
            "description": "Allow RDP traffic",
            "egress": [
              {
                "cidr_blocks": [
                  "0.0.0.0/0"
                ],
                "description": "",
                "from_port": 0,
                "ipv6_cidr_blocks": [],
                "prefix_list_ids": [],
                "protocol": "-1",
                "security_groups": [],
                "self": false,
                "to_port": 0
              }
            ],
            "id": "sg-05c1ac0eeb72152f7",
            "ingress": [
              {
                "cidr_blocks": [
                  "0.0.0.0/0"
                ],
                "description": "",
                "from_port": 3389,
                "ipv6_cidr_blocks": [],
                "prefix_list_ids": [],
                "protocol": "tcp",
                "security_groups": [],
                "self": false,
                "to_port": 3389
              },
              {
                "cidr_blocks": [
                  "0.0.0.0/0"
                ],
                "description": "",
                "from_port": 5985,
                "ipv6_cidr_blocks": [],
                "prefix_list_ids": [],
                "protocol": "tcp",
                "security_groups": [],
                "self": false,
                "to_port": 5986
              }
            ],
            "name": "frauddetectiondemo-windows-sg-72e80b76",
            "name_prefix": "",
            "owner_id": "550017254839",
            "revoke_rules_on_delete": false,
            "tags": {
              "Name": "frauddetectiondemo-windows-sg-72e80b76"
            },
            "tags_all": {
              "Name": "frauddetectiondemo-windows-sg-72e80b76"
            },
            "timeouts": null,
            "vpc_id": "vpc-0fee8dec1300686ca"
          },
          "sensitive_attributes": [],
          "private": "eyJlMmJmYjczMC1lY2FhLTExZTYtOGY4OC0zNDM2M2JjN2M0YzAiOnsiY3JlYXRlIjo2MDAwMDAwMDAwMDAsImRlbGV0ZSI6OTAwMDAwMDAwMDAwfSwic2NoZW1hX3ZlcnNpb24iOiIxIn0=",
          "dependencies": [
            "aws_vpc.main",
            "random_id.env_display_id"
          ]
        }
      ]
    },
    {
      "mode": "managed",
      "type": "aws_security_group_rule",
      "name": "self_ingress_443",
      "provider": "provider[\"registry.terraform.io/hashicorp/aws\"]",
      "instances": [
        {
          "schema_version": 2,
          "attributes": {
            "cidr_blocks": null,
            "description": null,
            "from_port": 443,
            "id": "sgrule-1299449743",
            "ipv6_cidr_blocks": null,
            "prefix_list_ids": null,
            "protocol": "tcp",
            "security_group_id": "sg-05865212697750f3b",
            "security_group_rule_id": "sgr-01c42ecae23b94355",
            "self": false,
            "source_security_group_id": "sg-05865212697750f3b",
            "timeouts": null,
            "to_port": 443,
            "type": "ingress"
          },
          "sensitive_attributes": [],
          "private": "eyJlMmJmYjczMC1lY2FhLTExZTYtOGY4OC0zNDM2M2JjN2M0YzAiOnsiY3JlYXRlIjozMDAwMDAwMDAwMDB9LCJzY2hlbWFfdmVyc2lvbiI6IjIifQ==",
          "dependencies": [
            "aws_security_group.sg",
            "aws_security_group.windows_sg",
            "aws_vpc.main",
            "random_id.env_display_id"
          ]
        }
      ]
    },
    {
      "mode": "managed",
      "type": "aws_subnet",
      "name": "private_subnets",
      "provider": "provider[\"registry.terraform.io/hashicorp/aws\"]",
      "instances": [
        {
          "index_key": 0,
          "schema_version": 1,
          "attributes": {
            "arn": "arn:aws:ec2:us-west-2:550017254839:subnet/subnet-04a497094eda4c394",
            "assign_ipv6_address_on_creation": false,
            "availability_zone": "us-west-2a",
            "availability_zone_id": "usw2-az1",
            "cidr_block": "10.0.10.0/24",
            "customer_owned_ipv4_pool": "",
            "enable_dns64": false,
            "enable_lni_at_device_index": 0,
            "enable_resource_name_dns_a_record_on_launch": false,
            "enable_resource_name_dns_aaaa_record_on_launch": false,
            "id": "subnet-04a497094eda4c394",
            "ipv6_cidr_block": "",
            "ipv6_cidr_block_association_id": "",
            "ipv6_native": false,
            "map_customer_owned_ip_on_launch": false,
            "map_public_ip_on_launch": false,
            "outpost_arn": "",
            "owner_id": "550017254839",
            "private_dns_hostname_type_on_launch": "ip-name",
            "tags": {
              "Name": "frauddetectiondemo-private-0-72e80b76"
            },
            "tags_all": {
              "Name": "frauddetectiondemo-private-0-72e80b76"
            },
            "timeouts": null,
            "vpc_id": "vpc-0fee8dec1300686ca"
          },
          "sensitive_attributes": [],
          "private": "eyJlMmJmYjczMC1lY2FhLTExZTYtOGY4OC0zNDM2M2JjN2M0YzAiOnsiY3JlYXRlIjo2MDAwMDAwMDAwMDAsImRlbGV0ZSI6MTIwMDAwMDAwMDAwMH0sInNjaGVtYV92ZXJzaW9uIjoiMSJ9",
          "dependencies": [
            "aws_vpc.main",
            "random_id.env_display_id"
          ],
          "create_before_destroy": true
        },
        {
          "index_key": 1,
          "schema_version": 1,
          "attributes": {
            "arn": "arn:aws:ec2:us-west-2:550017254839:subnet/subnet-0d47136fdbd5eb792",
            "assign_ipv6_address_on_creation": false,
            "availability_zone": "us-west-2b",
            "availability_zone_id": "usw2-az2",
            "cidr_block": "10.0.11.0/24",
            "customer_owned_ipv4_pool": "",
            "enable_dns64": false,
            "enable_lni_at_device_index": 0,
            "enable_resource_name_dns_a_record_on_launch": false,
            "enable_resource_name_dns_aaaa_record_on_launch": false,
            "id": "subnet-0d47136fdbd5eb792",
            "ipv6_cidr_block": "",
            "ipv6_cidr_block_association_id": "",
            "ipv6_native": false,
            "map_customer_owned_ip_on_launch": false,
            "map_public_ip_on_launch": false,
            "outpost_arn": "",
            "owner_id": "550017254839",
            "private_dns_hostname_type_on_launch": "ip-name",
            "tags": {
              "Name": "frauddetectiondemo-private-1-72e80b76"
            },
            "tags_all": {
              "Name": "frauddetectiondemo-private-1-72e80b76"
            },
            "timeouts": null,
            "vpc_id": "vpc-0fee8dec1300686ca"
          },
          "sensitive_attributes": [],
          "private": "eyJlMmJmYjczMC1lY2FhLTExZTYtOGY4OC0zNDM2M2JjN2M0YzAiOnsiY3JlYXRlIjo2MDAwMDAwMDAwMDAsImRlbGV0ZSI6MTIwMDAwMDAwMDAwMH0sInNjaGVtYV92ZXJzaW9uIjoiMSJ9",
          "dependencies": [
            "aws_vpc.main",
            "random_id.env_display_id"
          ],
          "create_before_destroy": true
        },
        {
          "index_key": 2,
          "schema_version": 1,
          "attributes": {
            "arn": "arn:aws:ec2:us-west-2:550017254839:subnet/subnet-02da16c71c0640da7",
            "assign_ipv6_address_on_creation": false,
            "availability_zone": "us-west-2c",
            "availability_zone_id": "usw2-az3",
            "cidr_block": "10.0.12.0/24",
            "customer_owned_ipv4_pool": "",
            "enable_dns64": false,
            "enable_lni_at_device_index": 0,
            "enable_resource_name_dns_a_record_on_launch": false,
            "enable_resource_name_dns_aaaa_record_on_launch": false,
            "id": "subnet-02da16c71c0640da7",
            "ipv6_cidr_block": "",
            "ipv6_cidr_block_association_id": "",
            "ipv6_native": false,
            "map_customer_owned_ip_on_launch": false,
            "map_public_ip_on_launch": false,
            "outpost_arn": "",
            "owner_id": "550017254839",
            "private_dns_hostname_type_on_launch": "ip-name",
            "tags": {
              "Name": "frauddetectiondemo-private-2-72e80b76"
            },
            "tags_all": {
              "Name": "frauddetectiondemo-private-2-72e80b76"
            },
            "timeouts": null,
            "vpc_id": "vpc-0fee8dec1300686ca"
          },
          "sensitive_attributes": [],
          "private": "eyJlMmJmYjczMC1lY2FhLTExZTYtOGY4OC0zNDM2M2JjN2M0YzAiOnsiY3JlYXRlIjo2MDAwMDAwMDAwMDAsImRlbGV0ZSI6MTIwMDAwMDAwMDAwMH0sInNjaGVtYV92ZXJzaW9uIjoiMSJ9",
          "dependencies": [
            "aws_vpc.main",
            "random_id.env_display_id"
          ],
          "create_before_destroy": true
        }
      ]
    },
    {
      "mode": "managed",
      "type": "aws_subnet",
      "name": "public_subnets",
      "provider": "provider[\"registry.terraform.io/hashicorp/aws\"]",
      "instances": [
        {
          "index_key": 0,
          "schema_version": 1,
          "attributes": {
            "arn": "arn:aws:ec2:us-west-2:550017254839:subnet/subnet-03da4b50ceae27ee9",
            "assign_ipv6_address_on_creation": false,
            "availability_zone": "us-west-2a",
            "availability_zone_id": "usw2-az1",
            "cidr_block": "10.0.1.0/24",
            "customer_owned_ipv4_pool": "",
            "enable_dns64": false,
            "enable_lni_at_device_index": 0,
            "enable_resource_name_dns_a_record_on_launch": false,
            "enable_resource_name_dns_aaaa_record_on_launch": false,
            "id": "subnet-03da4b50ceae27ee9",
            "ipv6_cidr_block": "",
            "ipv6_cidr_block_association_id": "",
            "ipv6_native": false,
            "map_customer_owned_ip_on_launch": false,
            "map_public_ip_on_launch": true,
            "outpost_arn": "",
            "owner_id": "550017254839",
            "private_dns_hostname_type_on_launch": "ip-name",
            "tags": {
              "Name": "frauddetectiondemo-public-0-72e80b76",
              "kubernetes.io/role/elb": "1"
            },
            "tags_all": {
              "Name": "frauddetectiondemo-public-0-72e80b76",
              "kubernetes.io/role/elb": "1"
            },
            "timeouts": null,
            "vpc_id": "vpc-0fee8dec1300686ca"
          },
          "sensitive_attributes": [],
          "private": "eyJlMmJmYjczMC1lY2FhLTExZTYtOGY4OC0zNDM2M2JjN2M0YzAiOnsiY3JlYXRlIjo2MDAwMDAwMDAwMDAsImRlbGV0ZSI6MTIwMDAwMDAwMDAwMH0sInNjaGVtYV92ZXJzaW9uIjoiMSJ9",
          "dependencies": [
            "aws_vpc.main",
            "random_id.env_display_id"
          ]
        },
        {
          "index_key": 1,
          "schema_version": 1,
          "attributes": {
            "arn": "arn:aws:ec2:us-west-2:550017254839:subnet/subnet-0ab701c6c76435065",
            "assign_ipv6_address_on_creation": false,
            "availability_zone": "us-west-2a",
            "availability_zone_id": "usw2-az1",
            "cidr_block": "10.0.2.0/24",
            "customer_owned_ipv4_pool": "",
            "enable_dns64": false,
            "enable_lni_at_device_index": 0,
            "enable_resource_name_dns_a_record_on_launch": false,
            "enable_resource_name_dns_aaaa_record_on_launch": false,
            "id": "subnet-0ab701c6c76435065",
            "ipv6_cidr_block": "",
            "ipv6_cidr_block_association_id": "",
            "ipv6_native": false,
            "map_customer_owned_ip_on_launch": false,
            "map_public_ip_on_launch": true,
            "outpost_arn": "",
            "owner_id": "550017254839",
            "private_dns_hostname_type_on_launch": "ip-name",
            "tags": {
              "Name": "frauddetectiondemo-public-1-72e80b76",
              "kubernetes.io/role/elb": "1"
            },
            "tags_all": {
              "Name": "frauddetectiondemo-public-1-72e80b76",
              "kubernetes.io/role/elb": "1"
            },
            "timeouts": null,
            "vpc_id": "vpc-0fee8dec1300686ca"
          },
          "sensitive_attributes": [],
          "private": "eyJlMmJmYjczMC1lY2FhLTExZTYtOGY4OC0zNDM2M2JjN2M0YzAiOnsiY3JlYXRlIjo2MDAwMDAwMDAwMDAsImRlbGV0ZSI6MTIwMDAwMDAwMDAwMH0sInNjaGVtYV92ZXJzaW9uIjoiMSJ9",
          "dependencies": [
            "aws_vpc.main",
            "random_id.env_display_id"
          ]
        },
        {
          "index_key": 2,
          "schema_version": 1,
          "attributes": {
            "arn": "arn:aws:ec2:us-west-2:550017254839:subnet/subnet-0ba937b968afca997",
            "assign_ipv6_address_on_creation": false,
            "availability_zone": "us-west-2a",
            "availability_zone_id": "usw2-az1",
            "cidr_block": "10.0.3.0/24",
            "customer_owned_ipv4_pool": "",
            "enable_dns64": false,
            "enable_lni_at_device_index": 0,
            "enable_resource_name_dns_a_record_on_launch": false,
            "enable_resource_name_dns_aaaa_record_on_launch": false,
            "id": "subnet-0ba937b968afca997",
            "ipv6_cidr_block": "",
            "ipv6_cidr_block_association_id": "",
            "ipv6_native": false,
            "map_customer_owned_ip_on_launch": false,
            "map_public_ip_on_launch": true,
            "outpost_arn": "",
            "owner_id": "550017254839",
            "private_dns_hostname_type_on_launch": "ip-name",
            "tags": {
              "Name": "frauddetectiondemo-public-2-72e80b76",
              "kubernetes.io/role/elb": "1"
            },
            "tags_all": {
              "Name": "frauddetectiondemo-public-2-72e80b76",
              "kubernetes.io/role/elb": "1"
            },
            "timeouts": null,
            "vpc_id": "vpc-0fee8dec1300686ca"
          },
          "sensitive_attributes": [],
          "private": "eyJlMmJmYjczMC1lY2FhLTExZTYtOGY4OC0zNDM2M2JjN2M0YzAiOnsiY3JlYXRlIjo2MDAwMDAwMDAwMDAsImRlbGV0ZSI6MTIwMDAwMDAwMDAwMH0sInNjaGVtYV92ZXJzaW9uIjoiMSJ9",
          "dependencies": [
            "aws_vpc.main",
            "random_id.env_display_id"
          ]
        }
      ]
    },
    {
      "mode": "managed",
      "type": "aws_vpc",
      "name": "main",
      "provider": "provider[\"registry.terraform.io/hashicorp/aws\"]",
      "instances": [
        {
          "schema_version": 1,
          "attributes": {
            "arn": "arn:aws:ec2:us-west-2:550017254839:vpc/vpc-0fee8dec1300686ca",
            "assign_generated_ipv6_cidr_block": false,
            "cidr_block": "10.0.0.0/16",
            "default_network_acl_id": "acl-0c340ef01832bd56e",
            "default_route_table_id": "rtb-0141db45d3375c0a9",
            "default_security_group_id": "sg-044a1070c6fa6e6cc",
            "dhcp_options_id": "dopt-03101b97c2f15e2eb",
            "enable_dns_hostnames": true,
            "enable_dns_support": true,
            "enable_network_address_usage_metrics": false,
            "id": "vpc-0fee8dec1300686ca",
            "instance_tenancy": "default",
            "ipv4_ipam_pool_id": null,
            "ipv4_netmask_length": null,
            "ipv6_association_id": "",
            "ipv6_cidr_block": "",
            "ipv6_cidr_block_network_border_group": "",
            "ipv6_ipam_pool_id": "",
            "ipv6_netmask_length": 0,
            "main_route_table_id": "rtb-0141db45d3375c0a9",
            "owner_id": "550017254839",
            "tags": {
              "Name": "frauddetectiondemo-vpc-72e80b76"
            },
            "tags_all": {
              "Name": "frauddetectiondemo-vpc-72e80b76"
            }
          },
          "sensitive_attributes": [],
          "private": "eyJzY2hlbWFfdmVyc2lvbiI6IjEifQ==",
          "dependencies": [
            "random_id.env_display_id"
          ],
          "create_before_destroy": true
        }
      ]
    },
    {
      "mode": "managed",
      "type": "aws_vpc_endpoint",
      "name": "privatelink",
      "provider": "provider[\"registry.terraform.io/hashicorp/aws\"]",
      "instances": [
        {
          "schema_version": 0,
          "attributes": {
            "arn": "arn:aws:ec2:us-west-2:550017254839:vpc-endpoint/vpce-0efb70ff658e77d55",
            "auto_accept": null,
            "cidr_blocks": [],
            "dns_entry": [
              {
                "dns_name": "vpce-0efb70ff658e77d55-5g0txf3u.vpce-svc-06a0af73877f48196.us-west-2.vpce.amazonaws.com",
                "hosted_zone_id": "Z1YSA3EXCYUU9Z"
              },
              {
                "dns_name": "vpce-0efb70ff658e77d55-5g0txf3u-us-west-2a.vpce-svc-06a0af73877f48196.us-west-2.vpce.amazonaws.com",
                "hosted_zone_id": "Z1YSA3EXCYUU9Z"
              },
              {
                "dns_name": "vpce-0efb70ff658e77d55-5g0txf3u-us-west-2c.vpce-svc-06a0af73877f48196.us-west-2.vpce.amazonaws.com",
                "hosted_zone_id": "Z1YSA3EXCYUU9Z"
              },
              {
                "dns_name": "vpce-0efb70ff658e77d55-5g0txf3u-us-west-2b.vpce-svc-06a0af73877f48196.us-west-2.vpce.amazonaws.com",
                "hosted_zone_id": "Z1YSA3EXCYUU9Z"
              }
            ],
            "dns_options": [
              {
                "dns_record_ip_type": "ipv4",
                "private_dns_only_for_inbound_resolver_endpoint": false
              }
            ],
            "id": "vpce-0efb70ff658e77d55",
            "ip_address_type": "ipv4",
            "network_interface_ids": [
              "eni-014dc0de72d24be5a",
              "eni-067f10e10e19ec372",
              "eni-0ea4557e13ea013e7"
            ],
            "owner_id": "550017254839",
            "policy": "{\"Statement\":[{\"Action\":\"*\",\"Effect\":\"Allow\",\"Principal\":\"*\",\"Resource\":\"*\"}]}",
            "prefix_list_id": null,
            "private_dns_enabled": false,
            "requester_managed": false,
            "route_table_ids": [],
            "security_group_ids": [
              "sg-05865212697750f3b"
            ],
            "service_name": "com.amazonaws.vpce.us-west-2.vpce-svc-06a0af73877f48196",
            "service_region": "us-west-2",
            "state": "available",
            "subnet_configuration": [
              {
                "ipv4": "10.0.10.110",
                "ipv6": "",
                "subnet_id": "subnet-04a497094eda4c394"
              },
              {
                "ipv4": "10.0.11.138",
                "ipv6": "",
                "subnet_id": "subnet-0d47136fdbd5eb792"
              },
              {
                "ipv4": "10.0.12.171",
                "ipv6": "",
                "subnet_id": "subnet-02da16c71c0640da7"
              }
            ],
            "subnet_ids": [
              "subnet-02da16c71c0640da7",
              "subnet-04a497094eda4c394",
              "subnet-0d47136fdbd5eb792"
            ],
            "tags": {
              "Name": "frauddetectiondemo-confluent-private-link-endpoint-72e80b76"
            },
            "tags_all": {
              "Name": "frauddetectiondemo-confluent-private-link-endpoint-72e80b76"
            },
            "timeouts": null,
            "vpc_endpoint_type": "Interface",
            "vpc_id": "vpc-0fee8dec1300686ca"
          },
          "sensitive_attributes": [],
          "private": "eyJlMmJmYjczMC1lY2FhLTExZTYtOGY4OC0zNDM2M2JjN2M0YzAiOnsiY3JlYXRlIjo2MDAwMDAwMDAwMDAsImRlbGV0ZSI6NjAwMDAwMDAwMDAwLCJ1cGRhdGUiOjYwMDAwMDAwMDAwMH19",
          "dependencies": [
            "aws_security_group.sg",
            "aws_security_group.windows_sg",
            "aws_subnet.private_subnets",
            "aws_vpc.main",
            "confluent_environment.staging",
            "confluent_private_link_attachment.pla",
            "random_id.env_display_id"
          ]
        }
      ]
    },
    {
      "mode": "managed",
      "type": "aws_vpc_endpoint_service",
      "name": "rds_endpoint_service",
      "provider": "provider[\"registry.terraform.io/hashicorp/aws\"]",
      "instances": [
        {
          "schema_version": 0,
          "attributes": {
            "acceptance_required": false,
            "allowed_principals": [
              "arn:aws:iam::730335223811:role/env-8y1gp0-role"
            ],
            "arn": "arn:aws:ec2:us-west-2:550017254839:vpc-endpoint-service/vpce-svc-0f21ab2308667e72f",
            "availability_zones": [
              "us-west-2a",
              "us-west-2b",
              "us-west-2c"
            ],
            "base_endpoint_dns_names": [
              "vpce-svc-0f21ab2308667e72f.us-west-2.vpce.amazonaws.com"
            ],
            "gateway_load_balancer_arns": [],
            "id": "vpce-svc-0f21ab2308667e72f",
            "manages_vpc_endpoints": false,
            "network_load_balancer_arns": [
              "arn:aws:elasticloadbalancing:us-west-2:550017254839:loadbalancer/net/frauddetectiondemo-nlb-72e80b76/2d46c210b6f8aa2f"
            ],
            "private_dns_name": "",
            "private_dns_name_configuration": [],
            "service_name": "com.amazonaws.vpce.us-west-2.vpce-svc-0f21ab2308667e72f",
            "service_type": "Interface",
            "state": "Available",
            "supported_ip_address_types": [
              "ipv4"
            ],
            "supported_regions": [
              "us-west-2"
            ],
            "tags": {
              "Name": "frauddetectiondemo-rds-endpoint-services-72e80b76"
            },
            "tags_all": {
              "Name": "frauddetectiondemo-rds-endpoint-services-72e80b76"
            },
            "timeouts": null
          },
          "sensitive_attributes": [],
          "private": "eyJlMmJmYjczMC1lY2FhLTExZTYtOGY4OC0zNDM2M2JjN2M0YzAiOnsiY3JlYXRlIjo2MDAwMDAwMDAwMDAsImRlbGV0ZSI6NjAwMDAwMDAwMDAwLCJ1cGRhdGUiOjYwMDAwMDAwMDAwMH19",
          "dependencies": [
            "aws_lb.rds_oracle_nlb",
            "aws_subnet.private_subnets",
            "aws_vpc.main",
            "random_id.env_display_id"
          ],
          "create_before_destroy": true
        }
      ]
    },
    {
      "mode": "managed",
      "type": "aws_vpc_endpoint_service_allowed_principal",
      "name": "allow_confluent_rds_gateway",
      "provider": "provider[\"registry.terraform.io/hashicorp/aws\"]",
      "instances": [
        {
          "schema_version": 0,
          "attributes": {
            "id": "vpce-svc-perm-08db14448b22cdf27",
            "principal_arn": "arn:aws:iam::730335223811:role/env-8y1gp0-role",
            "vpc_endpoint_service_id": "vpce-svc-0f21ab2308667e72f"
          },
          "sensitive_attributes": [],
          "private": "bnVsbA==",
          "dependencies": [
            "aws_lb.rds_oracle_nlb",
            "aws_subnet.private_subnets",
            "aws_vpc.main",
            "aws_vpc_endpoint_service.rds_endpoint_service",
            "confluent_environment.staging",
            "confluent_gateway.confluent_rds_gateway",
            "random_id.env_display_id"
          ]
        }
      ]
    },
    {
      "mode": "managed",
      "type": "confluent_access_point",
      "name": "confluent_oracle_db_access_point",
      "provider": "provider[\"registry.terraform.io/confluentinc/confluent\"]",
      "instances": [
        {
          "schema_version": 0,
          "attributes": {
            "aws_egress_private_link_endpoint": [
              {
                "enable_high_availability": false,
                "vpc_endpoint_dns_name": "vpce-08c6744137ea96a8b-jqkses6r.vpce-svc-0f21ab2308667e72f.us-west-2.vpce.amazonaws.com",
                "vpc_endpoint_id": "vpce-08c6744137ea96a8b",
                "vpc_endpoint_service_name": "com.amazonaws.vpce.us-west-2.vpce-svc-0f21ab2308667e72f"
              }
            ],
            "aws_private_network_interface": [],
            "azure_egress_private_link_endpoint": [],
            "display_name": "oracledb_privatelink_access_point",
            "environment": [
              {
                "id": "env-8y1gp0"
              }
            ],
            "gateway": [
              {
                "id": "gw-o4vv47"
              }
            ],
            "id": "ap-4eowz8"
          },
          "sensitive_attributes": [],
          "private": "bnVsbA==",
          "dependencies": [
            "aws_lb.rds_oracle_nlb",
            "aws_subnet.private_subnets",
            "aws_vpc.main",
            "aws_vpc_endpoint_service.rds_endpoint_service",
            "aws_vpc_endpoint_service_allowed_principal.allow_confluent_rds_gateway",
            "confluent_environment.staging",
            "confluent_gateway.confluent_rds_gateway",
            "random_id.env_display_id"
          ]
        }
      ]
    },
    {
      "mode": "managed",
      "type": "confluent_api_key",
      "name": "schema-registry-api-key",
      "provider": "provider[\"registry.terraform.io/confluentinc/confluent\"]",
      "instances": [
        {
          "schema_version": 0,
          "attributes": {
            "description": "Schema Registry API Key that is owned by 'env-manager' service account",
            "disable_wait_for_ready": false,
            "display_name": "env-manager-schema-registry-api-key",
            "id": "BXVLCG5KVHHCRKKS",
            "managed_resource": [
              {
                "api_version": "srcm/v2",
                "environment": [
                  {
                    "id": "env-8y1gp0"
                  }
                ],
                "id": "lsrc-wpkx2j",
                "kind": "Cluster"
              }
            ],
            "owner": [
              {
                "api_version": "iam/v2",
                "id": "sa-p8pzyk",
                "kind": "ServiceAccount"
              }
            ],
            "secret": "xkQFdlY2bq8UxPH81UU4dDcXRFnxo9FTHTozRrWKP8IYzLIOQnorPrX9jvjmn98Z"
          },
          "sensitive_attributes": [
            [
              {
                "type": "get_attr",
                "value": "secret"
              }
            ]
          ],
          "private": "bnVsbA==",
          "dependencies": [
            "confluent_environment.staging",
            "confluent_kafka_cluster.cluster",
            "confluent_service_account.app-manager",
            "data.confluent_schema_registry_cluster.sr",
            "random_id.env_display_id"
          ]
        }
      ]
    },
    {
      "mode": "managed",
      "type": "confluent_dns_record",
      "name": "main",
      "provider": "provider[\"registry.terraform.io/confluentinc/confluent\"]",
      "instances": [
        {
          "schema_version": 0,
          "attributes": {
            "display_name": "dns_record",
            "domain": "us-west-2.rds.amazonaws.com",
            "environment": [
              {
                "id": "env-8y1gp0"
              }
            ],
            "gateway": [
              {
                "id": "gw-o4vv47"
              }
            ],
            "id": "dnsrec-e6wop3",
            "private_link_access_point": [
              {
                "id": "ap-4eowz8"
              }
            ]
          },
          "sensitive_attributes": [],
          "private": "bnVsbA==",
          "dependencies": [
            "aws_lb.rds_oracle_nlb",
            "aws_subnet.private_subnets",
            "aws_vpc.main",
            "aws_vpc_endpoint_service.rds_endpoint_service",
            "aws_vpc_endpoint_service_allowed_principal.allow_confluent_rds_gateway",
            "confluent_access_point.confluent_oracle_db_access_point",
            "confluent_environment.staging",
            "confluent_gateway.confluent_rds_gateway",
            "random_id.env_display_id"
          ]
        }
      ]
    },
    {
      "mode": "managed",
      "type": "confluent_environment",
      "name": "staging",
      "provider": "provider[\"registry.terraform.io/confluentinc/confluent\"]",
      "instances": [
        {
          "schema_version": 0,
          "attributes": {
            "display_name": "frauddetectiondemo-environment-72e80b76",
            "id": "env-8y1gp0",
            "resource_name": "crn://confluent.cloud/organization=1c2774ee-94b9-406c-ac22-36adca160c3b/environment=env-8y1gp0",
            "stream_governance": [
              {
                "package": "ADVANCED"
              }
            ]
          },
          "sensitive_attributes": [],
          "private": "bnVsbA==",
          "dependencies": [
            "random_id.env_display_id"
          ]
        }
      ]
    },
    {
      "mode": "managed",
      "type": "confluent_flink_compute_pool",
      "name": "flink_pool",
      "provider": "provider[\"registry.terraform.io/confluentinc/confluent\"]",
      "instances": [
        {
          "schema_version": 0,
          "attributes": {
            "api_version": "fcpm/v2",
            "cloud": "AWS",
            "display_name": "default",
            "environment": [
              {
                "id": "env-8y1gp0"
              }
            ],
            "id": "lfcp-yxkj66",
            "kind": "ComputePool",
            "max_cfu": 50,
            "region": "us-west-2",
            "resource_name": "crn://confluent.cloud/organization=1c2774ee-94b9-406c-ac22-36adca160c3b/environment=env-8y1gp0/flink-region=aws.us-west-2/compute-pool=lfcp-yxkj66",
            "timeouts": null
          },
          "sensitive_attributes": [],
          "private": "eyJlMmJmYjczMC1lY2FhLTExZTYtOGY4OC0zNDM2M2JjN2M0YzAiOnsiY3JlYXRlIjozNjAwMDAwMDAwMDAwLCJkZWxldGUiOjM2MDAwMDAwMDAwMDB9fQ==",
          "dependencies": [
            "confluent_environment.staging",
            "data.confluent_flink_region.flink_region",
            "random_id.env_display_id"
          ]
        }
      ]
    },
    {
      "mode": "managed",
      "type": "confluent_gateway",
      "name": "confluent_rds_gateway",
      "provider": "provider[\"registry.terraform.io/confluentinc/confluent\"]",
      "instances": [
        {
          "schema_version": 0,
          "attributes": {
            "aws_egress_private_link_gateway": [
              {
                "principal_arn": "arn:aws:iam::730335223811:role/env-8y1gp0-role",
                "region": "us-west-2"
              }
            ],
            "aws_private_network_interface_gateway": [],
            "azure_egress_private_link_gateway": [],
            "display_name": "frauddetectiondemo-gateway-72e80b76",
            "environment": [
              {
                "id": "env-8y1gp0"
              }
            ],
            "id": "gw-o4vv47"
          },
          "sensitive_attributes": [],
          "private": "bnVsbA==",
          "dependencies": [
            "confluent_environment.staging",
            "random_id.env_display_id"
          ]
        }
      ]
    },
    {
      "mode": "managed",
      "type": "confluent_kafka_cluster",
      "name": "cluster",
      "provider": "provider[\"registry.terraform.io/confluentinc/confluent\"]",
      "instances": [
        {
          "schema_version": 1,
          "attributes": {
            "api_version": "cmk/v2",
            "availability": "MULTI_ZONE",
            "basic": [],
            "bootstrap_endpoint": "lkc-mx6yz2.us-west-2.aws.private.confluent.cloud:9092",
            "byok_key": [
              {
                "id": ""
              }
            ],
            "cloud": "AWS",
            "dedicated": [],
            "display_name": "frauddetectiondemo-cluster-72e80b76",
            "enterprise": [
              {}
            ],
            "environment": [
              {
                "id": "env-8y1gp0"
              }
            ],
            "freight": [],
            "id": "lkc-mx6yz2",
            "kind": "Cluster",
            "network": [
              {
                "id": ""
              }
            ],
            "rbac_crn": "crn://confluent.cloud/organization=1c2774ee-94b9-406c-ac22-36adca160c3b/environment=env-8y1gp0/cloud-cluster=lkc-mx6yz2",
            "region": "us-west-2",
            "rest_endpoint": "https://lkc-mx6yz2.us-west-2.aws.private.confluent.cloud:443",
            "standard": [],
            "timeouts": null
          },
          "sensitive_attributes": [],
          "private": "eyJlMmJmYjczMC1lY2FhLTExZTYtOGY4OC0zNDM2M2JjN2M0YzAiOnsiY3JlYXRlIjoyNTkyMDAwMDAwMDAwMDAsInVwZGF0ZSI6MjU5MjAwMDAwMDAwMDAwfSwic2NoZW1hX3ZlcnNpb24iOiIxIn0=",
          "dependencies": [
            "confluent_environment.staging",
            "random_id.env_display_id"
          ]
        }
      ]
    },
    {
      "mode": "managed",
      "type": "confluent_private_link_attachment",
      "name": "pla",
      "provider": "provider[\"registry.terraform.io/confluentinc/confluent\"]",
      "instances": [
        {
          "schema_version": 0,
          "attributes": {
            "aws": [
              {
                "vpc_endpoint_service_name": "com.amazonaws.vpce.us-west-2.vpce-svc-06a0af73877f48196"
              }
            ],
            "azure": [],
            "cloud": "AWS",
            "display_name": "frauddetectiondemo-staging-aws-platt-72e80b76",
            "dns_domain": "us-west-2.aws.private.confluent.cloud",
            "environment": [
              {
                "id": "env-8y1gp0"
              }
            ],
            "gcp": [],
            "id": "platt-mee0dr",
            "region": "us-west-2",
            "resource_name": "crn://confluent.cloud/organization=1c2774ee-94b9-406c-ac22-36adca160c3b/environment=env-8y1gp0/private-link-attachment=platt-mee0dr"
          },
          "sensitive_attributes": [],
          "private": "bnVsbA==",
          "dependencies": [
            "confluent_environment.staging",
            "random_id.env_display_id"
          ]
        }
      ]
    },
    {
      "mode": "managed",
      "type": "confluent_private_link_attachment_connection",
      "name": "plac",
      "provider": "provider[\"registry.terraform.io/confluentinc/confluent\"]",
      "instances": [
        {
          "schema_version": 0,
          "attributes": {
            "aws": [
              {
                "vpc_endpoint_id": "vpce-0efb70ff658e77d55"
              }
            ],
            "azure": [],
            "display_name": "frauddetectiondemo-staging-aws-plattc-72e80b76",
            "environment": [
              {
                "id": "env-8y1gp0"
              }
            ],
            "gcp": [],
            "id": "plattc-6mznm9",
            "private_link_attachment": [
              {
                "id": "platt-mee0dr"
              }
            ],
            "resource_name": "crn://confluent.cloud/organization=1c2774ee-94b9-406c-ac22-36adca160c3b/environment=env-8y1gp0/private-link-attachment=platt-mee0dr/private-link-attachment-connection=plattc-6mznm9"
          },
          "sensitive_attributes": [],
          "private": "bnVsbA==",
          "dependencies": [
            "aws_security_group.sg",
            "aws_security_group.windows_sg",
            "aws_subnet.private_subnets",
            "aws_vpc.main",
            "aws_vpc_endpoint.privatelink",
            "confluent_environment.staging",
            "confluent_private_link_attachment.pla",
            "random_id.env_display_id"
          ]
        }
      ]
    },
    {
      "mode": "managed",
      "type": "confluent_role_binding",
      "name": "app-manager-kafka-cluster-admin",
      "provider": "provider[\"registry.terraform.io/confluentinc/confluent\"]",
      "instances": [
        {
          "schema_version": 0,
          "attributes": {
            "crn_pattern": "crn://confluent.cloud/organization=1c2774ee-94b9-406c-ac22-36adca160c3b/environment=env-8y1gp0",
            "id": "rb-lL43o3",
            "principal": "User:sa-p8pzyk",
            "role_name": "EnvironmentAdmin"
          },
          "sensitive_attributes": [],
          "private": "bnVsbA==",
          "dependencies": [
            "confluent_environment.staging",
            "confluent_service_account.app-manager",
            "random_id.env_display_id"
          ]
        }
      ]
    },
    {
      "mode": "managed",
      "type": "confluent_service_account",
      "name": "app-manager",
      "provider": "provider[\"registry.terraform.io/confluentinc/confluent\"]",
      "instances": [
        {
          "schema_version": 0,
          "attributes": {
            "api_version": "iam/v2",
            "description": "Service account to manage 'inventory' Kafka cluster",
            "display_name": "frauddetectiondemo-app-manager-72e80b76",
            "id": "sa-p8pzyk",
            "kind": "ServiceAccount"
          },
          "sensitive_attributes": [],
          "private": "bnVsbA==",
          "dependencies": [
            "random_id.env_display_id"
          ]
        }
      ]
    },
    {
      "mode": "managed",
      "type": "null_resource",
      "name": "ec2_key_pair",
      "provider": "provider[\"registry.terraform.io/hashicorp/null\"]",
      "instances": [
        {
          "schema_version": 0,
          "attributes": {
            "id": "1493415755547650282",
            "triggers": null
          },
          "sensitive_attributes": []
        }
      ]
    },
    {
      "mode": "managed",
      "type": "null_resource",
      "name": "reject_connections",
      "provider": "provider[\"registry.terraform.io/hashicorp/null\"]",
      "instances": [
        {
          "schema_version": 0,
          "attributes": {
            "id": "8449153915057864140",
            "triggers": {
              "service_id": "vpce-svc-0f21ab2308667e72f"
            }
          },
          "sensitive_attributes": [],
          "dependencies": [
            "aws_lb.rds_oracle_nlb",
            "aws_subnet.private_subnets",
            "aws_vpc.main",
            "aws_vpc_endpoint_service.rds_endpoint_service",
            "random_id.env_display_id"
          ],
          "create_before_destroy": true
        }
      ]
    },
    {
      "mode": "managed",
      "type": "random_id",
      "name": "env_display_id",
      "provider": "provider[\"registry.terraform.io/hashicorp/random\"]",
      "instances": [
        {
          "schema_version": 0,
          "attributes": {
            "b64_std": "cugLdg==",
            "b64_url": "cugLdg",
            "byte_length": 4,
            "dec": "1927809910",
            "hex": "72e80b76",
            "id": "cugLdg",
            "keepers": null,
            "prefix": null
          },
          "sensitive_attributes": [],
          "create_before_destroy": true
        }
      ]
    }
  ],
  "check_results": null
}
