{
  "version": 4,
  "terraform_version": "1.10.5",
  "serial": 1868,
  "lineage": "2d56c8b1-2238-478d-dbac-f01c32d16fc9",
  "outputs": {},
  "resources": [
    {
      "mode": "data",
      "type": "aws_caller_identity",
      "name": "current",
      "provider": "provider[\"registry.terraform.io/hashicorp/aws\"]",
      "instances": [
        {
          "schema_version": 0,
          "attributes": {
            "account_id": "550017254839",
            "arn": "arn:aws:iam::550017254839:user/admin-user",
            "id": "550017254839",
            "user_id": "AIDAYAD4VIW3URWLJQQHC"
          },
          "sensitive_attributes": []
        }
      ]
    },
    {
      "mode": "managed",
      "type": "aws_db_instance",
      "name": "oracle_db",
      "provider": "provider[\"registry.terraform.io/hashicorp/aws\"]",
      "instances": [
        {
          "schema_version": 2,
          "attributes": {
            "address": "terraform-2025022206083768830000000a.cy56rbcnrbof.us-west-2.rds.amazonaws.com",
            "allocated_storage": 20,
            "allow_major_version_upgrade": false,
            "apply_immediately": true,
            "arn": "arn:aws:rds:us-west-2:550017254839:db:terraform-2025022206083768830000000a",
            "auto_minor_version_upgrade": false,
            "availability_zone": "us-west-2b",
            "backup_retention_period": 7,
            "backup_target": "region",
            "backup_window": "00:00-02:00",
            "blue_green_update": [],
            "ca_cert_identifier": "rds-ca-rsa2048-g1",
            "character_set_name": "AL32UTF8",
            "copy_tags_to_snapshot": false,
            "custom_iam_instance_profile": "",
            "customer_owned_ip_enabled": false,
            "db_name": "DEMODB",
            "db_subnet_group_name": "frauddetectiondemo-oracle-db-subnet-group-bb4d4f14",
            "dedicated_log_volume": false,
            "delete_automated_backups": true,
            "deletion_protection": false,
            "domain": "",
            "domain_auth_secret_arn": "",
            "domain_dns_ips": [],
            "domain_fqdn": "",
            "domain_iam_role_name": "",
            "domain_ou": "",
            "enabled_cloudwatch_logs_exports": [],
            "endpoint": "terraform-2025022206083768830000000a.cy56rbcnrbof.us-west-2.rds.amazonaws.com:1521",
            "engine": "oracle-ee",
            "engine_lifecycle_support": "",
            "engine_version": "19.0.0.0.ru-2024-10.rur-2024-10.r1",
            "engine_version_actual": "19.0.0.0.ru-2024-10.rur-2024-10.r1",
            "final_snapshot_identifier": null,
            "hosted_zone_id": "Z1PVIF0B656C1W",
            "iam_database_authentication_enabled": false,
            "id": "db-QWNXSRDNYSPPJGNTDHIUAVKO5M",
            "identifier": "terraform-2025022206083768830000000a",
            "identifier_prefix": "terraform-",
            "instance_class": "db.m5.large",
            "iops": 0,
            "kms_key_id": "",
            "latest_restorable_time": "2025-02-22T14:12:09Z",
            "license_model": "bring-your-own-license",
            "listener_endpoint": [],
            "maintenance_window": "thu:11:40-thu:12:10",
            "manage_master_user_password": null,
            "master_user_secret": [],
            "master_user_secret_kms_key_id": null,
            "max_allocated_storage": 100,
            "monitoring_interval": 0,
            "monitoring_role_arn": "",
            "multi_az": false,
            "nchar_character_set_name": "AL16UTF16",
            "network_type": "IPV4",
            "option_group_name": "default:oracle-ee-19",
            "parameter_group_name": "default.oracle-ee-19",
            "password": "thebestpasswordever!",
            "performance_insights_enabled": false,
            "performance_insights_kms_key_id": "",
            "performance_insights_retention_period": 0,
            "port": 1521,
            "publicly_accessible": false,
            "replica_mode": "",
            "replicas": [],
            "replicate_source_db": "",
            "resource_id": "db-QWNXSRDNYSPPJGNTDHIUAVKO5M",
            "restore_to_point_in_time": [],
            "s3_import": [],
            "skip_final_snapshot": true,
            "snapshot_identifier": null,
            "status": "available",
            "storage_encrypted": false,
            "storage_throughput": 0,
            "storage_type": "gp2",
            "tags": {
              "Environment": "dev",
              "Name": "frauddetectiondemo-oracle-db-bb4d4f14"
            },
            "tags_all": {
              "Environment": "dev",
              "Name": "frauddetectiondemo-oracle-db-bb4d4f14"
            },
            "timeouts": null,
            "timezone": "",
            "upgrade_storage_config": null,
            "username": "thebestusername",
            "vpc_security_group_ids": [
              "sg-06803ddedec4ae674"
            ]
          },
          "sensitive_attributes": [
            [
              {
                "type": "get_attr",
                "value": "password"
              }
            ]
          ],
          "private": "eyJlMmJmYjczMC1lY2FhLTExZTYtOGY4OC0zNDM2M2JjN2M0YzAiOnsiY3JlYXRlIjozMDAwMDAwMDAwMDAwLCJkZWxldGUiOjM2MDAwMDAwMDAwMDAsInVwZGF0ZSI6NDgwMDAwMDAwMDAwMH0sInNjaGVtYV92ZXJzaW9uIjoiMiJ9",
          "dependencies": [
            "aws_db_subnet_group.db_subnet_group",
            "aws_security_group.db_sg",
            "aws_subnet.private_subnets",
            "aws_vpc.main",
            "random_id.env_display_id"
          ]
        }
      ]
    },
    {
      "mode": "managed",
      "type": "aws_db_subnet_group",
      "name": "db_subnet_group",
      "provider": "provider[\"registry.terraform.io/hashicorp/aws\"]",
      "instances": [
        {
          "schema_version": 0,
          "attributes": {
            "arn": "arn:aws:rds:us-west-2:550017254839:subgrp:frauddetectiondemo-oracle-db-subnet-group-bb4d4f14",
            "description": "Subnet group for the Oracle DB instance",
            "id": "frauddetectiondemo-oracle-db-subnet-group-bb4d4f14",
            "name": "frauddetectiondemo-oracle-db-subnet-group-bb4d4f14",
            "name_prefix": "",
            "subnet_ids": [
              "subnet-017ef5a45f7fe23ca",
              "subnet-03ae0b8661db2403f",
              "subnet-0812b4339693c904b"
            ],
            "supported_network_types": [
              "IPV4"
            ],
            "tags": {
              "Name": "frauddetectiondemo-oracle-db-subnet-group-bb4d4f14"
            },
            "tags_all": {
              "Name": "frauddetectiondemo-oracle-db-subnet-group-bb4d4f14"
            },
            "vpc_id": "vpc-0d0ea1cba14a97663"
          },
          "sensitive_attributes": [],
          "private": "bnVsbA==",
          "dependencies": [
            "aws_subnet.private_subnets",
            "aws_vpc.main",
            "random_id.env_display_id"
          ]
        }
      ]
    },
    {
      "mode": "managed",
      "type": "aws_eks_cluster",
      "name": "eks_cluster",
      "provider": "provider[\"registry.terraform.io/hashicorp/aws\"]",
      "instances": [
        {
          "schema_version": 1,
          "attributes": {
            "access_config": [
              {
                "authentication_mode": "API_AND_CONFIG_MAP",
                "bootstrap_cluster_creator_admin_permissions": true
              }
            ],
            "arn": "arn:aws:eks:us-west-2:550017254839:cluster/frauddetectiondemo-eks-cluster-bb4d4f14",
            "bootstrap_self_managed_addons": false,
            "certificate_authority": [
              {
                "data": "LS0tLS1CRUdJTiBDRVJUSUZJQ0FURS0tLS0tCk1JSURCVENDQWUyZ0F3SUJBZ0lJU0tIOEwrWWx6a0F3RFFZSktvWklodmNOQVFFTEJRQXdGVEVUTUJFR0ExVUUKQXhNS2EzVmlaWEp1WlhSbGN6QWVGdzB5TlRBeU1qSXdOakE0TkRWYUZ3MHpOVEF5TWpBd05qRXpORFZhTUJVeApFekFSQmdOVkJBTVRDbXQxWW1WeWJtVjBaWE13Z2dFaU1BMEdDU3FHU0liM0RRRUJBUVVBQTRJQkR3QXdnZ0VLCkFvSUJBUUN0M0toVjllWHd3ZjRvMlNpWDhoNjE3bDhtM1hvVGtzdmVpWnhhaU9NdWErQ2NKMCtpdWNucU04WkwKaEFvakRIMlRlb0tJODd2SXY5cERWeWh0eHRhSWdGbWxrUEJPc0VnQzlCN0t0czdSd0dRVXJCbFNRelN4dk1HMQpsNlAyVWxrMldrV0U4Q1hlQjhHSDBwbXhGcXZJWFViQmRGQncveFUxbGY5ZmJFbHdscjdwMHNZTlVTR0o3S2hkCkFIWVhxK3F5T2JaSlQ4dTg1TjJ2bmZwMVl3K1BLbXZpTU9jb2NNY3pUdlhRWDg1L1NidEEzNjlCRVdvK3hLY2QKbXlNZWloRW1ISUVkanNDMDV3eVR4N1dXYUV4cDdkMTdPTnBqUHJlMmlDV1JxSGtjMGx6Y242V0JTYUxjR1dUVQowK0hhck1YUXIyT3dPRUlYcnpEZ2ltMCtEQVBKQWdNQkFBR2pXVEJYTUE0R0ExVWREd0VCL3dRRUF3SUNwREFQCkJnTlZIUk1CQWY4RUJUQURBUUgvTUIwR0ExVWREZ1FXQkJSQkhWVzFIWWEvQXFQVjkrb21EYjhhK01vSk9qQVYKQmdOVkhSRUVEakFNZ2dwcmRXSmxjbTVsZEdWek1BMEdDU3FHU0liM0RRRUJDd1VBQTRJQkFRQXB2M3RTeFFEYwpsT1ZzV0Q1TGlxYjJuSzl0RUhMWk5Va0dNRE1IWGlIbC9kWXBHUk5Eek0xeHpQMUpLY2hWa3o1ZGJ4YnhaYjExClBUM2U3S25JMlpUbTh4TWR4OFcvSjJsdzVGUk9kYm1oZGVjNDB2T3RibWljVm92cVFGUGp5TDdzdEJaeFh0UUkKc3ZCeHQxMmUrRDJJbEwyY0EvZ3Vjc3IzNE9jYUIrbnlDQ0NvcktKdG56K1hVZmora1hGbzY4SHFzWk5GL2lyRQo1NjBCZXloTzNGcG9rNTFwTFQxNXZFVDFmek5wdmdybFA2SzJsSCtxQ2c2WndmcWhScWZxRXZlUmhsSFlkTDh5Ci9wcmk3eTNVVVhSbWtHYXJZM041SWNyUWlNdDZqM0JZd1VuQWhwbUMrVjBSTDRuV0tFbE0vb0d4NDNoK3lKcjMKQ3dUSmZlaEgveGZ3Ci0tLS0tRU5EIENFUlRJRklDQVRFLS0tLS0K"
              }
            ],
            "cluster_id": null,
            "compute_config": [
              {
                "enabled": true,
                "node_pools": [
                  "general-purpose"
                ],
                "node_role_arn": "arn:aws:iam::550017254839:role/eks-auto-node-example"
              }
            ],
            "created_at": "2025-02-22T06:08:47Z",
            "enabled_cluster_log_types": [],
            "encryption_config": [],
            "endpoint": "https://287146F85E1F69C2DCAE300ACF2E167B.gr7.us-west-2.eks.amazonaws.com",
            "id": "frauddetectiondemo-eks-cluster-bb4d4f14",
            "identity": [
              {
                "oidc": [
                  {
                    "issuer": "https://oidc.eks.us-west-2.amazonaws.com/id/287146F85E1F69C2DCAE300ACF2E167B"
                  }
                ]
              }
            ],
            "kubernetes_network_config": [
              {
                "elastic_load_balancing": [
                  {
                    "enabled": true
                  }
                ],
                "ip_family": "ipv4",
                "service_ipv4_cidr": "172.20.0.0/16",
                "service_ipv6_cidr": ""
              }
            ],
            "name": "frauddetectiondemo-eks-cluster-bb4d4f14",
            "outpost_config": [],
            "platform_version": "eks.19",
            "remote_network_config": [],
            "role_arn": "arn:aws:iam::550017254839:role/eks-cluster-example",
            "status": "ACTIVE",
            "storage_config": [
              {
                "block_storage": [
                  {
                    "enabled": true
                  }
                ]
              }
            ],
            "tags": {
              "Name": "frauddetectiondemo-eks-cluster-bb4d4f14"
            },
            "tags_all": {
              "Name": "frauddetectiondemo-eks-cluster-bb4d4f14"
            },
            "timeouts": null,
            "upgrade_policy": [
              {
                "support_type": "EXTENDED"
              }
            ],
            "version": "1.31",
            "vpc_config": [
              {
                "cluster_security_group_id": "sg-093e1a6a905cc09fc",
                "endpoint_private_access": true,
                "endpoint_public_access": true,
                "public_access_cidrs": [
                  "0.0.0.0/0"
                ],
                "security_group_ids": [],
                "subnet_ids": [
                  "subnet-06839eac339b0cdb6",
                  "subnet-07f4d0a90779d927c",
                  "subnet-0cbf26dab1047a1ff"
                ],
                "vpc_id": "vpc-0d0ea1cba14a97663"
              }
            ],
            "zonal_shift_config": []
          },
          "sensitive_attributes": [],
          "private": "eyJlMmJmYjczMC1lY2FhLTExZTYtOGY4OC0zNDM2M2JjN2M0YzAiOnsiY3JlYXRlIjoxODAwMDAwMDAwMDAwLCJkZWxldGUiOjkwMDAwMDAwMDAwMCwidXBkYXRlIjozNjAwMDAwMDAwMDAwfSwic2NoZW1hX3ZlcnNpb24iOiIxIn0=",
          "dependencies": [
            "aws_iam_role.cluster",
            "aws_iam_role.node",
            "aws_iam_role_policy_attachment.cluster_AmazonEKSBlockStoragePolicy",
            "aws_iam_role_policy_attachment.cluster_AmazonEKSClusterPolicy",
            "aws_iam_role_policy_attachment.cluster_AmazonEKSComputePolicy",
            "aws_iam_role_policy_attachment.cluster_AmazonEKSLoadBalancingPolicy",
            "aws_iam_role_policy_attachment.cluster_AmazonEKSNetworkingPolicy",
            "aws_subnet.public_subnets",
            "aws_vpc.main",
            "random_id.env_display_id"
          ]
        }
      ]
    },
    {
      "mode": "managed",
      "type": "aws_iam_role",
      "name": "cluster",
      "provider": "provider[\"registry.terraform.io/hashicorp/aws\"]",
      "instances": [
        {
          "schema_version": 0,
          "attributes": {
            "arn": "arn:aws:iam::550017254839:role/eks-cluster-example",
            "assume_role_policy": "{\"Statement\":[{\"Action\":[\"sts:AssumeRole\",\"sts:TagSession\"],\"Effect\":\"Allow\",\"Principal\":{\"Service\":\"eks.amazonaws.com\"}}],\"Version\":\"2012-10-17\"}",
            "create_date": "2025-02-22T06:08:20Z",
            "description": "",
            "force_detach_policies": false,
            "id": "eks-cluster-example",
            "inline_policy": [],
            "managed_policy_arns": [
              "arn:aws:iam::aws:policy/AmazonEKSBlockStoragePolicy",
              "arn:aws:iam::aws:policy/AmazonEKSClusterPolicy",
              "arn:aws:iam::aws:policy/AmazonEKSComputePolicy",
              "arn:aws:iam::aws:policy/AmazonEKSLoadBalancingPolicy",
              "arn:aws:iam::aws:policy/AmazonEKSNetworkingPolicy"
            ],
            "max_session_duration": 3600,
            "name": "eks-cluster-example",
            "name_prefix": "",
            "path": "/",
            "permissions_boundary": "",
            "tags": {},
            "tags_all": {},
            "unique_id": "AROAYAD4VIW3RC3JEG3YK"
          },
          "sensitive_attributes": [],
          "private": "bnVsbA=="
        }
      ]
    },
    {
      "mode": "managed",
      "type": "aws_iam_role",
      "name": "node",
      "provider": "provider[\"registry.terraform.io/hashicorp/aws\"]",
      "instances": [
        {
          "schema_version": 0,
          "attributes": {
            "arn": "arn:aws:iam::550017254839:role/eks-auto-node-example",
            "assume_role_policy": "{\"Statement\":[{\"Action\":[\"sts:AssumeRole\"],\"Effect\":\"Allow\",\"Principal\":{\"Service\":\"ec2.amazonaws.com\"}}],\"Version\":\"2012-10-17\"}",
            "create_date": "2025-02-22T06:08:20Z",
            "description": "",
            "force_detach_policies": false,
            "id": "eks-auto-node-example",
            "inline_policy": [],
            "managed_policy_arns": [
              "arn:aws:iam::aws:policy/AmazonEC2ContainerRegistryPullOnly",
              "arn:aws:iam::aws:policy/AmazonEKSWorkerNodeMinimalPolicy"
            ],
            "max_session_duration": 3600,
            "name": "eks-auto-node-example",
            "name_prefix": "",
            "path": "/",
            "permissions_boundary": "",
            "tags": {},
            "tags_all": {},
            "unique_id": "AROAYAD4VIW34MMSMWO35"
          },
          "sensitive_attributes": [],
          "private": "bnVsbA=="
        }
      ]
    },
    {
      "mode": "managed",
      "type": "aws_iam_role_policy_attachment",
      "name": "cluster_AmazonEKSBlockStoragePolicy",
      "provider": "provider[\"registry.terraform.io/hashicorp/aws\"]",
      "instances": [
        {
          "schema_version": 0,
          "attributes": {
            "id": "eks-cluster-example-20250222060821053500000003",
            "policy_arn": "arn:aws:iam::aws:policy/AmazonEKSBlockStoragePolicy",
            "role": "eks-cluster-example"
          },
          "sensitive_attributes": [],
          "private": "bnVsbA==",
          "dependencies": [
            "aws_iam_role.cluster"
          ]
        }
      ]
    },
    {
      "mode": "managed",
      "type": "aws_iam_role_policy_attachment",
      "name": "cluster_AmazonEKSClusterPolicy",
      "provider": "provider[\"registry.terraform.io/hashicorp/aws\"]",
      "instances": [
        {
          "schema_version": 0,
          "attributes": {
            "id": "eks-cluster-example-20250222060821563900000007",
            "policy_arn": "arn:aws:iam::aws:policy/AmazonEKSClusterPolicy",
            "role": "eks-cluster-example"
          },
          "sensitive_attributes": [],
          "private": "bnVsbA==",
          "dependencies": [
            "aws_iam_role.cluster"
          ]
        }
      ]
    },
    {
      "mode": "managed",
      "type": "aws_iam_role_policy_attachment",
      "name": "cluster_AmazonEKSComputePolicy",
      "provider": "provider[\"registry.terraform.io/hashicorp/aws\"]",
      "instances": [
        {
          "schema_version": 0,
          "attributes": {
            "id": "eks-cluster-example-20250222060821176500000004",
            "policy_arn": "arn:aws:iam::aws:policy/AmazonEKSComputePolicy",
            "role": "eks-cluster-example"
          },
          "sensitive_attributes": [],
          "private": "bnVsbA==",
          "dependencies": [
            "aws_iam_role.cluster"
          ]
        }
      ]
    },
    {
      "mode": "managed",
      "type": "aws_iam_role_policy_attachment",
      "name": "cluster_AmazonEKSLoadBalancingPolicy",
      "provider": "provider[\"registry.terraform.io/hashicorp/aws\"]",
      "instances": [
        {
          "schema_version": 0,
          "attributes": {
            "id": "eks-cluster-example-20250222060821371200000005",
            "policy_arn": "arn:aws:iam::aws:policy/AmazonEKSLoadBalancingPolicy",
            "role": "eks-cluster-example"
          },
          "sensitive_attributes": [],
          "private": "bnVsbA==",
          "dependencies": [
            "aws_iam_role.cluster"
          ]
        }
      ]
    },
    {
      "mode": "managed",
      "type": "aws_iam_role_policy_attachment",
      "name": "cluster_AmazonEKSNetworkingPolicy",
      "provider": "provider[\"registry.terraform.io/hashicorp/aws\"]",
      "instances": [
        {
          "schema_version": 0,
          "attributes": {
            "id": "eks-cluster-example-20250222060821482100000006",
            "policy_arn": "arn:aws:iam::aws:policy/AmazonEKSNetworkingPolicy",
            "role": "eks-cluster-example"
          },
          "sensitive_attributes": [],
          "private": "bnVsbA==",
          "dependencies": [
            "aws_iam_role.cluster"
          ]
        }
      ]
    },
    {
      "mode": "managed",
      "type": "aws_internet_gateway",
      "name": "igw",
      "provider": "provider[\"registry.terraform.io/hashicorp/aws\"]",
      "instances": [
        {
          "schema_version": 0,
          "attributes": {
            "arn": "arn:aws:ec2:us-west-2:550017254839:internet-gateway/igw-088cdd2d95187793b",
            "id": "igw-088cdd2d95187793b",
            "owner_id": "550017254839",
            "tags": {
              "Name": "frauddetectiondemo-internet-gateway-bb4d4f14"
            },
            "tags_all": {
              "Name": "frauddetectiondemo-internet-gateway-bb4d4f14"
            },
            "timeouts": null,
            "vpc_id": "vpc-0d0ea1cba14a97663"
          },
          "sensitive_attributes": [],
          "private": "eyJlMmJmYjczMC1lY2FhLTExZTYtOGY4OC0zNDM2M2JjN2M0YzAiOnsiY3JlYXRlIjoxMjAwMDAwMDAwMDAwLCJkZWxldGUiOjEyMDAwMDAwMDAwMDAsInVwZGF0ZSI6MTIwMDAwMDAwMDAwMH19",
          "dependencies": [
            "aws_vpc.main",
            "random_id.env_display_id"
          ]
        }
      ]
    },
    {
      "mode": "managed",
      "type": "aws_lb",
      "name": "rds_oracle_nlb",
      "provider": "provider[\"registry.terraform.io/hashicorp/aws\"]",
      "instances": [
        {
          "schema_version": 0,
          "attributes": {
            "access_logs": [
              {
                "bucket": "",
                "enabled": false,
                "prefix": ""
              }
            ],
            "arn": "arn:aws:elasticloadbalancing:us-west-2:550017254839:loadbalancer/net/frauddetectiondemo-nlb-bb4d4f14/407021e5619aed8f",
            "arn_suffix": "net/frauddetectiondemo-nlb-bb4d4f14/407021e5619aed8f",
            "client_keep_alive": null,
            "connection_logs": [],
            "customer_owned_ipv4_pool": "",
            "desync_mitigation_mode": null,
            "dns_name": "frauddetectiondemo-nlb-bb4d4f14-407021e5619aed8f.elb.us-west-2.amazonaws.com",
            "dns_record_client_routing_policy": "any_availability_zone",
            "drop_invalid_header_fields": null,
            "enable_cross_zone_load_balancing": true,
            "enable_deletion_protection": false,
            "enable_http2": null,
            "enable_tls_version_and_cipher_suite_headers": null,
            "enable_waf_fail_open": null,
            "enable_xff_client_port": null,
            "enable_zonal_shift": false,
            "enforce_security_group_inbound_rules_on_private_link_traffic": "",
            "id": "arn:aws:elasticloadbalancing:us-west-2:550017254839:loadbalancer/net/frauddetectiondemo-nlb-bb4d4f14/407021e5619aed8f",
            "idle_timeout": null,
            "internal": true,
            "ip_address_type": "ipv4",
            "load_balancer_type": "network",
            "name": "frauddetectiondemo-nlb-bb4d4f14",
            "name_prefix": "",
            "preserve_host_header": null,
            "security_groups": [],
            "subnet_mapping": [
              {
                "allocation_id": "",
                "ipv6_address": "",
                "outpost_id": "",
                "private_ipv4_address": "",
                "subnet_id": "subnet-017ef5a45f7fe23ca"
              },
              {
                "allocation_id": "",
                "ipv6_address": "",
                "outpost_id": "",
                "private_ipv4_address": "",
                "subnet_id": "subnet-03ae0b8661db2403f"
              },
              {
                "allocation_id": "",
                "ipv6_address": "",
                "outpost_id": "",
                "private_ipv4_address": "",
                "subnet_id": "subnet-0812b4339693c904b"
              }
            ],
            "subnets": [
              "subnet-017ef5a45f7fe23ca",
              "subnet-03ae0b8661db2403f",
              "subnet-0812b4339693c904b"
            ],
            "tags": {
              "Name": "frauddetectiondemo-rds-oracle-nlb-bb4d4f14"
            },
            "tags_all": {
              "Name": "frauddetectiondemo-rds-oracle-nlb-bb4d4f14"
            },
            "timeouts": null,
            "vpc_id": "vpc-0d0ea1cba14a97663",
            "xff_header_processing_mode": null,
            "zone_id": "Z18D5FSROUN65G"
          },
          "sensitive_attributes": [],
          "private": "eyJlMmJmYjczMC1lY2FhLTExZTYtOGY4OC0zNDM2M2JjN2M0YzAiOnsiY3JlYXRlIjo2MDAwMDAwMDAwMDAsImRlbGV0ZSI6NjAwMDAwMDAwMDAwLCJ1cGRhdGUiOjYwMDAwMDAwMDAwMH19",
          "dependencies": [
            "aws_subnet.private_subnets",
            "aws_vpc.main",
            "random_id.env_display_id"
          ],
          "create_before_destroy": true
        }
      ]
    },
    {
      "mode": "managed",
      "type": "aws_opensearch_domain",
      "name": "OpenSearch",
      "provider": "provider[\"registry.terraform.io/hashicorp/aws\"]",
      "instances": [
        {
          "schema_version": 0,
          "attributes": {
            "access_policies": "{\"Statement\":[{\"Action\":\"es:*\",\"Effect\":\"Allow\",\"Principal\":{\"AWS\":\"*\"},\"Resource\":\"arn:aws:es:us-west-2:550017254839:domain/frauddetectiondemo-bb4d4f14/*\"}],\"Version\":\"2012-10-17\"}",
            "advanced_options": {},
            "advanced_security_options": [
              {
                "anonymous_auth_enabled": false,
                "enabled": true,
                "internal_user_database_enabled": true,
                "master_user_options": [
                  {
                    "master_user_arn": "",
                    "master_user_name": "admin",
                    "master_user_password": "Admin123456!"
                  }
                ]
              }
            ],
            "arn": "arn:aws:es:us-west-2:550017254839:domain/frauddetectiondemo-bb4d4f14",
            "auto_tune_options": [
              {
                "desired_state": "DISABLED",
                "maintenance_schedule": [],
                "rollback_on_disable": "NO_ROLLBACK",
                "use_off_peak_window": false
              }
            ],
            "cluster_config": [
              {
                "cold_storage_options": [
                  {
                    "enabled": false
                  }
                ],
                "dedicated_master_count": 0,
                "dedicated_master_enabled": false,
                "dedicated_master_type": "",
                "instance_count": 3,
                "instance_type": "t3.small.search",
                "multi_az_with_standby_enabled": false,
                "warm_count": 0,
                "warm_enabled": false,
                "warm_type": "",
                "zone_awareness_config": [
                  {
                    "availability_zone_count": 3
                  }
                ],
                "zone_awareness_enabled": true
              }
            ],
            "cognito_options": [
              {
                "enabled": false,
                "identity_pool_id": "",
                "role_arn": "",
                "user_pool_id": ""
              }
            ],
            "dashboard_endpoint": "search-frauddetectiondemo-bb4d4f14-hq5h5av5atc4mdayh34exnapja.us-west-2.es.amazonaws.com/_dashboards",
            "dashboard_endpoint_v2": null,
            "domain_endpoint_options": [
              {
                "custom_endpoint": "",
                "custom_endpoint_certificate_arn": "",
                "custom_endpoint_enabled": false,
                "enforce_https": true,
                "tls_security_policy": "Policy-Min-TLS-1-2-2019-07"
              }
            ],
            "domain_endpoint_v2_hosted_zone_id": "",
            "domain_id": "550017254839/frauddetectiondemo-bb4d4f14",
            "domain_name": "frauddetectiondemo-bb4d4f14",
            "ebs_options": [
              {
                "ebs_enabled": true,
                "iops": 0,
                "throughput": 0,
                "volume_size": 10,
                "volume_type": "gp2"
              }
            ],
            "encrypt_at_rest": [
              {
                "enabled": true,
                "kms_key_id": "arn:aws:kms:us-west-2:550017254839:key/c30625b1-7941-48b0-a353-2ca81d36434b"
              }
            ],
            "endpoint": "search-frauddetectiondemo-bb4d4f14-hq5h5av5atc4mdayh34exnapja.us-west-2.es.amazonaws.com",
            "endpoint_v2": null,
            "engine_version": "OpenSearch_2.17",
            "id": "arn:aws:es:us-west-2:550017254839:domain/frauddetectiondemo-bb4d4f14",
            "ip_address_type": "ipv4",
            "kibana_endpoint": "search-frauddetectiondemo-bb4d4f14-hq5h5av5atc4mdayh34exnapja.us-west-2.es.amazonaws.com/_plugin/kibana/",
            "log_publishing_options": [],
            "node_to_node_encryption": [
              {
                "enabled": true
              }
            ],
            "off_peak_window_options": [
              {
                "enabled": true,
                "off_peak_window": [
                  {
                    "window_start_time": [
                      {
                        "hours": 6,
                        "minutes": 0
                      }
                    ]
                  }
                ]
              }
            ],
            "snapshot_options": [
              {
                "automated_snapshot_start_hour": 0
              }
            ],
            "software_update_options": [
              {
                "auto_software_update_enabled": false
              }
            ],
            "tags": {
              "Name": "frauddetectiondemo-opensearch-bb4d4f14"
            },
            "tags_all": {
              "Name": "frauddetectiondemo-opensearch-bb4d4f14"
            },
            "timeouts": null,
            "vpc_options": []
          },
          "sensitive_attributes": [
            [
              {
                "type": "get_attr",
                "value": "advanced_security_options"
              },
              {
                "type": "index",
                "value": {
                  "value": 0,
                  "type": "number"
                }
              },
              {
                "type": "get_attr",
                "value": "master_user_options"
              },
              {
                "type": "index",
                "value": {
                  "value": 0,
                  "type": "number"
                }
              },
              {
                "type": "get_attr",
                "value": "master_user_password"
              }
            ]
          ],
          "private": "eyJlMmJmYjczMC1lY2FhLTExZTYtOGY4OC0zNDM2M2JjN2M0YzAiOnsiY3JlYXRlIjo3MjAwMDAwMDAwMDAwLCJkZWxldGUiOjU0MDAwMDAwMDAwMDAsInVwZGF0ZSI6MTA4MDAwMDAwMDAwMDB9fQ==",
          "dependencies": [
            "data.aws_caller_identity.current",
            "random_id.env_display_id"
          ]
        }
      ]
    },
    {
      "mode": "managed",
      "type": "aws_security_group",
      "name": "db_sg",
      "provider": "provider[\"registry.terraform.io/hashicorp/aws\"]",
      "instances": [
        {
          "schema_version": 1,
          "attributes": {
            "arn": "arn:aws:ec2:us-west-2:550017254839:security-group/sg-06803ddedec4ae674",
            "description": "Allow RDS Oracle access",
            "egress": [
              {
                "cidr_blocks": [
                  "0.0.0.0/0"
                ],
                "description": "",
                "from_port": 0,
                "ipv6_cidr_blocks": [],
                "prefix_list_ids": [],
                "protocol": "-1",
                "security_groups": [],
                "self": false,
                "to_port": 0
              }
            ],
            "id": "sg-06803ddedec4ae674",
            "ingress": [
              {
                "cidr_blocks": [
                  "10.0.0.0/16"
                ],
                "description": "",
                "from_port": 1521,
                "ipv6_cidr_blocks": [],
                "prefix_list_ids": [],
                "protocol": "tcp",
                "security_groups": [],
                "self": false,
                "to_port": 1521
              }
            ],
            "name": "frauddetectiondemo-db-sg-bb4d4f14",
            "name_prefix": "",
            "owner_id": "550017254839",
            "revoke_rules_on_delete": false,
            "tags": {
              "Name": "frauddetectiondemo-db-sg-bb4d4f14"
            },
            "tags_all": {
              "Name": "frauddetectiondemo-db-sg-bb4d4f14"
            },
            "timeouts": null,
            "vpc_id": "vpc-0d0ea1cba14a97663"
          },
          "sensitive_attributes": [],
          "private": "eyJlMmJmYjczMC1lY2FhLTExZTYtOGY4OC0zNDM2M2JjN2M0YzAiOnsiY3JlYXRlIjo2MDAwMDAwMDAwMDAsImRlbGV0ZSI6OTAwMDAwMDAwMDAwfSwic2NoZW1hX3ZlcnNpb24iOiIxIn0=",
          "dependencies": [
            "aws_vpc.main",
            "random_id.env_display_id"
          ]
        }
      ]
    },
    {
      "mode": "managed",
      "type": "aws_subnet",
      "name": "private_subnets",
      "provider": "provider[\"registry.terraform.io/hashicorp/aws\"]",
      "instances": [
        {
          "index_key": 0,
          "schema_version": 1,
          "attributes": {
            "arn": "arn:aws:ec2:us-west-2:550017254839:subnet/subnet-0812b4339693c904b",
            "assign_ipv6_address_on_creation": false,
            "availability_zone": "us-west-2a",
            "availability_zone_id": "usw2-az1",
            "cidr_block": "10.0.10.0/24",
            "customer_owned_ipv4_pool": "",
            "enable_dns64": false,
            "enable_lni_at_device_index": 0,
            "enable_resource_name_dns_a_record_on_launch": false,
            "enable_resource_name_dns_aaaa_record_on_launch": false,
            "id": "subnet-0812b4339693c904b",
            "ipv6_cidr_block": "",
            "ipv6_cidr_block_association_id": "",
            "ipv6_native": false,
            "map_customer_owned_ip_on_launch": false,
            "map_public_ip_on_launch": false,
            "outpost_arn": "",
            "owner_id": "550017254839",
            "private_dns_hostname_type_on_launch": "ip-name",
            "tags": {
              "Name": "frauddetectiondemo-private-0-bb4d4f14"
            },
            "tags_all": {
              "Name": "frauddetectiondemo-private-0-bb4d4f14"
            },
            "timeouts": null,
            "vpc_id": "vpc-0d0ea1cba14a97663"
          },
          "sensitive_attributes": [],
          "private": "eyJlMmJmYjczMC1lY2FhLTExZTYtOGY4OC0zNDM2M2JjN2M0YzAiOnsiY3JlYXRlIjo2MDAwMDAwMDAwMDAsImRlbGV0ZSI6MTIwMDAwMDAwMDAwMH0sInNjaGVtYV92ZXJzaW9uIjoiMSJ9",
          "dependencies": [
            "aws_vpc.main",
            "random_id.env_display_id"
          ],
          "create_before_destroy": true
        },
        {
          "index_key": 1,
          "schema_version": 1,
          "attributes": {
            "arn": "arn:aws:ec2:us-west-2:550017254839:subnet/subnet-017ef5a45f7fe23ca",
            "assign_ipv6_address_on_creation": false,
            "availability_zone": "us-west-2b",
            "availability_zone_id": "usw2-az2",
            "cidr_block": "10.0.11.0/24",
            "customer_owned_ipv4_pool": "",
            "enable_dns64": false,
            "enable_lni_at_device_index": 0,
            "enable_resource_name_dns_a_record_on_launch": false,
            "enable_resource_name_dns_aaaa_record_on_launch": false,
            "id": "subnet-017ef5a45f7fe23ca",
            "ipv6_cidr_block": "",
            "ipv6_cidr_block_association_id": "",
            "ipv6_native": false,
            "map_customer_owned_ip_on_launch": false,
            "map_public_ip_on_launch": false,
            "outpost_arn": "",
            "owner_id": "550017254839",
            "private_dns_hostname_type_on_launch": "ip-name",
            "tags": {
              "Name": "frauddetectiondemo-private-1-bb4d4f14"
            },
            "tags_all": {
              "Name": "frauddetectiondemo-private-1-bb4d4f14"
            },
            "timeouts": null,
            "vpc_id": "vpc-0d0ea1cba14a97663"
          },
          "sensitive_attributes": [],
          "private": "eyJlMmJmYjczMC1lY2FhLTExZTYtOGY4OC0zNDM2M2JjN2M0YzAiOnsiY3JlYXRlIjo2MDAwMDAwMDAwMDAsImRlbGV0ZSI6MTIwMDAwMDAwMDAwMH0sInNjaGVtYV92ZXJzaW9uIjoiMSJ9",
          "dependencies": [
            "aws_vpc.main",
            "random_id.env_display_id"
          ],
          "create_before_destroy": true
        },
        {
          "index_key": 2,
          "schema_version": 1,
          "attributes": {
            "arn": "arn:aws:ec2:us-west-2:550017254839:subnet/subnet-03ae0b8661db2403f",
            "assign_ipv6_address_on_creation": false,
            "availability_zone": "us-west-2c",
            "availability_zone_id": "usw2-az3",
            "cidr_block": "10.0.12.0/24",
            "customer_owned_ipv4_pool": "",
            "enable_dns64": false,
            "enable_lni_at_device_index": 0,
            "enable_resource_name_dns_a_record_on_launch": false,
            "enable_resource_name_dns_aaaa_record_on_launch": false,
            "id": "subnet-03ae0b8661db2403f",
            "ipv6_cidr_block": "",
            "ipv6_cidr_block_association_id": "",
            "ipv6_native": false,
            "map_customer_owned_ip_on_launch": false,
            "map_public_ip_on_launch": false,
            "outpost_arn": "",
            "owner_id": "550017254839",
            "private_dns_hostname_type_on_launch": "ip-name",
            "tags": {
              "Name": "frauddetectiondemo-private-2-bb4d4f14"
            },
            "tags_all": {
              "Name": "frauddetectiondemo-private-2-bb4d4f14"
            },
            "timeouts": null,
            "vpc_id": "vpc-0d0ea1cba14a97663"
          },
          "sensitive_attributes": [],
          "private": "eyJlMmJmYjczMC1lY2FhLTExZTYtOGY4OC0zNDM2M2JjN2M0YzAiOnsiY3JlYXRlIjo2MDAwMDAwMDAwMDAsImRlbGV0ZSI6MTIwMDAwMDAwMDAwMH0sInNjaGVtYV92ZXJzaW9uIjoiMSJ9",
          "dependencies": [
            "aws_vpc.main",
            "random_id.env_display_id"
          ],
          "create_before_destroy": true
        }
      ]
    },
    {
      "mode": "managed",
      "type": "aws_subnet",
      "name": "public_subnets",
      "provider": "provider[\"registry.terraform.io/hashicorp/aws\"]",
      "instances": [
        {
          "index_key": 0,
          "schema_version": 1,
          "attributes": {
            "arn": "arn:aws:ec2:us-west-2:550017254839:subnet/subnet-06839eac339b0cdb6",
            "assign_ipv6_address_on_creation": false,
            "availability_zone": "us-west-2b",
            "availability_zone_id": "usw2-az2",
            "cidr_block": "10.0.1.0/24",
            "customer_owned_ipv4_pool": "",
            "enable_dns64": false,
            "enable_lni_at_device_index": 0,
            "enable_resource_name_dns_a_record_on_launch": false,
            "enable_resource_name_dns_aaaa_record_on_launch": false,
            "id": "subnet-06839eac339b0cdb6",
            "ipv6_cidr_block": "",
            "ipv6_cidr_block_association_id": "",
            "ipv6_native": false,
            "map_customer_owned_ip_on_launch": false,
            "map_public_ip_on_launch": true,
            "outpost_arn": "",
            "owner_id": "550017254839",
            "private_dns_hostname_type_on_launch": "ip-name",
            "tags": {
              "Name": "frauddetectiondemo-public-0-bb4d4f14",
              "kubernetes.io/role/elb": "1"
            },
            "tags_all": {
              "Name": "frauddetectiondemo-public-0-bb4d4f14",
              "kubernetes.io/role/elb": "1"
            },
            "timeouts": null,
            "vpc_id": "vpc-0d0ea1cba14a97663"
          },
          "sensitive_attributes": [],
          "private": "eyJlMmJmYjczMC1lY2FhLTExZTYtOGY4OC0zNDM2M2JjN2M0YzAiOnsiY3JlYXRlIjo2MDAwMDAwMDAwMDAsImRlbGV0ZSI6MTIwMDAwMDAwMDAwMH0sInNjaGVtYV92ZXJzaW9uIjoiMSJ9",
          "dependencies": [
            "aws_vpc.main",
            "random_id.env_display_id"
          ]
        },
        {
          "index_key": 1,
          "schema_version": 1,
          "attributes": {
            "arn": "arn:aws:ec2:us-west-2:550017254839:subnet/subnet-07f4d0a90779d927c",
            "assign_ipv6_address_on_creation": false,
            "availability_zone": "us-west-2c",
            "availability_zone_id": "usw2-az3",
            "cidr_block": "10.0.2.0/24",
            "customer_owned_ipv4_pool": "",
            "enable_dns64": false,
            "enable_lni_at_device_index": 0,
            "enable_resource_name_dns_a_record_on_launch": false,
            "enable_resource_name_dns_aaaa_record_on_launch": false,
            "id": "subnet-07f4d0a90779d927c",
            "ipv6_cidr_block": "",
            "ipv6_cidr_block_association_id": "",
            "ipv6_native": false,
            "map_customer_owned_ip_on_launch": false,
            "map_public_ip_on_launch": true,
            "outpost_arn": "",
            "owner_id": "550017254839",
            "private_dns_hostname_type_on_launch": "ip-name",
            "tags": {
              "Name": "frauddetectiondemo-public-1-bb4d4f14",
              "kubernetes.io/role/elb": "1"
            },
            "tags_all": {
              "Name": "frauddetectiondemo-public-1-bb4d4f14",
              "kubernetes.io/role/elb": "1"
            },
            "timeouts": null,
            "vpc_id": "vpc-0d0ea1cba14a97663"
          },
          "sensitive_attributes": [],
          "private": "eyJlMmJmYjczMC1lY2FhLTExZTYtOGY4OC0zNDM2M2JjN2M0YzAiOnsiY3JlYXRlIjo2MDAwMDAwMDAwMDAsImRlbGV0ZSI6MTIwMDAwMDAwMDAwMH0sInNjaGVtYV92ZXJzaW9uIjoiMSJ9",
          "dependencies": [
            "aws_vpc.main",
            "random_id.env_display_id"
          ]
        },
        {
          "index_key": 2,
          "schema_version": 1,
          "attributes": {
            "arn": "arn:aws:ec2:us-west-2:550017254839:subnet/subnet-0cbf26dab1047a1ff",
            "assign_ipv6_address_on_creation": false,
            "availability_zone": "us-west-2b",
            "availability_zone_id": "usw2-az2",
            "cidr_block": "10.0.3.0/24",
            "customer_owned_ipv4_pool": "",
            "enable_dns64": false,
            "enable_lni_at_device_index": 0,
            "enable_resource_name_dns_a_record_on_launch": false,
            "enable_resource_name_dns_aaaa_record_on_launch": false,
            "id": "subnet-0cbf26dab1047a1ff",
            "ipv6_cidr_block": "",
            "ipv6_cidr_block_association_id": "",
            "ipv6_native": false,
            "map_customer_owned_ip_on_launch": false,
            "map_public_ip_on_launch": true,
            "outpost_arn": "",
            "owner_id": "550017254839",
            "private_dns_hostname_type_on_launch": "ip-name",
            "tags": {
              "Name": "frauddetectiondemo-public-2-bb4d4f14",
              "kubernetes.io/role/elb": "1"
            },
            "tags_all": {
              "Name": "frauddetectiondemo-public-2-bb4d4f14",
              "kubernetes.io/role/elb": "1"
            },
            "timeouts": null,
            "vpc_id": "vpc-0d0ea1cba14a97663"
          },
          "sensitive_attributes": [],
          "private": "eyJlMmJmYjczMC1lY2FhLTExZTYtOGY4OC0zNDM2M2JjN2M0YzAiOnsiY3JlYXRlIjo2MDAwMDAwMDAwMDAsImRlbGV0ZSI6MTIwMDAwMDAwMDAwMH0sInNjaGVtYV92ZXJzaW9uIjoiMSJ9",
          "dependencies": [
            "aws_vpc.main",
            "random_id.env_display_id"
          ]
        }
      ]
    },
    {
      "mode": "managed",
      "type": "aws_vpc",
      "name": "main",
      "provider": "provider[\"registry.terraform.io/hashicorp/aws\"]",
      "instances": [
        {
          "schema_version": 1,
          "attributes": {
            "arn": "arn:aws:ec2:us-west-2:550017254839:vpc/vpc-0d0ea1cba14a97663",
            "assign_generated_ipv6_cidr_block": false,
            "cidr_block": "10.0.0.0/16",
            "default_network_acl_id": "acl-0cbccacc33fc3d5df",
            "default_route_table_id": "rtb-00bc16f358dbb9050",
            "default_security_group_id": "sg-0c93b45ae4df6d1d6",
            "dhcp_options_id": "dopt-03101b97c2f15e2eb",
            "enable_dns_hostnames": true,
            "enable_dns_support": true,
            "enable_network_address_usage_metrics": false,
            "id": "vpc-0d0ea1cba14a97663",
            "instance_tenancy": "default",
            "ipv4_ipam_pool_id": null,
            "ipv4_netmask_length": null,
            "ipv6_association_id": "",
            "ipv6_cidr_block": "",
            "ipv6_cidr_block_network_border_group": "",
            "ipv6_ipam_pool_id": "",
            "ipv6_netmask_length": 0,
            "main_route_table_id": "rtb-00bc16f358dbb9050",
            "owner_id": "550017254839",
            "tags": {
              "Name": "frauddetectiondemo-vpc-bb4d4f14"
            },
            "tags_all": {
              "Name": "frauddetectiondemo-vpc-bb4d4f14"
            }
          },
          "sensitive_attributes": [],
          "private": "eyJzY2hlbWFfdmVyc2lvbiI6IjEifQ==",
          "dependencies": [
            "random_id.env_display_id"
          ],
          "create_before_destroy": true
        }
      ]
    },
    {
      "mode": "managed",
      "type": "aws_vpc_endpoint_service",
      "name": "rds_endpoint_service",
      "provider": "provider[\"registry.terraform.io/hashicorp/aws\"]",
      "instances": [
        {
          "schema_version": 0,
          "attributes": {
            "acceptance_required": false,
            "allowed_principals": [
              "arn:aws:iam::730335223811:role/env-y2oyvo-role"
            ],
            "arn": "arn:aws:ec2:us-west-2:550017254839:vpc-endpoint-service/vpce-svc-0c7c1b55d917fdc5d",
            "availability_zones": [
              "us-west-2a",
              "us-west-2b",
              "us-west-2c"
            ],
            "base_endpoint_dns_names": [
              "vpce-svc-0c7c1b55d917fdc5d.us-west-2.vpce.amazonaws.com"
            ],
            "gateway_load_balancer_arns": [],
            "id": "vpce-svc-0c7c1b55d917fdc5d",
            "manages_vpc_endpoints": false,
            "network_load_balancer_arns": [
              "arn:aws:elasticloadbalancing:us-west-2:550017254839:loadbalancer/net/frauddetectiondemo-nlb-bb4d4f14/407021e5619aed8f"
            ],
            "private_dns_name": "",
            "private_dns_name_configuration": [],
            "service_name": "com.amazonaws.vpce.us-west-2.vpce-svc-0c7c1b55d917fdc5d",
            "service_type": "Interface",
            "state": "Available",
            "supported_ip_address_types": [
              "ipv4"
            ],
            "supported_regions": [
              "us-west-2"
            ],
            "tags": {
              "Name": "frauddetectiondemo-rds-endpoint-services-bb4d4f14"
            },
            "tags_all": {
              "Name": "frauddetectiondemo-rds-endpoint-services-bb4d4f14"
            },
            "timeouts": null
          },
          "sensitive_attributes": [],
          "private": "eyJlMmJmYjczMC1lY2FhLTExZTYtOGY4OC0zNDM2M2JjN2M0YzAiOnsiY3JlYXRlIjo2MDAwMDAwMDAwMDAsImRlbGV0ZSI6NjAwMDAwMDAwMDAwLCJ1cGRhdGUiOjYwMDAwMDAwMDAwMH19",
          "dependencies": [
            "aws_lb.rds_oracle_nlb",
            "aws_subnet.private_subnets",
            "aws_vpc.main",
            "random_id.env_display_id"
          ],
          "create_before_destroy": true
        }
      ]
    },
    {
      "mode": "managed",
      "type": "random_id",
      "name": "env_display_id",
      "provider": "provider[\"registry.terraform.io/hashicorp/random\"]",
      "instances": [
        {
          "schema_version": 0,
          "attributes": {
            "b64_std": "u01PFA==",
            "b64_url": "u01PFA",
            "byte_length": 4,
            "dec": "3142405908",
            "hex": "bb4d4f14",
            "id": "u01PFA",
            "keepers": null,
            "prefix": null
          },
          "sensitive_attributes": [],
          "create_before_destroy": true
        }
      ]
    }
  ],
  "check_results": null
}
